{
  "version": 4,
  "terraform_version": "1.12.2",
  "serial": 1815,
  "lineage": "c49a9797-02f7-9751-ba8d-a71fd692e170",
  "outputs": {
    "alb_dns_name": {
      "value": "villa-alfredo-dev-alb-wdu2cp-2099744876.us-east-1.elb.amazonaws.com",
      "type": "string"
    },
    "alb_info": {
      "value": {
        "alb_arn": "arn:aws:elasticloadbalancing:us-east-1:029729714951:loadbalancer/app/villa-alfredo-dev-alb-wdu2cp/009adbe6655dee41",
        "alb_dns_name": "villa-alfredo-dev-alb-wdu2cp-2099744876.us-east-1.elb.amazonaws.com",
        "alb_url": "http://villa-alfredo-dev-alb-wdu2cp-2099744876.us-east-1.elb.amazonaws.com",
        "alb_zone_id": "Z35SXDOTRQ7X7K",
        "attached_instances": {
          "asg_integration": "Automatic via target_group_arn",
          "fixed_instances": [
            "i-0b6a2519cacfaf448",
            "i-0e56edd4e15dd687f"
          ]
        },
        "listener_arn": "arn:aws:elasticloadbalancing:us-east-1:029729714951:listener/app/villa-alfredo-dev-alb-wdu2cp/009adbe6655dee41/fc7323825e737745",
        "public_subnets": [
          "subnet-03082fc0e3694a09f",
          "subnet-0439a598cba2ebe6e"
        ],
        "target_group_arn": "arn:aws:elasticloadbalancing:us-east-1:029729714951:targetgroup/villa-alfredo-dev-tg-wdu2cp/a5f9f30940853c41",
        "target_group_name": "villa-alfredo-dev-tg-wdu2cp"
      },
      "type": [
        "object",
        {
          "alb_arn": "string",
          "alb_dns_name": "string",
          "alb_url": "string",
          "alb_zone_id": "string",
          "attached_instances": [
            "object",
            {
              "asg_integration": "string",
              "fixed_instances": [
                "tuple",
                [
                  "string",
                  "string"
                ]
              ]
            }
          ],
          "listener_arn": "string",
          "public_subnets": [
            "list",
            "string"
          ],
          "target_group_arn": "string",
          "target_group_name": "string"
        }
      ]
    },
    "alb_url": {
      "value": "http://villa-alfredo-dev-alb-wdu2cp-2099744876.us-east-1.elb.amazonaws.com",
      "type": "string"
    },
    "api_endpoints": {
      "value": {
        "auth_required": false,
        "base_url": "https://wfztr92yj4.execute-api.us-east-1.amazonaws.com/api",
        "protected_url": null,
        "public_url": "https://wfztr92yj4.execute-api.us-east-1.amazonaws.com/api/public"
      },
      "type": [
        "object",
        {
          "auth_required": "bool",
          "base_url": "string",
          "protected_url": "string",
          "public_url": "string"
        }
      ]
    },
    "api_gateway_info": {
      "value": {
        "api_arn": "arn:aws:apigateway:us-east-1::/restapis/wfztr92yj4",
        "api_id": "wfztr92yj4",
        "api_url": "https://wfztr92yj4.execute-api.us-east-1.amazonaws.com/api",
        "connected_alb": "villa-alfredo-dev-alb-wdu2cp-2099744876.us-east-1.elb.amazonaws.com",
        "connection_type": "direct",
        "log_group_name": "/aws/apigateway/villa-alfredo-dev-vh0t24",
        "stage_name": "api"
      },
      "type": [
        "object",
        {
          "api_arn": "string",
          "api_id": "string",
          "api_url": "string",
          "connected_alb": "string",
          "connection_type": "string",
          "log_group_name": "string",
          "stage_name": "string"
        }
      ]
    },
    "api_gateway_stage_url": {
      "value": "https://wfztr92yj4.execute-api.us-east-1.amazonaws.com/api/api",
      "type": "string"
    },
    "api_gateway_url": {
      "value": "https://wfztr92yj4.execute-api.us-east-1.amazonaws.com/api",
      "type": "string"
    },
    "cdn_info": {
      "value": {
        "cache_enabled": true,
        "compression_enabled": true,
        "distribution_arn": "arn:aws:cloudfront::029729714951:distribution/ET774OTO7DGIU",
        "distribution_id": "ET774OTO7DGIU",
        "distribution_url": "https://d3bhjwkcc1kntl.cloudfront.net",
        "domain_name": "d3bhjwkcc1kntl.cloudfront.net",
        "origin_api_gateway": "https://wfztr92yj4.execute-api.us-east-1.amazonaws.com/api",
        "status": "Deployed"
      },
      "type": [
        "object",
        {
          "cache_enabled": "bool",
          "compression_enabled": "bool",
          "distribution_arn": "string",
          "distribution_id": "string",
          "distribution_url": "string",
          "domain_name": "string",
          "origin_api_gateway": "string",
          "status": "string"
        }
      ]
    },
    "cloudfront_distribution_id": {
      "value": "ET774OTO7DGIU",
      "type": "string"
    },
    "cloudfront_domain_name": {
      "value": "d3bhjwkcc1kntl.cloudfront.net",
      "type": "string"
    },
    "cloudfront_url": {
      "value": "https://d3bhjwkcc1kntl.cloudfront.net",
      "type": "string"
    },
    "cognito_auth_info": {
      "value": {
        "api_client_id": "7haqiilscm6ugkseerbli5c3se",
        "auth_enabled": false,
        "hosted_ui_url": "https://villa-alfredo-dev-auth-6tw4s7.auth.us-east-1.amazoncognito.com",
        "identity_pool_id": null,
        "user_pool_arn": "arn:aws:cognito-idp:us-east-1:029729714951:userpool/us-east-1_YXcnnyOHa",
        "user_pool_domain": "villa-alfredo-dev-auth-6tw4s7",
        "user_pool_id": "us-east-1_YXcnnyOHa",
        "web_client_id": "6u5u2tpmkl46ol6c03kj7me156"
      },
      "type": [
        "object",
        {
          "api_client_id": "string",
          "auth_enabled": "bool",
          "hosted_ui_url": "string",
          "identity_pool_id": "dynamic",
          "user_pool_arn": "string",
          "user_pool_domain": "string",
          "user_pool_id": "string",
          "web_client_id": "string"
        }
      ]
    },
    "cognito_client_id": {
      "value": "7haqiilscm6ugkseerbli5c3se",
      "type": "string"
    },
    "cognito_login_url": {
      "value": "https://villa-alfredo-dev-auth-6tw4s7.auth.us-east-1.amazoncognito.com/login?client_id=7haqiilscm6ugkseerbli5c3se\u0026response_type=code\u0026scope=email+openid+profile\u0026redirect_uri=http://localhost:3000/callback",
      "type": "string"
    },
    "cognito_logout_url": {
      "value": "https://villa-alfredo-dev-auth-6tw4s7.auth.us-east-1.amazoncognito.com/logout?client_id=7haqiilscm6ugkseerbli5c3se\u0026logout_uri=http://localhost:3000/logout",
      "type": "string"
    },
    "cognito_token_endpoint": {
      "value": "https://villa-alfredo-dev-auth-6tw4s7.auth.us-east-1.amazoncognito.com/oauth2/token",
      "type": "string"
    },
    "cognito_user_pool_id": {
      "value": "us-east-1_YXcnnyOHa",
      "type": "string"
    },
    "cognito_web_client_id": {
      "value": "6u5u2tpmkl46ol6c03kj7me156",
      "type": "string"
    },
    "database_connection_info": {
      "value": {
        "database": "iac",
        "host": "villa-alfredo-mysql-db.ce7kqiuwwyay.us-east-1.rds.amazonaws.com",
        "jdbc_connection": "jdbc:mysql://villa-alfredo-mysql-db.ce7kqiuwwyay.us-east-1.rds.amazonaws.com:3306:3306/iac",
        "port": 3306
      },
      "type": [
        "object",
        {
          "database": "string",
          "host": "string",
          "jdbc_connection": "string",
          "port": "number"
        }
      ]
    },
    "database_connection_string": {
      "value": "mysql://admin:MySecurePassword123!@villa-alfredo-mysql-db.ce7kqiuwwyay.us-east-1.rds.amazonaws.com:3306:3306/iac",
      "type": "string",
      "sensitive": true
    },
    "database_info": {
      "value": {
        "allocated_storage": 20,
        "availability_zone": "us-east-1b",
        "database_name": "iac",
        "endpoint": "villa-alfredo-mysql-db.ce7kqiuwwyay.us-east-1.rds.amazonaws.com:3306",
        "engine": "mysql",
        "engine_version": "8.0.35",
        "instance_class": "db.t3.micro",
        "instance_id": "db-T72N7HXNIZPRWU2ONCXG52FFQU",
        "multi_az": true,
        "port": 3306,
        "storage_encrypted": true
      },
      "type": [
        "object",
        {
          "allocated_storage": "number",
          "availability_zone": "string",
          "database_name": "string",
          "endpoint": "string",
          "engine": "string",
          "engine_version": "string",
          "instance_class": "string",
          "instance_id": "string",
          "multi_az": "bool",
          "port": "number",
          "storage_encrypted": "bool"
        }
      ]
    },
    "database_monitoring_info": {
      "value": {
        "cloudwatch_log_groups": {
          "error": "arn:aws:logs:us-east-1:029729714951:log-group:/aws/rds/instance/villa-alfredo-mysql-db/error",
          "general": "arn:aws:logs:us-east-1:029729714951:log-group:/aws/rds/instance/villa-alfredo-mysql-db/general",
          "slowquery": "arn:aws:logs:us-east-1:029729714951:log-group:/aws/rds/instance/villa-alfredo-mysql-db/slowquery"
        },
        "monitoring_role_arn": null,
        "performance_insights_enabled": false
      },
      "type": [
        "object",
        {
          "cloudwatch_log_groups": [
            "map",
            "string"
          ],
          "monitoring_role_arn": "dynamic",
          "performance_insights_enabled": "bool"
        }
      ]
    },
    "database_security_info": {
      "value": {
        "secrets_manager_arn": "arn:aws:secretsmanager:us-east-1:029729714951:secret:villa-alfredo/rds/mysql/credentials-wfmolR",
        "security_group_id": "sg-090def3942d371621",
        "subnet_group_id": "villa-alfredo-db-subnet-group"
      },
      "type": [
        "object",
        {
          "secrets_manager_arn": "string",
          "security_group_id": "string",
          "subnet_group_id": "string"
        }
      ]
    },
    "ec2_instances_info": {
      "value": {
        "auto_scaling": {
          "asg_arn": "arn:aws:autoscaling:us-east-1:029729714951:autoScalingGroup:bf3b0d64-2eb1-450d-bfaf-071cbfca1aec:autoScalingGroupName/villa-alfredo-dev-asg",
          "asg_name": "villa-alfredo-dev-asg",
          "desired": 0,
          "max_size": 2,
          "min_size": 0
        },
        "capacity_summary": {
          "current_total": 2,
          "maximum_total": 4,
          "minimum_total": 2
        },
        "fixed_instances": {
          "zone_a_instance": {
            "instance_id": "i-0b6a2519cacfaf448",
            "private_ip": "10.0.101.254",
            "subnet": "10.0.101.0/24",
            "type": "Fixed",
            "zone": "us-east-1a"
          },
          "zone_b_instance": {
            "instance_id": "i-0e56edd4e15dd687f",
            "private_ip": "10.0.102.201",
            "subnet": "10.0.102.0/24",
            "type": "Fixed",
            "zone": "us-east-1b"
          }
        },
        "scaling_policies": {
          "cpu_high_alarm": "villa-alfredo-dev-cpu-high",
          "cpu_low_alarm": "villa-alfredo-dev-cpu-low",
          "scale_down_arn": "arn:aws:autoscaling:us-east-1:029729714951:scalingPolicy:7ee64e09-89bd-4ca4-bd2e-7576f6cc13e9:autoScalingGroupName/villa-alfredo-dev-asg:policyName/villa-alfredo-dev-scale-down",
          "scale_up_arn": "arn:aws:autoscaling:us-east-1:029729714951:scalingPolicy:634da7ff-ec41-498c-a8da-0336bd1e8bbd:autoScalingGroupName/villa-alfredo-dev-asg:policyName/villa-alfredo-dev-scale-up"
        }
      },
      "type": [
        "object",
        {
          "auto_scaling": [
            "object",
            {
              "asg_arn": "string",
              "asg_name": "string",
              "desired": "number",
              "max_size": "number",
              "min_size": "number"
            }
          ],
          "capacity_summary": [
            "object",
            {
              "current_total": "number",
              "maximum_total": "number",
              "minimum_total": "number"
            }
          ],
          "fixed_instances": [
            "object",
            {
              "zone_a_instance": [
                "object",
                {
                  "instance_id": "string",
                  "private_ip": "string",
                  "subnet": "string",
                  "type": "string",
                  "zone": "string"
                }
              ],
              "zone_b_instance": [
                "object",
                {
                  "instance_id": "string",
                  "private_ip": "string",
                  "subnet": "string",
                  "type": "string",
                  "zone": "string"
                }
              ]
            }
          ],
          "scaling_policies": [
            "object",
            {
              "cpu_high_alarm": "string",
              "cpu_low_alarm": "string",
              "scale_down_arn": "string",
              "scale_up_arn": "string"
            }
          ]
        }
      ]
    },
    "instance_configuration": {
      "value": {
        "auto_scaling": {
          "current_additional_instances": 0,
          "max_additional_instances": 2,
          "min_additional_instances": 0
        },
        "fixed_instances": {
          "ami_id": "ami-05ffe3c48a9991133",
          "instance_type": "t2.micro",
          "zone_a_subnet": "subnet-0b74284f36c31206c",
          "zone_b_subnet": "subnet-05271d7334a8c5c76"
        },
        "total_capacity": {
          "current_total": 2,
          "maximum_total": 4,
          "minimum_total": 2
        }
      },
      "type": [
        "object",
        {
          "auto_scaling": [
            "object",
            {
              "current_additional_instances": "number",
              "max_additional_instances": "number",
              "min_additional_instances": "number"
            }
          ],
          "fixed_instances": [
            "object",
            {
              "ami_id": "string",
              "instance_type": "string",
              "zone_a_subnet": "string",
              "zone_b_subnet": "string"
            }
          ],
          "total_capacity": [
            "object",
            {
              "current_total": "number",
              "maximum_total": "number",
              "minimum_total": "number"
            }
          ]
        }
      ]
    },
    "project_summary": {
      "value": {
        "alb": {
          "dns_name": "villa-alfredo-dev-alb-wdu2cp-2099744876.us-east-1.elb.amazonaws.com",
          "subnets": [
            "subnet-03082fc0e3694a09f",
            "subnet-0439a598cba2ebe6e"
          ],
          "url": "http://villa-alfredo-dev-alb-wdu2cp-2099744876.us-east-1.elb.amazonaws.com"
        },
        "api_gateway": {
          "connected_to_alb": "villa-alfredo-dev-alb-wdu2cp-2099744876.us-east-1.elb.amazonaws.com",
          "connection_type": "direct",
          "served_through": "CloudFront CDN (/api/* paths)",
          "stage_url": "https://wfztr92yj4.execute-api.us-east-1.amazonaws.com/api/api",
          "url": "https://wfztr92yj4.execute-api.us-east-1.amazonaws.com/api"
        },
        "capacity": {
          "additional_max": 2,
          "additional_min": 0,
          "fixed_instances": 2,
          "total_max": 4,
          "total_min": 2
        },
        "cloudfront": {
          "distribution_id": "ET774OTO7DGIU",
          "domain_name": "d3bhjwkcc1kntl.cloudfront.net",
          "origins": "S3 + API Gateway",
          "primary_origin": "S3 (static content)",
          "secondary_origin": "API Gateway (dynamic content)",
          "status": "Deployed",
          "url": "https://d3bhjwkcc1kntl.cloudfront.net"
        },
        "database": {
          "backup_retention": "7 días",
          "endpoint": "villa-alfredo-mysql-db.ce7kqiuwwyay.us-east-1.rds.amazonaws.com:3306",
          "engine": "mysql",
          "engine_version": "8.0.35",
          "multi_az": true
        },
        "deployment_date": "2025-07-03T07:16:57Z",
        "environment": "dev",
        "main_url": "https://d3bhjwkcc1kntl.cloudfront.net",
        "project_name": "villa-alfredo",
        "region": "us-east-1",
        "s3_storage": {
          "access_method": "VPC Endpoint (from EC2)",
          "bucket_name": "villa-alfredo-dev-content-kztdbfxu",
          "bucket_url": "s3://villa-alfredo-dev-content-kztdbfxu",
          "cloudfront_integration": true,
          "served_through": "CloudFront CDN",
          "vpc_endpoint_access": true
        },
        "storage_flow": "EC2 Instances → VPC Endpoint → S3 → CloudFront → Users",
        "traffic_flow": "Users → CloudFront → [S3 (static) | API Gateway → ALB → EC2 (dynamic)]",
        "vpc_id": "vpc-0a4992c325f4d664b"
      },
      "type": [
        "object",
        {
          "alb": [
            "object",
            {
              "dns_name": "string",
              "subnets": [
                "list",
                "string"
              ],
              "url": "string"
            }
          ],
          "api_gateway": [
            "object",
            {
              "connected_to_alb": "string",
              "connection_type": "string",
              "served_through": "string",
              "stage_url": "string",
              "url": "string"
            }
          ],
          "capacity": [
            "object",
            {
              "additional_max": "number",
              "additional_min": "number",
              "fixed_instances": "number",
              "total_max": "number",
              "total_min": "number"
            }
          ],
          "cloudfront": [
            "object",
            {
              "distribution_id": "string",
              "domain_name": "string",
              "origins": "string",
              "primary_origin": "string",
              "secondary_origin": "string",
              "status": "string",
              "url": "string"
            }
          ],
          "database": [
            "object",
            {
              "backup_retention": "string",
              "endpoint": "string",
              "engine": "string",
              "engine_version": "string",
              "multi_az": "bool"
            }
          ],
          "deployment_date": "string",
          "environment": "string",
          "main_url": "string",
          "project_name": "string",
          "region": "string",
          "s3_storage": [
            "object",
            {
              "access_method": "string",
              "bucket_name": "string",
              "bucket_url": "string",
              "cloudfront_integration": "bool",
              "served_through": "string",
              "vpc_endpoint_access": "bool"
            }
          ],
          "storage_flow": "string",
          "traffic_flow": "string",
          "vpc_id": "string"
        }
      ]
    },
    "s3_bucket_name": {
      "value": "villa-alfredo-dev-content-kztdbfxu",
      "type": "string"
    },
    "s3_bucket_url": {
      "value": "s3://villa-alfredo-dev-content-kztdbfxu",
      "type": "string"
    },
    "s3_connectivity_flow": {
      "value": {
        "ec2_to_s3": {
          "method": "AWS CLI/SDK via VPC Endpoint",
          "network": "Private (no internet required)",
          "path": "EC2 (Private Subnets) → VPC Endpoint → S3",
          "security": "Bucket policy validates VPC Endpoint source",
          "subnets": [
            "subnet-0b74284f36c31206c",
            "subnet-05271d7334a8c5c76"
          ],
          "vpc_endpoint": "vpce-0df849fb02ad0b52d"
        },
        "s3_to_cloudfront": {
          "distribution": "ET774OTO7DGIU",
          "method": "Origin Access Control (OAC)",
          "oac_id": "E3B9ZP3O2REEPP",
          "path": "S3 → CloudFront OAC → Global Distribution",
          "security": "Bucket policy allows only CloudFront service"
        },
        "users_to_content": {
          "cdn_url": "https://d3bhjwkcc1kntl.cloudfront.net",
          "dynamic_content": "API Gateway via CloudFront (/api/* paths)",
          "path": "End Users → CloudFront → S3 (static) + API Gateway (dynamic)",
          "static_content": "S3 via CloudFront (HTML, CSS, JS, images)"
        }
      },
      "type": [
        "object",
        {
          "ec2_to_s3": [
            "object",
            {
              "method": "string",
              "network": "string",
              "path": "string",
              "security": "string",
              "subnets": [
                "tuple",
                [
                  "string",
                  "string"
                ]
              ],
              "vpc_endpoint": "string"
            }
          ],
          "s3_to_cloudfront": [
            "object",
            {
              "distribution": "string",
              "method": "string",
              "oac_id": "string",
              "path": "string",
              "security": "string"
            }
          ],
          "users_to_content": [
            "object",
            {
              "cdn_url": "string",
              "dynamic_content": "string",
              "path": "string",
              "static_content": "string"
            }
          ]
        }
      ]
    },
    "s3_info": {
      "value": {
        "access_configuration": {
          "cloudfront_access": true,
          "encryption_enabled": true,
          "public_access": false,
          "versioning_enabled": false,
          "vpc_endpoint_access": true
        },
        "bucket_arn": "arn:aws:s3:::villa-alfredo-dev-content-kztdbfxu",
        "bucket_https_url": "https://villa-alfredo-dev-content-kztdbfxu.s3.amazonaws.com",
        "bucket_name": "villa-alfredo-dev-content-kztdbfxu",
        "bucket_regional_domain_name": "villa-alfredo-dev-content-kztdbfxu.s3.us-east-1.amazonaws.com",
        "bucket_s3_url": "s3://villa-alfredo-dev-content-kztdbfxu",
        "cloudfront_distribution_access": true,
        "cloudfront_oac_id": "E3B9ZP3O2REEPP",
        "vpc_endpoint_access": true
      },
      "type": [
        "object",
        {
          "access_configuration": [
            "object",
            {
              "cloudfront_access": "bool",
              "encryption_enabled": "bool",
              "public_access": "bool",
              "versioning_enabled": "bool",
              "vpc_endpoint_access": "bool"
            }
          ],
          "bucket_arn": "string",
          "bucket_https_url": "string",
          "bucket_name": "string",
          "bucket_regional_domain_name": "string",
          "bucket_s3_url": "string",
          "cloudfront_distribution_access": "bool",
          "cloudfront_oac_id": "string",
          "vpc_endpoint_access": "bool"
        }
      ]
    },
    "s3_integration_info": {
      "value": {
        "cloudfront_origin": {
          "domain_name": "villa-alfredo-dev-content-kztdbfxu.s3.us-east-1.amazonaws.com",
          "oac_id": "E3B9ZP3O2REEPP",
          "origin_id": "villa-alfredo-dev-s3-origin"
        },
        "general": {
          "bucket_name": "villa-alfredo-dev-content-kztdbfxu",
          "environment": "dev",
          "project": "villa-alfredo",
          "region": "us-east-1"
        },
        "vpc_endpoint_access": {
          "access_methods": [
            "GetObject",
            "PutObject",
            "DeleteObject",
            "ListBucket"
          ],
          "bucket_arn": "arn:aws:s3:::villa-alfredo-dev-content-kztdbfxu",
          "bucket_name": "villa-alfredo-dev-content-kztdbfxu",
          "vpc_endpoint_id": "vpce-0df849fb02ad0b52d"
        }
      },
      "type": [
        "object",
        {
          "cloudfront_origin": [
            "object",
            {
              "domain_name": "string",
              "oac_id": "string",
              "origin_id": "string"
            }
          ],
          "general": [
            "object",
            {
              "bucket_name": "string",
              "environment": "string",
              "project": "string",
              "region": "string"
            }
          ],
          "vpc_endpoint_access": [
            "object",
            {
              "access_methods": [
                "tuple",
                [
                  "string",
                  "string",
                  "string",
                  "string"
                ]
              ],
              "bucket_arn": "string",
              "bucket_name": "string",
              "vpc_endpoint_id": "string"
            }
          ]
        }
      ]
    },
    "security_groups_info": {
      "value": {
        "ec2_instances_sg_id": "sg-0908795a661732915",
        "vpc_endpoints_sg_id": "sg-0a66b20db9e07c207"
      },
      "type": [
        "object",
        {
          "ec2_instances_sg_id": "string",
          "vpc_endpoints_sg_id": "string"
        }
      ]
    },
    "subnet_info": {
      "value": {
        "private_subnet_ids": [
          "subnet-0b74284f36c31206c",
          "subnet-05271d7334a8c5c76"
        ],
        "public_subnet_ids": [
          "subnet-03082fc0e3694a09f",
          "subnet-0439a598cba2ebe6e"
        ]
      },
      "type": [
        "object",
        {
          "private_subnet_ids": [
            "tuple",
            [
              "string",
              "string"
            ]
          ],
          "public_subnet_ids": [
            "list",
            "string"
          ]
        }
      ]
    },
    "vpc_endpoints_info": {
      "value": {
        "cloudwatch_logs_endpoint_id": "vpce-00b471f4aec763744",
        "cloudwatch_monitoring_endpoint_id": "vpce-03a33fea2c5a8da00",
        "ec2_endpoint_id": "vpce-007b463ff9f5825cf",
        "s3_endpoint_id": "vpce-0df849fb02ad0b52d"
      },
      "type": [
        "object",
        {
          "cloudwatch_logs_endpoint_id": "string",
          "cloudwatch_monitoring_endpoint_id": "string",
          "ec2_endpoint_id": "string",
          "s3_endpoint_id": "string"
        }
      ]
    },
    "vpc_id": {
      "value": "vpc-0a4992c325f4d664b",
      "type": "string"
    },
    "vpc_info": {
      "value": {
        "availability_zones": [
          "us-east-1a",
          "us-east-1b"
        ],
        "nat_gateway_ips": [
          "52.21.135.230",
          "52.203.58.233"
        ],
        "private_subnet_ids": [
          "subnet-0b74284f36c31206c",
          "subnet-05271d7334a8c5c76"
        ],
        "public_subnet_ids": [
          "subnet-03082fc0e3694a09f",
          "subnet-0439a598cba2ebe6e"
        ],
        "vpc_cidr": "10.0.0.0/16",
        "vpc_id": "vpc-0a4992c325f4d664b"
      },
      "type": [
        "object",
        {
          "availability_zones": [
            "list",
            "string"
          ],
          "nat_gateway_ips": [
            "list",
            "string"
          ],
          "private_subnet_ids": [
            "tuple",
            [
              "string",
              "string"
            ]
          ],
          "public_subnet_ids": [
            "list",
            "string"
          ],
          "vpc_cidr": "string",
          "vpc_id": "string"
        }
      ]
    }
  },
  "resources": [
    {
      "mode": "data",
      "type": "aws_caller_identity",
      "name": "current",
      "provider": "provider[\"registry.terraform.io/hashicorp/aws\"]",
      "instances": [
        {
          "schema_version": 0,
          "attributes": {
            "account_id": "029729714951",
            "arn": "arn:aws:iam::029729714951:user/valentin-user",
            "id": "029729714951",
            "user_id": "AIDAQN3AHOMDVDSWVTIEG"
          },
          "sensitive_attributes": [],
          "identity_schema_version": 0
        }
      ]
    },
    {
      "mode": "managed",
      "type": "aws_lb_target_group_attachment",
      "name": "fixed_instances",
      "provider": "provider[\"registry.terraform.io/hashicorp/aws\"]",
      "instances": [
        {
          "index_key": 0,
          "schema_version": 0,
          "attributes": {
            "availability_zone": null,
            "id": "arn:aws:elasticloadbalancing:us-east-1:029729714951:targetgroup/villa-alfredo-dev-tg-wdu2cp/a5f9f30940853c41-20250703065109783700000014",
            "port": 80,
            "target_group_arn": "arn:aws:elasticloadbalancing:us-east-1:029729714951:targetgroup/villa-alfredo-dev-tg-wdu2cp/a5f9f30940853c41",
            "target_id": "i-0b6a2519cacfaf448"
          },
          "sensitive_attributes": [],
          "identity_schema_version": 0,
          "private": "bnVsbA==",
          "dependencies": [
            "module.alb.aws_lb.main",
            "module.alb.aws_lb_listener.main",
            "module.alb.aws_lb_target_group.ec2_targets",
            "module.alb.aws_lb_target_group_attachment.ec2_targets",
            "module.alb.aws_s3_bucket.alb_logs",
            "module.alb.aws_s3_bucket_policy.alb_logs",
            "module.alb.aws_s3_bucket_public_access_block.alb_logs",
            "module.alb.data.aws_elb_service_account.main",
            "module.alb.random_string.alb_suffix",
            "module.compute.aws_autoscaling_group.asg",
            "module.compute.aws_autoscaling_policy.scale_down",
            "module.compute.aws_autoscaling_policy.scale_up",
            "module.compute.aws_cloudwatch_metric_alarm.cpu_high",
            "module.compute.aws_cloudwatch_metric_alarm.cpu_low",
            "module.compute.aws_instance.ec2_zone_a",
            "module.compute.aws_instance.ec2_zone_b",
            "module.compute.aws_launch_template.asg_launch_template",
            "module.security.aws_security_group.alb",
            "module.security.aws_security_group.ec2_instances",
            "module.security.aws_security_group.vpc_endpoints",
            "module.security.aws_security_group_rule.alb_http_egress",
            "module.security.aws_security_group_rule.alb_https_egress",
            "module.security.aws_security_group_rule.alb_https_ingress",
            "module.security.aws_security_group_rule.alb_to_ec2_http",
            "module.security.aws_security_group_rule.alb_to_ec2_https",
            "module.security.aws_security_group_rule.ec2_http_from_alb",
            "module.security.aws_security_group_rule.ec2_https_egress_vpc_endpoints",
            "module.security.aws_security_group_rule.ec2_https_from_alb",
            "module.security.aws_security_group_rule.ec2_mysql_egress",
            "module.security.aws_security_group_rule.vpc_endpoints_https_egress",
            "module.security.aws_security_group_rule.vpc_endpoints_https_ingress",
            "module.vpc.aws_subnet.private",
            "module.vpc.aws_subnet.public",
            "module.vpc.aws_vpc.main",
            "module.vpc.data.aws_availability_zones.available"
          ]
        },
        {
          "index_key": 1,
          "schema_version": 0,
          "attributes": {
            "availability_zone": null,
            "id": "arn:aws:elasticloadbalancing:us-east-1:029729714951:targetgroup/villa-alfredo-dev-tg-wdu2cp/a5f9f30940853c41-20250703065110111000000015",
            "port": 80,
            "target_group_arn": "arn:aws:elasticloadbalancing:us-east-1:029729714951:targetgroup/villa-alfredo-dev-tg-wdu2cp/a5f9f30940853c41",
            "target_id": "i-0e56edd4e15dd687f"
          },
          "sensitive_attributes": [],
          "identity_schema_version": 0,
          "private": "bnVsbA==",
          "dependencies": [
            "module.alb.aws_lb.main",
            "module.alb.aws_lb_listener.main",
            "module.alb.aws_lb_target_group.ec2_targets",
            "module.alb.aws_lb_target_group_attachment.ec2_targets",
            "module.alb.aws_s3_bucket.alb_logs",
            "module.alb.aws_s3_bucket_policy.alb_logs",
            "module.alb.aws_s3_bucket_public_access_block.alb_logs",
            "module.alb.data.aws_elb_service_account.main",
            "module.alb.random_string.alb_suffix",
            "module.compute.aws_autoscaling_group.asg",
            "module.compute.aws_autoscaling_policy.scale_down",
            "module.compute.aws_autoscaling_policy.scale_up",
            "module.compute.aws_cloudwatch_metric_alarm.cpu_high",
            "module.compute.aws_cloudwatch_metric_alarm.cpu_low",
            "module.compute.aws_instance.ec2_zone_a",
            "module.compute.aws_instance.ec2_zone_b",
            "module.compute.aws_launch_template.asg_launch_template",
            "module.security.aws_security_group.alb",
            "module.security.aws_security_group.ec2_instances",
            "module.security.aws_security_group.vpc_endpoints",
            "module.security.aws_security_group_rule.alb_http_egress",
            "module.security.aws_security_group_rule.alb_https_egress",
            "module.security.aws_security_group_rule.alb_https_ingress",
            "module.security.aws_security_group_rule.alb_to_ec2_http",
            "module.security.aws_security_group_rule.alb_to_ec2_https",
            "module.security.aws_security_group_rule.ec2_http_from_alb",
            "module.security.aws_security_group_rule.ec2_https_egress_vpc_endpoints",
            "module.security.aws_security_group_rule.ec2_https_from_alb",
            "module.security.aws_security_group_rule.ec2_mysql_egress",
            "module.security.aws_security_group_rule.vpc_endpoints_https_egress",
            "module.security.aws_security_group_rule.vpc_endpoints_https_ingress",
            "module.vpc.aws_subnet.private",
            "module.vpc.aws_subnet.public",
            "module.vpc.aws_vpc.main",
            "module.vpc.data.aws_availability_zones.available"
          ]
        }
      ]
    },
    {
      "mode": "managed",
      "type": "aws_s3_bucket_policy",
      "name": "cloudfront_update",
      "provider": "provider[\"registry.terraform.io/hashicorp/aws\"]",
      "instances": [
        {
          "schema_version": 0,
          "attributes": {
            "bucket": "villa-alfredo-dev-content-kztdbfxu",
            "id": "villa-alfredo-dev-content-kztdbfxu",
            "policy": "{\"Statement\":[{\"Action\":[\"s3:GetObject\",\"s3:PutObject\"],\"Condition\":{\"StringEquals\":{\"aws:SourceVpce\":\"vpce-0df849fb02ad0b52d\"}},\"Effect\":\"Allow\",\"Principal\":{\"AWS\":[\"arn:aws:iam::029729714951:root\"]},\"Resource\":[\"arn:aws:s3:::villa-alfredo-dev-content-kztdbfxu/*\"],\"Sid\":\"AllowVPCEndpointAccess\"},{\"Action\":\"s3:GetObject\",\"Condition\":{\"StringEquals\":{\"AWS:SourceArn\":\"arn:aws:cloudfront::029729714951:distribution/ET774OTO7DGIU\"}},\"Effect\":\"Allow\",\"Principal\":{\"Service\":\"cloudfront.amazonaws.com\"},\"Resource\":\"arn:aws:s3:::villa-alfredo-dev-content-kztdbfxu/*\",\"Sid\":\"AllowCloudFrontServicePrincipal\"},{\"Action\":\"s3:*\",\"Condition\":{\"Bool\":{\"aws:SecureTransport\":\"false\"}},\"Effect\":\"Deny\",\"Principal\":\"*\",\"Resource\":[\"arn:aws:s3:::villa-alfredo-dev-content-kztdbfxu\",\"arn:aws:s3:::villa-alfredo-dev-content-kztdbfxu/*\"],\"Sid\":\"DenyInsecureConnections\"}],\"Version\":\"2012-10-17\"}"
          },
          "sensitive_attributes": [],
          "identity_schema_version": 0,
          "private": "bnVsbA==",
          "dependencies": [
            "data.aws_caller_identity.current",
            "module.alb.aws_lb.main",
            "module.alb.aws_lb_listener.main",
            "module.alb.aws_lb_target_group.ec2_targets",
            "module.alb.aws_lb_target_group_attachment.ec2_targets",
            "module.alb.aws_s3_bucket.alb_logs",
            "module.alb.aws_s3_bucket_policy.alb_logs",
            "module.alb.aws_s3_bucket_public_access_block.alb_logs",
            "module.alb.data.aws_elb_service_account.main",
            "module.alb.random_string.alb_suffix",
            "module.api_gateway.aws_api_gateway_account.main",
            "module.api_gateway.aws_api_gateway_authorizer.cognito",
            "module.api_gateway.aws_api_gateway_deployment.main",
            "module.api_gateway.aws_api_gateway_integration.proxy",
            "module.api_gateway.aws_api_gateway_integration.public_proxy",
            "module.api_gateway.aws_api_gateway_integration.root",
            "module.api_gateway.aws_api_gateway_method.proxy",
            "module.api_gateway.aws_api_gateway_method.public_proxy",
            "module.api_gateway.aws_api_gateway_method.root",
            "module.api_gateway.aws_api_gateway_method_settings.main",
            "module.api_gateway.aws_api_gateway_resource.proxy",
            "module.api_gateway.aws_api_gateway_resource.public",
            "module.api_gateway.aws_api_gateway_resource.public_proxy",
            "module.api_gateway.aws_api_gateway_rest_api.main",
            "module.api_gateway.aws_api_gateway_stage.main",
            "module.api_gateway.aws_cloudwatch_log_group.api_gateway_logs",
            "module.api_gateway.aws_iam_role.api_gateway_cloudwatch",
            "module.api_gateway.aws_iam_role_policy_attachment.api_gateway_cloudwatch",
            "module.api_gateway.random_string.api_suffix",
            "module.auth.aws_cognito_identity_pool.main",
            "module.auth.aws_cognito_identity_pool_roles_attachment.main",
            "module.auth.aws_cognito_user_pool.main",
            "module.auth.aws_cognito_user_pool_client.api_client",
            "module.auth.aws_cognito_user_pool_client.web_client",
            "module.auth.aws_cognito_user_pool_domain.main",
            "module.auth.aws_iam_role.authenticated",
            "module.auth.aws_iam_role.unauthenticated",
            "module.auth.aws_iam_role_policy.authenticated",
            "module.auth.data.aws_region.current",
            "module.auth.random_string.cognito_suffix",
            "module.cdn.aws_cloudfront_distribution.main",
            "module.cdn.aws_cloudfront_function.request_headers",
            "module.cdn.aws_cloudwatch_metric_alarm.error_rate",
            "module.cdn.aws_cloudwatch_metric_alarm.origin_latency",
            "module.cdn.aws_s3_bucket.cloudfront_logs",
            "module.cdn.aws_s3_bucket_acl.cloudfront_logs",
            "module.cdn.aws_s3_bucket_ownership_controls.cloudfront_logs",
            "module.cdn.aws_s3_bucket_policy.cloudfront_logs",
            "module.cdn.aws_s3_bucket_public_access_block.cloudfront_logs",
            "module.cdn.data.aws_caller_identity.current",
            "module.cdn.random_string.log_bucket_suffix",
            "module.security.aws_security_group.alb",
            "module.security.aws_security_group.ec2_instances",
            "module.security.aws_security_group.vpc_endpoints",
            "module.security.aws_security_group_rule.alb_http_egress",
            "module.security.aws_security_group_rule.alb_https_egress",
            "module.security.aws_security_group_rule.alb_https_ingress",
            "module.security.aws_security_group_rule.alb_to_ec2_http",
            "module.security.aws_security_group_rule.alb_to_ec2_https",
            "module.security.aws_security_group_rule.ec2_http_from_alb",
            "module.security.aws_security_group_rule.ec2_https_egress_vpc_endpoints",
            "module.security.aws_security_group_rule.ec2_https_from_alb",
            "module.security.aws_security_group_rule.ec2_mysql_egress",
            "module.security.aws_security_group_rule.vpc_endpoints_https_egress",
            "module.security.aws_security_group_rule.vpc_endpoints_https_ingress",
            "module.storage.aws_cloudfront_origin_access_control.main",
            "module.storage.aws_s3_bucket.main",
            "module.storage.aws_s3_bucket_cors_configuration.main",
            "module.storage.aws_s3_bucket_lifecycle_configuration.main",
            "module.storage.aws_s3_bucket_policy.main",
            "module.storage.aws_s3_bucket_public_access_block.main",
            "module.storage.aws_s3_bucket_server_side_encryption_configuration.main",
            "module.storage.aws_s3_bucket_versioning.main",
            "module.storage.aws_s3_object.sample_files",
            "module.storage.data.aws_caller_identity.current",
            "module.storage.data.aws_iam_policy_document.bucket_policy",
            "module.storage.data.aws_region.current",
            "module.storage.random_string.bucket_suffix",
            "module.vpc.aws_eip.nat",
            "module.vpc.aws_internet_gateway.main",
            "module.vpc.aws_nat_gateway.main",
            "module.vpc.aws_route_table.private",
            "module.vpc.aws_subnet.private",
            "module.vpc.aws_subnet.public",
            "module.vpc.aws_vpc.main",
            "module.vpc.data.aws_availability_zones.available",
            "module.vpc_endpoints.aws_vpc_endpoint.cloudwatch_logs",
            "module.vpc_endpoints.aws_vpc_endpoint.cloudwatch_monitoring",
            "module.vpc_endpoints.aws_vpc_endpoint.ec2",
            "module.vpc_endpoints.aws_vpc_endpoint.s3",
            "module.vpc_endpoints.data.aws_region.current",
            "module.waf.aws_cloudwatch_log_group.waf_log_group",
            "module.waf.aws_cloudwatch_log_group.waf_logs",
            "module.waf.aws_wafv2_ip_set.allowed_ips",
            "module.waf.aws_wafv2_ip_set.blocked_ips",
            "module.waf.aws_wafv2_web_acl.cloudfront_waf",
            "module.waf.aws_wafv2_web_acl.cloudfront_waf_with_whitelist",
            "module.waf.aws_wafv2_web_acl_logging_configuration.cloudfront_waf",
            "module.waf.aws_wafv2_web_acl_logging_configuration.cloudfront_waf_whitelist",
            "module.waf.random_string.waf_suffix"
          ]
        }
      ]
    },
    {
      "module": "module.alb",
      "mode": "data",
      "type": "aws_elb_service_account",
      "name": "main",
      "provider": "provider[\"registry.terraform.io/hashicorp/aws\"]",
      "instances": [
        {
          "schema_version": 0,
          "attributes": {
            "arn": "arn:aws:iam::127311923021:root",
            "id": "127311923021",
            "region": null
          },
          "sensitive_attributes": [],
          "identity_schema_version": 0
        }
      ]
    },
    {
      "module": "module.alb",
      "mode": "managed",
      "type": "aws_lb",
      "name": "main",
      "provider": "provider[\"registry.terraform.io/hashicorp/aws\"]",
      "instances": [
        {
          "schema_version": 0,
          "attributes": {
            "access_logs": [
              {
                "bucket": "villa-alfredo-dev-alb-logs-wdu2cp",
                "enabled": true,
                "prefix": "alb-logs"
              }
            ],
            "arn": "arn:aws:elasticloadbalancing:us-east-1:029729714951:loadbalancer/app/villa-alfredo-dev-alb-wdu2cp/009adbe6655dee41",
            "arn_suffix": "app/villa-alfredo-dev-alb-wdu2cp/009adbe6655dee41",
            "client_keep_alive": 3600,
            "connection_logs": [
              {
                "bucket": "",
                "enabled": false,
                "prefix": ""
              }
            ],
            "customer_owned_ipv4_pool": "",
            "desync_mitigation_mode": "strictest",
            "dns_name": "villa-alfredo-dev-alb-wdu2cp-2099744876.us-east-1.elb.amazonaws.com",
            "dns_record_client_routing_policy": null,
            "drop_invalid_header_fields": false,
            "enable_cross_zone_load_balancing": true,
            "enable_deletion_protection": false,
            "enable_http2": true,
            "enable_tls_version_and_cipher_suite_headers": false,
            "enable_waf_fail_open": false,
            "enable_xff_client_port": false,
            "enable_zonal_shift": false,
            "enforce_security_group_inbound_rules_on_private_link_traffic": "",
            "id": "arn:aws:elasticloadbalancing:us-east-1:029729714951:loadbalancer/app/villa-alfredo-dev-alb-wdu2cp/009adbe6655dee41",
            "idle_timeout": 60,
            "internal": false,
            "ip_address_type": "ipv4",
            "ipam_pools": [],
            "load_balancer_type": "application",
            "minimum_load_balancer_capacity": [],
            "name": "villa-alfredo-dev-alb-wdu2cp",
            "name_prefix": "",
            "preserve_host_header": false,
            "security_groups": [
              "sg-09c7e220e41849235"
            ],
            "subnet_mapping": [
              {
                "allocation_id": "",
                "ipv6_address": "",
                "outpost_id": "",
                "private_ipv4_address": "",
                "subnet_id": "subnet-03082fc0e3694a09f"
              },
              {
                "allocation_id": "",
                "ipv6_address": "",
                "outpost_id": "",
                "private_ipv4_address": "",
                "subnet_id": "subnet-0439a598cba2ebe6e"
              }
            ],
            "subnets": [
              "subnet-03082fc0e3694a09f",
              "subnet-0439a598cba2ebe6e"
            ],
            "tags": {
              "CostCenter": "IT",
              "CreatedDate": "2025-07-03",
              "Environment": "dev",
              "ManagedBy": "terraform",
              "Name": "villa-alfredo-dev-alb",
              "Owner": "DevOps Team",
              "Project": "VillaAlfredo",
              "ProjectName": "villa-alfredo",
              "Region": "us-east-1",
              "Team": "Infrastructure",
              "Type": "ApplicationLoadBalancer"
            },
            "tags_all": {
              "CostCenter": "IT",
              "CreatedDate": "2025-07-03",
              "Environment": "dev",
              "ManagedBy": "terraform",
              "Name": "villa-alfredo-dev-alb",
              "Owner": "DevOps Team",
              "Project": "VillaAlfredo",
              "ProjectName": "villa-alfredo",
              "Region": "us-east-1",
              "Team": "Infrastructure",
              "Type": "ApplicationLoadBalancer"
            },
            "timeouts": null,
            "vpc_id": "vpc-0a4992c325f4d664b",
            "xff_header_processing_mode": "append",
            "zone_id": "Z35SXDOTRQ7X7K"
          },
          "sensitive_attributes": [],
          "identity_schema_version": 0,
          "private": "eyJlMmJmYjczMC1lY2FhLTExZTYtOGY4OC0zNDM2M2JjN2M0YzAiOnsiY3JlYXRlIjo2MDAwMDAwMDAwMDAsImRlbGV0ZSI6NjAwMDAwMDAwMDAwLCJ1cGRhdGUiOjYwMDAwMDAwMDAwMH19",
          "dependencies": [
            "module.alb.aws_s3_bucket.alb_logs",
            "module.alb.random_string.alb_suffix",
            "module.security.aws_security_group.alb",
            "module.security.aws_security_group.ec2_instances",
            "module.security.aws_security_group.vpc_endpoints",
            "module.security.aws_security_group_rule.alb_http_egress",
            "module.security.aws_security_group_rule.alb_https_egress",
            "module.security.aws_security_group_rule.alb_https_ingress",
            "module.security.aws_security_group_rule.alb_to_ec2_http",
            "module.security.aws_security_group_rule.alb_to_ec2_https",
            "module.security.aws_security_group_rule.ec2_http_from_alb",
            "module.security.aws_security_group_rule.ec2_https_egress_vpc_endpoints",
            "module.security.aws_security_group_rule.ec2_https_from_alb",
            "module.security.aws_security_group_rule.ec2_mysql_egress",
            "module.security.aws_security_group_rule.vpc_endpoints_https_egress",
            "module.security.aws_security_group_rule.vpc_endpoints_https_ingress",
            "module.vpc.aws_subnet.private",
            "module.vpc.aws_subnet.public",
            "module.vpc.aws_vpc.main",
            "module.vpc.data.aws_availability_zones.available"
          ],
          "create_before_destroy": true
        }
      ]
    },
    {
      "module": "module.alb",
      "mode": "managed",
      "type": "aws_lb_listener",
      "name": "main",
      "provider": "provider[\"registry.terraform.io/hashicorp/aws\"]",
      "instances": [
        {
          "schema_version": 0,
          "attributes": {
            "alpn_policy": null,
            "arn": "arn:aws:elasticloadbalancing:us-east-1:029729714951:listener/app/villa-alfredo-dev-alb-wdu2cp/009adbe6655dee41/fc7323825e737745",
            "certificate_arn": null,
            "default_action": [
              {
                "authenticate_cognito": [],
                "authenticate_oidc": [],
                "fixed_response": [],
                "forward": [],
                "order": 1,
                "redirect": [],
                "target_group_arn": "arn:aws:elasticloadbalancing:us-east-1:029729714951:targetgroup/villa-alfredo-dev-tg-wdu2cp/a5f9f30940853c41",
                "type": "forward"
              }
            ],
            "id": "arn:aws:elasticloadbalancing:us-east-1:029729714951:listener/app/villa-alfredo-dev-alb-wdu2cp/009adbe6655dee41/fc7323825e737745",
            "load_balancer_arn": "arn:aws:elasticloadbalancing:us-east-1:029729714951:loadbalancer/app/villa-alfredo-dev-alb-wdu2cp/009adbe6655dee41",
            "mutual_authentication": [],
            "port": 80,
            "protocol": "HTTP",
            "routing_http_request_x_amzn_mtls_clientcert_header_name": null,
            "routing_http_request_x_amzn_mtls_clientcert_issuer_header_name": null,
            "routing_http_request_x_amzn_mtls_clientcert_leaf_header_name": null,
            "routing_http_request_x_amzn_mtls_clientcert_serial_number_header_name": null,
            "routing_http_request_x_amzn_mtls_clientcert_subject_header_name": null,
            "routing_http_request_x_amzn_mtls_clientcert_validity_header_name": null,
            "routing_http_request_x_amzn_tls_cipher_suite_header_name": null,
            "routing_http_request_x_amzn_tls_version_header_name": null,
            "routing_http_response_access_control_allow_credentials_header_value": "",
            "routing_http_response_access_control_allow_headers_header_value": "",
            "routing_http_response_access_control_allow_methods_header_value": "",
            "routing_http_response_access_control_allow_origin_header_value": "",
            "routing_http_response_access_control_expose_headers_header_value": "",
            "routing_http_response_access_control_max_age_header_value": "",
            "routing_http_response_content_security_policy_header_value": "",
            "routing_http_response_server_enabled": true,
            "routing_http_response_strict_transport_security_header_value": "",
            "routing_http_response_x_content_type_options_header_value": "",
            "routing_http_response_x_frame_options_header_value": "",
            "ssl_policy": "",
            "tags": {
              "CostCenter": "IT",
              "CreatedDate": "2025-07-03",
              "Environment": "dev",
              "ManagedBy": "terraform",
              "Name": "villa-alfredo-dev-listener",
              "Owner": "DevOps Team",
              "Project": "VillaAlfredo",
              "ProjectName": "villa-alfredo",
              "Region": "us-east-1",
              "Team": "Infrastructure"
            },
            "tags_all": {
              "CostCenter": "IT",
              "CreatedDate": "2025-07-03",
              "Environment": "dev",
              "ManagedBy": "terraform",
              "Name": "villa-alfredo-dev-listener",
              "Owner": "DevOps Team",
              "Project": "VillaAlfredo",
              "ProjectName": "villa-alfredo",
              "Region": "us-east-1",
              "Team": "Infrastructure"
            },
            "tcp_idle_timeout_seconds": null,
            "timeouts": null
          },
          "sensitive_attributes": [],
          "identity_schema_version": 0,
          "private": "eyJlMmJmYjczMC1lY2FhLTExZTYtOGY4OC0zNDM2M2JjN2M0YzAiOnsiY3JlYXRlIjozMDAwMDAwMDAwMDAsInVwZGF0ZSI6MzAwMDAwMDAwMDAwfX0=",
          "dependencies": [
            "module.alb.aws_lb.main",
            "module.alb.aws_lb_target_group.ec2_targets",
            "module.alb.aws_s3_bucket.alb_logs",
            "module.alb.random_string.alb_suffix",
            "module.security.aws_security_group.alb",
            "module.security.aws_security_group.ec2_instances",
            "module.security.aws_security_group.vpc_endpoints",
            "module.security.aws_security_group_rule.alb_http_egress",
            "module.security.aws_security_group_rule.alb_https_egress",
            "module.security.aws_security_group_rule.alb_https_ingress",
            "module.security.aws_security_group_rule.alb_to_ec2_http",
            "module.security.aws_security_group_rule.alb_to_ec2_https",
            "module.security.aws_security_group_rule.ec2_http_from_alb",
            "module.security.aws_security_group_rule.ec2_https_egress_vpc_endpoints",
            "module.security.aws_security_group_rule.ec2_https_from_alb",
            "module.security.aws_security_group_rule.ec2_mysql_egress",
            "module.security.aws_security_group_rule.vpc_endpoints_https_egress",
            "module.security.aws_security_group_rule.vpc_endpoints_https_ingress",
            "module.vpc.aws_subnet.private",
            "module.vpc.aws_subnet.public",
            "module.vpc.aws_vpc.main",
            "module.vpc.data.aws_availability_zones.available"
          ],
          "create_before_destroy": true
        }
      ]
    },
    {
      "module": "module.alb",
      "mode": "managed",
      "type": "aws_lb_target_group",
      "name": "ec2_targets",
      "provider": "provider[\"registry.terraform.io/hashicorp/aws\"]",
      "instances": [
        {
          "schema_version": 0,
          "attributes": {
            "arn": "arn:aws:elasticloadbalancing:us-east-1:029729714951:targetgroup/villa-alfredo-dev-tg-wdu2cp/a5f9f30940853c41",
            "arn_suffix": "targetgroup/villa-alfredo-dev-tg-wdu2cp/a5f9f30940853c41",
            "connection_termination": null,
            "deregistration_delay": "300",
            "health_check": [
              {
                "enabled": true,
                "healthy_threshold": 2,
                "interval": 30,
                "matcher": "200,301,302",
                "path": "/",
                "port": "traffic-port",
                "protocol": "HTTP",
                "timeout": 5,
                "unhealthy_threshold": 2
              }
            ],
            "id": "arn:aws:elasticloadbalancing:us-east-1:029729714951:targetgroup/villa-alfredo-dev-tg-wdu2cp/a5f9f30940853c41",
            "ip_address_type": "ipv4",
            "lambda_multi_value_headers_enabled": false,
            "load_balancer_arns": [
              "arn:aws:elasticloadbalancing:us-east-1:029729714951:loadbalancer/app/villa-alfredo-dev-alb-wdu2cp/009adbe6655dee41"
            ],
            "load_balancing_algorithm_type": "round_robin",
            "load_balancing_anomaly_mitigation": "off",
            "load_balancing_cross_zone_enabled": "use_load_balancer_configuration",
            "name": "villa-alfredo-dev-tg-wdu2cp",
            "name_prefix": "",
            "port": 80,
            "preserve_client_ip": null,
            "protocol": "HTTP",
            "protocol_version": "HTTP1",
            "proxy_protocol_v2": false,
            "slow_start": 0,
            "stickiness": [
              {
                "cookie_duration": 86400,
                "cookie_name": "",
                "enabled": false,
                "type": "lb_cookie"
              }
            ],
            "tags": {
              "CostCenter": "IT",
              "CreatedDate": "2025-07-03",
              "Environment": "dev",
              "ManagedBy": "terraform",
              "Name": "villa-alfredo-dev-target-group",
              "Owner": "DevOps Team",
              "Project": "VillaAlfredo",
              "ProjectName": "villa-alfredo",
              "Region": "us-east-1",
              "Team": "Infrastructure"
            },
            "tags_all": {
              "CostCenter": "IT",
              "CreatedDate": "2025-07-03",
              "Environment": "dev",
              "ManagedBy": "terraform",
              "Name": "villa-alfredo-dev-target-group",
              "Owner": "DevOps Team",
              "Project": "VillaAlfredo",
              "ProjectName": "villa-alfredo",
              "Region": "us-east-1",
              "Team": "Infrastructure"
            },
            "target_failover": [
              {
                "on_deregistration": null,
                "on_unhealthy": null
              }
            ],
            "target_group_health": [
              {
                "dns_failover": [
                  {
                    "minimum_healthy_targets_count": "1",
                    "minimum_healthy_targets_percentage": "off"
                  }
                ],
                "unhealthy_state_routing": [
                  {
                    "minimum_healthy_targets_count": 1,
                    "minimum_healthy_targets_percentage": "off"
                  }
                ]
              }
            ],
            "target_health_state": [
              {
                "enable_unhealthy_connection_termination": null,
                "unhealthy_draining_interval": null
              }
            ],
            "target_type": "instance",
            "vpc_id": "vpc-0a4992c325f4d664b"
          },
          "sensitive_attributes": [],
          "identity_schema_version": 0,
          "private": "bnVsbA==",
          "dependencies": [
            "module.alb.random_string.alb_suffix",
            "module.security.aws_security_group.alb",
            "module.security.aws_security_group.ec2_instances",
            "module.security.aws_security_group.vpc_endpoints",
            "module.security.aws_security_group_rule.alb_http_egress",
            "module.security.aws_security_group_rule.alb_https_egress",
            "module.security.aws_security_group_rule.alb_https_ingress",
            "module.security.aws_security_group_rule.alb_to_ec2_http",
            "module.security.aws_security_group_rule.alb_to_ec2_https",
            "module.security.aws_security_group_rule.ec2_http_from_alb",
            "module.security.aws_security_group_rule.ec2_https_egress_vpc_endpoints",
            "module.security.aws_security_group_rule.ec2_https_from_alb",
            "module.security.aws_security_group_rule.ec2_mysql_egress",
            "module.security.aws_security_group_rule.vpc_endpoints_https_egress",
            "module.security.aws_security_group_rule.vpc_endpoints_https_ingress",
            "module.vpc.aws_subnet.private",
            "module.vpc.aws_vpc.main",
            "module.vpc.data.aws_availability_zones.available"
          ],
          "create_before_destroy": true
        }
      ]
    },
    {
      "module": "module.alb",
      "mode": "managed",
      "type": "aws_s3_bucket",
      "name": "alb_logs",
      "provider": "provider[\"registry.terraform.io/hashicorp/aws\"]",
      "instances": [
        {
          "index_key": 0,
          "schema_version": 0,
          "attributes": {
            "acceleration_status": "",
            "acl": null,
            "arn": "arn:aws:s3:::villa-alfredo-dev-alb-logs-wdu2cp",
            "bucket": "villa-alfredo-dev-alb-logs-wdu2cp",
            "bucket_domain_name": "villa-alfredo-dev-alb-logs-wdu2cp.s3.amazonaws.com",
            "bucket_prefix": "",
            "bucket_regional_domain_name": "villa-alfredo-dev-alb-logs-wdu2cp.s3.us-east-1.amazonaws.com",
            "cors_rule": [],
            "force_destroy": false,
            "grant": [
              {
                "id": "ae3ec776444e362c9e874e6d046ce46c34c6d9b2032d93931cdbc3d42c895a6a",
                "permissions": [
                  "FULL_CONTROL"
                ],
                "type": "CanonicalUser",
                "uri": ""
              }
            ],
            "hosted_zone_id": "Z3AQBSTGFYJSTF",
            "id": "villa-alfredo-dev-alb-logs-wdu2cp",
            "lifecycle_rule": [],
            "logging": [],
            "object_lock_configuration": [],
            "object_lock_enabled": false,
            "policy": "{\"Statement\":[{\"Action\":\"s3:PutObject\",\"Effect\":\"Allow\",\"Principal\":{\"AWS\":\"arn:aws:iam::127311923021:root\"},\"Resource\":\"arn:aws:s3:::villa-alfredo-dev-alb-logs-wdu2cp/*\"}],\"Version\":\"2012-10-17\"}",
            "region": "us-east-1",
            "replication_configuration": [],
            "request_payer": "BucketOwner",
            "server_side_encryption_configuration": [
              {
                "rule": [
                  {
                    "apply_server_side_encryption_by_default": [
                      {
                        "kms_master_key_id": "",
                        "sse_algorithm": "AES256"
                      }
                    ],
                    "bucket_key_enabled": false
                  }
                ]
              }
            ],
            "tags": {
              "CostCenter": "IT",
              "CreatedDate": "2025-07-03",
              "Environment": "dev",
              "ManagedBy": "terraform",
              "Name": "villa-alfredo-dev-alb-logs",
              "Owner": "DevOps Team",
              "Project": "VillaAlfredo",
              "ProjectName": "villa-alfredo",
              "Purpose": "ALB Access Logs",
              "Region": "us-east-1",
              "Team": "Infrastructure"
            },
            "tags_all": {
              "CostCenter": "IT",
              "CreatedDate": "2025-07-03",
              "Environment": "dev",
              "ManagedBy": "terraform",
              "Name": "villa-alfredo-dev-alb-logs",
              "Owner": "DevOps Team",
              "Project": "VillaAlfredo",
              "ProjectName": "villa-alfredo",
              "Purpose": "ALB Access Logs",
              "Region": "us-east-1",
              "Team": "Infrastructure"
            },
            "timeouts": null,
            "versioning": [
              {
                "enabled": false,
                "mfa_delete": false
              }
            ],
            "website": [],
            "website_domain": null,
            "website_endpoint": null
          },
          "sensitive_attributes": [],
          "identity_schema_version": 0,
          "private": "eyJlMmJmYjczMC1lY2FhLTExZTYtOGY4OC0zNDM2M2JjN2M0YzAiOnsiY3JlYXRlIjoxMjAwMDAwMDAwMDAwLCJkZWxldGUiOjM2MDAwMDAwMDAwMDAsInJlYWQiOjEyMDAwMDAwMDAwMDAsInVwZGF0ZSI6MTIwMDAwMDAwMDAwMH19",
          "dependencies": [
            "module.alb.random_string.alb_suffix",
            "module.security.aws_security_group.alb",
            "module.security.aws_security_group.ec2_instances",
            "module.security.aws_security_group.vpc_endpoints",
            "module.security.aws_security_group_rule.alb_http_egress",
            "module.security.aws_security_group_rule.alb_https_egress",
            "module.security.aws_security_group_rule.alb_https_ingress",
            "module.security.aws_security_group_rule.alb_to_ec2_http",
            "module.security.aws_security_group_rule.alb_to_ec2_https",
            "module.security.aws_security_group_rule.ec2_http_from_alb",
            "module.security.aws_security_group_rule.ec2_https_egress_vpc_endpoints",
            "module.security.aws_security_group_rule.ec2_https_from_alb",
            "module.security.aws_security_group_rule.ec2_mysql_egress",
            "module.security.aws_security_group_rule.vpc_endpoints_https_egress",
            "module.security.aws_security_group_rule.vpc_endpoints_https_ingress",
            "module.vpc.aws_subnet.private",
            "module.vpc.aws_vpc.main",
            "module.vpc.data.aws_availability_zones.available"
          ],
          "create_before_destroy": true
        }
      ]
    },
    {
      "module": "module.alb",
      "mode": "managed",
      "type": "aws_s3_bucket_policy",
      "name": "alb_logs",
      "provider": "provider[\"registry.terraform.io/hashicorp/aws\"]",
      "instances": [
        {
          "index_key": 0,
          "schema_version": 0,
          "attributes": {
            "bucket": "villa-alfredo-dev-alb-logs-wdu2cp",
            "id": "villa-alfredo-dev-alb-logs-wdu2cp",
            "policy": "{\"Statement\":[{\"Action\":\"s3:PutObject\",\"Effect\":\"Allow\",\"Principal\":{\"AWS\":\"arn:aws:iam::127311923021:root\"},\"Resource\":\"arn:aws:s3:::villa-alfredo-dev-alb-logs-wdu2cp/*\"}],\"Version\":\"2012-10-17\"}"
          },
          "sensitive_attributes": [],
          "identity_schema_version": 0,
          "private": "bnVsbA==",
          "dependencies": [
            "module.alb.aws_s3_bucket.alb_logs",
            "module.alb.data.aws_elb_service_account.main",
            "module.alb.random_string.alb_suffix",
            "module.security.aws_security_group.alb",
            "module.security.aws_security_group.ec2_instances",
            "module.security.aws_security_group.vpc_endpoints",
            "module.security.aws_security_group_rule.alb_http_egress",
            "module.security.aws_security_group_rule.alb_https_egress",
            "module.security.aws_security_group_rule.alb_https_ingress",
            "module.security.aws_security_group_rule.alb_to_ec2_http",
            "module.security.aws_security_group_rule.alb_to_ec2_https",
            "module.security.aws_security_group_rule.ec2_http_from_alb",
            "module.security.aws_security_group_rule.ec2_https_egress_vpc_endpoints",
            "module.security.aws_security_group_rule.ec2_https_from_alb",
            "module.security.aws_security_group_rule.ec2_mysql_egress",
            "module.security.aws_security_group_rule.vpc_endpoints_https_egress",
            "module.security.aws_security_group_rule.vpc_endpoints_https_ingress",
            "module.vpc.aws_subnet.private",
            "module.vpc.aws_vpc.main",
            "module.vpc.data.aws_availability_zones.available"
          ],
          "create_before_destroy": true
        }
      ]
    },
    {
      "module": "module.alb",
      "mode": "managed",
      "type": "aws_s3_bucket_public_access_block",
      "name": "alb_logs",
      "provider": "provider[\"registry.terraform.io/hashicorp/aws\"]",
      "instances": [
        {
          "index_key": 0,
          "schema_version": 0,
          "attributes": {
            "block_public_acls": true,
            "block_public_policy": true,
            "bucket": "villa-alfredo-dev-alb-logs-wdu2cp",
            "id": "villa-alfredo-dev-alb-logs-wdu2cp",
            "ignore_public_acls": true,
            "restrict_public_buckets": true
          },
          "sensitive_attributes": [],
          "identity_schema_version": 0,
          "private": "bnVsbA==",
          "dependencies": [
            "module.alb.aws_s3_bucket.alb_logs",
            "module.alb.random_string.alb_suffix",
            "module.security.aws_security_group.alb",
            "module.security.aws_security_group.ec2_instances",
            "module.security.aws_security_group.vpc_endpoints",
            "module.security.aws_security_group_rule.alb_http_egress",
            "module.security.aws_security_group_rule.alb_https_egress",
            "module.security.aws_security_group_rule.alb_https_ingress",
            "module.security.aws_security_group_rule.alb_to_ec2_http",
            "module.security.aws_security_group_rule.alb_to_ec2_https",
            "module.security.aws_security_group_rule.ec2_http_from_alb",
            "module.security.aws_security_group_rule.ec2_https_egress_vpc_endpoints",
            "module.security.aws_security_group_rule.ec2_https_from_alb",
            "module.security.aws_security_group_rule.ec2_mysql_egress",
            "module.security.aws_security_group_rule.vpc_endpoints_https_egress",
            "module.security.aws_security_group_rule.vpc_endpoints_https_ingress",
            "module.vpc.aws_subnet.private",
            "module.vpc.aws_vpc.main",
            "module.vpc.data.aws_availability_zones.available"
          ],
          "create_before_destroy": true
        }
      ]
    },
    {
      "module": "module.alb",
      "mode": "managed",
      "type": "random_string",
      "name": "alb_suffix",
      "provider": "provider[\"registry.terraform.io/hashicorp/random\"]",
      "instances": [
        {
          "schema_version": 2,
          "attributes": {
            "id": "wdu2cp",
            "keepers": null,
            "length": 6,
            "lower": true,
            "min_lower": 0,
            "min_numeric": 0,
            "min_special": 0,
            "min_upper": 0,
            "number": true,
            "numeric": true,
            "override_special": null,
            "result": "wdu2cp",
            "special": false,
            "upper": false
          },
          "sensitive_attributes": [],
          "identity_schema_version": 0,
          "dependencies": [
            "module.security.aws_security_group.alb",
            "module.security.aws_security_group.ec2_instances",
            "module.security.aws_security_group.vpc_endpoints",
            "module.security.aws_security_group_rule.alb_http_egress",
            "module.security.aws_security_group_rule.alb_https_egress",
            "module.security.aws_security_group_rule.alb_https_ingress",
            "module.security.aws_security_group_rule.alb_to_ec2_http",
            "module.security.aws_security_group_rule.alb_to_ec2_https",
            "module.security.aws_security_group_rule.ec2_http_from_alb",
            "module.security.aws_security_group_rule.ec2_https_egress_vpc_endpoints",
            "module.security.aws_security_group_rule.ec2_https_from_alb",
            "module.security.aws_security_group_rule.ec2_mysql_egress",
            "module.security.aws_security_group_rule.vpc_endpoints_https_egress",
            "module.security.aws_security_group_rule.vpc_endpoints_https_ingress",
            "module.vpc.aws_subnet.private",
            "module.vpc.aws_vpc.main",
            "module.vpc.data.aws_availability_zones.available"
          ],
          "create_before_destroy": true
        }
      ]
    },
    {
      "module": "module.api_gateway",
      "mode": "managed",
      "type": "aws_api_gateway_account",
      "name": "main",
      "provider": "provider[\"registry.terraform.io/hashicorp/aws\"]",
      "instances": [
        {
          "schema_version": 0,
          "attributes": {
            "api_key_version": "4",
            "cloudwatch_role_arn": "arn:aws:iam::029729714951:role/villa-alfredo-dev-api-gateway-cloudwatch",
            "features": [
              "UsagePlans"
            ],
            "id": "api-gateway-account",
            "reset_on_delete": null,
            "throttle_settings": [
              {
                "burst_limit": 5000,
                "rate_limit": 10000
              }
            ]
          },
          "sensitive_attributes": [],
          "identity_schema_version": 0,
          "dependencies": [
            "module.alb.aws_lb.main",
            "module.alb.aws_lb_listener.main",
            "module.alb.aws_lb_target_group.ec2_targets",
            "module.alb.aws_lb_target_group_attachment.ec2_targets",
            "module.alb.aws_s3_bucket.alb_logs",
            "module.alb.aws_s3_bucket_policy.alb_logs",
            "module.alb.aws_s3_bucket_public_access_block.alb_logs",
            "module.alb.data.aws_elb_service_account.main",
            "module.alb.random_string.alb_suffix",
            "module.api_gateway.aws_iam_role.api_gateway_cloudwatch",
            "module.auth.aws_cognito_identity_pool.main",
            "module.auth.aws_cognito_identity_pool_roles_attachment.main",
            "module.auth.aws_cognito_user_pool.main",
            "module.auth.aws_cognito_user_pool_client.api_client",
            "module.auth.aws_cognito_user_pool_client.web_client",
            "module.auth.aws_cognito_user_pool_domain.main",
            "module.auth.aws_iam_role.authenticated",
            "module.auth.aws_iam_role.unauthenticated",
            "module.auth.aws_iam_role_policy.authenticated",
            "module.auth.data.aws_region.current",
            "module.auth.random_string.cognito_suffix",
            "module.security.aws_security_group.alb",
            "module.security.aws_security_group.ec2_instances",
            "module.security.aws_security_group.vpc_endpoints",
            "module.security.aws_security_group_rule.alb_http_egress",
            "module.security.aws_security_group_rule.alb_https_egress",
            "module.security.aws_security_group_rule.alb_https_ingress",
            "module.security.aws_security_group_rule.alb_to_ec2_http",
            "module.security.aws_security_group_rule.alb_to_ec2_https",
            "module.security.aws_security_group_rule.ec2_http_from_alb",
            "module.security.aws_security_group_rule.ec2_https_egress_vpc_endpoints",
            "module.security.aws_security_group_rule.ec2_https_from_alb",
            "module.security.aws_security_group_rule.ec2_mysql_egress",
            "module.security.aws_security_group_rule.vpc_endpoints_https_egress",
            "module.security.aws_security_group_rule.vpc_endpoints_https_ingress",
            "module.vpc.aws_subnet.private",
            "module.vpc.aws_subnet.public",
            "module.vpc.aws_vpc.main",
            "module.vpc.data.aws_availability_zones.available"
          ]
        }
      ]
    },
    {
      "module": "module.api_gateway",
      "mode": "managed",
      "type": "aws_api_gateway_deployment",
      "name": "main",
      "provider": "provider[\"registry.terraform.io/hashicorp/aws\"]",
      "instances": [
        {
          "schema_version": 0,
          "attributes": {
            "canary_settings": [],
            "created_date": "2025-07-03T06:50:37Z",
            "description": "",
            "execution_arn": "arn:aws:execute-api:us-east-1:029729714951:wfztr92yj4/",
            "id": "kt2in6",
            "invoke_url": "https://wfztr92yj4.execute-api.us-east-1.amazonaws.com/",
            "rest_api_id": "wfztr92yj4",
            "stage_description": null,
            "stage_name": null,
            "triggers": {
              "redeployment": "d295815ce409107ea872cadf09f5bf80561b3b0e"
            },
            "variables": null
          },
          "sensitive_attributes": [],
          "identity_schema_version": 0,
          "private": "bnVsbA==",
          "dependencies": [
            "module.alb.aws_lb.main",
            "module.alb.aws_lb_listener.main",
            "module.alb.aws_lb_target_group.ec2_targets",
            "module.alb.aws_lb_target_group_attachment.ec2_targets",
            "module.alb.aws_s3_bucket.alb_logs",
            "module.alb.aws_s3_bucket_policy.alb_logs",
            "module.alb.aws_s3_bucket_public_access_block.alb_logs",
            "module.alb.data.aws_elb_service_account.main",
            "module.alb.random_string.alb_suffix",
            "module.api_gateway.aws_api_gateway_integration.proxy",
            "module.api_gateway.aws_api_gateway_integration.root",
            "module.api_gateway.aws_api_gateway_method.proxy",
            "module.api_gateway.aws_api_gateway_method.root",
            "module.api_gateway.aws_api_gateway_resource.proxy",
            "module.api_gateway.aws_api_gateway_rest_api.main",
            "module.auth.aws_cognito_identity_pool.main",
            "module.auth.aws_cognito_identity_pool_roles_attachment.main",
            "module.auth.aws_cognito_user_pool.main",
            "module.auth.aws_cognito_user_pool_client.api_client",
            "module.auth.aws_cognito_user_pool_client.web_client",
            "module.auth.aws_cognito_user_pool_domain.main",
            "module.auth.aws_iam_role.authenticated",
            "module.auth.aws_iam_role.unauthenticated",
            "module.auth.aws_iam_role_policy.authenticated",
            "module.auth.data.aws_region.current",
            "module.auth.random_string.cognito_suffix",
            "module.security.aws_security_group.alb",
            "module.security.aws_security_group.ec2_instances",
            "module.security.aws_security_group.vpc_endpoints",
            "module.security.aws_security_group_rule.alb_http_egress",
            "module.security.aws_security_group_rule.alb_https_egress",
            "module.security.aws_security_group_rule.alb_https_ingress",
            "module.security.aws_security_group_rule.alb_to_ec2_http",
            "module.security.aws_security_group_rule.alb_to_ec2_https",
            "module.security.aws_security_group_rule.ec2_http_from_alb",
            "module.security.aws_security_group_rule.ec2_https_egress_vpc_endpoints",
            "module.security.aws_security_group_rule.ec2_https_from_alb",
            "module.security.aws_security_group_rule.ec2_mysql_egress",
            "module.security.aws_security_group_rule.vpc_endpoints_https_egress",
            "module.security.aws_security_group_rule.vpc_endpoints_https_ingress",
            "module.vpc.aws_subnet.private",
            "module.vpc.aws_subnet.public",
            "module.vpc.aws_vpc.main",
            "module.vpc.data.aws_availability_zones.available"
          ],
          "create_before_destroy": true
        }
      ]
    },
    {
      "module": "module.api_gateway",
      "mode": "managed",
      "type": "aws_api_gateway_integration",
      "name": "proxy",
      "provider": "provider[\"registry.terraform.io/hashicorp/aws\"]",
      "instances": [
        {
          "schema_version": 0,
          "attributes": {
            "cache_key_parameters": [],
            "cache_namespace": "y4d99z",
            "connection_id": "",
            "connection_type": "INTERNET",
            "content_handling": "",
            "credentials": "",
            "http_method": "ANY",
            "id": "agi-wfztr92yj4-y4d99z-ANY",
            "integration_http_method": "ANY",
            "passthrough_behavior": "WHEN_NO_MATCH",
            "request_parameters": {
              "integration.request.path.proxy": "method.request.path.proxy"
            },
            "request_templates": {},
            "resource_id": "y4d99z",
            "rest_api_id": "wfztr92yj4",
            "timeout_milliseconds": 29000,
            "tls_config": [],
            "type": "HTTP_PROXY",
            "uri": "http://villa-alfredo-dev-alb-wdu2cp-2099744876.us-east-1.elb.amazonaws.com/{proxy}"
          },
          "sensitive_attributes": [],
          "identity_schema_version": 0,
          "private": "bnVsbA==",
          "dependencies": [
            "module.alb.aws_lb.main",
            "module.alb.aws_lb_listener.main",
            "module.alb.aws_lb_target_group.ec2_targets",
            "module.alb.aws_lb_target_group_attachment.ec2_targets",
            "module.alb.aws_s3_bucket.alb_logs",
            "module.alb.aws_s3_bucket_policy.alb_logs",
            "module.alb.aws_s3_bucket_public_access_block.alb_logs",
            "module.alb.data.aws_elb_service_account.main",
            "module.alb.random_string.alb_suffix",
            "module.api_gateway.aws_api_gateway_method.proxy",
            "module.api_gateway.aws_api_gateway_resource.proxy",
            "module.api_gateway.aws_api_gateway_rest_api.main",
            "module.auth.aws_cognito_identity_pool.main",
            "module.auth.aws_cognito_identity_pool_roles_attachment.main",
            "module.auth.aws_cognito_user_pool.main",
            "module.auth.aws_cognito_user_pool_client.api_client",
            "module.auth.aws_cognito_user_pool_client.web_client",
            "module.auth.aws_cognito_user_pool_domain.main",
            "module.auth.aws_iam_role.authenticated",
            "module.auth.aws_iam_role.unauthenticated",
            "module.auth.aws_iam_role_policy.authenticated",
            "module.auth.data.aws_region.current",
            "module.auth.random_string.cognito_suffix",
            "module.security.aws_security_group.alb",
            "module.security.aws_security_group.ec2_instances",
            "module.security.aws_security_group.vpc_endpoints",
            "module.security.aws_security_group_rule.alb_http_egress",
            "module.security.aws_security_group_rule.alb_https_egress",
            "module.security.aws_security_group_rule.alb_https_ingress",
            "module.security.aws_security_group_rule.alb_to_ec2_http",
            "module.security.aws_security_group_rule.alb_to_ec2_https",
            "module.security.aws_security_group_rule.ec2_http_from_alb",
            "module.security.aws_security_group_rule.ec2_https_egress_vpc_endpoints",
            "module.security.aws_security_group_rule.ec2_https_from_alb",
            "module.security.aws_security_group_rule.ec2_mysql_egress",
            "module.security.aws_security_group_rule.vpc_endpoints_https_egress",
            "module.security.aws_security_group_rule.vpc_endpoints_https_ingress",
            "module.vpc.aws_subnet.private",
            "module.vpc.aws_subnet.public",
            "module.vpc.aws_vpc.main",
            "module.vpc.data.aws_availability_zones.available"
          ],
          "create_before_destroy": true
        }
      ]
    },
    {
      "module": "module.api_gateway",
      "mode": "managed",
      "type": "aws_api_gateway_integration",
      "name": "public_proxy",
      "provider": "provider[\"registry.terraform.io/hashicorp/aws\"]",
      "instances": [
        {
          "index_key": 0,
          "schema_version": 0,
          "attributes": {
            "cache_key_parameters": [],
            "cache_namespace": "kcqg7a",
            "connection_id": "",
            "connection_type": "INTERNET",
            "content_handling": "",
            "credentials": "",
            "http_method": "ANY",
            "id": "agi-wfztr92yj4-kcqg7a-ANY",
            "integration_http_method": "ANY",
            "passthrough_behavior": "WHEN_NO_MATCH",
            "request_parameters": {
              "integration.request.path.proxy": "method.request.path.proxy"
            },
            "request_templates": {},
            "resource_id": "kcqg7a",
            "rest_api_id": "wfztr92yj4",
            "timeout_milliseconds": 29000,
            "tls_config": [],
            "type": "HTTP_PROXY",
            "uri": "http://villa-alfredo-dev-alb-wdu2cp-2099744876.us-east-1.elb.amazonaws.com/public/{proxy}"
          },
          "sensitive_attributes": [],
          "identity_schema_version": 0,
          "private": "bnVsbA==",
          "dependencies": [
            "module.alb.aws_lb.main",
            "module.alb.aws_lb_listener.main",
            "module.alb.aws_lb_target_group.ec2_targets",
            "module.alb.aws_lb_target_group_attachment.ec2_targets",
            "module.alb.aws_s3_bucket.alb_logs",
            "module.alb.aws_s3_bucket_policy.alb_logs",
            "module.alb.aws_s3_bucket_public_access_block.alb_logs",
            "module.alb.data.aws_elb_service_account.main",
            "module.alb.random_string.alb_suffix",
            "module.api_gateway.aws_api_gateway_method.public_proxy",
            "module.api_gateway.aws_api_gateway_resource.public",
            "module.api_gateway.aws_api_gateway_resource.public_proxy",
            "module.api_gateway.aws_api_gateway_rest_api.main",
            "module.auth.aws_cognito_identity_pool.main",
            "module.auth.aws_cognito_identity_pool_roles_attachment.main",
            "module.auth.aws_cognito_user_pool.main",
            "module.auth.aws_cognito_user_pool_client.api_client",
            "module.auth.aws_cognito_user_pool_client.web_client",
            "module.auth.aws_cognito_user_pool_domain.main",
            "module.auth.aws_iam_role.authenticated",
            "module.auth.aws_iam_role.unauthenticated",
            "module.auth.aws_iam_role_policy.authenticated",
            "module.auth.data.aws_region.current",
            "module.auth.random_string.cognito_suffix",
            "module.security.aws_security_group.alb",
            "module.security.aws_security_group.ec2_instances",
            "module.security.aws_security_group.vpc_endpoints",
            "module.security.aws_security_group_rule.alb_http_egress",
            "module.security.aws_security_group_rule.alb_https_egress",
            "module.security.aws_security_group_rule.alb_https_ingress",
            "module.security.aws_security_group_rule.alb_to_ec2_http",
            "module.security.aws_security_group_rule.alb_to_ec2_https",
            "module.security.aws_security_group_rule.ec2_http_from_alb",
            "module.security.aws_security_group_rule.ec2_https_egress_vpc_endpoints",
            "module.security.aws_security_group_rule.ec2_https_from_alb",
            "module.security.aws_security_group_rule.ec2_mysql_egress",
            "module.security.aws_security_group_rule.vpc_endpoints_https_egress",
            "module.security.aws_security_group_rule.vpc_endpoints_https_ingress",
            "module.vpc.aws_subnet.private",
            "module.vpc.aws_subnet.public",
            "module.vpc.aws_vpc.main",
            "module.vpc.data.aws_availability_zones.available"
          ]
        }
      ]
    },
    {
      "module": "module.api_gateway",
      "mode": "managed",
      "type": "aws_api_gateway_integration",
      "name": "root",
      "provider": "provider[\"registry.terraform.io/hashicorp/aws\"]",
      "instances": [
        {
          "schema_version": 0,
          "attributes": {
            "cache_key_parameters": [],
            "cache_namespace": "pg8l8qkaz5",
            "connection_id": "",
            "connection_type": "INTERNET",
            "content_handling": "",
            "credentials": "",
            "http_method": "ANY",
            "id": "agi-wfztr92yj4-pg8l8qkaz5-ANY",
            "integration_http_method": "ANY",
            "passthrough_behavior": "WHEN_NO_MATCH",
            "request_parameters": {},
            "request_templates": {},
            "resource_id": "pg8l8qkaz5",
            "rest_api_id": "wfztr92yj4",
            "timeout_milliseconds": 29000,
            "tls_config": [],
            "type": "HTTP_PROXY",
            "uri": "http://villa-alfredo-dev-alb-wdu2cp-2099744876.us-east-1.elb.amazonaws.com/"
          },
          "sensitive_attributes": [],
          "identity_schema_version": 0,
          "private": "bnVsbA==",
          "dependencies": [
            "module.alb.aws_lb.main",
            "module.alb.aws_lb_listener.main",
            "module.alb.aws_lb_target_group.ec2_targets",
            "module.alb.aws_lb_target_group_attachment.ec2_targets",
            "module.alb.aws_s3_bucket.alb_logs",
            "module.alb.aws_s3_bucket_policy.alb_logs",
            "module.alb.aws_s3_bucket_public_access_block.alb_logs",
            "module.alb.data.aws_elb_service_account.main",
            "module.alb.random_string.alb_suffix",
            "module.api_gateway.aws_api_gateway_method.root",
            "module.api_gateway.aws_api_gateway_rest_api.main",
            "module.auth.aws_cognito_identity_pool.main",
            "module.auth.aws_cognito_identity_pool_roles_attachment.main",
            "module.auth.aws_cognito_user_pool.main",
            "module.auth.aws_cognito_user_pool_client.api_client",
            "module.auth.aws_cognito_user_pool_client.web_client",
            "module.auth.aws_cognito_user_pool_domain.main",
            "module.auth.aws_iam_role.authenticated",
            "module.auth.aws_iam_role.unauthenticated",
            "module.auth.aws_iam_role_policy.authenticated",
            "module.auth.data.aws_region.current",
            "module.auth.random_string.cognito_suffix",
            "module.security.aws_security_group.alb",
            "module.security.aws_security_group.ec2_instances",
            "module.security.aws_security_group.vpc_endpoints",
            "module.security.aws_security_group_rule.alb_http_egress",
            "module.security.aws_security_group_rule.alb_https_egress",
            "module.security.aws_security_group_rule.alb_https_ingress",
            "module.security.aws_security_group_rule.alb_to_ec2_http",
            "module.security.aws_security_group_rule.alb_to_ec2_https",
            "module.security.aws_security_group_rule.ec2_http_from_alb",
            "module.security.aws_security_group_rule.ec2_https_egress_vpc_endpoints",
            "module.security.aws_security_group_rule.ec2_https_from_alb",
            "module.security.aws_security_group_rule.ec2_mysql_egress",
            "module.security.aws_security_group_rule.vpc_endpoints_https_egress",
            "module.security.aws_security_group_rule.vpc_endpoints_https_ingress",
            "module.vpc.aws_subnet.private",
            "module.vpc.aws_subnet.public",
            "module.vpc.aws_vpc.main",
            "module.vpc.data.aws_availability_zones.available"
          ],
          "create_before_destroy": true
        }
      ]
    },
    {
      "module": "module.api_gateway",
      "mode": "managed",
      "type": "aws_api_gateway_method",
      "name": "proxy",
      "provider": "provider[\"registry.terraform.io/hashicorp/aws\"]",
      "instances": [
        {
          "schema_version": 0,
          "attributes": {
            "api_key_required": true,
            "authorization": "AWS_IAM",
            "authorization_scopes": [],
            "authorizer_id": "",
            "http_method": "ANY",
            "id": "agm-wfztr92yj4-y4d99z-ANY",
            "operation_name": "",
            "request_models": {},
            "request_parameters": {
              "method.request.path.proxy": true
            },
            "request_validator_id": "",
            "resource_id": "y4d99z",
            "rest_api_id": "wfztr92yj4"
          },
          "sensitive_attributes": [],
          "identity_schema_version": 0,
          "private": "bnVsbA==",
          "dependencies": [
            "module.alb.aws_lb.main",
            "module.alb.aws_lb_listener.main",
            "module.alb.aws_lb_target_group.ec2_targets",
            "module.alb.aws_lb_target_group_attachment.ec2_targets",
            "module.alb.aws_s3_bucket.alb_logs",
            "module.alb.aws_s3_bucket_policy.alb_logs",
            "module.alb.aws_s3_bucket_public_access_block.alb_logs",
            "module.alb.data.aws_elb_service_account.main",
            "module.alb.random_string.alb_suffix",
            "module.api_gateway.aws_api_gateway_resource.proxy",
            "module.api_gateway.aws_api_gateway_rest_api.main",
            "module.auth.aws_cognito_identity_pool.main",
            "module.auth.aws_cognito_identity_pool_roles_attachment.main",
            "module.auth.aws_cognito_user_pool.main",
            "module.auth.aws_cognito_user_pool_client.api_client",
            "module.auth.aws_cognito_user_pool_client.web_client",
            "module.auth.aws_cognito_user_pool_domain.main",
            "module.auth.aws_iam_role.authenticated",
            "module.auth.aws_iam_role.unauthenticated",
            "module.auth.aws_iam_role_policy.authenticated",
            "module.auth.data.aws_region.current",
            "module.auth.random_string.cognito_suffix",
            "module.security.aws_security_group.alb",
            "module.security.aws_security_group.ec2_instances",
            "module.security.aws_security_group.vpc_endpoints",
            "module.security.aws_security_group_rule.alb_http_egress",
            "module.security.aws_security_group_rule.alb_https_egress",
            "module.security.aws_security_group_rule.alb_https_ingress",
            "module.security.aws_security_group_rule.alb_to_ec2_http",
            "module.security.aws_security_group_rule.alb_to_ec2_https",
            "module.security.aws_security_group_rule.ec2_http_from_alb",
            "module.security.aws_security_group_rule.ec2_https_egress_vpc_endpoints",
            "module.security.aws_security_group_rule.ec2_https_from_alb",
            "module.security.aws_security_group_rule.ec2_mysql_egress",
            "module.security.aws_security_group_rule.vpc_endpoints_https_egress",
            "module.security.aws_security_group_rule.vpc_endpoints_https_ingress",
            "module.vpc.aws_subnet.private",
            "module.vpc.aws_subnet.public",
            "module.vpc.aws_vpc.main",
            "module.vpc.data.aws_availability_zones.available"
          ],
          "create_before_destroy": true
        }
      ]
    },
    {
      "module": "module.api_gateway",
      "mode": "managed",
      "type": "aws_api_gateway_method",
      "name": "public_proxy",
      "provider": "provider[\"registry.terraform.io/hashicorp/aws\"]",
      "instances": [
        {
          "index_key": 0,
          "schema_version": 0,
          "attributes": {
            "api_key_required": true,
            "authorization": "AWS_IAM",
            "authorization_scopes": [],
            "authorizer_id": "",
            "http_method": "ANY",
            "id": "agm-wfztr92yj4-kcqg7a-ANY",
            "operation_name": "",
            "request_models": {},
            "request_parameters": {
              "method.request.path.proxy": true
            },
            "request_validator_id": "",
            "resource_id": "kcqg7a",
            "rest_api_id": "wfztr92yj4"
          },
          "sensitive_attributes": [],
          "identity_schema_version": 0,
          "private": "bnVsbA==",
          "dependencies": [
            "module.alb.aws_lb.main",
            "module.alb.aws_lb_listener.main",
            "module.alb.aws_lb_target_group.ec2_targets",
            "module.alb.aws_lb_target_group_attachment.ec2_targets",
            "module.alb.aws_s3_bucket.alb_logs",
            "module.alb.aws_s3_bucket_policy.alb_logs",
            "module.alb.aws_s3_bucket_public_access_block.alb_logs",
            "module.alb.data.aws_elb_service_account.main",
            "module.alb.random_string.alb_suffix",
            "module.api_gateway.aws_api_gateway_resource.public",
            "module.api_gateway.aws_api_gateway_resource.public_proxy",
            "module.api_gateway.aws_api_gateway_rest_api.main",
            "module.auth.aws_cognito_identity_pool.main",
            "module.auth.aws_cognito_identity_pool_roles_attachment.main",
            "module.auth.aws_cognito_user_pool.main",
            "module.auth.aws_cognito_user_pool_client.api_client",
            "module.auth.aws_cognito_user_pool_client.web_client",
            "module.auth.aws_cognito_user_pool_domain.main",
            "module.auth.aws_iam_role.authenticated",
            "module.auth.aws_iam_role.unauthenticated",
            "module.auth.aws_iam_role_policy.authenticated",
            "module.auth.data.aws_region.current",
            "module.auth.random_string.cognito_suffix",
            "module.security.aws_security_group.alb",
            "module.security.aws_security_group.ec2_instances",
            "module.security.aws_security_group.vpc_endpoints",
            "module.security.aws_security_group_rule.alb_http_egress",
            "module.security.aws_security_group_rule.alb_https_egress",
            "module.security.aws_security_group_rule.alb_https_ingress",
            "module.security.aws_security_group_rule.alb_to_ec2_http",
            "module.security.aws_security_group_rule.alb_to_ec2_https",
            "module.security.aws_security_group_rule.ec2_http_from_alb",
            "module.security.aws_security_group_rule.ec2_https_egress_vpc_endpoints",
            "module.security.aws_security_group_rule.ec2_https_from_alb",
            "module.security.aws_security_group_rule.ec2_mysql_egress",
            "module.security.aws_security_group_rule.vpc_endpoints_https_egress",
            "module.security.aws_security_group_rule.vpc_endpoints_https_ingress",
            "module.vpc.aws_subnet.private",
            "module.vpc.aws_subnet.public",
            "module.vpc.aws_vpc.main",
            "module.vpc.data.aws_availability_zones.available"
          ]
        }
      ]
    },
    {
      "module": "module.api_gateway",
      "mode": "managed",
      "type": "aws_api_gateway_method",
      "name": "root",
      "provider": "provider[\"registry.terraform.io/hashicorp/aws\"]",
      "instances": [
        {
          "schema_version": 0,
          "attributes": {
            "api_key_required": true,
            "authorization": "AWS_IAM",
            "authorization_scopes": [],
            "authorizer_id": "",
            "http_method": "ANY",
            "id": "agm-wfztr92yj4-pg8l8qkaz5-ANY",
            "operation_name": "",
            "request_models": {},
            "request_parameters": {},
            "request_validator_id": "",
            "resource_id": "pg8l8qkaz5",
            "rest_api_id": "wfztr92yj4"
          },
          "sensitive_attributes": [],
          "identity_schema_version": 0,
          "private": "bnVsbA==",
          "dependencies": [
            "module.alb.aws_lb.main",
            "module.alb.aws_lb_listener.main",
            "module.alb.aws_lb_target_group.ec2_targets",
            "module.alb.aws_lb_target_group_attachment.ec2_targets",
            "module.alb.aws_s3_bucket.alb_logs",
            "module.alb.aws_s3_bucket_policy.alb_logs",
            "module.alb.aws_s3_bucket_public_access_block.alb_logs",
            "module.alb.data.aws_elb_service_account.main",
            "module.alb.random_string.alb_suffix",
            "module.api_gateway.aws_api_gateway_rest_api.main",
            "module.auth.aws_cognito_identity_pool.main",
            "module.auth.aws_cognito_identity_pool_roles_attachment.main",
            "module.auth.aws_cognito_user_pool.main",
            "module.auth.aws_cognito_user_pool_client.api_client",
            "module.auth.aws_cognito_user_pool_client.web_client",
            "module.auth.aws_cognito_user_pool_domain.main",
            "module.auth.aws_iam_role.authenticated",
            "module.auth.aws_iam_role.unauthenticated",
            "module.auth.aws_iam_role_policy.authenticated",
            "module.auth.data.aws_region.current",
            "module.auth.random_string.cognito_suffix",
            "module.security.aws_security_group.alb",
            "module.security.aws_security_group.ec2_instances",
            "module.security.aws_security_group.vpc_endpoints",
            "module.security.aws_security_group_rule.alb_http_egress",
            "module.security.aws_security_group_rule.alb_https_egress",
            "module.security.aws_security_group_rule.alb_https_ingress",
            "module.security.aws_security_group_rule.alb_to_ec2_http",
            "module.security.aws_security_group_rule.alb_to_ec2_https",
            "module.security.aws_security_group_rule.ec2_http_from_alb",
            "module.security.aws_security_group_rule.ec2_https_egress_vpc_endpoints",
            "module.security.aws_security_group_rule.ec2_https_from_alb",
            "module.security.aws_security_group_rule.ec2_mysql_egress",
            "module.security.aws_security_group_rule.vpc_endpoints_https_egress",
            "module.security.aws_security_group_rule.vpc_endpoints_https_ingress",
            "module.vpc.aws_subnet.private",
            "module.vpc.aws_subnet.public",
            "module.vpc.aws_vpc.main",
            "module.vpc.data.aws_availability_zones.available"
          ],
          "create_before_destroy": true
        }
      ]
    },
    {
      "module": "module.api_gateway",
      "mode": "managed",
      "type": "aws_api_gateway_method_settings",
      "name": "main",
      "provider": "provider[\"registry.terraform.io/hashicorp/aws\"]",
      "instances": [
        {
          "schema_version": 0,
          "attributes": {
            "id": "wfztr92yj4-api-*/*",
            "method_path": "*/*",
            "rest_api_id": "wfztr92yj4",
            "settings": [
              {
                "cache_data_encrypted": true,
                "cache_ttl_in_seconds": 300,
                "caching_enabled": true,
                "data_trace_enabled": true,
                "logging_level": "ERROR",
                "metrics_enabled": true,
                "require_authorization_for_cache_control": true,
                "throttling_burst_limit": 200,
                "throttling_rate_limit": 100,
                "unauthorized_cache_control_header_strategy": "SUCCEED_WITH_RESPONSE_HEADER"
              }
            ],
            "stage_name": "api"
          },
          "sensitive_attributes": [],
          "identity_schema_version": 0,
          "private": "bnVsbA==",
          "dependencies": [
            "module.alb.aws_lb.main",
            "module.alb.aws_lb_listener.main",
            "module.alb.aws_lb_target_group.ec2_targets",
            "module.alb.aws_lb_target_group_attachment.ec2_targets",
            "module.alb.aws_s3_bucket.alb_logs",
            "module.alb.aws_s3_bucket_policy.alb_logs",
            "module.alb.aws_s3_bucket_public_access_block.alb_logs",
            "module.alb.data.aws_elb_service_account.main",
            "module.alb.random_string.alb_suffix",
            "module.api_gateway.aws_api_gateway_account.main",
            "module.api_gateway.aws_api_gateway_deployment.main",
            "module.api_gateway.aws_api_gateway_integration.proxy",
            "module.api_gateway.aws_api_gateway_integration.root",
            "module.api_gateway.aws_api_gateway_method.proxy",
            "module.api_gateway.aws_api_gateway_method.root",
            "module.api_gateway.aws_api_gateway_resource.proxy",
            "module.api_gateway.aws_api_gateway_rest_api.main",
            "module.api_gateway.aws_api_gateway_stage.main",
            "module.api_gateway.aws_cloudwatch_log_group.api_gateway_logs",
            "module.api_gateway.aws_iam_role.api_gateway_cloudwatch",
            "module.api_gateway.random_string.api_suffix",
            "module.auth.aws_cognito_identity_pool.main",
            "module.auth.aws_cognito_identity_pool_roles_attachment.main",
            "module.auth.aws_cognito_user_pool.main",
            "module.auth.aws_cognito_user_pool_client.api_client",
            "module.auth.aws_cognito_user_pool_client.web_client",
            "module.auth.aws_cognito_user_pool_domain.main",
            "module.auth.aws_iam_role.authenticated",
            "module.auth.aws_iam_role.unauthenticated",
            "module.auth.aws_iam_role_policy.authenticated",
            "module.auth.data.aws_region.current",
            "module.auth.random_string.cognito_suffix",
            "module.security.aws_security_group.alb",
            "module.security.aws_security_group.ec2_instances",
            "module.security.aws_security_group.vpc_endpoints",
            "module.security.aws_security_group_rule.alb_http_egress",
            "module.security.aws_security_group_rule.alb_https_egress",
            "module.security.aws_security_group_rule.alb_https_ingress",
            "module.security.aws_security_group_rule.alb_to_ec2_http",
            "module.security.aws_security_group_rule.alb_to_ec2_https",
            "module.security.aws_security_group_rule.ec2_http_from_alb",
            "module.security.aws_security_group_rule.ec2_https_egress_vpc_endpoints",
            "module.security.aws_security_group_rule.ec2_https_from_alb",
            "module.security.aws_security_group_rule.ec2_mysql_egress",
            "module.security.aws_security_group_rule.vpc_endpoints_https_egress",
            "module.security.aws_security_group_rule.vpc_endpoints_https_ingress",
            "module.vpc.aws_subnet.private",
            "module.vpc.aws_subnet.public",
            "module.vpc.aws_vpc.main",
            "module.vpc.data.aws_availability_zones.available"
          ]
        }
      ]
    },
    {
      "module": "module.api_gateway",
      "mode": "managed",
      "type": "aws_api_gateway_resource",
      "name": "proxy",
      "provider": "provider[\"registry.terraform.io/hashicorp/aws\"]",
      "instances": [
        {
          "schema_version": 0,
          "attributes": {
            "id": "y4d99z",
            "parent_id": "pg8l8qkaz5",
            "path": "/{proxy+}",
            "path_part": "{proxy+}",
            "rest_api_id": "wfztr92yj4"
          },
          "sensitive_attributes": [],
          "identity_schema_version": 0,
          "private": "bnVsbA==",
          "dependencies": [
            "module.alb.aws_lb.main",
            "module.alb.aws_lb_listener.main",
            "module.alb.aws_lb_target_group.ec2_targets",
            "module.alb.aws_lb_target_group_attachment.ec2_targets",
            "module.alb.aws_s3_bucket.alb_logs",
            "module.alb.aws_s3_bucket_policy.alb_logs",
            "module.alb.aws_s3_bucket_public_access_block.alb_logs",
            "module.alb.data.aws_elb_service_account.main",
            "module.alb.random_string.alb_suffix",
            "module.api_gateway.aws_api_gateway_rest_api.main",
            "module.auth.aws_cognito_identity_pool.main",
            "module.auth.aws_cognito_identity_pool_roles_attachment.main",
            "module.auth.aws_cognito_user_pool.main",
            "module.auth.aws_cognito_user_pool_client.api_client",
            "module.auth.aws_cognito_user_pool_client.web_client",
            "module.auth.aws_cognito_user_pool_domain.main",
            "module.auth.aws_iam_role.authenticated",
            "module.auth.aws_iam_role.unauthenticated",
            "module.auth.aws_iam_role_policy.authenticated",
            "module.auth.data.aws_region.current",
            "module.auth.random_string.cognito_suffix",
            "module.security.aws_security_group.alb",
            "module.security.aws_security_group.ec2_instances",
            "module.security.aws_security_group.vpc_endpoints",
            "module.security.aws_security_group_rule.alb_http_egress",
            "module.security.aws_security_group_rule.alb_https_egress",
            "module.security.aws_security_group_rule.alb_https_ingress",
            "module.security.aws_security_group_rule.alb_to_ec2_http",
            "module.security.aws_security_group_rule.alb_to_ec2_https",
            "module.security.aws_security_group_rule.ec2_http_from_alb",
            "module.security.aws_security_group_rule.ec2_https_egress_vpc_endpoints",
            "module.security.aws_security_group_rule.ec2_https_from_alb",
            "module.security.aws_security_group_rule.ec2_mysql_egress",
            "module.security.aws_security_group_rule.vpc_endpoints_https_egress",
            "module.security.aws_security_group_rule.vpc_endpoints_https_ingress",
            "module.vpc.aws_subnet.private",
            "module.vpc.aws_subnet.public",
            "module.vpc.aws_vpc.main",
            "module.vpc.data.aws_availability_zones.available"
          ],
          "create_before_destroy": true
        }
      ]
    },
    {
      "module": "module.api_gateway",
      "mode": "managed",
      "type": "aws_api_gateway_resource",
      "name": "public",
      "provider": "provider[\"registry.terraform.io/hashicorp/aws\"]",
      "instances": [
        {
          "index_key": 0,
          "schema_version": 0,
          "attributes": {
            "id": "4ml1bl",
            "parent_id": "pg8l8qkaz5",
            "path": "/public",
            "path_part": "public",
            "rest_api_id": "wfztr92yj4"
          },
          "sensitive_attributes": [],
          "identity_schema_version": 0,
          "private": "bnVsbA==",
          "dependencies": [
            "module.alb.aws_lb.main",
            "module.alb.aws_lb_listener.main",
            "module.alb.aws_lb_target_group.ec2_targets",
            "module.alb.aws_lb_target_group_attachment.ec2_targets",
            "module.alb.aws_s3_bucket.alb_logs",
            "module.alb.aws_s3_bucket_policy.alb_logs",
            "module.alb.aws_s3_bucket_public_access_block.alb_logs",
            "module.alb.data.aws_elb_service_account.main",
            "module.alb.random_string.alb_suffix",
            "module.api_gateway.aws_api_gateway_rest_api.main",
            "module.auth.aws_cognito_identity_pool.main",
            "module.auth.aws_cognito_identity_pool_roles_attachment.main",
            "module.auth.aws_cognito_user_pool.main",
            "module.auth.aws_cognito_user_pool_client.api_client",
            "module.auth.aws_cognito_user_pool_client.web_client",
            "module.auth.aws_cognito_user_pool_domain.main",
            "module.auth.aws_iam_role.authenticated",
            "module.auth.aws_iam_role.unauthenticated",
            "module.auth.aws_iam_role_policy.authenticated",
            "module.auth.data.aws_region.current",
            "module.auth.random_string.cognito_suffix",
            "module.security.aws_security_group.alb",
            "module.security.aws_security_group.ec2_instances",
            "module.security.aws_security_group.vpc_endpoints",
            "module.security.aws_security_group_rule.alb_http_egress",
            "module.security.aws_security_group_rule.alb_https_egress",
            "module.security.aws_security_group_rule.alb_https_ingress",
            "module.security.aws_security_group_rule.alb_to_ec2_http",
            "module.security.aws_security_group_rule.alb_to_ec2_https",
            "module.security.aws_security_group_rule.ec2_http_from_alb",
            "module.security.aws_security_group_rule.ec2_https_egress_vpc_endpoints",
            "module.security.aws_security_group_rule.ec2_https_from_alb",
            "module.security.aws_security_group_rule.ec2_mysql_egress",
            "module.security.aws_security_group_rule.vpc_endpoints_https_egress",
            "module.security.aws_security_group_rule.vpc_endpoints_https_ingress",
            "module.vpc.aws_subnet.private",
            "module.vpc.aws_subnet.public",
            "module.vpc.aws_vpc.main",
            "module.vpc.data.aws_availability_zones.available"
          ]
        }
      ]
    },
    {
      "module": "module.api_gateway",
      "mode": "managed",
      "type": "aws_api_gateway_resource",
      "name": "public_proxy",
      "provider": "provider[\"registry.terraform.io/hashicorp/aws\"]",
      "instances": [
        {
          "index_key": 0,
          "schema_version": 0,
          "attributes": {
            "id": "kcqg7a",
            "parent_id": "4ml1bl",
            "path": "/public/{proxy+}",
            "path_part": "{proxy+}",
            "rest_api_id": "wfztr92yj4"
          },
          "sensitive_attributes": [],
          "identity_schema_version": 0,
          "private": "bnVsbA==",
          "dependencies": [
            "module.alb.aws_lb.main",
            "module.alb.aws_lb_listener.main",
            "module.alb.aws_lb_target_group.ec2_targets",
            "module.alb.aws_lb_target_group_attachment.ec2_targets",
            "module.alb.aws_s3_bucket.alb_logs",
            "module.alb.aws_s3_bucket_policy.alb_logs",
            "module.alb.aws_s3_bucket_public_access_block.alb_logs",
            "module.alb.data.aws_elb_service_account.main",
            "module.alb.random_string.alb_suffix",
            "module.api_gateway.aws_api_gateway_resource.public",
            "module.api_gateway.aws_api_gateway_rest_api.main",
            "module.auth.aws_cognito_identity_pool.main",
            "module.auth.aws_cognito_identity_pool_roles_attachment.main",
            "module.auth.aws_cognito_user_pool.main",
            "module.auth.aws_cognito_user_pool_client.api_client",
            "module.auth.aws_cognito_user_pool_client.web_client",
            "module.auth.aws_cognito_user_pool_domain.main",
            "module.auth.aws_iam_role.authenticated",
            "module.auth.aws_iam_role.unauthenticated",
            "module.auth.aws_iam_role_policy.authenticated",
            "module.auth.data.aws_region.current",
            "module.auth.random_string.cognito_suffix",
            "module.security.aws_security_group.alb",
            "module.security.aws_security_group.ec2_instances",
            "module.security.aws_security_group.vpc_endpoints",
            "module.security.aws_security_group_rule.alb_http_egress",
            "module.security.aws_security_group_rule.alb_https_egress",
            "module.security.aws_security_group_rule.alb_https_ingress",
            "module.security.aws_security_group_rule.alb_to_ec2_http",
            "module.security.aws_security_group_rule.alb_to_ec2_https",
            "module.security.aws_security_group_rule.ec2_http_from_alb",
            "module.security.aws_security_group_rule.ec2_https_egress_vpc_endpoints",
            "module.security.aws_security_group_rule.ec2_https_from_alb",
            "module.security.aws_security_group_rule.ec2_mysql_egress",
            "module.security.aws_security_group_rule.vpc_endpoints_https_egress",
            "module.security.aws_security_group_rule.vpc_endpoints_https_ingress",
            "module.vpc.aws_subnet.private",
            "module.vpc.aws_subnet.public",
            "module.vpc.aws_vpc.main",
            "module.vpc.data.aws_availability_zones.available"
          ]
        }
      ]
    },
    {
      "module": "module.api_gateway",
      "mode": "managed",
      "type": "aws_api_gateway_rest_api",
      "name": "main",
      "provider": "provider[\"registry.terraform.io/hashicorp/aws\"]",
      "instances": [
        {
          "schema_version": 0,
          "attributes": {
            "api_key_source": "HEADER",
            "arn": "arn:aws:apigateway:us-east-1::/restapis/wfztr92yj4",
            "binary_media_types": [],
            "body": null,
            "created_date": "2025-07-03T06:50:35Z",
            "description": "API Gateway para villa-alfredo en ambiente dev",
            "disable_execute_api_endpoint": false,
            "endpoint_configuration": [
              {
                "ip_address_type": "ipv4",
                "types": [
                  "REGIONAL"
                ],
                "vpc_endpoint_ids": []
              }
            ],
            "execution_arn": "arn:aws:execute-api:us-east-1:029729714951:wfztr92yj4",
            "fail_on_warnings": null,
            "id": "wfztr92yj4",
            "minimum_compression_size": "",
            "name": "villa-alfredo-dev-api",
            "parameters": null,
            "policy": "{\"Statement\":[{\"Action\":\"execute-api:Invoke\",\"Effect\":\"Allow\",\"Principal\":\"*\",\"Resource\":\"*\"}],\"Version\":\"2012-10-17\"}",
            "put_rest_api_mode": null,
            "root_resource_id": "pg8l8qkaz5",
            "tags": {
              "CostCenter": "IT",
              "CreatedDate": "2025-07-03",
              "Environment": "dev",
              "ManagedBy": "terraform",
              "Name": "villa-alfredo-dev-api-gateway",
              "Owner": "DevOps Team",
              "Project": "VillaAlfredo",
              "ProjectName": "villa-alfredo",
              "Region": "us-east-1",
              "Team": "Infrastructure"
            },
            "tags_all": {
              "CostCenter": "IT",
              "CreatedDate": "2025-07-03",
              "Environment": "dev",
              "ManagedBy": "terraform",
              "Name": "villa-alfredo-dev-api-gateway",
              "Owner": "DevOps Team",
              "Project": "VillaAlfredo",
              "ProjectName": "villa-alfredo",
              "Region": "us-east-1",
              "Team": "Infrastructure"
            }
          },
          "sensitive_attributes": [],
          "identity_schema_version": 0,
          "private": "bnVsbA==",
          "dependencies": [
            "module.alb.aws_lb.main",
            "module.alb.aws_lb_listener.main",
            "module.alb.aws_lb_target_group.ec2_targets",
            "module.alb.aws_lb_target_group_attachment.ec2_targets",
            "module.alb.aws_s3_bucket.alb_logs",
            "module.alb.aws_s3_bucket_policy.alb_logs",
            "module.alb.aws_s3_bucket_public_access_block.alb_logs",
            "module.alb.data.aws_elb_service_account.main",
            "module.alb.random_string.alb_suffix",
            "module.auth.aws_cognito_identity_pool.main",
            "module.auth.aws_cognito_identity_pool_roles_attachment.main",
            "module.auth.aws_cognito_user_pool.main",
            "module.auth.aws_cognito_user_pool_client.api_client",
            "module.auth.aws_cognito_user_pool_client.web_client",
            "module.auth.aws_cognito_user_pool_domain.main",
            "module.auth.aws_iam_role.authenticated",
            "module.auth.aws_iam_role.unauthenticated",
            "module.auth.aws_iam_role_policy.authenticated",
            "module.auth.data.aws_region.current",
            "module.auth.random_string.cognito_suffix",
            "module.security.aws_security_group.alb",
            "module.security.aws_security_group.ec2_instances",
            "module.security.aws_security_group.vpc_endpoints",
            "module.security.aws_security_group_rule.alb_http_egress",
            "module.security.aws_security_group_rule.alb_https_egress",
            "module.security.aws_security_group_rule.alb_https_ingress",
            "module.security.aws_security_group_rule.alb_to_ec2_http",
            "module.security.aws_security_group_rule.alb_to_ec2_https",
            "module.security.aws_security_group_rule.ec2_http_from_alb",
            "module.security.aws_security_group_rule.ec2_https_egress_vpc_endpoints",
            "module.security.aws_security_group_rule.ec2_https_from_alb",
            "module.security.aws_security_group_rule.ec2_mysql_egress",
            "module.security.aws_security_group_rule.vpc_endpoints_https_egress",
            "module.security.aws_security_group_rule.vpc_endpoints_https_ingress",
            "module.vpc.aws_subnet.private",
            "module.vpc.aws_subnet.public",
            "module.vpc.aws_vpc.main",
            "module.vpc.data.aws_availability_zones.available"
          ],
          "create_before_destroy": true
        }
      ]
    },
    {
      "module": "module.api_gateway",
      "mode": "managed",
      "type": "aws_api_gateway_stage",
      "name": "main",
      "provider": "provider[\"registry.terraform.io/hashicorp/aws\"]",
      "instances": [
        {
          "schema_version": 0,
          "attributes": {
            "access_log_settings": [],
            "arn": "arn:aws:apigateway:us-east-1::/restapis/wfztr92yj4/stages/api",
            "cache_cluster_enabled": false,
            "cache_cluster_size": "",
            "canary_settings": [],
            "client_certificate_id": "",
            "deployment_id": "kt2in6",
            "description": "",
            "documentation_version": "",
            "execution_arn": "arn:aws:execute-api:us-east-1:029729714951:wfztr92yj4/api",
            "id": "ags-wfztr92yj4-api",
            "invoke_url": "https://wfztr92yj4.execute-api.us-east-1.amazonaws.com/api",
            "rest_api_id": "wfztr92yj4",
            "stage_name": "api",
            "tags": {
              "CostCenter": "IT",
              "CreatedDate": "2025-07-03",
              "Environment": "dev",
              "ManagedBy": "terraform",
              "Name": "villa-alfredo-dev-api-stage",
              "Owner": "DevOps Team",
              "Project": "VillaAlfredo",
              "ProjectName": "villa-alfredo",
              "Region": "us-east-1",
              "Team": "Infrastructure"
            },
            "tags_all": {
              "CostCenter": "IT",
              "CreatedDate": "2025-07-03",
              "Environment": "dev",
              "ManagedBy": "terraform",
              "Name": "villa-alfredo-dev-api-stage",
              "Owner": "DevOps Team",
              "Project": "VillaAlfredo",
              "ProjectName": "villa-alfredo",
              "Region": "us-east-1",
              "Team": "Infrastructure"
            },
            "variables": {},
            "web_acl_arn": "",
            "xray_tracing_enabled": false
          },
          "sensitive_attributes": [],
          "identity_schema_version": 0,
          "private": "bnVsbA==",
          "dependencies": [
            "module.alb.aws_lb.main",
            "module.alb.aws_lb_listener.main",
            "module.alb.aws_lb_target_group.ec2_targets",
            "module.alb.aws_lb_target_group_attachment.ec2_targets",
            "module.alb.aws_s3_bucket.alb_logs",
            "module.alb.aws_s3_bucket_policy.alb_logs",
            "module.alb.aws_s3_bucket_public_access_block.alb_logs",
            "module.alb.data.aws_elb_service_account.main",
            "module.alb.random_string.alb_suffix",
            "module.api_gateway.aws_api_gateway_deployment.main",
            "module.api_gateway.aws_api_gateway_integration.proxy",
            "module.api_gateway.aws_api_gateway_integration.root",
            "module.api_gateway.aws_api_gateway_method.proxy",
            "module.api_gateway.aws_api_gateway_method.root",
            "module.api_gateway.aws_api_gateway_resource.proxy",
            "module.api_gateway.aws_api_gateway_rest_api.main",
            "module.api_gateway.aws_cloudwatch_log_group.api_gateway_logs",
            "module.api_gateway.random_string.api_suffix",
            "module.auth.aws_cognito_identity_pool.main",
            "module.auth.aws_cognito_identity_pool_roles_attachment.main",
            "module.auth.aws_cognito_user_pool.main",
            "module.auth.aws_cognito_user_pool_client.api_client",
            "module.auth.aws_cognito_user_pool_client.web_client",
            "module.auth.aws_cognito_user_pool_domain.main",
            "module.auth.aws_iam_role.authenticated",
            "module.auth.aws_iam_role.unauthenticated",
            "module.auth.aws_iam_role_policy.authenticated",
            "module.auth.data.aws_region.current",
            "module.auth.random_string.cognito_suffix",
            "module.security.aws_security_group.alb",
            "module.security.aws_security_group.ec2_instances",
            "module.security.aws_security_group.vpc_endpoints",
            "module.security.aws_security_group_rule.alb_http_egress",
            "module.security.aws_security_group_rule.alb_https_egress",
            "module.security.aws_security_group_rule.alb_https_ingress",
            "module.security.aws_security_group_rule.alb_to_ec2_http",
            "module.security.aws_security_group_rule.alb_to_ec2_https",
            "module.security.aws_security_group_rule.ec2_http_from_alb",
            "module.security.aws_security_group_rule.ec2_https_egress_vpc_endpoints",
            "module.security.aws_security_group_rule.ec2_https_from_alb",
            "module.security.aws_security_group_rule.ec2_mysql_egress",
            "module.security.aws_security_group_rule.vpc_endpoints_https_egress",
            "module.security.aws_security_group_rule.vpc_endpoints_https_ingress",
            "module.vpc.aws_subnet.private",
            "module.vpc.aws_subnet.public",
            "module.vpc.aws_vpc.main",
            "module.vpc.data.aws_availability_zones.available"
          ]
        }
      ]
    },
    {
      "module": "module.api_gateway",
      "mode": "managed",
      "type": "aws_cloudwatch_log_group",
      "name": "api_gateway_logs",
      "provider": "provider[\"registry.terraform.io/hashicorp/aws\"]",
      "instances": [
        {
          "schema_version": 0,
          "attributes": {
            "arn": "arn:aws:logs:us-east-1:029729714951:log-group:/aws/apigateway/villa-alfredo-dev-vh0t24",
            "id": "/aws/apigateway/villa-alfredo-dev-vh0t24",
            "kms_key_id": "",
            "log_group_class": "STANDARD",
            "name": "/aws/apigateway/villa-alfredo-dev-vh0t24",
            "name_prefix": "",
            "retention_in_days": 365,
            "skip_destroy": false,
            "tags": {
              "CostCenter": "IT",
              "CreatedDate": "2025-07-03",
              "Environment": "dev",
              "ManagedBy": "terraform",
              "Name": "villa-alfredo-dev-api-gateway-logs",
              "Owner": "DevOps Team",
              "Project": "VillaAlfredo",
              "ProjectName": "villa-alfredo",
              "Region": "us-east-1",
              "Team": "Infrastructure"
            },
            "tags_all": {
              "CostCenter": "IT",
              "CreatedDate": "2025-07-03",
              "Environment": "dev",
              "ManagedBy": "terraform",
              "Name": "villa-alfredo-dev-api-gateway-logs",
              "Owner": "DevOps Team",
              "Project": "VillaAlfredo",
              "ProjectName": "villa-alfredo",
              "Region": "us-east-1",
              "Team": "Infrastructure"
            }
          },
          "sensitive_attributes": [],
          "identity_schema_version": 0,
          "private": "bnVsbA==",
          "dependencies": [
            "module.alb.aws_lb.main",
            "module.alb.aws_lb_listener.main",
            "module.alb.aws_lb_target_group.ec2_targets",
            "module.alb.aws_lb_target_group_attachment.ec2_targets",
            "module.alb.aws_s3_bucket.alb_logs",
            "module.alb.aws_s3_bucket_policy.alb_logs",
            "module.alb.aws_s3_bucket_public_access_block.alb_logs",
            "module.alb.data.aws_elb_service_account.main",
            "module.alb.random_string.alb_suffix",
            "module.api_gateway.random_string.api_suffix",
            "module.auth.aws_cognito_identity_pool.main",
            "module.auth.aws_cognito_identity_pool_roles_attachment.main",
            "module.auth.aws_cognito_user_pool.main",
            "module.auth.aws_cognito_user_pool_client.api_client",
            "module.auth.aws_cognito_user_pool_client.web_client",
            "module.auth.aws_cognito_user_pool_domain.main",
            "module.auth.aws_iam_role.authenticated",
            "module.auth.aws_iam_role.unauthenticated",
            "module.auth.aws_iam_role_policy.authenticated",
            "module.auth.data.aws_region.current",
            "module.auth.random_string.cognito_suffix",
            "module.security.aws_security_group.alb",
            "module.security.aws_security_group.ec2_instances",
            "module.security.aws_security_group.vpc_endpoints",
            "module.security.aws_security_group_rule.alb_http_egress",
            "module.security.aws_security_group_rule.alb_https_egress",
            "module.security.aws_security_group_rule.alb_https_ingress",
            "module.security.aws_security_group_rule.alb_to_ec2_http",
            "module.security.aws_security_group_rule.alb_to_ec2_https",
            "module.security.aws_security_group_rule.ec2_http_from_alb",
            "module.security.aws_security_group_rule.ec2_https_egress_vpc_endpoints",
            "module.security.aws_security_group_rule.ec2_https_from_alb",
            "module.security.aws_security_group_rule.ec2_mysql_egress",
            "module.security.aws_security_group_rule.vpc_endpoints_https_egress",
            "module.security.aws_security_group_rule.vpc_endpoints_https_ingress",
            "module.vpc.aws_subnet.private",
            "module.vpc.aws_subnet.public",
            "module.vpc.aws_vpc.main",
            "module.vpc.data.aws_availability_zones.available"
          ]
        }
      ]
    },
    {
      "module": "module.api_gateway",
      "mode": "managed",
      "type": "aws_iam_role",
      "name": "api_gateway_cloudwatch",
      "provider": "provider[\"registry.terraform.io/hashicorp/aws\"]",
      "instances": [
        {
          "schema_version": 0,
          "attributes": {
            "arn": "arn:aws:iam::029729714951:role/villa-alfredo-dev-api-gateway-cloudwatch",
            "assume_role_policy": "{\"Statement\":[{\"Action\":\"sts:AssumeRole\",\"Effect\":\"Allow\",\"Principal\":{\"Service\":\"apigateway.amazonaws.com\"}}],\"Version\":\"2012-10-17\"}",
            "create_date": "2025-07-03T06:50:35Z",
            "description": "",
            "force_detach_policies": false,
            "id": "villa-alfredo-dev-api-gateway-cloudwatch",
            "inline_policy": [],
            "managed_policy_arns": [
              "arn:aws:iam::aws:policy/service-role/AmazonAPIGatewayPushToCloudWatchLogs"
            ],
            "max_session_duration": 3600,
            "name": "villa-alfredo-dev-api-gateway-cloudwatch",
            "name_prefix": "",
            "path": "/",
            "permissions_boundary": "",
            "tags": {
              "CostCenter": "IT",
              "CreatedDate": "2025-07-03",
              "Environment": "dev",
              "ManagedBy": "terraform",
              "Name": "villa-alfredo-dev-api-gateway-cloudwatch-role",
              "Owner": "DevOps Team",
              "Project": "VillaAlfredo",
              "ProjectName": "villa-alfredo",
              "Region": "us-east-1",
              "Team": "Infrastructure"
            },
            "tags_all": {
              "CostCenter": "IT",
              "CreatedDate": "2025-07-03",
              "Environment": "dev",
              "ManagedBy": "terraform",
              "Name": "villa-alfredo-dev-api-gateway-cloudwatch-role",
              "Owner": "DevOps Team",
              "Project": "VillaAlfredo",
              "ProjectName": "villa-alfredo",
              "Region": "us-east-1",
              "Team": "Infrastructure"
            },
            "unique_id": "AROAQN3AHOMDTMHY27KKI"
          },
          "sensitive_attributes": [],
          "identity_schema_version": 0,
          "private": "bnVsbA==",
          "dependencies": [
            "module.alb.aws_lb.main",
            "module.alb.aws_lb_listener.main",
            "module.alb.aws_lb_target_group.ec2_targets",
            "module.alb.aws_lb_target_group_attachment.ec2_targets",
            "module.alb.aws_s3_bucket.alb_logs",
            "module.alb.aws_s3_bucket_policy.alb_logs",
            "module.alb.aws_s3_bucket_public_access_block.alb_logs",
            "module.alb.data.aws_elb_service_account.main",
            "module.alb.random_string.alb_suffix",
            "module.auth.aws_cognito_identity_pool.main",
            "module.auth.aws_cognito_identity_pool_roles_attachment.main",
            "module.auth.aws_cognito_user_pool.main",
            "module.auth.aws_cognito_user_pool_client.api_client",
            "module.auth.aws_cognito_user_pool_client.web_client",
            "module.auth.aws_cognito_user_pool_domain.main",
            "module.auth.aws_iam_role.authenticated",
            "module.auth.aws_iam_role.unauthenticated",
            "module.auth.aws_iam_role_policy.authenticated",
            "module.auth.data.aws_region.current",
            "module.auth.random_string.cognito_suffix",
            "module.security.aws_security_group.alb",
            "module.security.aws_security_group.ec2_instances",
            "module.security.aws_security_group.vpc_endpoints",
            "module.security.aws_security_group_rule.alb_http_egress",
            "module.security.aws_security_group_rule.alb_https_egress",
            "module.security.aws_security_group_rule.alb_https_ingress",
            "module.security.aws_security_group_rule.alb_to_ec2_http",
            "module.security.aws_security_group_rule.alb_to_ec2_https",
            "module.security.aws_security_group_rule.ec2_http_from_alb",
            "module.security.aws_security_group_rule.ec2_https_egress_vpc_endpoints",
            "module.security.aws_security_group_rule.ec2_https_from_alb",
            "module.security.aws_security_group_rule.ec2_mysql_egress",
            "module.security.aws_security_group_rule.vpc_endpoints_https_egress",
            "module.security.aws_security_group_rule.vpc_endpoints_https_ingress",
            "module.vpc.aws_subnet.private",
            "module.vpc.aws_subnet.public",
            "module.vpc.aws_vpc.main",
            "module.vpc.data.aws_availability_zones.available"
          ]
        }
      ]
    },
    {
      "module": "module.api_gateway",
      "mode": "managed",
      "type": "aws_iam_role_policy_attachment",
      "name": "api_gateway_cloudwatch",
      "provider": "provider[\"registry.terraform.io/hashicorp/aws\"]",
      "instances": [
        {
          "schema_version": 0,
          "attributes": {
            "id": "villa-alfredo-dev-api-gateway-cloudwatch-20250703065037321700000013",
            "policy_arn": "arn:aws:iam::aws:policy/service-role/AmazonAPIGatewayPushToCloudWatchLogs",
            "role": "villa-alfredo-dev-api-gateway-cloudwatch"
          },
          "sensitive_attributes": [],
          "identity_schema_version": 0,
          "private": "bnVsbA==",
          "dependencies": [
            "module.alb.aws_lb.main",
            "module.alb.aws_lb_listener.main",
            "module.alb.aws_lb_target_group.ec2_targets",
            "module.alb.aws_lb_target_group_attachment.ec2_targets",
            "module.alb.aws_s3_bucket.alb_logs",
            "module.alb.aws_s3_bucket_policy.alb_logs",
            "module.alb.aws_s3_bucket_public_access_block.alb_logs",
            "module.alb.data.aws_elb_service_account.main",
            "module.alb.random_string.alb_suffix",
            "module.api_gateway.aws_iam_role.api_gateway_cloudwatch",
            "module.auth.aws_cognito_identity_pool.main",
            "module.auth.aws_cognito_identity_pool_roles_attachment.main",
            "module.auth.aws_cognito_user_pool.main",
            "module.auth.aws_cognito_user_pool_client.api_client",
            "module.auth.aws_cognito_user_pool_client.web_client",
            "module.auth.aws_cognito_user_pool_domain.main",
            "module.auth.aws_iam_role.authenticated",
            "module.auth.aws_iam_role.unauthenticated",
            "module.auth.aws_iam_role_policy.authenticated",
            "module.auth.data.aws_region.current",
            "module.auth.random_string.cognito_suffix",
            "module.security.aws_security_group.alb",
            "module.security.aws_security_group.ec2_instances",
            "module.security.aws_security_group.vpc_endpoints",
            "module.security.aws_security_group_rule.alb_http_egress",
            "module.security.aws_security_group_rule.alb_https_egress",
            "module.security.aws_security_group_rule.alb_https_ingress",
            "module.security.aws_security_group_rule.alb_to_ec2_http",
            "module.security.aws_security_group_rule.alb_to_ec2_https",
            "module.security.aws_security_group_rule.ec2_http_from_alb",
            "module.security.aws_security_group_rule.ec2_https_egress_vpc_endpoints",
            "module.security.aws_security_group_rule.ec2_https_from_alb",
            "module.security.aws_security_group_rule.ec2_mysql_egress",
            "module.security.aws_security_group_rule.vpc_endpoints_https_egress",
            "module.security.aws_security_group_rule.vpc_endpoints_https_ingress",
            "module.vpc.aws_subnet.private",
            "module.vpc.aws_subnet.public",
            "module.vpc.aws_vpc.main",
            "module.vpc.data.aws_availability_zones.available"
          ]
        }
      ]
    },
    {
      "module": "module.api_gateway",
      "mode": "managed",
      "type": "random_string",
      "name": "api_suffix",
      "provider": "provider[\"registry.terraform.io/hashicorp/random\"]",
      "instances": [
        {
          "schema_version": 2,
          "attributes": {
            "id": "vh0t24",
            "keepers": null,
            "length": 6,
            "lower": true,
            "min_lower": 0,
            "min_numeric": 0,
            "min_special": 0,
            "min_upper": 0,
            "number": true,
            "numeric": true,
            "override_special": null,
            "result": "vh0t24",
            "special": false,
            "upper": false
          },
          "sensitive_attributes": [],
          "identity_schema_version": 0,
          "dependencies": [
            "module.alb.aws_lb.main",
            "module.alb.aws_lb_listener.main",
            "module.alb.aws_lb_target_group.ec2_targets",
            "module.alb.aws_lb_target_group_attachment.ec2_targets",
            "module.alb.aws_s3_bucket.alb_logs",
            "module.alb.aws_s3_bucket_policy.alb_logs",
            "module.alb.aws_s3_bucket_public_access_block.alb_logs",
            "module.alb.data.aws_elb_service_account.main",
            "module.alb.random_string.alb_suffix",
            "module.auth.aws_cognito_identity_pool.main",
            "module.auth.aws_cognito_identity_pool_roles_attachment.main",
            "module.auth.aws_cognito_user_pool.main",
            "module.auth.aws_cognito_user_pool_client.api_client",
            "module.auth.aws_cognito_user_pool_client.web_client",
            "module.auth.aws_cognito_user_pool_domain.main",
            "module.auth.aws_iam_role.authenticated",
            "module.auth.aws_iam_role.unauthenticated",
            "module.auth.aws_iam_role_policy.authenticated",
            "module.auth.data.aws_region.current",
            "module.auth.random_string.cognito_suffix",
            "module.security.aws_security_group.alb",
            "module.security.aws_security_group.ec2_instances",
            "module.security.aws_security_group.vpc_endpoints",
            "module.security.aws_security_group_rule.alb_http_egress",
            "module.security.aws_security_group_rule.alb_https_egress",
            "module.security.aws_security_group_rule.alb_https_ingress",
            "module.security.aws_security_group_rule.alb_to_ec2_http",
            "module.security.aws_security_group_rule.alb_to_ec2_https",
            "module.security.aws_security_group_rule.ec2_http_from_alb",
            "module.security.aws_security_group_rule.ec2_https_egress_vpc_endpoints",
            "module.security.aws_security_group_rule.ec2_https_from_alb",
            "module.security.aws_security_group_rule.ec2_mysql_egress",
            "module.security.aws_security_group_rule.vpc_endpoints_https_egress",
            "module.security.aws_security_group_rule.vpc_endpoints_https_ingress",
            "module.vpc.aws_subnet.private",
            "module.vpc.aws_subnet.public",
            "module.vpc.aws_vpc.main",
            "module.vpc.data.aws_availability_zones.available"
          ]
        }
      ]
    },
    {
      "module": "module.auth",
      "mode": "data",
      "type": "aws_region",
      "name": "current",
      "provider": "provider[\"registry.terraform.io/hashicorp/aws\"]",
      "instances": [
        {
          "schema_version": 0,
          "attributes": {
            "description": "US East (N. Virginia)",
            "endpoint": "ec2.us-east-1.amazonaws.com",
            "id": "us-east-1",
            "name": "us-east-1"
          },
          "sensitive_attributes": [],
          "identity_schema_version": 0
        }
      ]
    },
    {
      "module": "module.auth",
      "mode": "managed",
      "type": "aws_cognito_user_pool",
      "name": "main",
      "provider": "provider[\"registry.terraform.io/hashicorp/aws\"]",
      "instances": [
        {
          "schema_version": 0,
          "attributes": {
            "account_recovery_setting": [
              {
                "recovery_mechanism": [
                  {
                    "name": "verified_email",
                    "priority": 1
                  }
                ]
              }
            ],
            "admin_create_user_config": [
              {
                "allow_admin_create_user_only": false,
                "invite_message_template": []
              }
            ],
            "alias_attributes": null,
            "arn": "arn:aws:cognito-idp:us-east-1:029729714951:userpool/us-east-1_YXcnnyOHa",
            "auto_verified_attributes": [
              "email"
            ],
            "creation_date": "2025-07-03T06:47:08Z",
            "custom_domain": "",
            "deletion_protection": "INACTIVE",
            "device_configuration": [
              {
                "challenge_required_on_new_device": false,
                "device_only_remembered_on_user_prompt": false
              }
            ],
            "domain": "villa-alfredo-dev-auth-6tw4s7",
            "email_configuration": [
              {
                "configuration_set": "",
                "email_sending_account": "COGNITO_DEFAULT",
                "from_email_address": "",
                "reply_to_email_address": "",
                "source_arn": ""
              }
            ],
            "email_mfa_configuration": [],
            "email_verification_message": "",
            "email_verification_subject": "",
            "endpoint": "cognito-idp.us-east-1.amazonaws.com/us-east-1_YXcnnyOHa",
            "estimated_number_of_users": 0,
            "id": "us-east-1_YXcnnyOHa",
            "lambda_config": [],
            "last_modified_date": "2025-07-03T06:47:08Z",
            "mfa_configuration": "OFF",
            "name": "villa-alfredo-dev-userpool-6tw4s7",
            "password_policy": [
              {
                "minimum_length": 6,
                "password_history_size": 0,
                "require_lowercase": true,
                "require_numbers": true,
                "require_symbols": false,
                "require_uppercase": true,
                "temporary_password_validity_days": 7
              }
            ],
            "schema": [
              {
                "attribute_data_type": "String",
                "developer_only_attribute": false,
                "mutable": true,
                "name": "email",
                "number_attribute_constraints": [],
                "required": true,
                "string_attribute_constraints": [
                  {
                    "max_length": "256",
                    "min_length": "1"
                  }
                ]
              }
            ],
            "sign_in_policy": [
              {
                "allowed_first_auth_factors": [
                  "PASSWORD"
                ]
              }
            ],
            "sms_authentication_message": "",
            "sms_configuration": [],
            "sms_verification_message": "",
            "software_token_mfa_configuration": [],
            "tags": {
              "CostCenter": "IT",
              "CreatedDate": "2025-07-03",
              "Environment": "dev",
              "ManagedBy": "terraform",
              "Name": "villa-alfredo-dev-cognito-userpool",
              "Owner": "DevOps Team",
              "Project": "VillaAlfredo",
              "ProjectName": "villa-alfredo",
              "Region": "us-east-1",
              "Team": "Infrastructure"
            },
            "tags_all": {
              "CostCenter": "IT",
              "CreatedDate": "2025-07-03",
              "Environment": "dev",
              "ManagedBy": "terraform",
              "Name": "villa-alfredo-dev-cognito-userpool",
              "Owner": "DevOps Team",
              "Project": "VillaAlfredo",
              "ProjectName": "villa-alfredo",
              "Region": "us-east-1",
              "Team": "Infrastructure"
            },
            "user_attribute_update_settings": [],
            "user_pool_add_ons": [],
            "user_pool_tier": "ESSENTIALS",
            "username_attributes": [],
            "username_configuration": [
              {
                "case_sensitive": false
              }
            ],
            "verification_message_template": [
              {
                "default_email_option": "CONFIRM_WITH_CODE",
                "email_message": "",
                "email_message_by_link": "",
                "email_subject": "",
                "email_subject_by_link": "",
                "sms_message": ""
              }
            ],
            "web_authn_configuration": []
          },
          "sensitive_attributes": [],
          "identity_schema_version": 0,
          "private": "bnVsbA==",
          "dependencies": [
            "module.auth.random_string.cognito_suffix"
          ],
          "create_before_destroy": true
        }
      ]
    },
    {
      "module": "module.auth",
      "mode": "managed",
      "type": "aws_cognito_user_pool_client",
      "name": "api_client",
      "provider": "provider[\"registry.terraform.io/hashicorp/aws\"]",
      "instances": [
        {
          "schema_version": 0,
          "attributes": {
            "access_token_validity": 1,
            "allowed_oauth_flows": [],
            "allowed_oauth_flows_user_pool_client": false,
            "allowed_oauth_scopes": [],
            "analytics_configuration": [],
            "auth_session_validity": 3,
            "callback_urls": [],
            "client_secret": "",
            "default_redirect_uri": "",
            "enable_propagate_additional_user_context_data": false,
            "enable_token_revocation": true,
            "explicit_auth_flows": [
              "ALLOW_REFRESH_TOKEN_AUTH",
              "ALLOW_USER_PASSWORD_AUTH",
              "ALLOW_USER_SRP_AUTH"
            ],
            "generate_secret": false,
            "id": "7haqiilscm6ugkseerbli5c3se",
            "id_token_validity": 1,
            "logout_urls": [],
            "name": "villa-alfredo-dev-api-client",
            "prevent_user_existence_errors": "ENABLED",
            "read_attributes": [
              "email",
              "email_verified"
            ],
            "refresh_token_rotation": [],
            "refresh_token_validity": 1,
            "supported_identity_providers": [],
            "token_validity_units": [
              {
                "access_token": "hours",
                "id_token": "hours",
                "refresh_token": "days"
              }
            ],
            "user_pool_id": "us-east-1_YXcnnyOHa",
            "write_attributes": [
              "email"
            ]
          },
          "sensitive_attributes": [
            [
              {
                "type": "get_attr",
                "value": "client_secret"
              }
            ]
          ],
          "identity_schema_version": 0,
          "dependencies": [
            "module.auth.aws_cognito_user_pool.main",
            "module.auth.random_string.cognito_suffix"
          ],
          "create_before_destroy": true
        }
      ]
    },
    {
      "module": "module.auth",
      "mode": "managed",
      "type": "aws_cognito_user_pool_client",
      "name": "web_client",
      "provider": "provider[\"registry.terraform.io/hashicorp/aws\"]",
      "instances": [
        {
          "index_key": 0,
          "schema_version": 0,
          "attributes": {
            "access_token_validity": 1,
            "allowed_oauth_flows": [
              "code",
              "implicit"
            ],
            "allowed_oauth_flows_user_pool_client": true,
            "allowed_oauth_scopes": [
              "email",
              "openid",
              "profile"
            ],
            "analytics_configuration": [],
            "auth_session_validity": 3,
            "callback_urls": [
              "http://localhost:3000/callback"
            ],
            "client_secret": "1m6223b2hhecnuethhdd85u9pjkrp8s1enmlqu0buqr9hb5jj6rd",
            "default_redirect_uri": "",
            "enable_propagate_additional_user_context_data": false,
            "enable_token_revocation": true,
            "explicit_auth_flows": [
              "ALLOW_ADMIN_USER_PASSWORD_AUTH",
              "ALLOW_REFRESH_TOKEN_AUTH",
              "ALLOW_USER_PASSWORD_AUTH",
              "ALLOW_USER_SRP_AUTH"
            ],
            "generate_secret": true,
            "id": "6u5u2tpmkl46ol6c03kj7me156",
            "id_token_validity": 1,
            "logout_urls": [
              "http://localhost:3000/logout"
            ],
            "name": "villa-alfredo-dev-web-client",
            "prevent_user_existence_errors": "ENABLED",
            "read_attributes": [
              "email",
              "email_verified"
            ],
            "refresh_token_rotation": [],
            "refresh_token_validity": 1,
            "supported_identity_providers": [
              "COGNITO"
            ],
            "token_validity_units": [
              {
                "access_token": "hours",
                "id_token": "hours",
                "refresh_token": "days"
              }
            ],
            "user_pool_id": "us-east-1_YXcnnyOHa",
            "write_attributes": [
              "email"
            ]
          },
          "sensitive_attributes": [
            [
              {
                "type": "get_attr",
                "value": "client_secret"
              }
            ]
          ],
          "identity_schema_version": 0,
          "dependencies": [
            "module.auth.aws_cognito_user_pool.main",
            "module.auth.random_string.cognito_suffix"
          ],
          "create_before_destroy": true
        }
      ]
    },
    {
      "module": "module.auth",
      "mode": "managed",
      "type": "aws_cognito_user_pool_domain",
      "name": "main",
      "provider": "provider[\"registry.terraform.io/hashicorp/aws\"]",
      "instances": [
        {
          "schema_version": 0,
          "attributes": {
            "aws_account_id": "029729714951",
            "certificate_arn": "",
            "cloudfront_distribution": "d3oia8etllorh5.cloudfront.net",
            "cloudfront_distribution_arn": "d3oia8etllorh5.cloudfront.net",
            "cloudfront_distribution_zone_id": "Z2FDTNDATAQYW2",
            "domain": "villa-alfredo-dev-auth-6tw4s7",
            "id": "villa-alfredo-dev-auth-6tw4s7",
            "managed_login_version": 1,
            "s3_bucket": "aws-cognito-prod-iad-assets",
            "user_pool_id": "us-east-1_YXcnnyOHa",
            "version": "20250703064709"
          },
          "sensitive_attributes": [],
          "identity_schema_version": 0,
          "private": "bnVsbA==",
          "dependencies": [
            "module.auth.aws_cognito_user_pool.main",
            "module.auth.random_string.cognito_suffix"
          ],
          "create_before_destroy": true
        }
      ]
    },
    {
      "module": "module.auth",
      "mode": "managed",
      "type": "random_string",
      "name": "cognito_suffix",
      "provider": "provider[\"registry.terraform.io/hashicorp/random\"]",
      "instances": [
        {
          "schema_version": 2,
          "attributes": {
            "id": "6tw4s7",
            "keepers": null,
            "length": 6,
            "lower": true,
            "min_lower": 0,
            "min_numeric": 0,
            "min_special": 0,
            "min_upper": 0,
            "number": true,
            "numeric": true,
            "override_special": null,
            "result": "6tw4s7",
            "special": false,
            "upper": false
          },
          "sensitive_attributes": [],
          "identity_schema_version": 0,
          "create_before_destroy": true
        }
      ]
    },
    {
      "module": "module.cdn",
      "mode": "data",
      "type": "aws_caller_identity",
      "name": "current",
      "provider": "provider[\"registry.terraform.io/hashicorp/aws\"]",
      "instances": [
        {
          "schema_version": 0,
          "attributes": {
            "account_id": "029729714951",
            "arn": "arn:aws:iam::029729714951:user/valentin-user",
            "id": "029729714951",
            "user_id": "AIDAQN3AHOMDVDSWVTIEG"
          },
          "sensitive_attributes": [],
          "identity_schema_version": 0
        }
      ]
    },
    {
      "module": "module.cdn",
      "mode": "managed",
      "type": "aws_cloudfront_distribution",
      "name": "main",
      "provider": "provider[\"registry.terraform.io/hashicorp/aws\"].us_east_1",
      "instances": [
        {
          "schema_version": 1,
          "attributes": {
            "aliases": null,
            "arn": "arn:aws:cloudfront::029729714951:distribution/ET774OTO7DGIU",
            "caller_reference": "terraform-20250703071143094100000001",
            "comment": "CloudFront distribution for villa-alfredo (S3+API Gateway) in dev",
            "continuous_deployment_policy_id": "",
            "custom_error_response": [],
            "default_cache_behavior": [
              {
                "allowed_methods": [
                  "DELETE",
                  "GET",
                  "HEAD",
                  "OPTIONS",
                  "PATCH",
                  "POST",
                  "PUT"
                ],
                "cache_policy_id": "",
                "cached_methods": [
                  "GET",
                  "HEAD",
                  "OPTIONS"
                ],
                "compress": true,
                "default_ttl": 0,
                "field_level_encryption_id": "",
                "forwarded_values": [
                  {
                    "cookies": [
                      {
                        "forward": "none",
                        "whitelisted_names": []
                      }
                    ],
                    "headers": [
                      "Authorization",
                      "Content-Type",
                      "Host"
                    ],
                    "query_string": true,
                    "query_string_cache_keys": []
                  }
                ],
                "function_association": [],
                "grpc_config": [
                  {
                    "enabled": false
                  }
                ],
                "lambda_function_association": [],
                "max_ttl": 31536000,
                "min_ttl": 0,
                "origin_request_policy_id": "",
                "realtime_log_config_arn": "",
                "response_headers_policy_id": "",
                "smooth_streaming": false,
                "target_origin_id": "s3-villa-alfredo-dev",
                "trusted_key_groups": [],
                "trusted_signers": [],
                "viewer_protocol_policy": "redirect-to-https"
              }
            ],
            "default_root_object": "index.html",
            "domain_name": "d3bhjwkcc1kntl.cloudfront.net",
            "enabled": true,
            "etag": "E25KPCDOW6W037",
            "hosted_zone_id": "Z2FDTNDATAQYW2",
            "http_version": "http2",
            "id": "ET774OTO7DGIU",
            "in_progress_validation_batches": 0,
            "is_ipv6_enabled": true,
            "last_modified_time": "2025-07-03 07:11:43.049 +0000 UTC",
            "logging_config": [
              {
                "bucket": "villa-alfredo-dev-cloudfront-logs-j2abxb.s3.amazonaws.com",
                "include_cookies": false,
                "prefix": "cloudfront-logs/"
              }
            ],
            "ordered_cache_behavior": [
              {
                "allowed_methods": [
                  "GET",
                  "HEAD",
                  "OPTIONS"
                ],
                "cache_policy_id": "",
                "cached_methods": [
                  "GET",
                  "HEAD"
                ],
                "compress": true,
                "default_ttl": 86400,
                "field_level_encryption_id": "",
                "forwarded_values": [
                  {
                    "cookies": [
                      {
                        "forward": "none",
                        "whitelisted_names": null
                      }
                    ],
                    "headers": [
                      "Access-Control-Request-Headers",
                      "Access-Control-Request-Method",
                      "Origin"
                    ],
                    "query_string": false,
                    "query_string_cache_keys": []
                  }
                ],
                "function_association": [],
                "grpc_config": [
                  {
                    "enabled": false
                  }
                ],
                "lambda_function_association": [],
                "max_ttl": 31536000,
                "min_ttl": 0,
                "origin_request_policy_id": "",
                "path_pattern": "*.css",
                "realtime_log_config_arn": "",
                "response_headers_policy_id": "",
                "smooth_streaming": false,
                "target_origin_id": "s3-villa-alfredo-dev",
                "trusted_key_groups": null,
                "trusted_signers": null,
                "viewer_protocol_policy": "redirect-to-https"
              },
              {
                "allowed_methods": [
                  "GET",
                  "HEAD",
                  "OPTIONS"
                ],
                "cache_policy_id": "",
                "cached_methods": [
                  "GET",
                  "HEAD"
                ],
                "compress": true,
                "default_ttl": 86400,
                "field_level_encryption_id": "",
                "forwarded_values": [
                  {
                    "cookies": [
                      {
                        "forward": "none",
                        "whitelisted_names": null
                      }
                    ],
                    "headers": [
                      "Access-Control-Request-Headers",
                      "Access-Control-Request-Method",
                      "Origin"
                    ],
                    "query_string": false,
                    "query_string_cache_keys": []
                  }
                ],
                "function_association": [],
                "grpc_config": [
                  {
                    "enabled": false
                  }
                ],
                "lambda_function_association": [],
                "max_ttl": 31536000,
                "min_ttl": 0,
                "origin_request_policy_id": "",
                "path_pattern": "*.js",
                "realtime_log_config_arn": "",
                "response_headers_policy_id": "",
                "smooth_streaming": false,
                "target_origin_id": "s3-villa-alfredo-dev",
                "trusted_key_groups": null,
                "trusted_signers": null,
                "viewer_protocol_policy": "redirect-to-https"
              },
              {
                "allowed_methods": [
                  "GET",
                  "HEAD",
                  "OPTIONS"
                ],
                "cache_policy_id": "",
                "cached_methods": [
                  "GET",
                  "HEAD"
                ],
                "compress": true,
                "default_ttl": 3600,
                "field_level_encryption_id": "",
                "forwarded_values": [
                  {
                    "cookies": [
                      {
                        "forward": "none",
                        "whitelisted_names": null
                      }
                    ],
                    "headers": [
                      "Access-Control-Request-Headers",
                      "Access-Control-Request-Method",
                      "Origin"
                    ],
                    "query_string": false,
                    "query_string_cache_keys": []
                  }
                ],
                "function_association": [],
                "grpc_config": [
                  {
                    "enabled": false
                  }
                ],
                "lambda_function_association": [],
                "max_ttl": 86400,
                "min_ttl": 0,
                "origin_request_policy_id": "",
                "path_pattern": "*.html",
                "realtime_log_config_arn": "",
                "response_headers_policy_id": "",
                "smooth_streaming": false,
                "target_origin_id": "s3-villa-alfredo-dev",
                "trusted_key_groups": null,
                "trusted_signers": null,
                "viewer_protocol_policy": "redirect-to-https"
              },
              {
                "allowed_methods": [
                  "DELETE",
                  "GET",
                  "HEAD",
                  "OPTIONS",
                  "PATCH",
                  "POST",
                  "PUT"
                ],
                "cache_policy_id": "",
                "cached_methods": [
                  "GET",
                  "HEAD"
                ],
                "compress": true,
                "default_ttl": 0,
                "field_level_encryption_id": "",
                "forwarded_values": [
                  {
                    "cookies": [
                      {
                        "forward": "all",
                        "whitelisted_names": null
                      }
                    ],
                    "headers": [
                      "*"
                    ],
                    "query_string": true,
                    "query_string_cache_keys": []
                  }
                ],
                "function_association": [],
                "grpc_config": [
                  {
                    "enabled": false
                  }
                ],
                "lambda_function_association": [],
                "max_ttl": 86400,
                "min_ttl": 0,
                "origin_request_policy_id": "",
                "path_pattern": "/api/*",
                "realtime_log_config_arn": "",
                "response_headers_policy_id": "",
                "smooth_streaming": false,
                "target_origin_id": "api-gateway-villa-alfredo-dev",
                "trusted_key_groups": null,
                "trusted_signers": null,
                "viewer_protocol_policy": "redirect-to-https"
              }
            ],
            "origin": [
              {
                "connection_attempts": 3,
                "connection_timeout": 10,
                "custom_header": [],
                "custom_origin_config": [
                  {
                    "http_port": 80,
                    "https_port": 443,
                    "origin_keepalive_timeout": 5,
                    "origin_protocol_policy": "https-only",
                    "origin_read_timeout": 30,
                    "origin_ssl_protocols": [
                      "TLSv1.2"
                    ]
                  }
                ],
                "domain_name": "wfztr92yj4.execute-api.us-east-1.amazonaws.com",
                "origin_access_control_id": "",
                "origin_id": "api-gateway-villa-alfredo-dev",
                "origin_path": "",
                "origin_shield": [],
                "s3_origin_config": [],
                "vpc_origin_config": []
              },
              {
                "connection_attempts": 3,
                "connection_timeout": 10,
                "custom_header": [],
                "custom_origin_config": [],
                "domain_name": "villa-alfredo-dev-content-kztdbfxu.s3.us-east-1.amazonaws.com",
                "origin_access_control_id": "E3B9ZP3O2REEPP",
                "origin_id": "s3-villa-alfredo-dev",
                "origin_path": "",
                "origin_shield": [],
                "s3_origin_config": [],
                "vpc_origin_config": []
              }
            ],
            "origin_group": [],
            "price_class": "PriceClass_100",
            "restrictions": [
              {
                "geo_restriction": [
                  {
                    "locations": [],
                    "restriction_type": "none"
                  }
                ]
              }
            ],
            "retain_on_delete": false,
            "staging": false,
            "status": "Deployed",
            "tags": {
              "CostCenter": "IT",
              "CreatedDate": "2025-07-03",
              "Environment": "dev",
              "ManagedBy": "terraform",
              "Name": "villa-alfredo-dev-cloudfront",
              "Origin": "S3 + API Gateway",
              "Owner": "DevOps Team",
              "PrimaryOrigin": "s3",
              "Project": "VillaAlfredo",
              "ProjectName": "villa-alfredo",
              "Region": "us-east-1",
              "Team": "Infrastructure",
              "Type": "CloudFront"
            },
            "tags_all": {
              "CostCenter": "IT",
              "CreatedDate": "2025-07-03",
              "Environment": "dev",
              "ManagedBy": "terraform",
              "Name": "villa-alfredo-dev-cloudfront",
              "Origin": "S3 + API Gateway",
              "Owner": "DevOps Team",
              "PrimaryOrigin": "s3",
              "Project": "VillaAlfredo",
              "ProjectName": "villa-alfredo",
              "Region": "us-east-1",
              "Team": "Infrastructure",
              "Type": "CloudFront"
            },
            "trusted_key_groups": [
              {
                "enabled": false,
                "items": []
              }
            ],
            "trusted_signers": [
              {
                "enabled": false,
                "items": []
              }
            ],
            "viewer_certificate": [
              {
                "acm_certificate_arn": "",
                "cloudfront_default_certificate": true,
                "iam_certificate_id": "",
                "minimum_protocol_version": "TLSv1",
                "ssl_support_method": ""
              }
            ],
            "wait_for_deployment": true,
            "web_acl_id": "arn:aws:wafv2:us-east-1:029729714951:global/webacl/villa-alfredo-dev-cloudfront-waf-t4xb8h/c1a9961c-dd4d-4d3a-a5b7-bc7665149206"
          },
          "sensitive_attributes": [],
          "identity_schema_version": 0,
          "private": "eyJzY2hlbWFfdmVyc2lvbiI6IjEifQ==",
          "dependencies": [
            "data.aws_caller_identity.current",
            "module.alb.aws_lb.main",
            "module.alb.aws_lb_listener.main",
            "module.alb.aws_lb_target_group.ec2_targets",
            "module.alb.aws_lb_target_group_attachment.ec2_targets",
            "module.alb.aws_s3_bucket.alb_logs",
            "module.alb.aws_s3_bucket_policy.alb_logs",
            "module.alb.aws_s3_bucket_public_access_block.alb_logs",
            "module.alb.data.aws_elb_service_account.main",
            "module.alb.random_string.alb_suffix",
            "module.api_gateway.aws_api_gateway_account.main",
            "module.api_gateway.aws_api_gateway_authorizer.cognito",
            "module.api_gateway.aws_api_gateway_deployment.main",
            "module.api_gateway.aws_api_gateway_integration.proxy",
            "module.api_gateway.aws_api_gateway_integration.public_proxy",
            "module.api_gateway.aws_api_gateway_integration.root",
            "module.api_gateway.aws_api_gateway_method.proxy",
            "module.api_gateway.aws_api_gateway_method.public_proxy",
            "module.api_gateway.aws_api_gateway_method.root",
            "module.api_gateway.aws_api_gateway_method_settings.main",
            "module.api_gateway.aws_api_gateway_resource.proxy",
            "module.api_gateway.aws_api_gateway_resource.public",
            "module.api_gateway.aws_api_gateway_resource.public_proxy",
            "module.api_gateway.aws_api_gateway_rest_api.main",
            "module.api_gateway.aws_api_gateway_stage.main",
            "module.api_gateway.aws_cloudwatch_log_group.api_gateway_logs",
            "module.api_gateway.aws_iam_role.api_gateway_cloudwatch",
            "module.api_gateway.aws_iam_role_policy_attachment.api_gateway_cloudwatch",
            "module.api_gateway.random_string.api_suffix",
            "module.auth.aws_cognito_identity_pool.main",
            "module.auth.aws_cognito_identity_pool_roles_attachment.main",
            "module.auth.aws_cognito_user_pool.main",
            "module.auth.aws_cognito_user_pool_client.api_client",
            "module.auth.aws_cognito_user_pool_client.web_client",
            "module.auth.aws_cognito_user_pool_domain.main",
            "module.auth.aws_iam_role.authenticated",
            "module.auth.aws_iam_role.unauthenticated",
            "module.auth.aws_iam_role_policy.authenticated",
            "module.auth.data.aws_region.current",
            "module.auth.random_string.cognito_suffix",
            "module.cdn.aws_s3_bucket.cloudfront_logs",
            "module.cdn.random_string.log_bucket_suffix",
            "module.security.aws_security_group.alb",
            "module.security.aws_security_group.ec2_instances",
            "module.security.aws_security_group.vpc_endpoints",
            "module.security.aws_security_group_rule.alb_http_egress",
            "module.security.aws_security_group_rule.alb_https_egress",
            "module.security.aws_security_group_rule.alb_https_ingress",
            "module.security.aws_security_group_rule.alb_to_ec2_http",
            "module.security.aws_security_group_rule.alb_to_ec2_https",
            "module.security.aws_security_group_rule.ec2_http_from_alb",
            "module.security.aws_security_group_rule.ec2_https_egress_vpc_endpoints",
            "module.security.aws_security_group_rule.ec2_https_from_alb",
            "module.security.aws_security_group_rule.ec2_mysql_egress",
            "module.security.aws_security_group_rule.vpc_endpoints_https_egress",
            "module.security.aws_security_group_rule.vpc_endpoints_https_ingress",
            "module.storage.aws_cloudfront_origin_access_control.main",
            "module.storage.aws_s3_bucket.main",
            "module.storage.aws_s3_bucket_cors_configuration.main",
            "module.storage.aws_s3_bucket_lifecycle_configuration.main",
            "module.storage.aws_s3_bucket_policy.main",
            "module.storage.aws_s3_bucket_public_access_block.main",
            "module.storage.aws_s3_bucket_server_side_encryption_configuration.main",
            "module.storage.aws_s3_bucket_versioning.main",
            "module.storage.aws_s3_object.sample_files",
            "module.storage.data.aws_caller_identity.current",
            "module.storage.data.aws_iam_policy_document.bucket_policy",
            "module.storage.data.aws_region.current",
            "module.storage.random_string.bucket_suffix",
            "module.vpc.aws_eip.nat",
            "module.vpc.aws_internet_gateway.main",
            "module.vpc.aws_nat_gateway.main",
            "module.vpc.aws_route_table.private",
            "module.vpc.aws_subnet.private",
            "module.vpc.aws_subnet.public",
            "module.vpc.aws_vpc.main",
            "module.vpc.data.aws_availability_zones.available",
            "module.vpc_endpoints.aws_vpc_endpoint.cloudwatch_logs",
            "module.vpc_endpoints.aws_vpc_endpoint.cloudwatch_monitoring",
            "module.vpc_endpoints.aws_vpc_endpoint.ec2",
            "module.vpc_endpoints.aws_vpc_endpoint.s3",
            "module.vpc_endpoints.data.aws_region.current",
            "module.waf.aws_cloudwatch_log_group.waf_log_group",
            "module.waf.aws_cloudwatch_log_group.waf_logs",
            "module.waf.aws_wafv2_ip_set.allowed_ips",
            "module.waf.aws_wafv2_ip_set.blocked_ips",
            "module.waf.aws_wafv2_web_acl.cloudfront_waf",
            "module.waf.aws_wafv2_web_acl.cloudfront_waf_with_whitelist",
            "module.waf.aws_wafv2_web_acl_logging_configuration.cloudfront_waf",
            "module.waf.aws_wafv2_web_acl_logging_configuration.cloudfront_waf_whitelist",
            "module.waf.random_string.waf_suffix"
          ]
        }
      ]
    },
    {
      "module": "module.cdn",
      "mode": "managed",
      "type": "aws_s3_bucket",
      "name": "cloudfront_logs",
      "provider": "provider[\"registry.terraform.io/hashicorp/aws\"].us_east_1",
      "instances": [
        {
          "index_key": 0,
          "schema_version": 0,
          "attributes": {
            "acceleration_status": "",
            "acl": null,
            "arn": "arn:aws:s3:::villa-alfredo-dev-cloudfront-logs-j2abxb",
            "bucket": "villa-alfredo-dev-cloudfront-logs-j2abxb",
            "bucket_domain_name": "villa-alfredo-dev-cloudfront-logs-j2abxb.s3.amazonaws.com",
            "bucket_prefix": "",
            "bucket_regional_domain_name": "villa-alfredo-dev-cloudfront-logs-j2abxb.s3.us-east-1.amazonaws.com",
            "cors_rule": [],
            "force_destroy": false,
            "grant": [
              {
                "id": "ae3ec776444e362c9e874e6d046ce46c34c6d9b2032d93931cdbc3d42c895a6a",
                "permissions": [
                  "FULL_CONTROL"
                ],
                "type": "CanonicalUser",
                "uri": ""
              }
            ],
            "hosted_zone_id": "Z3AQBSTGFYJSTF",
            "id": "villa-alfredo-dev-cloudfront-logs-j2abxb",
            "lifecycle_rule": [],
            "logging": [],
            "object_lock_configuration": [],
            "object_lock_enabled": false,
            "policy": "",
            "region": "us-east-1",
            "replication_configuration": [],
            "request_payer": "BucketOwner",
            "server_side_encryption_configuration": [
              {
                "rule": [
                  {
                    "apply_server_side_encryption_by_default": [
                      {
                        "kms_master_key_id": "",
                        "sse_algorithm": "AES256"
                      }
                    ],
                    "bucket_key_enabled": false
                  }
                ]
              }
            ],
            "tags": {
              "CostCenter": "IT",
              "CreatedDate": "2025-07-03",
              "Environment": "dev",
              "ManagedBy": "terraform",
              "Name": "villa-alfredo-dev-cloudfront-logs",
              "Owner": "DevOps Team",
              "Project": "VillaAlfredo",
              "ProjectName": "villa-alfredo",
              "Purpose": "CloudFront Access Logs",
              "Region": "us-east-1",
              "Team": "Infrastructure"
            },
            "tags_all": {
              "CostCenter": "IT",
              "CreatedDate": "2025-07-03",
              "Environment": "dev",
              "ManagedBy": "terraform",
              "Name": "villa-alfredo-dev-cloudfront-logs",
              "Owner": "DevOps Team",
              "Project": "VillaAlfredo",
              "ProjectName": "villa-alfredo",
              "Purpose": "CloudFront Access Logs",
              "Region": "us-east-1",
              "Team": "Infrastructure"
            },
            "timeouts": null,
            "versioning": [
              {
                "enabled": false,
                "mfa_delete": false
              }
            ],
            "website": [],
            "website_domain": null,
            "website_endpoint": null
          },
          "sensitive_attributes": [],
          "identity_schema_version": 0,
          "private": "eyJlMmJmYjczMC1lY2FhLTExZTYtOGY4OC0zNDM2M2JjN2M0YzAiOnsiY3JlYXRlIjoxMjAwMDAwMDAwMDAwLCJkZWxldGUiOjM2MDAwMDAwMDAwMDAsInJlYWQiOjEyMDAwMDAwMDAwMDAsInVwZGF0ZSI6MTIwMDAwMDAwMDAwMH19",
          "dependencies": [
            "data.aws_caller_identity.current",
            "module.alb.aws_lb.main",
            "module.alb.aws_lb_listener.main",
            "module.alb.aws_lb_target_group.ec2_targets",
            "module.alb.aws_lb_target_group_attachment.ec2_targets",
            "module.alb.aws_s3_bucket.alb_logs",
            "module.alb.aws_s3_bucket_policy.alb_logs",
            "module.alb.aws_s3_bucket_public_access_block.alb_logs",
            "module.alb.data.aws_elb_service_account.main",
            "module.alb.random_string.alb_suffix",
            "module.api_gateway.aws_api_gateway_account.main",
            "module.api_gateway.aws_api_gateway_authorizer.cognito",
            "module.api_gateway.aws_api_gateway_deployment.main",
            "module.api_gateway.aws_api_gateway_integration.proxy",
            "module.api_gateway.aws_api_gateway_integration.public_proxy",
            "module.api_gateway.aws_api_gateway_integration.root",
            "module.api_gateway.aws_api_gateway_method.proxy",
            "module.api_gateway.aws_api_gateway_method.public_proxy",
            "module.api_gateway.aws_api_gateway_method.root",
            "module.api_gateway.aws_api_gateway_method_settings.main",
            "module.api_gateway.aws_api_gateway_resource.proxy",
            "module.api_gateway.aws_api_gateway_resource.public",
            "module.api_gateway.aws_api_gateway_resource.public_proxy",
            "module.api_gateway.aws_api_gateway_rest_api.main",
            "module.api_gateway.aws_api_gateway_stage.main",
            "module.api_gateway.aws_cloudwatch_log_group.api_gateway_logs",
            "module.api_gateway.aws_iam_role.api_gateway_cloudwatch",
            "module.api_gateway.aws_iam_role_policy_attachment.api_gateway_cloudwatch",
            "module.api_gateway.random_string.api_suffix",
            "module.auth.aws_cognito_identity_pool.main",
            "module.auth.aws_cognito_identity_pool_roles_attachment.main",
            "module.auth.aws_cognito_user_pool.main",
            "module.auth.aws_cognito_user_pool_client.api_client",
            "module.auth.aws_cognito_user_pool_client.web_client",
            "module.auth.aws_cognito_user_pool_domain.main",
            "module.auth.aws_iam_role.authenticated",
            "module.auth.aws_iam_role.unauthenticated",
            "module.auth.aws_iam_role_policy.authenticated",
            "module.auth.data.aws_region.current",
            "module.auth.random_string.cognito_suffix",
            "module.cdn.random_string.log_bucket_suffix",
            "module.security.aws_security_group.alb",
            "module.security.aws_security_group.ec2_instances",
            "module.security.aws_security_group.vpc_endpoints",
            "module.security.aws_security_group_rule.alb_http_egress",
            "module.security.aws_security_group_rule.alb_https_egress",
            "module.security.aws_security_group_rule.alb_https_ingress",
            "module.security.aws_security_group_rule.alb_to_ec2_http",
            "module.security.aws_security_group_rule.alb_to_ec2_https",
            "module.security.aws_security_group_rule.ec2_http_from_alb",
            "module.security.aws_security_group_rule.ec2_https_egress_vpc_endpoints",
            "module.security.aws_security_group_rule.ec2_https_from_alb",
            "module.security.aws_security_group_rule.ec2_mysql_egress",
            "module.security.aws_security_group_rule.vpc_endpoints_https_egress",
            "module.security.aws_security_group_rule.vpc_endpoints_https_ingress",
            "module.storage.aws_cloudfront_origin_access_control.main",
            "module.storage.aws_s3_bucket.main",
            "module.storage.aws_s3_bucket_cors_configuration.main",
            "module.storage.aws_s3_bucket_lifecycle_configuration.main",
            "module.storage.aws_s3_bucket_policy.main",
            "module.storage.aws_s3_bucket_public_access_block.main",
            "module.storage.aws_s3_bucket_server_side_encryption_configuration.main",
            "module.storage.aws_s3_bucket_versioning.main",
            "module.storage.aws_s3_object.sample_files",
            "module.storage.data.aws_caller_identity.current",
            "module.storage.data.aws_iam_policy_document.bucket_policy",
            "module.storage.data.aws_region.current",
            "module.storage.random_string.bucket_suffix",
            "module.vpc.aws_eip.nat",
            "module.vpc.aws_internet_gateway.main",
            "module.vpc.aws_nat_gateway.main",
            "module.vpc.aws_route_table.private",
            "module.vpc.aws_subnet.private",
            "module.vpc.aws_subnet.public",
            "module.vpc.aws_vpc.main",
            "module.vpc.data.aws_availability_zones.available",
            "module.vpc_endpoints.aws_vpc_endpoint.cloudwatch_logs",
            "module.vpc_endpoints.aws_vpc_endpoint.cloudwatch_monitoring",
            "module.vpc_endpoints.aws_vpc_endpoint.ec2",
            "module.vpc_endpoints.aws_vpc_endpoint.s3",
            "module.vpc_endpoints.data.aws_region.current",
            "module.waf.aws_cloudwatch_log_group.waf_log_group",
            "module.waf.aws_cloudwatch_log_group.waf_logs",
            "module.waf.aws_wafv2_ip_set.allowed_ips",
            "module.waf.aws_wafv2_ip_set.blocked_ips",
            "module.waf.aws_wafv2_web_acl.cloudfront_waf",
            "module.waf.aws_wafv2_web_acl.cloudfront_waf_with_whitelist",
            "module.waf.aws_wafv2_web_acl_logging_configuration.cloudfront_waf",
            "module.waf.aws_wafv2_web_acl_logging_configuration.cloudfront_waf_whitelist",
            "module.waf.random_string.waf_suffix"
          ]
        }
      ]
    },
    {
      "module": "module.cdn",
      "mode": "managed",
      "type": "aws_s3_bucket_acl",
      "name": "cloudfront_logs",
      "provider": "provider[\"registry.terraform.io/hashicorp/aws\"].us_east_1",
      "instances": [
        {
          "index_key": 0,
          "schema_version": 0,
          "attributes": {
            "access_control_policy": [
              {
                "grant": [
                  {
                    "grantee": [
                      {
                        "display_name": "valenferxux",
                        "email_address": "",
                        "id": "ae3ec776444e362c9e874e6d046ce46c34c6d9b2032d93931cdbc3d42c895a6a",
                        "type": "CanonicalUser",
                        "uri": ""
                      }
                    ],
                    "permission": "FULL_CONTROL"
                  }
                ],
                "owner": [
                  {
                    "display_name": "valenferxux",
                    "id": "ae3ec776444e362c9e874e6d046ce46c34c6d9b2032d93931cdbc3d42c895a6a"
                  }
                ]
              }
            ],
            "acl": "private",
            "bucket": "villa-alfredo-dev-cloudfront-logs-j2abxb",
            "expected_bucket_owner": "",
            "id": "villa-alfredo-dev-cloudfront-logs-j2abxb,private"
          },
          "sensitive_attributes": [],
          "identity_schema_version": 0,
          "private": "bnVsbA==",
          "dependencies": [
            "data.aws_caller_identity.current",
            "module.alb.aws_lb.main",
            "module.alb.aws_lb_listener.main",
            "module.alb.aws_lb_target_group.ec2_targets",
            "module.alb.aws_lb_target_group_attachment.ec2_targets",
            "module.alb.aws_s3_bucket.alb_logs",
            "module.alb.aws_s3_bucket_policy.alb_logs",
            "module.alb.aws_s3_bucket_public_access_block.alb_logs",
            "module.alb.data.aws_elb_service_account.main",
            "module.alb.random_string.alb_suffix",
            "module.api_gateway.aws_api_gateway_account.main",
            "module.api_gateway.aws_api_gateway_authorizer.cognito",
            "module.api_gateway.aws_api_gateway_deployment.main",
            "module.api_gateway.aws_api_gateway_integration.proxy",
            "module.api_gateway.aws_api_gateway_integration.public_proxy",
            "module.api_gateway.aws_api_gateway_integration.root",
            "module.api_gateway.aws_api_gateway_method.proxy",
            "module.api_gateway.aws_api_gateway_method.public_proxy",
            "module.api_gateway.aws_api_gateway_method.root",
            "module.api_gateway.aws_api_gateway_method_settings.main",
            "module.api_gateway.aws_api_gateway_resource.proxy",
            "module.api_gateway.aws_api_gateway_resource.public",
            "module.api_gateway.aws_api_gateway_resource.public_proxy",
            "module.api_gateway.aws_api_gateway_rest_api.main",
            "module.api_gateway.aws_api_gateway_stage.main",
            "module.api_gateway.aws_cloudwatch_log_group.api_gateway_logs",
            "module.api_gateway.aws_iam_role.api_gateway_cloudwatch",
            "module.api_gateway.aws_iam_role_policy_attachment.api_gateway_cloudwatch",
            "module.api_gateway.random_string.api_suffix",
            "module.auth.aws_cognito_identity_pool.main",
            "module.auth.aws_cognito_identity_pool_roles_attachment.main",
            "module.auth.aws_cognito_user_pool.main",
            "module.auth.aws_cognito_user_pool_client.api_client",
            "module.auth.aws_cognito_user_pool_client.web_client",
            "module.auth.aws_cognito_user_pool_domain.main",
            "module.auth.aws_iam_role.authenticated",
            "module.auth.aws_iam_role.unauthenticated",
            "module.auth.aws_iam_role_policy.authenticated",
            "module.auth.data.aws_region.current",
            "module.auth.random_string.cognito_suffix",
            "module.cdn.aws_s3_bucket.cloudfront_logs",
            "module.cdn.aws_s3_bucket_ownership_controls.cloudfront_logs",
            "module.cdn.random_string.log_bucket_suffix",
            "module.security.aws_security_group.alb",
            "module.security.aws_security_group.ec2_instances",
            "module.security.aws_security_group.vpc_endpoints",
            "module.security.aws_security_group_rule.alb_http_egress",
            "module.security.aws_security_group_rule.alb_https_egress",
            "module.security.aws_security_group_rule.alb_https_ingress",
            "module.security.aws_security_group_rule.alb_to_ec2_http",
            "module.security.aws_security_group_rule.alb_to_ec2_https",
            "module.security.aws_security_group_rule.ec2_http_from_alb",
            "module.security.aws_security_group_rule.ec2_https_egress_vpc_endpoints",
            "module.security.aws_security_group_rule.ec2_https_from_alb",
            "module.security.aws_security_group_rule.ec2_mysql_egress",
            "module.security.aws_security_group_rule.vpc_endpoints_https_egress",
            "module.security.aws_security_group_rule.vpc_endpoints_https_ingress",
            "module.storage.aws_cloudfront_origin_access_control.main",
            "module.storage.aws_s3_bucket.main",
            "module.storage.aws_s3_bucket_cors_configuration.main",
            "module.storage.aws_s3_bucket_lifecycle_configuration.main",
            "module.storage.aws_s3_bucket_policy.main",
            "module.storage.aws_s3_bucket_public_access_block.main",
            "module.storage.aws_s3_bucket_server_side_encryption_configuration.main",
            "module.storage.aws_s3_bucket_versioning.main",
            "module.storage.aws_s3_object.sample_files",
            "module.storage.data.aws_caller_identity.current",
            "module.storage.data.aws_iam_policy_document.bucket_policy",
            "module.storage.data.aws_region.current",
            "module.storage.random_string.bucket_suffix",
            "module.vpc.aws_eip.nat",
            "module.vpc.aws_internet_gateway.main",
            "module.vpc.aws_nat_gateway.main",
            "module.vpc.aws_route_table.private",
            "module.vpc.aws_subnet.private",
            "module.vpc.aws_subnet.public",
            "module.vpc.aws_vpc.main",
            "module.vpc.data.aws_availability_zones.available",
            "module.vpc_endpoints.aws_vpc_endpoint.cloudwatch_logs",
            "module.vpc_endpoints.aws_vpc_endpoint.cloudwatch_monitoring",
            "module.vpc_endpoints.aws_vpc_endpoint.ec2",
            "module.vpc_endpoints.aws_vpc_endpoint.s3",
            "module.vpc_endpoints.data.aws_region.current",
            "module.waf.aws_cloudwatch_log_group.waf_log_group",
            "module.waf.aws_cloudwatch_log_group.waf_logs",
            "module.waf.aws_wafv2_ip_set.allowed_ips",
            "module.waf.aws_wafv2_ip_set.blocked_ips",
            "module.waf.aws_wafv2_web_acl.cloudfront_waf",
            "module.waf.aws_wafv2_web_acl.cloudfront_waf_with_whitelist",
            "module.waf.aws_wafv2_web_acl_logging_configuration.cloudfront_waf",
            "module.waf.aws_wafv2_web_acl_logging_configuration.cloudfront_waf_whitelist",
            "module.waf.random_string.waf_suffix"
          ]
        }
      ]
    },
    {
      "module": "module.cdn",
      "mode": "managed",
      "type": "aws_s3_bucket_ownership_controls",
      "name": "cloudfront_logs",
      "provider": "provider[\"registry.terraform.io/hashicorp/aws\"].us_east_1",
      "instances": [
        {
          "index_key": 0,
          "schema_version": 0,
          "attributes": {
            "bucket": "villa-alfredo-dev-cloudfront-logs-j2abxb",
            "id": "villa-alfredo-dev-cloudfront-logs-j2abxb",
            "rule": [
              {
                "object_ownership": "BucketOwnerPreferred"
              }
            ]
          },
          "sensitive_attributes": [],
          "identity_schema_version": 0,
          "private": "bnVsbA==",
          "dependencies": [
            "data.aws_caller_identity.current",
            "module.alb.aws_lb.main",
            "module.alb.aws_lb_listener.main",
            "module.alb.aws_lb_target_group.ec2_targets",
            "module.alb.aws_lb_target_group_attachment.ec2_targets",
            "module.alb.aws_s3_bucket.alb_logs",
            "module.alb.aws_s3_bucket_policy.alb_logs",
            "module.alb.aws_s3_bucket_public_access_block.alb_logs",
            "module.alb.data.aws_elb_service_account.main",
            "module.alb.random_string.alb_suffix",
            "module.api_gateway.aws_api_gateway_account.main",
            "module.api_gateway.aws_api_gateway_authorizer.cognito",
            "module.api_gateway.aws_api_gateway_deployment.main",
            "module.api_gateway.aws_api_gateway_integration.proxy",
            "module.api_gateway.aws_api_gateway_integration.public_proxy",
            "module.api_gateway.aws_api_gateway_integration.root",
            "module.api_gateway.aws_api_gateway_method.proxy",
            "module.api_gateway.aws_api_gateway_method.public_proxy",
            "module.api_gateway.aws_api_gateway_method.root",
            "module.api_gateway.aws_api_gateway_method_settings.main",
            "module.api_gateway.aws_api_gateway_resource.proxy",
            "module.api_gateway.aws_api_gateway_resource.public",
            "module.api_gateway.aws_api_gateway_resource.public_proxy",
            "module.api_gateway.aws_api_gateway_rest_api.main",
            "module.api_gateway.aws_api_gateway_stage.main",
            "module.api_gateway.aws_cloudwatch_log_group.api_gateway_logs",
            "module.api_gateway.aws_iam_role.api_gateway_cloudwatch",
            "module.api_gateway.aws_iam_role_policy_attachment.api_gateway_cloudwatch",
            "module.api_gateway.random_string.api_suffix",
            "module.auth.aws_cognito_identity_pool.main",
            "module.auth.aws_cognito_identity_pool_roles_attachment.main",
            "module.auth.aws_cognito_user_pool.main",
            "module.auth.aws_cognito_user_pool_client.api_client",
            "module.auth.aws_cognito_user_pool_client.web_client",
            "module.auth.aws_cognito_user_pool_domain.main",
            "module.auth.aws_iam_role.authenticated",
            "module.auth.aws_iam_role.unauthenticated",
            "module.auth.aws_iam_role_policy.authenticated",
            "module.auth.data.aws_region.current",
            "module.auth.random_string.cognito_suffix",
            "module.cdn.aws_s3_bucket.cloudfront_logs",
            "module.cdn.random_string.log_bucket_suffix",
            "module.security.aws_security_group.alb",
            "module.security.aws_security_group.ec2_instances",
            "module.security.aws_security_group.vpc_endpoints",
            "module.security.aws_security_group_rule.alb_http_egress",
            "module.security.aws_security_group_rule.alb_https_egress",
            "module.security.aws_security_group_rule.alb_https_ingress",
            "module.security.aws_security_group_rule.alb_to_ec2_http",
            "module.security.aws_security_group_rule.alb_to_ec2_https",
            "module.security.aws_security_group_rule.ec2_http_from_alb",
            "module.security.aws_security_group_rule.ec2_https_egress_vpc_endpoints",
            "module.security.aws_security_group_rule.ec2_https_from_alb",
            "module.security.aws_security_group_rule.ec2_mysql_egress",
            "module.security.aws_security_group_rule.vpc_endpoints_https_egress",
            "module.security.aws_security_group_rule.vpc_endpoints_https_ingress",
            "module.storage.aws_cloudfront_origin_access_control.main",
            "module.storage.aws_s3_bucket.main",
            "module.storage.aws_s3_bucket_cors_configuration.main",
            "module.storage.aws_s3_bucket_lifecycle_configuration.main",
            "module.storage.aws_s3_bucket_policy.main",
            "module.storage.aws_s3_bucket_public_access_block.main",
            "module.storage.aws_s3_bucket_server_side_encryption_configuration.main",
            "module.storage.aws_s3_bucket_versioning.main",
            "module.storage.aws_s3_object.sample_files",
            "module.storage.data.aws_caller_identity.current",
            "module.storage.data.aws_iam_policy_document.bucket_policy",
            "module.storage.data.aws_region.current",
            "module.storage.random_string.bucket_suffix",
            "module.vpc.aws_eip.nat",
            "module.vpc.aws_internet_gateway.main",
            "module.vpc.aws_nat_gateway.main",
            "module.vpc.aws_route_table.private",
            "module.vpc.aws_subnet.private",
            "module.vpc.aws_subnet.public",
            "module.vpc.aws_vpc.main",
            "module.vpc.data.aws_availability_zones.available",
            "module.vpc_endpoints.aws_vpc_endpoint.cloudwatch_logs",
            "module.vpc_endpoints.aws_vpc_endpoint.cloudwatch_monitoring",
            "module.vpc_endpoints.aws_vpc_endpoint.ec2",
            "module.vpc_endpoints.aws_vpc_endpoint.s3",
            "module.vpc_endpoints.data.aws_region.current",
            "module.waf.aws_cloudwatch_log_group.waf_log_group",
            "module.waf.aws_cloudwatch_log_group.waf_logs",
            "module.waf.aws_wafv2_ip_set.allowed_ips",
            "module.waf.aws_wafv2_ip_set.blocked_ips",
            "module.waf.aws_wafv2_web_acl.cloudfront_waf",
            "module.waf.aws_wafv2_web_acl.cloudfront_waf_with_whitelist",
            "module.waf.aws_wafv2_web_acl_logging_configuration.cloudfront_waf",
            "module.waf.aws_wafv2_web_acl_logging_configuration.cloudfront_waf_whitelist",
            "module.waf.random_string.waf_suffix"
          ]
        }
      ]
    },
    {
      "module": "module.cdn",
      "mode": "managed",
      "type": "aws_s3_bucket_policy",
      "name": "cloudfront_logs",
      "provider": "provider[\"registry.terraform.io/hashicorp/aws\"].us_east_1",
      "instances": [
        {
          "index_key": 0,
          "schema_version": 0,
          "attributes": {
            "bucket": "villa-alfredo-dev-cloudfront-logs-j2abxb",
            "id": "villa-alfredo-dev-cloudfront-logs-j2abxb",
            "policy": "{\"Statement\":[{\"Action\":\"s3:PutObject\",\"Condition\":{\"StringEquals\":{\"AWS:SourceAccount\":\"029729714951\"}},\"Effect\":\"Allow\",\"Principal\":{\"Service\":\"cloudfront.amazonaws.com\"},\"Resource\":\"arn:aws:s3:::villa-alfredo-dev-cloudfront-logs-j2abxb/*\"},{\"Action\":\"s3:GetBucketAcl\",\"Condition\":{\"StringEquals\":{\"AWS:SourceAccount\":\"029729714951\"}},\"Effect\":\"Allow\",\"Principal\":{\"Service\":\"cloudfront.amazonaws.com\"},\"Resource\":\"arn:aws:s3:::villa-alfredo-dev-cloudfront-logs-j2abxb\"}],\"Version\":\"2012-10-17\"}"
          },
          "sensitive_attributes": [],
          "identity_schema_version": 0,
          "private": "bnVsbA==",
          "dependencies": [
            "data.aws_caller_identity.current",
            "module.alb.aws_lb.main",
            "module.alb.aws_lb_listener.main",
            "module.alb.aws_lb_target_group.ec2_targets",
            "module.alb.aws_lb_target_group_attachment.ec2_targets",
            "module.alb.aws_s3_bucket.alb_logs",
            "module.alb.aws_s3_bucket_policy.alb_logs",
            "module.alb.aws_s3_bucket_public_access_block.alb_logs",
            "module.alb.data.aws_elb_service_account.main",
            "module.alb.random_string.alb_suffix",
            "module.api_gateway.aws_api_gateway_account.main",
            "module.api_gateway.aws_api_gateway_authorizer.cognito",
            "module.api_gateway.aws_api_gateway_deployment.main",
            "module.api_gateway.aws_api_gateway_integration.proxy",
            "module.api_gateway.aws_api_gateway_integration.public_proxy",
            "module.api_gateway.aws_api_gateway_integration.root",
            "module.api_gateway.aws_api_gateway_method.proxy",
            "module.api_gateway.aws_api_gateway_method.public_proxy",
            "module.api_gateway.aws_api_gateway_method.root",
            "module.api_gateway.aws_api_gateway_method_settings.main",
            "module.api_gateway.aws_api_gateway_resource.proxy",
            "module.api_gateway.aws_api_gateway_resource.public",
            "module.api_gateway.aws_api_gateway_resource.public_proxy",
            "module.api_gateway.aws_api_gateway_rest_api.main",
            "module.api_gateway.aws_api_gateway_stage.main",
            "module.api_gateway.aws_cloudwatch_log_group.api_gateway_logs",
            "module.api_gateway.aws_iam_role.api_gateway_cloudwatch",
            "module.api_gateway.aws_iam_role_policy_attachment.api_gateway_cloudwatch",
            "module.api_gateway.random_string.api_suffix",
            "module.auth.aws_cognito_identity_pool.main",
            "module.auth.aws_cognito_identity_pool_roles_attachment.main",
            "module.auth.aws_cognito_user_pool.main",
            "module.auth.aws_cognito_user_pool_client.api_client",
            "module.auth.aws_cognito_user_pool_client.web_client",
            "module.auth.aws_cognito_user_pool_domain.main",
            "module.auth.aws_iam_role.authenticated",
            "module.auth.aws_iam_role.unauthenticated",
            "module.auth.aws_iam_role_policy.authenticated",
            "module.auth.data.aws_region.current",
            "module.auth.random_string.cognito_suffix",
            "module.cdn.aws_s3_bucket.cloudfront_logs",
            "module.cdn.aws_s3_bucket_public_access_block.cloudfront_logs",
            "module.cdn.data.aws_caller_identity.current",
            "module.cdn.random_string.log_bucket_suffix",
            "module.security.aws_security_group.alb",
            "module.security.aws_security_group.ec2_instances",
            "module.security.aws_security_group.vpc_endpoints",
            "module.security.aws_security_group_rule.alb_http_egress",
            "module.security.aws_security_group_rule.alb_https_egress",
            "module.security.aws_security_group_rule.alb_https_ingress",
            "module.security.aws_security_group_rule.alb_to_ec2_http",
            "module.security.aws_security_group_rule.alb_to_ec2_https",
            "module.security.aws_security_group_rule.ec2_http_from_alb",
            "module.security.aws_security_group_rule.ec2_https_egress_vpc_endpoints",
            "module.security.aws_security_group_rule.ec2_https_from_alb",
            "module.security.aws_security_group_rule.ec2_mysql_egress",
            "module.security.aws_security_group_rule.vpc_endpoints_https_egress",
            "module.security.aws_security_group_rule.vpc_endpoints_https_ingress",
            "module.storage.aws_cloudfront_origin_access_control.main",
            "module.storage.aws_s3_bucket.main",
            "module.storage.aws_s3_bucket_cors_configuration.main",
            "module.storage.aws_s3_bucket_lifecycle_configuration.main",
            "module.storage.aws_s3_bucket_policy.main",
            "module.storage.aws_s3_bucket_public_access_block.main",
            "module.storage.aws_s3_bucket_server_side_encryption_configuration.main",
            "module.storage.aws_s3_bucket_versioning.main",
            "module.storage.aws_s3_object.sample_files",
            "module.storage.data.aws_caller_identity.current",
            "module.storage.data.aws_iam_policy_document.bucket_policy",
            "module.storage.data.aws_region.current",
            "module.storage.random_string.bucket_suffix",
            "module.vpc.aws_eip.nat",
            "module.vpc.aws_internet_gateway.main",
            "module.vpc.aws_nat_gateway.main",
            "module.vpc.aws_route_table.private",
            "module.vpc.aws_subnet.private",
            "module.vpc.aws_subnet.public",
            "module.vpc.aws_vpc.main",
            "module.vpc.data.aws_availability_zones.available",
            "module.vpc_endpoints.aws_vpc_endpoint.cloudwatch_logs",
            "module.vpc_endpoints.aws_vpc_endpoint.cloudwatch_monitoring",
            "module.vpc_endpoints.aws_vpc_endpoint.ec2",
            "module.vpc_endpoints.aws_vpc_endpoint.s3",
            "module.vpc_endpoints.data.aws_region.current",
            "module.waf.aws_cloudwatch_log_group.waf_log_group",
            "module.waf.aws_cloudwatch_log_group.waf_logs",
            "module.waf.aws_wafv2_ip_set.allowed_ips",
            "module.waf.aws_wafv2_ip_set.blocked_ips",
            "module.waf.aws_wafv2_web_acl.cloudfront_waf",
            "module.waf.aws_wafv2_web_acl.cloudfront_waf_with_whitelist",
            "module.waf.aws_wafv2_web_acl_logging_configuration.cloudfront_waf",
            "module.waf.aws_wafv2_web_acl_logging_configuration.cloudfront_waf_whitelist",
            "module.waf.random_string.waf_suffix"
          ]
        }
      ]
    },
    {
      "module": "module.cdn",
      "mode": "managed",
      "type": "aws_s3_bucket_public_access_block",
      "name": "cloudfront_logs",
      "provider": "provider[\"registry.terraform.io/hashicorp/aws\"].us_east_1",
      "instances": [
        {
          "index_key": 0,
          "schema_version": 0,
          "attributes": {
            "block_public_acls": false,
            "block_public_policy": false,
            "bucket": "villa-alfredo-dev-cloudfront-logs-j2abxb",
            "id": "villa-alfredo-dev-cloudfront-logs-j2abxb",
            "ignore_public_acls": false,
            "restrict_public_buckets": false
          },
          "sensitive_attributes": [],
          "identity_schema_version": 0,
          "private": "bnVsbA==",
          "dependencies": [
            "data.aws_caller_identity.current",
            "module.alb.aws_lb.main",
            "module.alb.aws_lb_listener.main",
            "module.alb.aws_lb_target_group.ec2_targets",
            "module.alb.aws_lb_target_group_attachment.ec2_targets",
            "module.alb.aws_s3_bucket.alb_logs",
            "module.alb.aws_s3_bucket_policy.alb_logs",
            "module.alb.aws_s3_bucket_public_access_block.alb_logs",
            "module.alb.data.aws_elb_service_account.main",
            "module.alb.random_string.alb_suffix",
            "module.api_gateway.aws_api_gateway_account.main",
            "module.api_gateway.aws_api_gateway_authorizer.cognito",
            "module.api_gateway.aws_api_gateway_deployment.main",
            "module.api_gateway.aws_api_gateway_integration.proxy",
            "module.api_gateway.aws_api_gateway_integration.public_proxy",
            "module.api_gateway.aws_api_gateway_integration.root",
            "module.api_gateway.aws_api_gateway_method.proxy",
            "module.api_gateway.aws_api_gateway_method.public_proxy",
            "module.api_gateway.aws_api_gateway_method.root",
            "module.api_gateway.aws_api_gateway_method_settings.main",
            "module.api_gateway.aws_api_gateway_resource.proxy",
            "module.api_gateway.aws_api_gateway_resource.public",
            "module.api_gateway.aws_api_gateway_resource.public_proxy",
            "module.api_gateway.aws_api_gateway_rest_api.main",
            "module.api_gateway.aws_api_gateway_stage.main",
            "module.api_gateway.aws_cloudwatch_log_group.api_gateway_logs",
            "module.api_gateway.aws_iam_role.api_gateway_cloudwatch",
            "module.api_gateway.aws_iam_role_policy_attachment.api_gateway_cloudwatch",
            "module.api_gateway.random_string.api_suffix",
            "module.auth.aws_cognito_identity_pool.main",
            "module.auth.aws_cognito_identity_pool_roles_attachment.main",
            "module.auth.aws_cognito_user_pool.main",
            "module.auth.aws_cognito_user_pool_client.api_client",
            "module.auth.aws_cognito_user_pool_client.web_client",
            "module.auth.aws_cognito_user_pool_domain.main",
            "module.auth.aws_iam_role.authenticated",
            "module.auth.aws_iam_role.unauthenticated",
            "module.auth.aws_iam_role_policy.authenticated",
            "module.auth.data.aws_region.current",
            "module.auth.random_string.cognito_suffix",
            "module.cdn.aws_s3_bucket.cloudfront_logs",
            "module.cdn.random_string.log_bucket_suffix",
            "module.security.aws_security_group.alb",
            "module.security.aws_security_group.ec2_instances",
            "module.security.aws_security_group.vpc_endpoints",
            "module.security.aws_security_group_rule.alb_http_egress",
            "module.security.aws_security_group_rule.alb_https_egress",
            "module.security.aws_security_group_rule.alb_https_ingress",
            "module.security.aws_security_group_rule.alb_to_ec2_http",
            "module.security.aws_security_group_rule.alb_to_ec2_https",
            "module.security.aws_security_group_rule.ec2_http_from_alb",
            "module.security.aws_security_group_rule.ec2_https_egress_vpc_endpoints",
            "module.security.aws_security_group_rule.ec2_https_from_alb",
            "module.security.aws_security_group_rule.ec2_mysql_egress",
            "module.security.aws_security_group_rule.vpc_endpoints_https_egress",
            "module.security.aws_security_group_rule.vpc_endpoints_https_ingress",
            "module.storage.aws_cloudfront_origin_access_control.main",
            "module.storage.aws_s3_bucket.main",
            "module.storage.aws_s3_bucket_cors_configuration.main",
            "module.storage.aws_s3_bucket_lifecycle_configuration.main",
            "module.storage.aws_s3_bucket_policy.main",
            "module.storage.aws_s3_bucket_public_access_block.main",
            "module.storage.aws_s3_bucket_server_side_encryption_configuration.main",
            "module.storage.aws_s3_bucket_versioning.main",
            "module.storage.aws_s3_object.sample_files",
            "module.storage.data.aws_caller_identity.current",
            "module.storage.data.aws_iam_policy_document.bucket_policy",
            "module.storage.data.aws_region.current",
            "module.storage.random_string.bucket_suffix",
            "module.vpc.aws_eip.nat",
            "module.vpc.aws_internet_gateway.main",
            "module.vpc.aws_nat_gateway.main",
            "module.vpc.aws_route_table.private",
            "module.vpc.aws_subnet.private",
            "module.vpc.aws_subnet.public",
            "module.vpc.aws_vpc.main",
            "module.vpc.data.aws_availability_zones.available",
            "module.vpc_endpoints.aws_vpc_endpoint.cloudwatch_logs",
            "module.vpc_endpoints.aws_vpc_endpoint.cloudwatch_monitoring",
            "module.vpc_endpoints.aws_vpc_endpoint.ec2",
            "module.vpc_endpoints.aws_vpc_endpoint.s3",
            "module.vpc_endpoints.data.aws_region.current",
            "module.waf.aws_cloudwatch_log_group.waf_log_group",
            "module.waf.aws_cloudwatch_log_group.waf_logs",
            "module.waf.aws_wafv2_ip_set.allowed_ips",
            "module.waf.aws_wafv2_ip_set.blocked_ips",
            "module.waf.aws_wafv2_web_acl.cloudfront_waf",
            "module.waf.aws_wafv2_web_acl.cloudfront_waf_with_whitelist",
            "module.waf.aws_wafv2_web_acl_logging_configuration.cloudfront_waf",
            "module.waf.aws_wafv2_web_acl_logging_configuration.cloudfront_waf_whitelist",
            "module.waf.random_string.waf_suffix"
          ]
        }
      ]
    },
    {
      "module": "module.cdn",
      "mode": "managed",
      "type": "random_string",
      "name": "log_bucket_suffix",
      "provider": "provider[\"registry.terraform.io/hashicorp/random\"]",
      "instances": [
        {
          "index_key": 0,
          "schema_version": 2,
          "attributes": {
            "id": "j2abxb",
            "keepers": null,
            "length": 6,
            "lower": true,
            "min_lower": 0,
            "min_numeric": 0,
            "min_special": 0,
            "min_upper": 0,
            "number": true,
            "numeric": true,
            "override_special": null,
            "result": "j2abxb",
            "special": false,
            "upper": false
          },
          "sensitive_attributes": [],
          "identity_schema_version": 0,
          "dependencies": [
            "data.aws_caller_identity.current",
            "module.alb.aws_lb.main",
            "module.alb.aws_lb_listener.main",
            "module.alb.aws_lb_target_group.ec2_targets",
            "module.alb.aws_lb_target_group_attachment.ec2_targets",
            "module.alb.aws_s3_bucket.alb_logs",
            "module.alb.aws_s3_bucket_policy.alb_logs",
            "module.alb.aws_s3_bucket_public_access_block.alb_logs",
            "module.alb.data.aws_elb_service_account.main",
            "module.alb.random_string.alb_suffix",
            "module.api_gateway.aws_api_gateway_account.main",
            "module.api_gateway.aws_api_gateway_authorizer.cognito",
            "module.api_gateway.aws_api_gateway_deployment.main",
            "module.api_gateway.aws_api_gateway_integration.proxy",
            "module.api_gateway.aws_api_gateway_integration.public_proxy",
            "module.api_gateway.aws_api_gateway_integration.root",
            "module.api_gateway.aws_api_gateway_method.proxy",
            "module.api_gateway.aws_api_gateway_method.public_proxy",
            "module.api_gateway.aws_api_gateway_method.root",
            "module.api_gateway.aws_api_gateway_method_settings.main",
            "module.api_gateway.aws_api_gateway_resource.proxy",
            "module.api_gateway.aws_api_gateway_resource.public",
            "module.api_gateway.aws_api_gateway_resource.public_proxy",
            "module.api_gateway.aws_api_gateway_rest_api.main",
            "module.api_gateway.aws_api_gateway_stage.main",
            "module.api_gateway.aws_cloudwatch_log_group.api_gateway_logs",
            "module.api_gateway.aws_iam_role.api_gateway_cloudwatch",
            "module.api_gateway.aws_iam_role_policy_attachment.api_gateway_cloudwatch",
            "module.api_gateway.random_string.api_suffix",
            "module.auth.aws_cognito_identity_pool.main",
            "module.auth.aws_cognito_identity_pool_roles_attachment.main",
            "module.auth.aws_cognito_user_pool.main",
            "module.auth.aws_cognito_user_pool_client.api_client",
            "module.auth.aws_cognito_user_pool_client.web_client",
            "module.auth.aws_cognito_user_pool_domain.main",
            "module.auth.aws_iam_role.authenticated",
            "module.auth.aws_iam_role.unauthenticated",
            "module.auth.aws_iam_role_policy.authenticated",
            "module.auth.data.aws_region.current",
            "module.auth.random_string.cognito_suffix",
            "module.security.aws_security_group.alb",
            "module.security.aws_security_group.ec2_instances",
            "module.security.aws_security_group.vpc_endpoints",
            "module.security.aws_security_group_rule.alb_http_egress",
            "module.security.aws_security_group_rule.alb_https_egress",
            "module.security.aws_security_group_rule.alb_https_ingress",
            "module.security.aws_security_group_rule.alb_to_ec2_http",
            "module.security.aws_security_group_rule.alb_to_ec2_https",
            "module.security.aws_security_group_rule.ec2_http_from_alb",
            "module.security.aws_security_group_rule.ec2_https_egress_vpc_endpoints",
            "module.security.aws_security_group_rule.ec2_https_from_alb",
            "module.security.aws_security_group_rule.ec2_mysql_egress",
            "module.security.aws_security_group_rule.vpc_endpoints_https_egress",
            "module.security.aws_security_group_rule.vpc_endpoints_https_ingress",
            "module.storage.aws_cloudfront_origin_access_control.main",
            "module.storage.aws_s3_bucket.main",
            "module.storage.aws_s3_bucket_cors_configuration.main",
            "module.storage.aws_s3_bucket_lifecycle_configuration.main",
            "module.storage.aws_s3_bucket_policy.main",
            "module.storage.aws_s3_bucket_public_access_block.main",
            "module.storage.aws_s3_bucket_server_side_encryption_configuration.main",
            "module.storage.aws_s3_bucket_versioning.main",
            "module.storage.aws_s3_object.sample_files",
            "module.storage.data.aws_caller_identity.current",
            "module.storage.data.aws_iam_policy_document.bucket_policy",
            "module.storage.data.aws_region.current",
            "module.storage.random_string.bucket_suffix",
            "module.vpc.aws_eip.nat",
            "module.vpc.aws_internet_gateway.main",
            "module.vpc.aws_nat_gateway.main",
            "module.vpc.aws_route_table.private",
            "module.vpc.aws_subnet.private",
            "module.vpc.aws_subnet.public",
            "module.vpc.aws_vpc.main",
            "module.vpc.data.aws_availability_zones.available",
            "module.vpc_endpoints.aws_vpc_endpoint.cloudwatch_logs",
            "module.vpc_endpoints.aws_vpc_endpoint.cloudwatch_monitoring",
            "module.vpc_endpoints.aws_vpc_endpoint.ec2",
            "module.vpc_endpoints.aws_vpc_endpoint.s3",
            "module.vpc_endpoints.data.aws_region.current",
            "module.waf.aws_cloudwatch_log_group.waf_log_group",
            "module.waf.aws_cloudwatch_log_group.waf_logs",
            "module.waf.aws_wafv2_ip_set.allowed_ips",
            "module.waf.aws_wafv2_ip_set.blocked_ips",
            "module.waf.aws_wafv2_web_acl.cloudfront_waf",
            "module.waf.aws_wafv2_web_acl.cloudfront_waf_with_whitelist",
            "module.waf.aws_wafv2_web_acl_logging_configuration.cloudfront_waf",
            "module.waf.aws_wafv2_web_acl_logging_configuration.cloudfront_waf_whitelist",
            "module.waf.random_string.waf_suffix"
          ]
        }
      ]
    },
    {
      "module": "module.compute",
      "mode": "managed",
      "type": "aws_autoscaling_group",
      "name": "asg",
      "provider": "provider[\"registry.terraform.io/hashicorp/aws\"]",
      "instances": [
        {
          "schema_version": 1,
          "attributes": {
            "arn": "arn:aws:autoscaling:us-east-1:029729714951:autoScalingGroup:bf3b0d64-2eb1-450d-bfaf-071cbfca1aec:autoScalingGroupName/villa-alfredo-dev-asg",
            "availability_zone_distribution": [
              {
                "capacity_distribution_strategy": "balanced-best-effort"
              }
            ],
            "availability_zones": [
              "us-east-1a",
              "us-east-1b"
            ],
            "capacity_rebalance": false,
            "capacity_reservation_specification": [
              {
                "capacity_reservation_preference": "default",
                "capacity_reservation_target": []
              }
            ],
            "context": "",
            "default_cooldown": 300,
            "default_instance_warmup": 0,
            "desired_capacity": 0,
            "desired_capacity_type": "",
            "enabled_metrics": [],
            "force_delete": true,
            "force_delete_warm_pool": false,
            "health_check_grace_period": 300,
            "health_check_type": "ELB",
            "id": "villa-alfredo-dev-asg",
            "ignore_failed_scaling_activities": false,
            "initial_lifecycle_hook": [],
            "instance_maintenance_policy": [],
            "instance_refresh": [],
            "launch_configuration": "",
            "launch_template": [
              {
                "id": "lt-019722c88399ed694",
                "name": "villa-alfredo-dev-asg-20250703065035926600000011",
                "version": "$Latest"
              }
            ],
            "load_balancers": [],
            "max_instance_lifetime": 0,
            "max_size": 2,
            "metrics_granularity": "1Minute",
            "min_elb_capacity": null,
            "min_size": 0,
            "mixed_instances_policy": [],
            "name": "villa-alfredo-dev-asg",
            "name_prefix": "",
            "placement_group": "",
            "predicted_capacity": 0,
            "protect_from_scale_in": false,
            "service_linked_role_arn": "arn:aws:iam::029729714951:role/aws-service-role/autoscaling.amazonaws.com/AWSServiceRoleForAutoScaling",
            "suspended_processes": [],
            "tag": [
              {
                "key": "CostCenter",
                "propagate_at_launch": true,
                "value": "IT"
              },
              {
                "key": "CreatedDate",
                "propagate_at_launch": true,
                "value": "2025-07-03"
              },
              {
                "key": "Environment",
                "propagate_at_launch": true,
                "value": "dev"
              },
              {
                "key": "ManagedBy",
                "propagate_at_launch": true,
                "value": "terraform"
              },
              {
                "key": "Name",
                "propagate_at_launch": true,
                "value": "villa-alfredo-dev-asg"
              },
              {
                "key": "Owner",
                "propagate_at_launch": true,
                "value": "DevOps Team"
              },
              {
                "key": "Project",
                "propagate_at_launch": true,
                "value": "VillaAlfredo"
              },
              {
                "key": "Project",
                "propagate_at_launch": true,
                "value": "villa-alfredo"
              },
              {
                "key": "ProjectName",
                "propagate_at_launch": true,
                "value": "villa-alfredo"
              },
              {
                "key": "Region",
                "propagate_at_launch": true,
                "value": "us-east-1"
              },
              {
                "key": "Team",
                "propagate_at_launch": true,
                "value": "Infrastructure"
              },
              {
                "key": "Type",
                "propagate_at_launch": true,
                "value": "AutoScaled"
              }
            ],
            "target_group_arns": [
              "arn:aws:elasticloadbalancing:us-east-1:029729714951:targetgroup/villa-alfredo-dev-tg-wdu2cp/a5f9f30940853c41"
            ],
            "termination_policies": [],
            "timeouts": null,
            "traffic_source": [
              {
                "identifier": "arn:aws:elasticloadbalancing:us-east-1:029729714951:targetgroup/villa-alfredo-dev-tg-wdu2cp/a5f9f30940853c41",
                "type": "elbv2"
              }
            ],
            "vpc_zone_identifier": [
              "subnet-05271d7334a8c5c76",
              "subnet-0b74284f36c31206c"
            ],
            "wait_for_capacity_timeout": "10m",
            "wait_for_elb_capacity": null,
            "warm_pool": [],
            "warm_pool_size": 0
          },
          "sensitive_attributes": [],
          "identity_schema_version": 0,
          "private": "eyJlMmJmYjczMC1lY2FhLTExZTYtOGY4OC0zNDM2M2JjN2M0YzAiOnsiZGVsZXRlIjo2MDAwMDAwMDAwMDAsInVwZGF0ZSI6NjAwMDAwMDAwMDAwfSwic2NoZW1hX3ZlcnNpb24iOiIxIn0=",
          "dependencies": [
            "module.alb.aws_lb.main",
            "module.alb.aws_lb_listener.main",
            "module.alb.aws_lb_target_group.ec2_targets",
            "module.alb.aws_lb_target_group_attachment.ec2_targets",
            "module.alb.aws_s3_bucket.alb_logs",
            "module.alb.aws_s3_bucket_policy.alb_logs",
            "module.alb.aws_s3_bucket_public_access_block.alb_logs",
            "module.alb.data.aws_elb_service_account.main",
            "module.alb.random_string.alb_suffix",
            "module.compute.aws_launch_template.asg_launch_template",
            "module.security.aws_security_group.alb",
            "module.security.aws_security_group.ec2_instances",
            "module.security.aws_security_group.vpc_endpoints",
            "module.security.aws_security_group_rule.alb_http_egress",
            "module.security.aws_security_group_rule.alb_https_egress",
            "module.security.aws_security_group_rule.alb_https_ingress",
            "module.security.aws_security_group_rule.alb_to_ec2_http",
            "module.security.aws_security_group_rule.alb_to_ec2_https",
            "module.security.aws_security_group_rule.ec2_http_from_alb",
            "module.security.aws_security_group_rule.ec2_https_egress_vpc_endpoints",
            "module.security.aws_security_group_rule.ec2_https_from_alb",
            "module.security.aws_security_group_rule.ec2_mysql_egress",
            "module.security.aws_security_group_rule.vpc_endpoints_https_egress",
            "module.security.aws_security_group_rule.vpc_endpoints_https_ingress",
            "module.vpc.aws_subnet.private",
            "module.vpc.aws_subnet.public",
            "module.vpc.aws_vpc.main",
            "module.vpc.data.aws_availability_zones.available"
          ]
        }
      ]
    },
    {
      "module": "module.compute",
      "mode": "managed",
      "type": "aws_autoscaling_policy",
      "name": "scale_down",
      "provider": "provider[\"registry.terraform.io/hashicorp/aws\"]",
      "instances": [
        {
          "schema_version": 0,
          "attributes": {
            "adjustment_type": "ChangeInCapacity",
            "arn": "arn:aws:autoscaling:us-east-1:029729714951:scalingPolicy:7ee64e09-89bd-4ca4-bd2e-7576f6cc13e9:autoScalingGroupName/villa-alfredo-dev-asg:policyName/villa-alfredo-dev-scale-down",
            "autoscaling_group_name": "villa-alfredo-dev-asg",
            "cooldown": 300,
            "enabled": true,
            "estimated_instance_warmup": 0,
            "id": "villa-alfredo-dev-scale-down",
            "metric_aggregation_type": "",
            "min_adjustment_magnitude": 0,
            "name": "villa-alfredo-dev-scale-down",
            "policy_type": "SimpleScaling",
            "predictive_scaling_configuration": [],
            "scaling_adjustment": -1,
            "step_adjustment": [],
            "target_tracking_configuration": []
          },
          "sensitive_attributes": [],
          "identity_schema_version": 0,
          "private": "bnVsbA==",
          "dependencies": [
            "module.alb.aws_lb.main",
            "module.alb.aws_lb_listener.main",
            "module.alb.aws_lb_target_group.ec2_targets",
            "module.alb.aws_lb_target_group_attachment.ec2_targets",
            "module.alb.aws_s3_bucket.alb_logs",
            "module.alb.aws_s3_bucket_policy.alb_logs",
            "module.alb.aws_s3_bucket_public_access_block.alb_logs",
            "module.alb.data.aws_elb_service_account.main",
            "module.alb.random_string.alb_suffix",
            "module.compute.aws_autoscaling_group.asg",
            "module.compute.aws_launch_template.asg_launch_template",
            "module.security.aws_security_group.alb",
            "module.security.aws_security_group.ec2_instances",
            "module.security.aws_security_group.vpc_endpoints",
            "module.security.aws_security_group_rule.alb_http_egress",
            "module.security.aws_security_group_rule.alb_https_egress",
            "module.security.aws_security_group_rule.alb_https_ingress",
            "module.security.aws_security_group_rule.alb_to_ec2_http",
            "module.security.aws_security_group_rule.alb_to_ec2_https",
            "module.security.aws_security_group_rule.ec2_http_from_alb",
            "module.security.aws_security_group_rule.ec2_https_egress_vpc_endpoints",
            "module.security.aws_security_group_rule.ec2_https_from_alb",
            "module.security.aws_security_group_rule.ec2_mysql_egress",
            "module.security.aws_security_group_rule.vpc_endpoints_https_egress",
            "module.security.aws_security_group_rule.vpc_endpoints_https_ingress",
            "module.vpc.aws_subnet.private",
            "module.vpc.aws_subnet.public",
            "module.vpc.aws_vpc.main",
            "module.vpc.data.aws_availability_zones.available"
          ]
        }
      ]
    },
    {
      "module": "module.compute",
      "mode": "managed",
      "type": "aws_autoscaling_policy",
      "name": "scale_up",
      "provider": "provider[\"registry.terraform.io/hashicorp/aws\"]",
      "instances": [
        {
          "schema_version": 0,
          "attributes": {
            "adjustment_type": "ChangeInCapacity",
            "arn": "arn:aws:autoscaling:us-east-1:029729714951:scalingPolicy:634da7ff-ec41-498c-a8da-0336bd1e8bbd:autoScalingGroupName/villa-alfredo-dev-asg:policyName/villa-alfredo-dev-scale-up",
            "autoscaling_group_name": "villa-alfredo-dev-asg",
            "cooldown": 300,
            "enabled": true,
            "estimated_instance_warmup": 0,
            "id": "villa-alfredo-dev-scale-up",
            "metric_aggregation_type": "",
            "min_adjustment_magnitude": 0,
            "name": "villa-alfredo-dev-scale-up",
            "policy_type": "SimpleScaling",
            "predictive_scaling_configuration": [],
            "scaling_adjustment": 1,
            "step_adjustment": [],
            "target_tracking_configuration": []
          },
          "sensitive_attributes": [],
          "identity_schema_version": 0,
          "private": "bnVsbA==",
          "dependencies": [
            "module.alb.aws_lb.main",
            "module.alb.aws_lb_listener.main",
            "module.alb.aws_lb_target_group.ec2_targets",
            "module.alb.aws_lb_target_group_attachment.ec2_targets",
            "module.alb.aws_s3_bucket.alb_logs",
            "module.alb.aws_s3_bucket_policy.alb_logs",
            "module.alb.aws_s3_bucket_public_access_block.alb_logs",
            "module.alb.data.aws_elb_service_account.main",
            "module.alb.random_string.alb_suffix",
            "module.compute.aws_autoscaling_group.asg",
            "module.compute.aws_launch_template.asg_launch_template",
            "module.security.aws_security_group.alb",
            "module.security.aws_security_group.ec2_instances",
            "module.security.aws_security_group.vpc_endpoints",
            "module.security.aws_security_group_rule.alb_http_egress",
            "module.security.aws_security_group_rule.alb_https_egress",
            "module.security.aws_security_group_rule.alb_https_ingress",
            "module.security.aws_security_group_rule.alb_to_ec2_http",
            "module.security.aws_security_group_rule.alb_to_ec2_https",
            "module.security.aws_security_group_rule.ec2_http_from_alb",
            "module.security.aws_security_group_rule.ec2_https_egress_vpc_endpoints",
            "module.security.aws_security_group_rule.ec2_https_from_alb",
            "module.security.aws_security_group_rule.ec2_mysql_egress",
            "module.security.aws_security_group_rule.vpc_endpoints_https_egress",
            "module.security.aws_security_group_rule.vpc_endpoints_https_ingress",
            "module.vpc.aws_subnet.private",
            "module.vpc.aws_subnet.public",
            "module.vpc.aws_vpc.main",
            "module.vpc.data.aws_availability_zones.available"
          ]
        }
      ]
    },
    {
      "module": "module.compute",
      "mode": "managed",
      "type": "aws_cloudwatch_metric_alarm",
      "name": "cpu_high",
      "provider": "provider[\"registry.terraform.io/hashicorp/aws\"]",
      "instances": [
        {
          "schema_version": 1,
          "attributes": {
            "actions_enabled": true,
            "alarm_actions": [
              "arn:aws:autoscaling:us-east-1:029729714951:scalingPolicy:634da7ff-ec41-498c-a8da-0336bd1e8bbd:autoScalingGroupName/villa-alfredo-dev-asg:policyName/villa-alfredo-dev-scale-up"
            ],
            "alarm_description": "Triggers scale up when CPU utilization is high",
            "alarm_name": "villa-alfredo-dev-cpu-high",
            "arn": "arn:aws:cloudwatch:us-east-1:029729714951:alarm:villa-alfredo-dev-cpu-high",
            "comparison_operator": "GreaterThanOrEqualToThreshold",
            "datapoints_to_alarm": 0,
            "dimensions": {
              "AutoScalingGroupName": "villa-alfredo-dev-asg"
            },
            "evaluate_low_sample_count_percentiles": "",
            "evaluation_periods": 2,
            "extended_statistic": "",
            "id": "villa-alfredo-dev-cpu-high",
            "insufficient_data_actions": [],
            "metric_name": "CPUUtilization",
            "metric_query": [],
            "namespace": "AWS/EC2",
            "ok_actions": [],
            "period": 120,
            "statistic": "Average",
            "tags": {
              "CostCenter": "IT",
              "CreatedDate": "2025-07-03",
              "Environment": "dev",
              "ManagedBy": "terraform",
              "Name": "villa-alfredo-dev-cpu-high-alarm",
              "Owner": "DevOps Team",
              "Project": "VillaAlfredo",
              "ProjectName": "villa-alfredo",
              "Region": "us-east-1",
              "Team": "Infrastructure"
            },
            "tags_all": {
              "CostCenter": "IT",
              "CreatedDate": "2025-07-03",
              "Environment": "dev",
              "ManagedBy": "terraform",
              "Name": "villa-alfredo-dev-cpu-high-alarm",
              "Owner": "DevOps Team",
              "Project": "VillaAlfredo",
              "ProjectName": "villa-alfredo",
              "Region": "us-east-1",
              "Team": "Infrastructure"
            },
            "threshold": 70,
            "threshold_metric_id": "",
            "treat_missing_data": "missing",
            "unit": ""
          },
          "sensitive_attributes": [],
          "identity_schema_version": 0,
          "private": "eyJzY2hlbWFfdmVyc2lvbiI6IjEifQ==",
          "dependencies": [
            "module.alb.aws_lb.main",
            "module.alb.aws_lb_listener.main",
            "module.alb.aws_lb_target_group.ec2_targets",
            "module.alb.aws_lb_target_group_attachment.ec2_targets",
            "module.alb.aws_s3_bucket.alb_logs",
            "module.alb.aws_s3_bucket_policy.alb_logs",
            "module.alb.aws_s3_bucket_public_access_block.alb_logs",
            "module.alb.data.aws_elb_service_account.main",
            "module.alb.random_string.alb_suffix",
            "module.compute.aws_autoscaling_group.asg",
            "module.compute.aws_autoscaling_policy.scale_up",
            "module.compute.aws_launch_template.asg_launch_template",
            "module.security.aws_security_group.alb",
            "module.security.aws_security_group.ec2_instances",
            "module.security.aws_security_group.vpc_endpoints",
            "module.security.aws_security_group_rule.alb_http_egress",
            "module.security.aws_security_group_rule.alb_https_egress",
            "module.security.aws_security_group_rule.alb_https_ingress",
            "module.security.aws_security_group_rule.alb_to_ec2_http",
            "module.security.aws_security_group_rule.alb_to_ec2_https",
            "module.security.aws_security_group_rule.ec2_http_from_alb",
            "module.security.aws_security_group_rule.ec2_https_egress_vpc_endpoints",
            "module.security.aws_security_group_rule.ec2_https_from_alb",
            "module.security.aws_security_group_rule.ec2_mysql_egress",
            "module.security.aws_security_group_rule.vpc_endpoints_https_egress",
            "module.security.aws_security_group_rule.vpc_endpoints_https_ingress",
            "module.vpc.aws_subnet.private",
            "module.vpc.aws_subnet.public",
            "module.vpc.aws_vpc.main",
            "module.vpc.data.aws_availability_zones.available"
          ]
        }
      ]
    },
    {
      "module": "module.compute",
      "mode": "managed",
      "type": "aws_cloudwatch_metric_alarm",
      "name": "cpu_low",
      "provider": "provider[\"registry.terraform.io/hashicorp/aws\"]",
      "instances": [
        {
          "schema_version": 1,
          "attributes": {
            "actions_enabled": true,
            "alarm_actions": [
              "arn:aws:autoscaling:us-east-1:029729714951:scalingPolicy:7ee64e09-89bd-4ca4-bd2e-7576f6cc13e9:autoScalingGroupName/villa-alfredo-dev-asg:policyName/villa-alfredo-dev-scale-down"
            ],
            "alarm_description": "Triggers scale down when CPU utilization is low",
            "alarm_name": "villa-alfredo-dev-cpu-low",
            "arn": "arn:aws:cloudwatch:us-east-1:029729714951:alarm:villa-alfredo-dev-cpu-low",
            "comparison_operator": "LessThanThreshold",
            "datapoints_to_alarm": 0,
            "dimensions": {
              "AutoScalingGroupName": "villa-alfredo-dev-asg"
            },
            "evaluate_low_sample_count_percentiles": "",
            "evaluation_periods": 2,
            "extended_statistic": "",
            "id": "villa-alfredo-dev-cpu-low",
            "insufficient_data_actions": [],
            "metric_name": "CPUUtilization",
            "metric_query": [],
            "namespace": "AWS/EC2",
            "ok_actions": [],
            "period": 120,
            "statistic": "Average",
            "tags": {
              "CostCenter": "IT",
              "CreatedDate": "2025-07-03",
              "Environment": "dev",
              "ManagedBy": "terraform",
              "Name": "villa-alfredo-dev-cpu-low-alarm",
              "Owner": "DevOps Team",
              "Project": "VillaAlfredo",
              "ProjectName": "villa-alfredo",
              "Region": "us-east-1",
              "Team": "Infrastructure"
            },
            "tags_all": {
              "CostCenter": "IT",
              "CreatedDate": "2025-07-03",
              "Environment": "dev",
              "ManagedBy": "terraform",
              "Name": "villa-alfredo-dev-cpu-low-alarm",
              "Owner": "DevOps Team",
              "Project": "VillaAlfredo",
              "ProjectName": "villa-alfredo",
              "Region": "us-east-1",
              "Team": "Infrastructure"
            },
            "threshold": 30,
            "threshold_metric_id": "",
            "treat_missing_data": "missing",
            "unit": ""
          },
          "sensitive_attributes": [],
          "identity_schema_version": 0,
          "private": "eyJzY2hlbWFfdmVyc2lvbiI6IjEifQ==",
          "dependencies": [
            "module.alb.aws_lb.main",
            "module.alb.aws_lb_listener.main",
            "module.alb.aws_lb_target_group.ec2_targets",
            "module.alb.aws_lb_target_group_attachment.ec2_targets",
            "module.alb.aws_s3_bucket.alb_logs",
            "module.alb.aws_s3_bucket_policy.alb_logs",
            "module.alb.aws_s3_bucket_public_access_block.alb_logs",
            "module.alb.data.aws_elb_service_account.main",
            "module.alb.random_string.alb_suffix",
            "module.compute.aws_autoscaling_group.asg",
            "module.compute.aws_autoscaling_policy.scale_down",
            "module.compute.aws_launch_template.asg_launch_template",
            "module.security.aws_security_group.alb",
            "module.security.aws_security_group.ec2_instances",
            "module.security.aws_security_group.vpc_endpoints",
            "module.security.aws_security_group_rule.alb_http_egress",
            "module.security.aws_security_group_rule.alb_https_egress",
            "module.security.aws_security_group_rule.alb_https_ingress",
            "module.security.aws_security_group_rule.alb_to_ec2_http",
            "module.security.aws_security_group_rule.alb_to_ec2_https",
            "module.security.aws_security_group_rule.ec2_http_from_alb",
            "module.security.aws_security_group_rule.ec2_https_egress_vpc_endpoints",
            "module.security.aws_security_group_rule.ec2_https_from_alb",
            "module.security.aws_security_group_rule.ec2_mysql_egress",
            "module.security.aws_security_group_rule.vpc_endpoints_https_egress",
            "module.security.aws_security_group_rule.vpc_endpoints_https_ingress",
            "module.vpc.aws_subnet.private",
            "module.vpc.aws_subnet.public",
            "module.vpc.aws_vpc.main",
            "module.vpc.data.aws_availability_zones.available"
          ]
        }
      ]
    },
    {
      "module": "module.compute",
      "mode": "managed",
      "type": "aws_instance",
      "name": "ec2_zone_a",
      "provider": "provider[\"registry.terraform.io/hashicorp/aws\"]",
      "instances": [
        {
          "schema_version": 1,
          "attributes": {
            "ami": "ami-05ffe3c48a9991133",
            "arn": "arn:aws:ec2:us-east-1:029729714951:instance/i-0b6a2519cacfaf448",
            "associate_public_ip_address": false,
            "availability_zone": "us-east-1a",
            "capacity_reservation_specification": [
              {
                "capacity_reservation_preference": "open",
                "capacity_reservation_target": []
              }
            ],
            "cpu_core_count": 1,
            "cpu_options": [
              {
                "amd_sev_snp": "",
                "core_count": 1,
                "threads_per_core": 1
              }
            ],
            "cpu_threads_per_core": 1,
            "credit_specification": [
              {
                "cpu_credits": "standard"
              }
            ],
            "disable_api_stop": false,
            "disable_api_termination": false,
            "ebs_block_device": [],
            "ebs_optimized": false,
            "enable_primary_ipv6": null,
            "enclave_options": [
              {
                "enabled": false
              }
            ],
            "ephemeral_block_device": [],
            "get_password_data": false,
            "hibernation": false,
            "host_id": "",
            "host_resource_group_arn": null,
            "iam_instance_profile": "",
            "id": "i-0b6a2519cacfaf448",
            "instance_initiated_shutdown_behavior": "stop",
            "instance_lifecycle": "",
            "instance_market_options": [],
            "instance_state": "running",
            "instance_type": "t2.micro",
            "ipv6_address_count": 0,
            "ipv6_addresses": [],
            "key_name": "",
            "launch_template": [],
            "maintenance_options": [
              {
                "auto_recovery": "default"
              }
            ],
            "metadata_options": [
              {
                "http_endpoint": "enabled",
                "http_protocol_ipv6": "disabled",
                "http_put_response_hop_limit": 2,
                "http_tokens": "required",
                "instance_metadata_tags": "disabled"
              }
            ],
            "monitoring": false,
            "network_interface": [],
            "outpost_arn": "",
            "password_data": "",
            "placement_group": "",
            "placement_partition_number": 0,
            "primary_network_interface_id": "eni-0b918ddbd68ccab9d",
            "private_dns": "ip-10-0-101-254.ec2.internal",
            "private_dns_name_options": [
              {
                "enable_resource_name_dns_a_record": false,
                "enable_resource_name_dns_aaaa_record": false,
                "hostname_type": "ip-name"
              }
            ],
            "private_ip": "10.0.101.254",
            "public_dns": "",
            "public_ip": "",
            "root_block_device": [
              {
                "delete_on_termination": true,
                "device_name": "/dev/xvda",
                "encrypted": false,
                "iops": 3000,
                "kms_key_id": "",
                "tags": {},
                "tags_all": {},
                "throughput": 125,
                "volume_id": "vol-083d7197a91478afa",
                "volume_size": 8,
                "volume_type": "gp3"
              }
            ],
            "secondary_private_ips": [],
            "security_groups": [],
            "source_dest_check": true,
            "spot_instance_request_id": "",
            "subnet_id": "subnet-0b74284f36c31206c",
            "tags": {
              "CostCenter": "IT",
              "CreatedDate": "2025-07-03",
              "Environment": "dev",
              "ManagedBy": "terraform",
              "Name": "villa-alfredo-dev-ec2-zone-a",
              "Owner": "DevOps Team",
              "Project": "VillaAlfredo",
              "ProjectName": "villa-alfredo",
              "Region": "us-east-1",
              "Subnet": "10.0.101.0/24",
              "Team": "Infrastructure",
              "Type": "Fixed",
              "Zone": "us-east-1a"
            },
            "tags_all": {
              "CostCenter": "IT",
              "CreatedDate": "2025-07-03",
              "Environment": "dev",
              "ManagedBy": "terraform",
              "Name": "villa-alfredo-dev-ec2-zone-a",
              "Owner": "DevOps Team",
              "Project": "VillaAlfredo",
              "ProjectName": "villa-alfredo",
              "Region": "us-east-1",
              "Subnet": "10.0.101.0/24",
              "Team": "Infrastructure",
              "Type": "Fixed",
              "Zone": "us-east-1a"
            },
            "tenancy": "default",
            "timeouts": null,
            "user_data": "047097b65ecee54f4089c0e8f9e5fbe82b4800bc",
            "user_data_base64": null,
            "user_data_replace_on_change": false,
            "volume_tags": null,
            "vpc_security_group_ids": [
              "sg-0908795a661732915"
            ]
          },
          "sensitive_attributes": [],
          "identity_schema_version": 0,
          "private": "eyJlMmJmYjczMC1lY2FhLTExZTYtOGY4OC0zNDM2M2JjN2M0YzAiOnsiY3JlYXRlIjo2MDAwMDAwMDAwMDAsImRlbGV0ZSI6MTIwMDAwMDAwMDAwMCwicmVhZCI6OTAwMDAwMDAwMDAwLCJ1cGRhdGUiOjYwMDAwMDAwMDAwMH0sInNjaGVtYV92ZXJzaW9uIjoiMSJ9",
          "dependencies": [
            "module.alb.aws_lb.main",
            "module.alb.aws_lb_listener.main",
            "module.alb.aws_lb_target_group.ec2_targets",
            "module.alb.aws_lb_target_group_attachment.ec2_targets",
            "module.alb.aws_s3_bucket.alb_logs",
            "module.alb.aws_s3_bucket_policy.alb_logs",
            "module.alb.aws_s3_bucket_public_access_block.alb_logs",
            "module.alb.data.aws_elb_service_account.main",
            "module.alb.random_string.alb_suffix",
            "module.security.aws_security_group.alb",
            "module.security.aws_security_group.ec2_instances",
            "module.security.aws_security_group.vpc_endpoints",
            "module.security.aws_security_group_rule.alb_http_egress",
            "module.security.aws_security_group_rule.alb_https_egress",
            "module.security.aws_security_group_rule.alb_https_ingress",
            "module.security.aws_security_group_rule.alb_to_ec2_http",
            "module.security.aws_security_group_rule.alb_to_ec2_https",
            "module.security.aws_security_group_rule.ec2_http_from_alb",
            "module.security.aws_security_group_rule.ec2_https_egress_vpc_endpoints",
            "module.security.aws_security_group_rule.ec2_https_from_alb",
            "module.security.aws_security_group_rule.ec2_mysql_egress",
            "module.security.aws_security_group_rule.vpc_endpoints_https_egress",
            "module.security.aws_security_group_rule.vpc_endpoints_https_ingress",
            "module.vpc.aws_subnet.private",
            "module.vpc.aws_subnet.public",
            "module.vpc.aws_vpc.main",
            "module.vpc.data.aws_availability_zones.available"
          ]
        }
      ]
    },
    {
      "module": "module.compute",
      "mode": "managed",
      "type": "aws_instance",
      "name": "ec2_zone_b",
      "provider": "provider[\"registry.terraform.io/hashicorp/aws\"]",
      "instances": [
        {
          "schema_version": 1,
          "attributes": {
            "ami": "ami-05ffe3c48a9991133",
            "arn": "arn:aws:ec2:us-east-1:029729714951:instance/i-0e56edd4e15dd687f",
            "associate_public_ip_address": false,
            "availability_zone": "us-east-1b",
            "capacity_reservation_specification": [
              {
                "capacity_reservation_preference": "open",
                "capacity_reservation_target": []
              }
            ],
            "cpu_core_count": 1,
            "cpu_options": [
              {
                "amd_sev_snp": "",
                "core_count": 1,
                "threads_per_core": 1
              }
            ],
            "cpu_threads_per_core": 1,
            "credit_specification": [
              {
                "cpu_credits": "standard"
              }
            ],
            "disable_api_stop": false,
            "disable_api_termination": false,
            "ebs_block_device": [],
            "ebs_optimized": false,
            "enable_primary_ipv6": null,
            "enclave_options": [
              {
                "enabled": false
              }
            ],
            "ephemeral_block_device": [],
            "get_password_data": false,
            "hibernation": false,
            "host_id": "",
            "host_resource_group_arn": null,
            "iam_instance_profile": "",
            "id": "i-0e56edd4e15dd687f",
            "instance_initiated_shutdown_behavior": "stop",
            "instance_lifecycle": "",
            "instance_market_options": [],
            "instance_state": "running",
            "instance_type": "t2.micro",
            "ipv6_address_count": 0,
            "ipv6_addresses": [],
            "key_name": "",
            "launch_template": [],
            "maintenance_options": [
              {
                "auto_recovery": "default"
              }
            ],
            "metadata_options": [
              {
                "http_endpoint": "enabled",
                "http_protocol_ipv6": "disabled",
                "http_put_response_hop_limit": 2,
                "http_tokens": "required",
                "instance_metadata_tags": "disabled"
              }
            ],
            "monitoring": false,
            "network_interface": [],
            "outpost_arn": "",
            "password_data": "",
            "placement_group": "",
            "placement_partition_number": 0,
            "primary_network_interface_id": "eni-04dabb095dcbf1f7a",
            "private_dns": "ip-10-0-102-201.ec2.internal",
            "private_dns_name_options": [
              {
                "enable_resource_name_dns_a_record": false,
                "enable_resource_name_dns_aaaa_record": false,
                "hostname_type": "ip-name"
              }
            ],
            "private_ip": "10.0.102.201",
            "public_dns": "",
            "public_ip": "",
            "root_block_device": [
              {
                "delete_on_termination": true,
                "device_name": "/dev/xvda",
                "encrypted": false,
                "iops": 3000,
                "kms_key_id": "",
                "tags": {},
                "tags_all": {},
                "throughput": 125,
                "volume_id": "vol-0ce96f9f2c558e866",
                "volume_size": 8,
                "volume_type": "gp3"
              }
            ],
            "secondary_private_ips": [],
            "security_groups": [],
            "source_dest_check": true,
            "spot_instance_request_id": "",
            "subnet_id": "subnet-05271d7334a8c5c76",
            "tags": {
              "CostCenter": "IT",
              "CreatedDate": "2025-07-03",
              "Environment": "dev",
              "ManagedBy": "terraform",
              "Name": "villa-alfredo-dev-ec2-zone-b",
              "Owner": "DevOps Team",
              "Project": "VillaAlfredo",
              "ProjectName": "villa-alfredo",
              "Region": "us-east-1",
              "Subnet": "10.0.102.0/24",
              "Team": "Infrastructure",
              "Type": "Fixed",
              "Zone": "us-east-1b"
            },
            "tags_all": {
              "CostCenter": "IT",
              "CreatedDate": "2025-07-03",
              "Environment": "dev",
              "ManagedBy": "terraform",
              "Name": "villa-alfredo-dev-ec2-zone-b",
              "Owner": "DevOps Team",
              "Project": "VillaAlfredo",
              "ProjectName": "villa-alfredo",
              "Region": "us-east-1",
              "Subnet": "10.0.102.0/24",
              "Team": "Infrastructure",
              "Type": "Fixed",
              "Zone": "us-east-1b"
            },
            "tenancy": "default",
            "timeouts": null,
            "user_data": "047097b65ecee54f4089c0e8f9e5fbe82b4800bc",
            "user_data_base64": null,
            "user_data_replace_on_change": false,
            "volume_tags": null,
            "vpc_security_group_ids": [
              "sg-0908795a661732915"
            ]
          },
          "sensitive_attributes": [],
          "identity_schema_version": 0,
          "private": "eyJlMmJmYjczMC1lY2FhLTExZTYtOGY4OC0zNDM2M2JjN2M0YzAiOnsiY3JlYXRlIjo2MDAwMDAwMDAwMDAsImRlbGV0ZSI6MTIwMDAwMDAwMDAwMCwicmVhZCI6OTAwMDAwMDAwMDAwLCJ1cGRhdGUiOjYwMDAwMDAwMDAwMH0sInNjaGVtYV92ZXJzaW9uIjoiMSJ9",
          "dependencies": [
            "module.alb.aws_lb.main",
            "module.alb.aws_lb_listener.main",
            "module.alb.aws_lb_target_group.ec2_targets",
            "module.alb.aws_lb_target_group_attachment.ec2_targets",
            "module.alb.aws_s3_bucket.alb_logs",
            "module.alb.aws_s3_bucket_policy.alb_logs",
            "module.alb.aws_s3_bucket_public_access_block.alb_logs",
            "module.alb.data.aws_elb_service_account.main",
            "module.alb.random_string.alb_suffix",
            "module.security.aws_security_group.alb",
            "module.security.aws_security_group.ec2_instances",
            "module.security.aws_security_group.vpc_endpoints",
            "module.security.aws_security_group_rule.alb_http_egress",
            "module.security.aws_security_group_rule.alb_https_egress",
            "module.security.aws_security_group_rule.alb_https_ingress",
            "module.security.aws_security_group_rule.alb_to_ec2_http",
            "module.security.aws_security_group_rule.alb_to_ec2_https",
            "module.security.aws_security_group_rule.ec2_http_from_alb",
            "module.security.aws_security_group_rule.ec2_https_egress_vpc_endpoints",
            "module.security.aws_security_group_rule.ec2_https_from_alb",
            "module.security.aws_security_group_rule.ec2_mysql_egress",
            "module.security.aws_security_group_rule.vpc_endpoints_https_egress",
            "module.security.aws_security_group_rule.vpc_endpoints_https_ingress",
            "module.vpc.aws_subnet.private",
            "module.vpc.aws_subnet.public",
            "module.vpc.aws_vpc.main",
            "module.vpc.data.aws_availability_zones.available"
          ]
        }
      ]
    },
    {
      "module": "module.compute",
      "mode": "managed",
      "type": "aws_launch_template",
      "name": "asg_launch_template",
      "provider": "provider[\"registry.terraform.io/hashicorp/aws\"]",
      "instances": [
        {
          "schema_version": 0,
          "attributes": {
            "arn": "arn:aws:ec2:us-east-1:029729714951:launch-template/lt-019722c88399ed694",
            "block_device_mappings": [
              {
                "device_name": "/dev/xvda",
                "ebs": [
                  {
                    "delete_on_termination": "true",
                    "encrypted": "true",
                    "iops": 0,
                    "kms_key_id": "",
                    "snapshot_id": "",
                    "throughput": 0,
                    "volume_initialization_rate": 0,
                    "volume_size": 20,
                    "volume_type": "gp3"
                  }
                ],
                "no_device": "",
                "virtual_name": ""
              }
            ],
            "capacity_reservation_specification": [],
            "cpu_options": [],
            "credit_specification": [],
            "default_version": 1,
            "description": "",
            "disable_api_stop": false,
            "disable_api_termination": false,
            "ebs_optimized": "",
            "elastic_gpu_specifications": [],
            "elastic_inference_accelerator": [],
            "enclave_options": [],
            "hibernation_options": [],
            "iam_instance_profile": [],
            "id": "lt-019722c88399ed694",
            "image_id": "ami-05ffe3c48a9991133",
            "instance_initiated_shutdown_behavior": "",
            "instance_market_options": [],
            "instance_requirements": [],
            "instance_type": "t2.micro",
            "kernel_id": "",
            "key_name": "",
            "latest_version": 1,
            "license_specification": [],
            "maintenance_options": [],
            "metadata_options": [
              {
                "http_endpoint": "enabled",
                "http_protocol_ipv6": "disabled",
                "http_put_response_hop_limit": 1,
                "http_tokens": "required",
                "instance_metadata_tags": "enabled"
              }
            ],
            "monitoring": [
              {
                "enabled": false
              }
            ],
            "name": "villa-alfredo-dev-asg-20250703065035926600000011",
            "name_prefix": "villa-alfredo-dev-asg-",
            "network_interfaces": [
              {
                "associate_carrier_ip_address": "",
                "associate_public_ip_address": "false",
                "connection_tracking_specification": [],
                "delete_on_termination": "true",
                "description": "",
                "device_index": 0,
                "ena_srd_specification": [],
                "interface_type": "",
                "ipv4_address_count": 0,
                "ipv4_addresses": [],
                "ipv4_prefix_count": 0,
                "ipv4_prefixes": [],
                "ipv6_address_count": 0,
                "ipv6_addresses": [],
                "ipv6_prefix_count": 0,
                "ipv6_prefixes": [],
                "network_card_index": 0,
                "network_interface_id": "",
                "primary_ipv6": "",
                "private_ip_address": "",
                "security_groups": [
                  "sg-0908795a661732915"
                ],
                "subnet_id": ""
              }
            ],
            "placement": [],
            "private_dns_name_options": [],
            "ram_disk_id": "",
            "security_group_names": [],
            "tag_specifications": [
              {
                "resource_type": "instance",
                "tags": {
                  "CostCenter": "IT",
                  "CreatedDate": "2025-07-03",
                  "Environment": "dev",
                  "LaunchedBy": "AutoScaling",
                  "ManagedBy": "terraform",
                  "Name": "villa-alfredo-dev-asg-instance",
                  "Owner": "DevOps Team",
                  "Project": "VillaAlfredo",
                  "ProjectName": "villa-alfredo",
                  "Region": "us-east-1",
                  "Team": "Infrastructure",
                  "Type": "AutoScaled"
                }
              },
              {
                "resource_type": "volume",
                "tags": {
                  "CostCenter": "IT",
                  "CreatedDate": "2025-07-03",
                  "Environment": "dev",
                  "ManagedBy": "terraform",
                  "Name": "villa-alfredo-dev-asg-volume",
                  "Owner": "DevOps Team",
                  "Project": "VillaAlfredo",
                  "ProjectName": "villa-alfredo",
                  "Region": "us-east-1",
                  "Team": "Infrastructure"
                }
              }
            ],
            "tags": {
              "CostCenter": "IT",
              "CreatedDate": "2025-07-03",
              "Environment": "dev",
              "ManagedBy": "terraform",
              "Name": "villa-alfredo-dev-asg-launch-template",
              "Owner": "DevOps Team",
              "Project": "VillaAlfredo",
              "ProjectName": "villa-alfredo",
              "Region": "us-east-1",
              "Team": "Infrastructure"
            },
            "tags_all": {
              "CostCenter": "IT",
              "CreatedDate": "2025-07-03",
              "Environment": "dev",
              "ManagedBy": "terraform",
              "Name": "villa-alfredo-dev-asg-launch-template",
              "Owner": "DevOps Team",
              "Project": "VillaAlfredo",
              "ProjectName": "villa-alfredo",
              "Region": "us-east-1",
              "Team": "Infrastructure"
            },
            "update_default_version": null,
            "user_data": "IyEvYmluL2Jhc2gKCiMgVXBkYXRlIHRoZSBzeXN0ZW0Kc3VkbyB5dW0gdXBkYXRlIC15CgojIEluc3RhbGwgcmVxdWlyZWQgcGFja2FnZXMKc3VkbyB5dW0gaW5zdGFsbCAteSBhd3NjbGkgaHRvcCB0cmVlCgojIEluc3RhbGwgQ2xvdWRXYXRjaCBBZ2VudApzdWRvIHl1bSBpbnN0YWxsIC15IGFtYXpvbi1jbG91ZHdhdGNoLWFnZW50CgojIENvbmZpZ3VyZSBBV1MgQ0xJIHJlZ2lvbgplY2hvICJbZGVmYXVsdF0iID4gL2hvbWUvZWMyLXVzZXIvLmF3cy9jb25maWcKZWNobyAicmVnaW9uID0gdXMtZWFzdC0xIiA+PiAvaG9tZS9lYzItdXNlci8uYXdzL2NvbmZpZwplY2hvICJvdXRwdXQgPSBqc29uIiA+PiAvaG9tZS9lYzItdXNlci8uYXdzL2NvbmZpZwpjaG93biBlYzItdXNlcjplYzItdXNlciAvaG9tZS9lYzItdXNlci8uYXdzL2NvbmZpZwoKIyBDcmVhdGUgUzMgdGVzdCBzY3JpcHQgZm9yIFZQQyBlbmRwb2ludCB2YWxpZGF0aW9uCmNhdCA+IC9ob21lL2VjMi11c2VyL3Rlc3QtczMtYWNjZXNzLnNoIDw8ICdFT0YnCiMhL2Jpbi9iYXNoCmVjaG8gIj09PSBUZXN0aW5nIFMzIFZQQyBFbmRwb2ludCBBY2Nlc3MgPT09IgplY2hvICJEYXRlOiAkKGRhdGUpIgplY2hvICIiCgojIFRlc3QgYmFzaWMgUzMgY29ubmVjdGl2aXR5CmVjaG8gIjEuIFRlc3RpbmcgUzMgY29ubmVjdGl2aXR5IHZpYSBWUEMgZW5kcG9pbnQuLi4iCmF3cyBzMyBscyAtLXJlZ2lvbiB1cy1lYXN0LTEgMj4mMQppZiBbICQ/IC1lcSAwIF07IHRoZW4KICAgIGVjaG8gIuKckyBTMyBjb25uZWN0aXZpdHkgd29ya2luZyIKZWxzZQogICAgZWNobyAi4pyXIFMzIGNvbm5lY3Rpdml0eSBmYWlsZWQiCmZpCgplY2hvICIiCmVjaG8gIjIuIFZQQyBFbmRwb2ludCByb3V0aW5nIGNoZWNrLi4uIgojIENoZWNrIGlmIFMzIHRyYWZmaWMgZ29lcyB0aHJvdWdoIFZQQyBlbmRwb2ludCAobm8gaW50ZXJuZXQpCnRyYWNlcm91dGUgLW4gczMuYW1hem9uYXdzLmNvbSAyPi9kZXYvbnVsbCB8IGhlYWQgLTUKCmVjaG8gIiIKZWNobyAiMy4gQ2hlY2tpbmcgUzMgYnVja2V0IGFjY2VzcyAod2lsbCBiZSBhdmFpbGFibGUgYWZ0ZXIgZGVwbG95bWVudCkuLi4iCiMgVGhpcyB3aWxsIGJlIHBvcHVsYXRlZCB3aXRoIGFjdHVhbCBidWNrZXQgbmFtZSBkdXJpbmcgZGVwbG95bWVudAppZiBbICEgLXogIiRTM19CVUNLRVRfTkFNRSIgXTsgdGhlbgogICAgYXdzIHMzIGxzIHMzOi8vJFMzX0JVQ0tFVF9OQU1FLyAyPiYxCmVsc2UKICAgIGVjaG8gIkJ1Y2tldCBuYW1lIG5vdCB5ZXQgY29uZmlndXJlZCIKZmkKCmVjaG8gIiIKZWNobyAiPT09IFRlc3QgY29tcGxldGVkID09PSIKRU9GCgpjaG1vZCAreCAvaG9tZS9lYzItdXNlci90ZXN0LXMzLWFjY2Vzcy5zaApjaG93biBlYzItdXNlcjplYzItdXNlciAvaG9tZS9lYzItdXNlci90ZXN0LXMzLWFjY2Vzcy5zaAoKIyBDcmVhdGUgc2FtcGxlIHVwbG9hZCBzY3JpcHQgZm9yIFMzCmNhdCA+IC9ob21lL2VjMi11c2VyL3VwbG9hZC10by1zMy5zaCA8PCAnRU9GJwojIS9iaW4vYmFzaAppZiBbIC16ICIkMSIgXTsgdGhlbgogICAgZWNobyAiVXNhZ2U6ICQwIDxmaWxlLXRvLXVwbG9hZD4iCiAgICBlY2hvICJFeGFtcGxlOiAkMCB0ZXN0LWZpbGUudHh0IgogICAgZXhpdCAxCmZpCgppZiBbIC16ICIkUzNfQlVDS0VUX05BTUUiIF07IHRoZW4KICAgIGVjaG8gIkVycm9yOiBTM19CVUNLRVRfTkFNRSBlbnZpcm9ubWVudCB2YXJpYWJsZSBub3Qgc2V0IgogICAgZWNobyAiUGxlYXNlIHNldCBpdCB3aXRoOiBleHBvcnQgUzNfQlVDS0VUX05BTUU9eW91ci1idWNrZXQtbmFtZSIKICAgIGV4aXQgMQpmaQoKRklMRV9UT19VUExPQUQ9IiQxIgppZiBbICEgLWYgIiRGSUxFX1RPX1VQTE9BRCIgXTsgdGhlbgogICAgZWNobyAiRXJyb3I6IEZpbGUgJEZJTEVfVE9fVVBMT0FEIG5vdCBmb3VuZCIKICAgIGV4aXQgMQpmaQoKZWNobyAiVXBsb2FkaW5nICRGSUxFX1RPX1VQTE9BRCB0byBTMyBidWNrZXQgJFMzX0JVQ0tFVF9OQU1FLi4uIgphd3MgczMgY3AgIiRGSUxFX1RPX1VQTE9BRCIgInMzOi8vJFMzX0JVQ0tFVF9OQU1FLyIgLS1yZWdpb24gdXMtZWFzdC0xCgppZiBbICQ/IC1lcSAwIF07IHRoZW4KICAgIGVjaG8gIuKckyBGaWxlIHVwbG9hZGVkIHN1Y2Nlc3NmdWxseSIKICAgIGVjaG8gIkZpbGUgVVJMOiBodHRwczovLyRTM19CVUNLRVRfTkFNRS5zMy5hbWF6b25hd3MuY29tLyQoYmFzZW5hbWUgJEZJTEVfVE9fVVBMT0FEKSIKZWxzZQogICAgZWNobyAi4pyXIFVwbG9hZCBmYWlsZWQiCmZpCkVPRgoKY2htb2QgK3ggL2hvbWUvZWMyLXVzZXIvdXBsb2FkLXRvLXMzLnNoCmNob3duIGVjMi11c2VyOmVjMi11c2VyIC9ob21lL2VjMi11c2VyL3VwbG9hZC10by1zMy5zaAoKIyBDcmVhdGUgYSBzaW1wbGUgd2ViIHNlcnZlcgpzdWRvIHl1bSBpbnN0YWxsIC15IGh0dHBkIHBocApzdWRvIHN5c3RlbWN0bCBlbmFibGUgaHR0cGQKc3VkbyBzeXN0ZW1jdGwgc3RhcnQgaHR0cGQKCiMgQ3JlYXRlIEFQSSBlbmRwb2ludHMgZm9yIGJhY2tlbmQgY29tbXVuaWNhdGlvbgpzdWRvIG1rZGlyIC1wIC92YXIvd3d3L2h0bWwvYXBpCgojIENyZWF0ZSBzaW1wbGUgSGVsbG8gV29ybGQgQVBJIGVuZHBvaW50CmNhdCA+IC92YXIvd3d3L2h0bWwvYXBpL2hlbGxvLnBocCA8PCAnRU9GJwo8P3BocApoZWFkZXIoJ0NvbnRlbnQtVHlwZTogYXBwbGljYXRpb24vanNvbicpOwpoZWFkZXIoJ0FjY2Vzcy1Db250cm9sLUFsbG93LU9yaWdpbjogKicpOwpoZWFkZXIoJ0FjY2Vzcy1Db250cm9sLUFsbG93LU1ldGhvZHM6IEdFVCwgUE9TVCwgT1BUSU9OUycpOwpoZWFkZXIoJ0FjY2Vzcy1Db250cm9sLUFsbG93LUhlYWRlcnM6IENvbnRlbnQtVHlwZScpOwoKLy8gR2V0IGluc3RhbmNlIG1ldGFkYXRhCiRpbnN0YW5jZV9pZCA9IGZpbGVfZ2V0X2NvbnRlbnRzKCdodHRwOi8vMTY5LjI1NC4xNjkuMjU0L2xhdGVzdC9tZXRhLWRhdGEvaW5zdGFuY2UtaWQnKTsKJGF2YWlsYWJpbGl0eV96b25lID0gZmlsZV9nZXRfY29udGVudHMoJ2h0dHA6Ly8xNjkuMjU0LjE2OS4yNTQvbGF0ZXN0L21ldGEtZGF0YS9wbGFjZW1lbnQvYXZhaWxhYmlsaXR5LXpvbmUnKTsKJHByaXZhdGVfaXAgPSBmaWxlX2dldF9jb250ZW50cygnaHR0cDovLzE2OS4yNTQuMTY5LjI1NC9sYXRlc3QvbWV0YS1kYXRhL2xvY2FsLWlwdjQnKTsKCiRyZXNwb25zZSA9IGFycmF5KAogICAgJ21lc3NhZ2UnID0+ICdIZWxsbyBXb3JsZCBmcm9tIFZpbGxhIEFsZnJlZG8gRUMyIScsCiAgICAnc3RhdHVzJyA9PiAnc3VjY2VzcycsCiAgICAnaW5zdGFuY2VfaW5mbycgPT4gYXJyYXkoCiAgICAgICAgJ2luc3RhbmNlX2lkJyA9PiB0cmltKCRpbnN0YW5jZV9pZCksCiAgICAgICAgJ2F2YWlsYWJpbGl0eV96b25lJyA9PiB0cmltKCRhdmFpbGFiaWxpdHlfem9uZSksCiAgICAgICAgJ3ByaXZhdGVfaXAnID0+IHRyaW0oJHByaXZhdGVfaXApCiAgICApLAogICAgJ3RpbWVzdGFtcCcgPT4gZGF0ZSgnYycpLAogICAgJ3VwdGltZScgPT4gc2hlbGxfZXhlYygndXB0aW1lIC1zJykKKTsKCmVjaG8ganNvbl9lbmNvZGUoJHJlc3BvbnNlLCBKU09OX1BSRVRUWV9QUklOVCk7Cj8+CkVPRgoKIyBDcmVhdGUgaGVhbHRoIGNoZWNrIGVuZHBvaW50CmNhdCA+IC92YXIvd3d3L2h0bWwvaGVhbHRoLnBocCA8PCAnRU9GJwo8P3BocApoZWFkZXIoJ0NvbnRlbnQtVHlwZTogYXBwbGljYXRpb24vanNvbicpOwpoZWFkZXIoJ0FjY2Vzcy1Db250cm9sLUFsbG93LU9yaWdpbjogKicpOwoKJHJlc3BvbnNlID0gYXJyYXkoCiAgICAnc3RhdHVzJyA9PiAnaGVhbHRoeScsCiAgICAndGltZXN0YW1wJyA9PiBkYXRlKCdjJyksCiAgICAndXB0aW1lJyA9PiB0cmltKHNoZWxsX2V4ZWMoJ3VwdGltZSAtcycpKSwKICAgICdsb2FkX2F2ZXJhZ2UnID0+IHN5c19nZXRsb2FkYXZnKCksCiAgICAnZGlza191c2FnZScgPT4gc2hlbGxfZXhlYygiZGYgLWggLyB8IGF3ayAnTlI9PTJ7cHJpbnQgJDV9JyIpCik7CgplY2hvIGpzb25fZW5jb2RlKCRyZXNwb25zZSwgSlNPTl9QUkVUVFlfUFJJTlQpOwo/PgpFT0YKCiMgQ29uZmlndXJlIEFwYWNoZSB0byBoYW5kbGUgLnBocCBmaWxlcyBhbmQgQVBJIHJvdXRlcwpjYXQgPiAvZXRjL2h0dHBkL2NvbmYuZC9hcGkuY29uZiA8PCAnRU9GJwo8RGlyZWN0b3J5ICIvdmFyL3d3dy9odG1sL2FwaSI+CiAgICBPcHRpb25zIEluZGV4ZXMgRm9sbG93U3ltTGlua3MKICAgIEFsbG93T3ZlcnJpZGUgQWxsCiAgICBSZXF1aXJlIGFsbCBncmFudGVkCjwvRGlyZWN0b3J5PgoKIyBSZXdyaXRlIHJ1bGVzIGZvciBjbGVhbmVyIEFQSSBVUkxzCjxJZk1vZHVsZSBtb2RfcmV3cml0ZS5jPgogICAgUmV3cml0ZUVuZ2luZSBPbgogICAgUmV3cml0ZUNvbmQgJXtSRVFVRVNUX0ZJTEVOQU1FfSAhLWYKICAgIFJld3JpdGVDb25kICV7UkVRVUVTVF9GSUxFTkFNRX0gIS1kCiAgICBSZXdyaXRlUnVsZSBeYXBpL2hlbGxvJCAvYXBpL2hlbGxvLnBocCBbTF0KICAgIFJld3JpdGVSdWxlIF5oZWFsdGgkIC9oZWFsdGgucGhwIFtMXQo8L0lmTW9kdWxlPgpFT0YKCiMgRW5hYmxlIG1vZF9yZXdyaXRlCnN1ZG8gc3lzdGVtY3RsIHJlc3RhcnQgaHR0cGQKCiMgQ3JlYXRlIGEgc2ltcGxlIEhUTUwgcGFnZSB3aXRoIGluc3RhbmNlIGluZm9ybWF0aW9uCklOU1RBTkNFX0lEPSQoY3VybCAtcyBodHRwOi8vMTY5LjI1NC4xNjkuMjU0L2xhdGVzdC9tZXRhLWRhdGEvaW5zdGFuY2UtaWQpCkFWQUlMQUJJTElUWV9aT05FPSQoY3VybCAtcyBodHRwOi8vMTY5LjI1NC4xNjkuMjU0L2xhdGVzdC9tZXRhLWRhdGEvcGxhY2VtZW50L2F2YWlsYWJpbGl0eS16b25lKQpQUklWQVRFX0lQPSQoY3VybCAtcyBodHRwOi8vMTY5LjI1NC4xNjkuMjU0L2xhdGVzdC9tZXRhLWRhdGEvbG9jYWwtaXB2NCkKCmNhdCA+IC92YXIvd3d3L2h0bWwvaW5kZXguaHRtbCA8PCBFT0YKPCFET0NUWVBFIGh0bWw+CjxodG1sPgo8aGVhZD4KICAgIDx0aXRsZT5WaWxsYSBBbGZyZWRvIC0gRUMyIEluc3RhbmNlPC90aXRsZT4KICAgIDxzdHlsZT4KICAgICAgICBib2R5IHsgZm9udC1mYW1pbHk6IEFyaWFsLCBzYW5zLXNlcmlmOyBtYXJnaW46IDQwcHg7IH0KICAgICAgICAuY29udGFpbmVyIHsgbWF4LXdpZHRoOiA4MDBweDsgbWFyZ2luOiAwIGF1dG87IH0KICAgICAgICAuaW5mby1ib3ggeyBiYWNrZ3JvdW5kOiAjZjVmNWY1OyBwYWRkaW5nOiAyMHB4OyBib3JkZXItcmFkaXVzOiA4cHg7IG1hcmdpbjogMjBweCAwOyB9CiAgICAgICAgaDEgeyBjb2xvcjogIzMzMzsgfQogICAgICAgIC5zdGF0dXMgeyBjb2xvcjogIzI3YWU2MDsgZm9udC13ZWlnaHQ6IGJvbGQ7IH0KICAgIDwvc3R5bGU+CjwvaGVhZD4KPGJvZHk+CiAgICA8ZGl2IGNsYXNzPSJjb250YWluZXIiPgogICAgICAgIDxoMT7wn4+gIFZpbGxhIEFsZnJlZG8gLSBJbmZyYXN0cnVjdHVyZTwvaDE+CiAgICAgICAgPGRpdiBjbGFzcz0iaW5mby1ib3giPgogICAgICAgICAgICA8aDM+SW5zdGFuY2UgSW5mb3JtYXRpb248L2gzPgogICAgICAgICAgICA8cD48c3Ryb25nPkluc3RhbmNlIElEOjwvc3Ryb25nPiAkSU5TVEFOQ0VfSUQ8L3A+CiAgICAgICAgICAgIDxwPjxzdHJvbmc+QXZhaWxhYmlsaXR5IFpvbmU6PC9zdHJvbmc+ICRBVkFJTEFCSUxJVFlfWk9ORTwvcD4KICAgICAgICAgICAgPHA+PHN0cm9uZz5Qcml2YXRlIElQOjwvc3Ryb25nPiAkUFJJVkFURV9JUDwvcD4KICAgICAgICAgICAgPHA+PHN0cm9uZz5TdGF0dXM6PC9zdHJvbmc+IDxzcGFuIGNsYXNzPSJzdGF0dXMiPlJ1bm5pbmcg4pyTPC9zcGFuPjwvcD4KICAgICAgICA8L2Rpdj4KICAgICAgICA8ZGl2IGNsYXNzPSJpbmZvLWJveCI+CiAgICAgICAgICAgIDxoMz5WUEMgRW5kcG9pbnRzIENvbmZpZ3VyYXRpb248L2gzPgogICAgICAgICAgICA8cD7inJMgUzMgVlBDIEVuZHBvaW50IGNvbmZpZ3VyZWQgZm9yIHByaXZhdGUgYWNjZXNzPC9wPgogICAgICAgICAgICA8cD7inJMgQ2xvdWRXYXRjaCBWUEMgRW5kcG9pbnQgY29uZmlndXJlZCBmb3IgbW9uaXRvcmluZzwvcD4KICAgICAgICAgICAgPHA+4pyTIE5BVCBHYXRld2F5IGNvbmZpZ3VyZWQgZm9yIGludGVybmV0IGFjY2VzczwvcD4KICAgICAgICA8L2Rpdj4KICAgICAgICA8ZGl2IGNsYXNzPSJpbmZvLWJveCI+CiAgICAgICAgICAgIDxoMz5TMyBJbnRlZ3JhdGlvbjwvaDM+CiAgICAgICAgICAgIDxwPuKckyBBV1MgQ0xJIGNvbmZpZ3VyZWQgZm9yIFMzIGFjY2VzcyB2aWEgVlBDIGVuZHBvaW50PC9wPgogICAgICAgICAgICA8cD7inJMgUzMgYWNjZXNzIHNjcmlwdHMgYXZhaWxhYmxlIGluIC9ob21lL2VjMi11c2VyLzwvcD4KICAgICAgICAgICAgPHA+4oCiIHRlc3QtczMtYWNjZXNzLnNoIC0gVGVzdCBWUEMgZW5kcG9pbnQgY29ubmVjdGl2aXR5PC9wPgogICAgICAgICAgICA8cD7igKIgdXBsb2FkLXRvLXMzLnNoIC0gVXBsb2FkIGZpbGVzIHRvIFMzIGJ1Y2tldDwvcD4KICAgICAgICA8L2Rpdj4KICAgICAgICA8ZGl2IGNsYXNzPSJpbmZvLWJveCI+CiAgICAgICAgICAgIDxoMz5BcmNoaXRlY3R1cmUgRmxvdzwvaDM+CiAgICAgICAgICAgIDxwPjxzdHJvbmc+VG8gUzM6PC9zdHJvbmc+IEVDMiDihpIgVlBDIEVuZHBvaW50IOKGkiBTMzwvcD4KICAgICAgICAgICAgPHA+PHN0cm9uZz5UbyBVc2Vyczo8L3N0cm9uZz4gUzMg4oaSIENsb3VkRnJvbnQg4oaSIEdsb2JhbCBVc2VyczwvcD4KICAgICAgICAgICAgPHA+PHN0cm9uZz5BUElzOjwvc3Ryb25nPiBFQzIg4oaSIEFMQiDihpIgQVBJIEdhdGV3YXkg4oaSIENsb3VkRnJvbnQg4oaSIFVzZXJzPC9wPgogICAgICAgIDwvZGl2PgogICAgPC9kaXY+CjwvYm9keT4KPC9odG1sPgpFT0YKCiMgVGVzdCBWUEMgZW5kcG9pbnRzIGNvbm5lY3Rpdml0eQplY2hvICI9PT0gVlBDIEVuZHBvaW50cyBDb25uZWN0aXZpdHkgVGVzdCA9PT0iID4+IC92YXIvbG9nL3ZwYy1lbmRwb2ludC10ZXN0LmxvZwplY2hvICJEYXRlOiAkKGRhdGUpIiA+PiAvdmFyL2xvZy92cGMtZW5kcG9pbnQtdGVzdC5sb2cKCmVjaG8gIlRlc3RpbmcgUzMgVlBDIGVuZHBvaW50Li4uIiA+PiAvdmFyL2xvZy92cGMtZW5kcG9pbnQtdGVzdC5sb2cKYXdzIHMzIGxzIC0tcmVnaW9uIHVzLWVhc3QtMSA+PiAvdmFyL2xvZy92cGMtZW5kcG9pbnQtdGVzdC5sb2cgMj4mMQpTM19SRVNVTFQ9JD8KCmVjaG8gIlRlc3RpbmcgQ2xvdWRXYXRjaCBMb2dzIFZQQyBlbmRwb2ludC4uLiIgPj4gL3Zhci9sb2cvdnBjLWVuZHBvaW50LXRlc3QubG9nCmF3cyBsb2dzIGRlc2NyaWJlLWxvZy1ncm91cHMgLS1yZWdpb24gdXMtZWFzdC0xIC0tbWF4LWl0ZW1zIDEgPj4gL3Zhci9sb2cvdnBjLWVuZHBvaW50LXRlc3QubG9nIDI+JjEKQ1dfUkVTVUxUPSQ/CgplY2hvICJUZXN0aW5nIENsb3VkV2F0Y2ggTW9uaXRvcmluZyBWUEMgZW5kcG9pbnQuLi4iID4+IC92YXIvbG9nL3ZwYy1lbmRwb2ludC10ZXN0LmxvZwphd3MgY2xvdWR3YXRjaCBsaXN0LW1ldHJpY3MgLS1yZWdpb24gdXMtZWFzdC0xIC0tbWF4LXJlY29yZHMgMSA+PiAvdmFyL2xvZy92cGMtZW5kcG9pbnQtdGVzdC5sb2cgMj4mMQpDV01fUkVTVUxUPSQ/CgplY2hvICI9PT0gVGVzdCBSZXN1bHRzID09PSIgPj4gL3Zhci9sb2cvdnBjLWVuZHBvaW50LXRlc3QubG9nCmVjaG8gIlMzIFZQQyBFbmRwb2ludDogJChbICRTM19SRVNVTFQgLWVxIDAgXSAmJiBlY2hvICdTVUNDRVNTJyB8fCBlY2hvICdGQUlMRUQnKSIgPj4gL3Zhci9sb2cvdnBjLWVuZHBvaW50LXRlc3QubG9nCmVjaG8gIkNsb3VkV2F0Y2ggTG9ncyBWUEMgRW5kcG9pbnQ6ICQoWyAkQ1dfUkVTVUxUIC1lcSAwIF0gJiYgZWNobyAnU1VDQ0VTUycgfHwgZWNobyAnRkFJTEVEJykiID4+IC92YXIvbG9nL3ZwYy1lbmRwb2ludC10ZXN0LmxvZwplY2hvICJDbG91ZFdhdGNoIE1vbml0b3JpbmcgVlBDIEVuZHBvaW50OiAkKFsgJENXTV9SRVNVTFQgLWVxIDAgXSAmJiBlY2hvICdTVUNDRVNTJyB8fCBlY2hvICdGQUlMRUQnKSIgPj4gL3Zhci9sb2cvdnBjLWVuZHBvaW50LXRlc3QubG9nCgojIFJ1biB0aGUgUzMgdGVzdCBzY3JpcHQKZWNobyAiUnVubmluZyBTMyBhY2Nlc3MgdGVzdC4uLiIgPj4gL3Zhci9sb2cvdnBjLWVuZHBvaW50LXRlc3QubG9nCi9ob21lL2VjMi11c2VyL3Rlc3QtczMtYWNjZXNzLnNoID4+IC92YXIvbG9nL3ZwYy1lbmRwb2ludC10ZXN0LmxvZyAyPiYxCgojIENvbmZpZ3VyZSBDbG91ZFdhdGNoIEFnZW50IGZvciBiYXNpYyBtb25pdG9yaW5nCmNhdCA+IC9vcHQvYXdzL2FtYXpvbi1jbG91ZHdhdGNoLWFnZW50L2V0Yy9hbWF6b24tY2xvdWR3YXRjaC1hZ2VudC5qc29uIDw8IEVPRgp7CiAgICAibWV0cmljcyI6IHsKICAgICAgICAibmFtZXNwYWNlIjogIkNXQWdlbnQiLAogICAgICAgICJtZXRyaWNzX2NvbGxlY3RlZCI6IHsKICAgICAgICAgICAgImNwdSI6IHsKICAgICAgICAgICAgICAgICJtZWFzdXJlbWVudCI6IFsiY3B1X3VzYWdlX2lkbGUiLCAiY3B1X3VzYWdlX2lvd2FpdCIsICJjcHVfdXNhZ2VfdXNlciIsICJjcHVfdXNhZ2Vfc3lzdGVtIl0sCiAgICAgICAgICAgICAgICAibWV0cmljc19jb2xsZWN0aW9uX2ludGVydmFsIjogNjAsCiAgICAgICAgICAgICAgICAidG90YWxjcHUiOiBmYWxzZQogICAgICAgICAgICB9LAogICAgICAgICAgICAiZGlzayI6IHsKICAgICAgICAgICAgICAgICJtZWFzdXJlbWVudCI6IFsidXNlZF9wZXJjZW50Il0sCiAgICAgICAgICAgICAgICAibWV0cmljc19jb2xsZWN0aW9uX2ludGVydmFsIjogNjAsCiAgICAgICAgICAgICAgICAicmVzb3VyY2VzIjogWyIqIl0KICAgICAgICAgICAgfSwKICAgICAgICAgICAgImRpc2tpbyI6IHsKICAgICAgICAgICAgICAgICJtZWFzdXJlbWVudCI6IFsiaW9fdGltZSJdLAogICAgICAgICAgICAgICAgIm1ldHJpY3NfY29sbGVjdGlvbl9pbnRlcnZhbCI6IDYwLAogICAgICAgICAgICAgICAgInJlc291cmNlcyI6IFsiKiJdCiAgICAgICAgICAgIH0sCiAgICAgICAgICAgICJtZW0iOiB7CiAgICAgICAgICAgICAgICAibWVhc3VyZW1lbnQiOiBbIm1lbV91c2VkX3BlcmNlbnQiXSwKICAgICAgICAgICAgICAgICJtZXRyaWNzX2NvbGxlY3Rpb25faW50ZXJ2YWwiOiA2MAogICAgICAgICAgICB9CiAgICAgICAgfQogICAgfSwKICAgICJsb2dzIjogewogICAgICAgICJsb2dzX2NvbGxlY3RlZCI6IHsKICAgICAgICAgICAgImZpbGVzIjogewogICAgICAgICAgICAgICAgImNvbGxlY3RfbGlzdCI6IFsKICAgICAgICAgICAgICAgICAgICB7CiAgICAgICAgICAgICAgICAgICAgICAgICJmaWxlX3BhdGgiOiAiL3Zhci9sb2cvaHR0cGQvYWNjZXNzX2xvZyIsCiAgICAgICAgICAgICAgICAgICAgICAgICJsb2dfZ3JvdXBfbmFtZSI6ICJ2aWxsYS1hbGZyZWRvLWFwYWNoZS1hY2Nlc3MiLAogICAgICAgICAgICAgICAgICAgICAgICAibG9nX3N0cmVhbV9uYW1lIjogIntpbnN0YW5jZV9pZH0tYXBhY2hlLWFjY2VzcyIKICAgICAgICAgICAgICAgICAgICB9LAogICAgICAgICAgICAgICAgICAgIHsKICAgICAgICAgICAgICAgICAgICAgICAgImZpbGVfcGF0aCI6ICIvdmFyL2xvZy92cGMtZW5kcG9pbnQtdGVzdC5sb2ciLAogICAgICAgICAgICAgICAgICAgICAgICAibG9nX2dyb3VwX25hbWUiOiAidmlsbGEtYWxmcmVkby12cGMtZW5kcG9pbnRzIiwKICAgICAgICAgICAgICAgICAgICAgICAgImxvZ19zdHJlYW1fbmFtZSI6ICJ7aW5zdGFuY2VfaWR9LXZwYy10ZXN0IgogICAgICAgICAgICAgICAgICAgIH0KICAgICAgICAgICAgICAgIF0KICAgICAgICAgICAgfQogICAgICAgIH0KICAgIH0KfQpFT0YKCiMgU3RhcnQgQ2xvdWRXYXRjaCBBZ2VudApzdWRvIC9vcHQvYXdzL2FtYXpvbi1jbG91ZHdhdGNoLWFnZW50L2Jpbi9hbWF6b24tY2xvdWR3YXRjaC1hZ2VudC1jdGwgLWEgZmV0Y2gtY29uZmlnIC1tIGVjMiAtYyBmaWxlOi9vcHQvYXdzL2FtYXpvbi1jbG91ZHdhdGNoLWFnZW50L2V0Yy9hbWF6b24tY2xvdWR3YXRjaC1hZ2VudC5qc29uIC1zCgplY2hvICJVc2VyIGRhdGEgc2NyaXB0IGNvbXBsZXRlZCBzdWNjZXNzZnVsbHkiID4+IC92YXIvbG9nL3VzZXItZGF0YS5sb2c=",
            "vpc_security_group_ids": []
          },
          "sensitive_attributes": [],
          "identity_schema_version": 0,
          "private": "bnVsbA==",
          "dependencies": [
            "module.alb.aws_lb.main",
            "module.alb.aws_lb_listener.main",
            "module.alb.aws_lb_target_group.ec2_targets",
            "module.alb.aws_lb_target_group_attachment.ec2_targets",
            "module.alb.aws_s3_bucket.alb_logs",
            "module.alb.aws_s3_bucket_policy.alb_logs",
            "module.alb.aws_s3_bucket_public_access_block.alb_logs",
            "module.alb.data.aws_elb_service_account.main",
            "module.alb.random_string.alb_suffix",
            "module.security.aws_security_group.alb",
            "module.security.aws_security_group.ec2_instances",
            "module.security.aws_security_group.vpc_endpoints",
            "module.security.aws_security_group_rule.alb_http_egress",
            "module.security.aws_security_group_rule.alb_https_egress",
            "module.security.aws_security_group_rule.alb_https_ingress",
            "module.security.aws_security_group_rule.alb_to_ec2_http",
            "module.security.aws_security_group_rule.alb_to_ec2_https",
            "module.security.aws_security_group_rule.ec2_http_from_alb",
            "module.security.aws_security_group_rule.ec2_https_egress_vpc_endpoints",
            "module.security.aws_security_group_rule.ec2_https_from_alb",
            "module.security.aws_security_group_rule.ec2_mysql_egress",
            "module.security.aws_security_group_rule.vpc_endpoints_https_egress",
            "module.security.aws_security_group_rule.vpc_endpoints_https_ingress",
            "module.vpc.aws_subnet.private",
            "module.vpc.aws_subnet.public",
            "module.vpc.aws_vpc.main",
            "module.vpc.data.aws_availability_zones.available"
          ]
        }
      ]
    },
    {
      "module": "module.database",
      "mode": "managed",
      "type": "aws_cloudwatch_log_group",
      "name": "mysql_error",
      "provider": "provider[\"registry.terraform.io/hashicorp/aws\"]",
      "instances": [
        {
          "index_key": 0,
          "schema_version": 0,
          "attributes": {
            "arn": "arn:aws:logs:us-east-1:029729714951:log-group:/aws/rds/instance/villa-alfredo-mysql-db/error",
            "id": "/aws/rds/instance/villa-alfredo-mysql-db/error",
            "kms_key_id": "",
            "log_group_class": "STANDARD",
            "name": "/aws/rds/instance/villa-alfredo-mysql-db/error",
            "name_prefix": "",
            "retention_in_days": 30,
            "skip_destroy": false,
            "tags": {
              "CostCenter": "IT",
              "CreatedDate": "2025-07-03",
              "Environment": "dev",
              "ManagedBy": "terraform",
              "Name": "villa-alfredo-mysql-error-logs",
              "Owner": "DevOps Team",
              "Project": "villa-alfredo",
              "ProjectName": "villa-alfredo",
              "Region": "us-east-1",
              "Team": "Infrastructure"
            },
            "tags_all": {
              "CostCenter": "IT",
              "CreatedDate": "2025-07-03",
              "Environment": "dev",
              "ManagedBy": "terraform",
              "Name": "villa-alfredo-mysql-error-logs",
              "Owner": "DevOps Team",
              "Project": "villa-alfredo",
              "ProjectName": "villa-alfredo",
              "Region": "us-east-1",
              "Team": "Infrastructure"
            }
          },
          "sensitive_attributes": [],
          "identity_schema_version": 0,
          "private": "bnVsbA==",
          "dependencies": [
            "module.database.aws_db_instance.main",
            "module.database.aws_db_parameter_group.main",
            "module.database.aws_db_subnet_group.main",
            "module.database.aws_iam_role.rds_enhanced_monitoring",
            "module.database.aws_security_group.rds",
            "module.vpc.aws_subnet.private",
            "module.vpc.aws_vpc.main",
            "module.vpc.data.aws_availability_zones.available"
          ]
        }
      ]
    },
    {
      "module": "module.database",
      "mode": "managed",
      "type": "aws_cloudwatch_log_group",
      "name": "mysql_general",
      "provider": "provider[\"registry.terraform.io/hashicorp/aws\"]",
      "instances": [
        {
          "index_key": 0,
          "schema_version": 0,
          "attributes": {
            "arn": "arn:aws:logs:us-east-1:029729714951:log-group:/aws/rds/instance/villa-alfredo-mysql-db/general",
            "id": "/aws/rds/instance/villa-alfredo-mysql-db/general",
            "kms_key_id": "",
            "log_group_class": "STANDARD",
            "name": "/aws/rds/instance/villa-alfredo-mysql-db/general",
            "name_prefix": "",
            "retention_in_days": 30,
            "skip_destroy": false,
            "tags": {
              "CostCenter": "IT",
              "CreatedDate": "2025-07-03",
              "Environment": "dev",
              "ManagedBy": "terraform",
              "Name": "villa-alfredo-mysql-general-logs",
              "Owner": "DevOps Team",
              "Project": "villa-alfredo",
              "ProjectName": "villa-alfredo",
              "Region": "us-east-1",
              "Team": "Infrastructure"
            },
            "tags_all": {
              "CostCenter": "IT",
              "CreatedDate": "2025-07-03",
              "Environment": "dev",
              "ManagedBy": "terraform",
              "Name": "villa-alfredo-mysql-general-logs",
              "Owner": "DevOps Team",
              "Project": "villa-alfredo",
              "ProjectName": "villa-alfredo",
              "Region": "us-east-1",
              "Team": "Infrastructure"
            }
          },
          "sensitive_attributes": [],
          "identity_schema_version": 0,
          "private": "bnVsbA==",
          "dependencies": [
            "module.database.aws_db_instance.main",
            "module.database.aws_db_parameter_group.main",
            "module.database.aws_db_subnet_group.main",
            "module.database.aws_iam_role.rds_enhanced_monitoring",
            "module.database.aws_security_group.rds",
            "module.vpc.aws_subnet.private",
            "module.vpc.aws_vpc.main",
            "module.vpc.data.aws_availability_zones.available"
          ]
        }
      ]
    },
    {
      "module": "module.database",
      "mode": "managed",
      "type": "aws_cloudwatch_log_group",
      "name": "mysql_slowquery",
      "provider": "provider[\"registry.terraform.io/hashicorp/aws\"]",
      "instances": [
        {
          "index_key": 0,
          "schema_version": 0,
          "attributes": {
            "arn": "arn:aws:logs:us-east-1:029729714951:log-group:/aws/rds/instance/villa-alfredo-mysql-db/slowquery",
            "id": "/aws/rds/instance/villa-alfredo-mysql-db/slowquery",
            "kms_key_id": "",
            "log_group_class": "STANDARD",
            "name": "/aws/rds/instance/villa-alfredo-mysql-db/slowquery",
            "name_prefix": "",
            "retention_in_days": 30,
            "skip_destroy": false,
            "tags": {
              "CostCenter": "IT",
              "CreatedDate": "2025-07-03",
              "Environment": "dev",
              "ManagedBy": "terraform",
              "Name": "villa-alfredo-mysql-slowquery-logs",
              "Owner": "DevOps Team",
              "Project": "villa-alfredo",
              "ProjectName": "villa-alfredo",
              "Region": "us-east-1",
              "Team": "Infrastructure"
            },
            "tags_all": {
              "CostCenter": "IT",
              "CreatedDate": "2025-07-03",
              "Environment": "dev",
              "ManagedBy": "terraform",
              "Name": "villa-alfredo-mysql-slowquery-logs",
              "Owner": "DevOps Team",
              "Project": "villa-alfredo",
              "ProjectName": "villa-alfredo",
              "Region": "us-east-1",
              "Team": "Infrastructure"
            }
          },
          "sensitive_attributes": [],
          "identity_schema_version": 0,
          "private": "bnVsbA==",
          "dependencies": [
            "module.database.aws_db_instance.main",
            "module.database.aws_db_parameter_group.main",
            "module.database.aws_db_subnet_group.main",
            "module.database.aws_iam_role.rds_enhanced_monitoring",
            "module.database.aws_security_group.rds",
            "module.vpc.aws_subnet.private",
            "module.vpc.aws_vpc.main",
            "module.vpc.data.aws_availability_zones.available"
          ]
        }
      ]
    },
    {
      "module": "module.database",
      "mode": "managed",
      "type": "aws_db_instance",
      "name": "main",
      "provider": "provider[\"registry.terraform.io/hashicorp/aws\"]",
      "instances": [
        {
          "schema_version": 2,
          "attributes": {
            "address": "villa-alfredo-mysql-db.ce7kqiuwwyay.us-east-1.rds.amazonaws.com",
            "allocated_storage": 20,
            "allow_major_version_upgrade": null,
            "apply_immediately": false,
            "arn": "arn:aws:rds:us-east-1:029729714951:db:villa-alfredo-mysql-db",
            "auto_minor_version_upgrade": false,
            "availability_zone": "us-east-1b",
            "backup_retention_period": 3,
            "backup_target": "region",
            "backup_window": "03:00-04:00",
            "blue_green_update": [],
            "ca_cert_identifier": "rds-ca-rsa2048-g1",
            "character_set_name": "",
            "copy_tags_to_snapshot": false,
            "custom_iam_instance_profile": "",
            "customer_owned_ip_enabled": false,
            "database_insights_mode": "standard",
            "db_name": "iac",
            "db_subnet_group_name": "villa-alfredo-db-subnet-group",
            "dedicated_log_volume": false,
            "delete_automated_backups": true,
            "deletion_protection": false,
            "domain": "",
            "domain_auth_secret_arn": "",
            "domain_dns_ips": [],
            "domain_fqdn": "",
            "domain_iam_role_name": "",
            "domain_ou": "",
            "enabled_cloudwatch_logs_exports": [],
            "endpoint": "villa-alfredo-mysql-db.ce7kqiuwwyay.us-east-1.rds.amazonaws.com:3306",
            "engine": "mysql",
            "engine_lifecycle_support": "open-source-rds-extended-support",
            "engine_version": "8.0.35",
            "engine_version_actual": "8.0.35",
            "final_snapshot_identifier": "villa-alfredo-mysql-final-snapshot-2025-07-03-0710",
            "hosted_zone_id": "Z2R2ITUGPM61AM",
            "iam_database_authentication_enabled": false,
            "id": "db-T72N7HXNIZPRWU2ONCXG52FFQU",
            "identifier": "villa-alfredo-mysql-db",
            "identifier_prefix": "",
            "instance_class": "db.t3.micro",
            "iops": 3000,
            "kms_key_id": "arn:aws:kms:us-east-1:029729714951:key/1b5eb29a-0314-4105-aedf-3a09405564b8",
            "latest_restorable_time": "2025-07-03T07:05:00Z",
            "license_model": "general-public-license",
            "listener_endpoint": [],
            "maintenance_window": "sun:04:00-sun:05:00",
            "manage_master_user_password": null,
            "master_user_secret": [],
            "master_user_secret_kms_key_id": null,
            "max_allocated_storage": 50,
            "monitoring_interval": 0,
            "monitoring_role_arn": "",
            "multi_az": true,
            "nchar_character_set_name": "",
            "network_type": "IPV4",
            "option_group_name": "default:mysql-8-0",
            "parameter_group_name": "villa-alfredo-mysql-params",
            "password": "MySecurePassword123!",
            "password_wo": null,
            "password_wo_version": null,
            "performance_insights_enabled": false,
            "performance_insights_kms_key_id": "",
            "performance_insights_retention_period": 0,
            "port": 3306,
            "publicly_accessible": false,
            "replica_mode": "",
            "replicas": [],
            "replicate_source_db": "",
            "resource_id": "db-T72N7HXNIZPRWU2ONCXG52FFQU",
            "restore_to_point_in_time": [],
            "s3_import": [],
            "skip_final_snapshot": false,
            "snapshot_identifier": null,
            "status": "available",
            "storage_encrypted": true,
            "storage_throughput": 125,
            "storage_type": "gp3",
            "tags": {
              "CostCenter": "IT",
              "CreatedDate": "2025-07-03",
              "Environment": "dev",
              "ManagedBy": "terraform",
              "Name": "villa-alfredo-mysql-db",
              "Owner": "DevOps Team",
              "Project": "villa-alfredo",
              "ProjectName": "villa-alfredo",
              "Region": "us-east-1",
              "Team": "Infrastructure",
              "Type": "Multi-AZ"
            },
            "tags_all": {
              "CostCenter": "IT",
              "CreatedDate": "2025-07-03",
              "Environment": "dev",
              "ManagedBy": "terraform",
              "Name": "villa-alfredo-mysql-db",
              "Owner": "DevOps Team",
              "Project": "villa-alfredo",
              "ProjectName": "villa-alfredo",
              "Region": "us-east-1",
              "Team": "Infrastructure",
              "Type": "Multi-AZ"
            },
            "timeouts": null,
            "timezone": "",
            "upgrade_storage_config": null,
            "username": "admin",
            "vpc_security_group_ids": [
              "sg-090def3942d371621"
            ]
          },
          "sensitive_attributes": [
            [
              {
                "type": "get_attr",
                "value": "password"
              }
            ],
            [
              {
                "type": "get_attr",
                "value": "password_wo"
              }
            ]
          ],
          "identity_schema_version": 0,
          "private": "eyJlMmJmYjczMC1lY2FhLTExZTYtOGY4OC0zNDM2M2JjN2M0YzAiOnsiY3JlYXRlIjozMDAwMDAwMDAwMDAwLCJkZWxldGUiOjM2MDAwMDAwMDAwMDAsInVwZGF0ZSI6NDgwMDAwMDAwMDAwMH0sInNjaGVtYV92ZXJzaW9uIjoiMiJ9",
          "dependencies": [
            "module.database.aws_db_parameter_group.main",
            "module.database.aws_db_subnet_group.main",
            "module.database.aws_iam_role.rds_enhanced_monitoring",
            "module.database.aws_security_group.rds",
            "module.vpc.aws_subnet.private",
            "module.vpc.aws_vpc.main",
            "module.vpc.data.aws_availability_zones.available"
          ]
        }
      ]
    },
    {
      "module": "module.database",
      "mode": "managed",
      "type": "aws_db_parameter_group",
      "name": "main",
      "provider": "provider[\"registry.terraform.io/hashicorp/aws\"]",
      "instances": [
        {
          "schema_version": 0,
          "attributes": {
            "arn": "arn:aws:rds:us-east-1:029729714951:pg:villa-alfredo-mysql-params",
            "description": "Managed by Terraform",
            "family": "mysql8.0",
            "id": "villa-alfredo-mysql-params",
            "name": "villa-alfredo-mysql-params",
            "name_prefix": "",
            "parameter": [
              {
                "apply_method": "immediate",
                "name": "innodb_buffer_pool_size",
                "value": "{DBInstanceClassMemory*3/4}"
              },
              {
                "apply_method": "immediate",
                "name": "long_query_time",
                "value": "2"
              },
              {
                "apply_method": "immediate",
                "name": "max_connections",
                "value": "100"
              },
              {
                "apply_method": "immediate",
                "name": "slow_query_log",
                "value": "1"
              }
            ],
            "skip_destroy": false,
            "tags": {
              "CostCenter": "IT",
              "CreatedDate": "2025-07-03",
              "Environment": "dev",
              "ManagedBy": "terraform",
              "Name": "villa-alfredo-mysql-params",
              "Owner": "DevOps Team",
              "Project": "villa-alfredo",
              "ProjectName": "villa-alfredo",
              "Region": "us-east-1",
              "Team": "Infrastructure"
            },
            "tags_all": {
              "CostCenter": "IT",
              "CreatedDate": "2025-07-03",
              "Environment": "dev",
              "ManagedBy": "terraform",
              "Name": "villa-alfredo-mysql-params",
              "Owner": "DevOps Team",
              "Project": "villa-alfredo",
              "ProjectName": "villa-alfredo",
              "Region": "us-east-1",
              "Team": "Infrastructure"
            }
          },
          "sensitive_attributes": [],
          "identity_schema_version": 0,
          "private": "bnVsbA=="
        }
      ]
    },
    {
      "module": "module.database",
      "mode": "managed",
      "type": "aws_db_subnet_group",
      "name": "main",
      "provider": "provider[\"registry.terraform.io/hashicorp/aws\"]",
      "instances": [
        {
          "schema_version": 0,
          "attributes": {
            "arn": "arn:aws:rds:us-east-1:029729714951:subgrp:villa-alfredo-db-subnet-group",
            "description": "Managed by Terraform",
            "id": "villa-alfredo-db-subnet-group",
            "name": "villa-alfredo-db-subnet-group",
            "name_prefix": "",
            "subnet_ids": [
              "subnet-05271d7334a8c5c76",
              "subnet-0b74284f36c31206c"
            ],
            "supported_network_types": [
              "IPV4"
            ],
            "tags": {
              "CostCenter": "IT",
              "CreatedDate": "2025-07-03",
              "Environment": "dev",
              "ManagedBy": "terraform",
              "Name": "villa-alfredo-db-subnet-group",
              "Owner": "DevOps Team",
              "Project": "villa-alfredo",
              "ProjectName": "villa-alfredo",
              "Region": "us-east-1",
              "Team": "Infrastructure"
            },
            "tags_all": {
              "CostCenter": "IT",
              "CreatedDate": "2025-07-03",
              "Environment": "dev",
              "ManagedBy": "terraform",
              "Name": "villa-alfredo-db-subnet-group",
              "Owner": "DevOps Team",
              "Project": "villa-alfredo",
              "ProjectName": "villa-alfredo",
              "Region": "us-east-1",
              "Team": "Infrastructure"
            },
            "vpc_id": "vpc-0a4992c325f4d664b"
          },
          "sensitive_attributes": [],
          "identity_schema_version": 0,
          "private": "bnVsbA==",
          "dependencies": [
            "module.vpc.aws_subnet.private",
            "module.vpc.aws_vpc.main",
            "module.vpc.data.aws_availability_zones.available"
          ]
        }
      ]
    },
    {
      "module": "module.database",
      "mode": "managed",
      "type": "aws_secretsmanager_secret",
      "name": "db_credentials",
      "provider": "provider[\"registry.terraform.io/hashicorp/aws\"]",
      "instances": [
        {
          "index_key": 0,
          "schema_version": 0,
          "attributes": {
            "arn": "arn:aws:secretsmanager:us-east-1:029729714951:secret:villa-alfredo/rds/mysql/credentials-wfmolR",
            "description": "Credenciales para la base de datos MySQL",
            "force_overwrite_replica_secret": false,
            "id": "arn:aws:secretsmanager:us-east-1:029729714951:secret:villa-alfredo/rds/mysql/credentials-wfmolR",
            "kms_key_id": "",
            "name": "villa-alfredo/rds/mysql/credentials",
            "name_prefix": "",
            "policy": "",
            "recovery_window_in_days": 0,
            "replica": [],
            "tags": {
              "CostCenter": "IT",
              "CreatedDate": "2025-07-03",
              "Environment": "dev",
              "ManagedBy": "terraform",
              "Name": "villa-alfredo-db-credentials",
              "Owner": "DevOps Team",
              "Project": "villa-alfredo",
              "ProjectName": "villa-alfredo",
              "Region": "us-east-1",
              "Team": "Infrastructure"
            },
            "tags_all": {
              "CostCenter": "IT",
              "CreatedDate": "2025-07-03",
              "Environment": "dev",
              "ManagedBy": "terraform",
              "Name": "villa-alfredo-db-credentials",
              "Owner": "DevOps Team",
              "Project": "villa-alfredo",
              "ProjectName": "villa-alfredo",
              "Region": "us-east-1",
              "Team": "Infrastructure"
            }
          },
          "sensitive_attributes": [],
          "identity_schema_version": 0,
          "private": "bnVsbA=="
        }
      ]
    },
    {
      "module": "module.database",
      "mode": "managed",
      "type": "aws_secretsmanager_secret_version",
      "name": "db_credentials",
      "provider": "provider[\"registry.terraform.io/hashicorp/aws\"]",
      "instances": [
        {
          "index_key": 0,
          "schema_version": 0,
          "attributes": {
            "arn": "arn:aws:secretsmanager:us-east-1:029729714951:secret:villa-alfredo/rds/mysql/credentials-wfmolR",
            "has_secret_string_wo": null,
            "id": "arn:aws:secretsmanager:us-east-1:029729714951:secret:villa-alfredo/rds/mysql/credentials-wfmolR|terraform-20250703070240491000000016",
            "secret_binary": "",
            "secret_id": "arn:aws:secretsmanager:us-east-1:029729714951:secret:villa-alfredo/rds/mysql/credentials-wfmolR",
            "secret_string": "{\"dbname\":\"iac\",\"engine\":\"mysql\",\"host\":\"villa-alfredo-mysql-db.ce7kqiuwwyay.us-east-1.rds.amazonaws.com:3306\",\"password\":\"MySecurePassword123!\",\"port\":3306,\"username\":\"admin\"}",
            "secret_string_wo": null,
            "secret_string_wo_version": null,
            "version_id": "terraform-20250703070240491000000016",
            "version_stages": [
              "AWSCURRENT"
            ]
          },
          "sensitive_attributes": [
            [
              {
                "type": "get_attr",
                "value": "secret_binary"
              }
            ],
            [
              {
                "type": "get_attr",
                "value": "secret_string"
              }
            ],
            [
              {
                "type": "get_attr",
                "value": "secret_string_wo"
              }
            ]
          ],
          "identity_schema_version": 0,
          "private": "bnVsbA==",
          "dependencies": [
            "module.database.aws_db_instance.main",
            "module.database.aws_db_parameter_group.main",
            "module.database.aws_db_subnet_group.main",
            "module.database.aws_iam_role.rds_enhanced_monitoring",
            "module.database.aws_secretsmanager_secret.db_credentials",
            "module.database.aws_security_group.rds",
            "module.vpc.aws_subnet.private",
            "module.vpc.aws_vpc.main",
            "module.vpc.data.aws_availability_zones.available"
          ]
        }
      ]
    },
    {
      "module": "module.database",
      "mode": "managed",
      "type": "aws_security_group",
      "name": "rds",
      "provider": "provider[\"registry.terraform.io/hashicorp/aws\"]",
      "instances": [
        {
          "schema_version": 1,
          "attributes": {
            "arn": "arn:aws:ec2:us-east-1:029729714951:security-group/sg-090def3942d371621",
            "description": "Security group para RDS MySQL con acceso restringido",
            "egress": [],
            "id": "sg-090def3942d371621",
            "ingress": [
              {
                "cidr_blocks": [
                  "10.0.101.0/24",
                  "10.0.102.0/24"
                ],
                "description": "MySQL access from private subnets only for application connectivity",
                "from_port": 3306,
                "ipv6_cidr_blocks": [],
                "prefix_list_ids": [],
                "protocol": "tcp",
                "security_groups": [],
                "self": false,
                "to_port": 3306
              },
              {
                "cidr_blocks": [],
                "description": "MySQL access from application security groups for database connectivity",
                "from_port": 3306,
                "ipv6_cidr_blocks": [],
                "prefix_list_ids": [],
                "protocol": "tcp",
                "security_groups": [
                  "sg-0908795a661732915"
                ],
                "self": false,
                "to_port": 3306
              }
            ],
            "name": "villa-alfredo-rds-20250703064721010700000005",
            "name_prefix": "villa-alfredo-rds-",
            "owner_id": "029729714951",
            "revoke_rules_on_delete": false,
            "tags": {
              "CostCenter": "IT",
              "CreatedDate": "2025-07-03",
              "Environment": "dev",
              "ManagedBy": "terraform",
              "Name": "villa-alfredo-rds-sg",
              "Owner": "DevOps Team",
              "Project": "villa-alfredo",
              "ProjectName": "villa-alfredo",
              "Region": "us-east-1",
              "Team": "Infrastructure"
            },
            "tags_all": {
              "CostCenter": "IT",
              "CreatedDate": "2025-07-03",
              "Environment": "dev",
              "ManagedBy": "terraform",
              "Name": "villa-alfredo-rds-sg",
              "Owner": "DevOps Team",
              "Project": "villa-alfredo",
              "ProjectName": "villa-alfredo",
              "Region": "us-east-1",
              "Team": "Infrastructure"
            },
            "timeouts": null,
            "vpc_id": "vpc-0a4992c325f4d664b"
          },
          "sensitive_attributes": [],
          "identity_schema_version": 0,
          "private": "eyJlMmJmYjczMC1lY2FhLTExZTYtOGY4OC0zNDM2M2JjN2M0YzAiOnsiY3JlYXRlIjo2MDAwMDAwMDAwMDAsImRlbGV0ZSI6OTAwMDAwMDAwMDAwfSwic2NoZW1hX3ZlcnNpb24iOiIxIn0=",
          "dependencies": [
            "module.vpc.aws_vpc.main"
          ],
          "create_before_destroy": true
        }
      ]
    },
    {
      "module": "module.database",
      "mode": "managed",
      "type": "aws_security_group_rule",
      "name": "rds_mysql_ingress_from_cidrs",
      "provider": "provider[\"registry.terraform.io/hashicorp/aws\"]",
      "instances": [
        {
          "schema_version": 2,
          "attributes": {
            "cidr_blocks": [
              "10.0.101.0/24",
              "10.0.102.0/24"
            ],
            "description": "MySQL access from private subnets only for application connectivity",
            "from_port": 3306,
            "id": "sgrule-1320705892",
            "ipv6_cidr_blocks": null,
            "prefix_list_ids": null,
            "protocol": "tcp",
            "security_group_id": "sg-090def3942d371621",
            "security_group_rule_id": "",
            "self": false,
            "source_security_group_id": null,
            "timeouts": null,
            "to_port": 3306,
            "type": "ingress"
          },
          "sensitive_attributes": [],
          "identity_schema_version": 0,
          "private": "eyJlMmJmYjczMC1lY2FhLTExZTYtOGY4OC0zNDM2M2JjN2M0YzAiOnsiY3JlYXRlIjozMDAwMDAwMDAwMDB9LCJzY2hlbWFfdmVyc2lvbiI6IjIifQ==",
          "dependencies": [
            "module.database.aws_security_group.rds",
            "module.vpc.aws_vpc.main"
          ]
        }
      ]
    },
    {
      "module": "module.database",
      "mode": "managed",
      "type": "aws_security_group_rule",
      "name": "rds_mysql_ingress_from_sgs",
      "provider": "provider[\"registry.terraform.io/hashicorp/aws\"]",
      "instances": [
        {
          "index_key": 0,
          "schema_version": 2,
          "attributes": {
            "cidr_blocks": null,
            "description": "MySQL access from application security groups for database connectivity",
            "from_port": 3306,
            "id": "sgrule-3169229714",
            "ipv6_cidr_blocks": null,
            "prefix_list_ids": null,
            "protocol": "tcp",
            "security_group_id": "sg-090def3942d371621",
            "security_group_rule_id": "sgr-0f85e220817317b8e",
            "self": false,
            "source_security_group_id": "sg-0908795a661732915",
            "timeouts": null,
            "to_port": 3306,
            "type": "ingress"
          },
          "sensitive_attributes": [],
          "identity_schema_version": 0,
          "private": "eyJlMmJmYjczMC1lY2FhLTExZTYtOGY4OC0zNDM2M2JjN2M0YzAiOnsiY3JlYXRlIjozMDAwMDAwMDAwMDB9LCJzY2hlbWFfdmVyc2lvbiI6IjIifQ==",
          "dependencies": [
            "module.database.aws_security_group.rds",
            "module.security.aws_security_group.ec2_instances",
            "module.vpc.aws_vpc.main"
          ]
        }
      ]
    },
    {
      "module": "module.security",
      "mode": "managed",
      "type": "aws_security_group",
      "name": "alb",
      "provider": "provider[\"registry.terraform.io/hashicorp/aws\"]",
      "instances": [
        {
          "schema_version": 1,
          "attributes": {
            "arn": "arn:aws:ec2:us-east-1:029729714951:security-group/sg-09c7e220e41849235",
            "description": "Security group for Application Load Balancer with restricted access",
            "egress": [
              {
                "cidr_blocks": [
                  "10.0.101.0/24",
                  "10.0.102.0/24"
                ],
                "description": "HTTP to private subnets for backend communication",
                "from_port": 80,
                "ipv6_cidr_blocks": [],
                "prefix_list_ids": [],
                "protocol": "tcp",
                "security_groups": [],
                "self": false,
                "to_port": 80
              },
              {
                "cidr_blocks": [
                  "10.0.101.0/24",
                  "10.0.102.0/24"
                ],
                "description": "HTTPS to private subnets for secure backend communication",
                "from_port": 443,
                "ipv6_cidr_blocks": [],
                "prefix_list_ids": [],
                "protocol": "tcp",
                "security_groups": [],
                "self": false,
                "to_port": 443
              },
              {
                "cidr_blocks": [],
                "description": "Allow ALB to access EC2 instances on port 443 for HTTPS traffic",
                "from_port": 443,
                "ipv6_cidr_blocks": [],
                "prefix_list_ids": [],
                "protocol": "tcp",
                "security_groups": [
                  "sg-0908795a661732915"
                ],
                "self": false,
                "to_port": 443
              },
              {
                "cidr_blocks": [],
                "description": "Allow ALB to access EC2 instances on port 80 for HTTP traffic",
                "from_port": 80,
                "ipv6_cidr_blocks": [],
                "prefix_list_ids": [],
                "protocol": "tcp",
                "security_groups": [
                  "sg-0908795a661732915"
                ],
                "self": false,
                "to_port": 80
              }
            ],
            "id": "sg-09c7e220e41849235",
            "ingress": [
              {
                "cidr_blocks": [
                  "0.0.0.0/0"
                ],
                "description": "HTTPS from internet for secure web traffic",
                "from_port": 443,
                "ipv6_cidr_blocks": [],
                "prefix_list_ids": [],
                "protocol": "tcp",
                "security_groups": [],
                "self": false,
                "to_port": 443
              }
            ],
            "name": "villa-alfredo-alb-20250703064721010100000003",
            "name_prefix": "villa-alfredo-alb-",
            "owner_id": "029729714951",
            "revoke_rules_on_delete": false,
            "tags": {
              "CostCenter": "IT",
              "CreatedDate": "2025-07-03",
              "Environment": "dev",
              "ManagedBy": "terraform",
              "Name": "villa-alfredo-alb-sg",
              "Owner": "DevOps Team",
              "Project": "VillaAlfredo",
              "ProjectName": "villa-alfredo",
              "Purpose": "ALB",
              "Region": "us-east-1",
              "Team": "Infrastructure"
            },
            "tags_all": {
              "CostCenter": "IT",
              "CreatedDate": "2025-07-03",
              "Environment": "dev",
              "ManagedBy": "terraform",
              "Name": "villa-alfredo-alb-sg",
              "Owner": "DevOps Team",
              "Project": "VillaAlfredo",
              "ProjectName": "villa-alfredo",
              "Purpose": "ALB",
              "Region": "us-east-1",
              "Team": "Infrastructure"
            },
            "timeouts": null,
            "vpc_id": "vpc-0a4992c325f4d664b"
          },
          "sensitive_attributes": [],
          "identity_schema_version": 0,
          "private": "eyJlMmJmYjczMC1lY2FhLTExZTYtOGY4OC0zNDM2M2JjN2M0YzAiOnsiY3JlYXRlIjo2MDAwMDAwMDAwMDAsImRlbGV0ZSI6OTAwMDAwMDAwMDAwfSwic2NoZW1hX3ZlcnNpb24iOiIxIn0=",
          "dependencies": [
            "module.vpc.aws_vpc.main"
          ],
          "create_before_destroy": true
        }
      ]
    },
    {
      "module": "module.security",
      "mode": "managed",
      "type": "aws_security_group",
      "name": "ec2_instances",
      "provider": "provider[\"registry.terraform.io/hashicorp/aws\"]",
      "instances": [
        {
          "schema_version": 1,
          "attributes": {
            "arn": "arn:aws:ec2:us-east-1:029729714951:security-group/sg-0908795a661732915",
            "description": "Security group for EC2 instances in Auto Scaling Group with restricted access",
            "egress": [
              {
                "cidr_blocks": [
                  "10.0.101.0/24",
                  "10.0.102.0/24"
                ],
                "description": "HTTPS to VPC endpoints for AWS service access",
                "from_port": 443,
                "ipv6_cidr_blocks": [],
                "prefix_list_ids": [],
                "protocol": "tcp",
                "security_groups": [],
                "self": false,
                "to_port": 443
              },
              {
                "cidr_blocks": [
                  "10.0.101.0/24",
                  "10.0.102.0/24"
                ],
                "description": "MySQL to RDS in private subnets for database connectivity",
                "from_port": 3306,
                "ipv6_cidr_blocks": [],
                "prefix_list_ids": [],
                "protocol": "tcp",
                "security_groups": [],
                "self": false,
                "to_port": 3306
              }
            ],
            "id": "sg-0908795a661732915",
            "ingress": [
              {
                "cidr_blocks": [],
                "description": "HTTP from ALB security group for web traffic routing",
                "from_port": 80,
                "ipv6_cidr_blocks": [],
                "prefix_list_ids": [],
                "protocol": "tcp",
                "security_groups": [
                  "sg-09c7e220e41849235"
                ],
                "self": false,
                "to_port": 80
              },
              {
                "cidr_blocks": [],
                "description": "HTTPS from ALB security group for secure web traffic routing",
                "from_port": 443,
                "ipv6_cidr_blocks": [],
                "prefix_list_ids": [],
                "protocol": "tcp",
                "security_groups": [
                  "sg-09c7e220e41849235"
                ],
                "self": false,
                "to_port": 443
              }
            ],
            "name": "villa-alfredo-ec2-20250703064721009600000002",
            "name_prefix": "villa-alfredo-ec2-",
            "owner_id": "029729714951",
            "revoke_rules_on_delete": false,
            "tags": {
              "CostCenter": "IT",
              "CreatedDate": "2025-07-03",
              "Environment": "dev",
              "ManagedBy": "terraform",
              "Name": "villa-alfredo-ec2-instances-sg",
              "Owner": "DevOps Team",
              "Project": "VillaAlfredo",
              "ProjectName": "villa-alfredo",
              "Purpose": "EC2 Instances",
              "Region": "us-east-1",
              "Team": "Infrastructure"
            },
            "tags_all": {
              "CostCenter": "IT",
              "CreatedDate": "2025-07-03",
              "Environment": "dev",
              "ManagedBy": "terraform",
              "Name": "villa-alfredo-ec2-instances-sg",
              "Owner": "DevOps Team",
              "Project": "VillaAlfredo",
              "ProjectName": "villa-alfredo",
              "Purpose": "EC2 Instances",
              "Region": "us-east-1",
              "Team": "Infrastructure"
            },
            "timeouts": null,
            "vpc_id": "vpc-0a4992c325f4d664b"
          },
          "sensitive_attributes": [],
          "identity_schema_version": 0,
          "private": "eyJlMmJmYjczMC1lY2FhLTExZTYtOGY4OC0zNDM2M2JjN2M0YzAiOnsiY3JlYXRlIjo2MDAwMDAwMDAwMDAsImRlbGV0ZSI6OTAwMDAwMDAwMDAwfSwic2NoZW1hX3ZlcnNpb24iOiIxIn0=",
          "dependencies": [
            "module.vpc.aws_vpc.main"
          ],
          "create_before_destroy": true
        }
      ]
    },
    {
      "module": "module.security",
      "mode": "managed",
      "type": "aws_security_group",
      "name": "vpc_endpoints",
      "provider": "provider[\"registry.terraform.io/hashicorp/aws\"]",
      "instances": [
        {
          "schema_version": 1,
          "attributes": {
            "arn": "arn:aws:ec2:us-east-1:029729714951:security-group/sg-0a66b20db9e07c207",
            "description": "Security group for VPC endpoints with restricted access",
            "egress": [
              {
                "cidr_blocks": [
                  "0.0.0.0/0"
                ],
                "description": "HTTPS to AWS services through VPC endpoints",
                "from_port": 443,
                "ipv6_cidr_blocks": [],
                "prefix_list_ids": [],
                "protocol": "tcp",
                "security_groups": [],
                "self": false,
                "to_port": 443
              }
            ],
            "id": "sg-0a66b20db9e07c207",
            "ingress": [
              {
                "cidr_blocks": [
                  "10.0.101.0/24",
                  "10.0.102.0/24"
                ],
                "description": "HTTPS from private subnets for VPC endpoint access",
                "from_port": 443,
                "ipv6_cidr_blocks": [],
                "prefix_list_ids": [],
                "protocol": "tcp",
                "security_groups": [],
                "self": false,
                "to_port": 443
              }
            ],
            "name": "villa-alfredo-vpc-endpoints-20250703064721010700000004",
            "name_prefix": "villa-alfredo-vpc-endpoints-",
            "owner_id": "029729714951",
            "revoke_rules_on_delete": false,
            "tags": {
              "CostCenter": "IT",
              "CreatedDate": "2025-07-03",
              "Environment": "dev",
              "ManagedBy": "terraform",
              "Name": "villa-alfredo-vpc-endpoints-sg",
              "Owner": "DevOps Team",
              "Project": "VillaAlfredo",
              "ProjectName": "villa-alfredo",
              "Purpose": "VPC Endpoints",
              "Region": "us-east-1",
              "Team": "Infrastructure"
            },
            "tags_all": {
              "CostCenter": "IT",
              "CreatedDate": "2025-07-03",
              "Environment": "dev",
              "ManagedBy": "terraform",
              "Name": "villa-alfredo-vpc-endpoints-sg",
              "Owner": "DevOps Team",
              "Project": "VillaAlfredo",
              "ProjectName": "villa-alfredo",
              "Purpose": "VPC Endpoints",
              "Region": "us-east-1",
              "Team": "Infrastructure"
            },
            "timeouts": null,
            "vpc_id": "vpc-0a4992c325f4d664b"
          },
          "sensitive_attributes": [],
          "identity_schema_version": 0,
          "private": "eyJlMmJmYjczMC1lY2FhLTExZTYtOGY4OC0zNDM2M2JjN2M0YzAiOnsiY3JlYXRlIjo2MDAwMDAwMDAwMDAsImRlbGV0ZSI6OTAwMDAwMDAwMDAwfSwic2NoZW1hX3ZlcnNpb24iOiIxIn0=",
          "dependencies": [
            "module.vpc.aws_vpc.main"
          ],
          "create_before_destroy": true
        }
      ]
    },
    {
      "module": "module.security",
      "mode": "managed",
      "type": "aws_security_group_rule",
      "name": "alb_http_egress",
      "provider": "provider[\"registry.terraform.io/hashicorp/aws\"]",
      "instances": [
        {
          "schema_version": 2,
          "attributes": {
            "cidr_blocks": [
              "10.0.101.0/24",
              "10.0.102.0/24"
            ],
            "description": "HTTP to private subnets for backend communication",
            "from_port": 80,
            "id": "sgrule-2687510366",
            "ipv6_cidr_blocks": null,
            "prefix_list_ids": null,
            "protocol": "tcp",
            "security_group_id": "sg-09c7e220e41849235",
            "security_group_rule_id": "",
            "self": false,
            "source_security_group_id": null,
            "timeouts": null,
            "to_port": 80,
            "type": "egress"
          },
          "sensitive_attributes": [],
          "identity_schema_version": 0,
          "private": "eyJlMmJmYjczMC1lY2FhLTExZTYtOGY4OC0zNDM2M2JjN2M0YzAiOnsiY3JlYXRlIjozMDAwMDAwMDAwMDB9LCJzY2hlbWFfdmVyc2lvbiI6IjIifQ==",
          "dependencies": [
            "module.security.aws_security_group.alb",
            "module.vpc.aws_subnet.private",
            "module.vpc.aws_vpc.main",
            "module.vpc.data.aws_availability_zones.available"
          ],
          "create_before_destroy": true
        }
      ]
    },
    {
      "module": "module.security",
      "mode": "managed",
      "type": "aws_security_group_rule",
      "name": "alb_https_egress",
      "provider": "provider[\"registry.terraform.io/hashicorp/aws\"]",
      "instances": [
        {
          "schema_version": 2,
          "attributes": {
            "cidr_blocks": [
              "10.0.101.0/24",
              "10.0.102.0/24"
            ],
            "description": "HTTPS to private subnets for secure backend communication",
            "from_port": 443,
            "id": "sgrule-3061512087",
            "ipv6_cidr_blocks": null,
            "prefix_list_ids": null,
            "protocol": "tcp",
            "security_group_id": "sg-09c7e220e41849235",
            "security_group_rule_id": "",
            "self": false,
            "source_security_group_id": null,
            "timeouts": null,
            "to_port": 443,
            "type": "egress"
          },
          "sensitive_attributes": [],
          "identity_schema_version": 0,
          "private": "eyJlMmJmYjczMC1lY2FhLTExZTYtOGY4OC0zNDM2M2JjN2M0YzAiOnsiY3JlYXRlIjozMDAwMDAwMDAwMDB9LCJzY2hlbWFfdmVyc2lvbiI6IjIifQ==",
          "dependencies": [
            "module.security.aws_security_group.alb",
            "module.vpc.aws_subnet.private",
            "module.vpc.aws_vpc.main",
            "module.vpc.data.aws_availability_zones.available"
          ],
          "create_before_destroy": true
        }
      ]
    },
    {
      "module": "module.security",
      "mode": "managed",
      "type": "aws_security_group_rule",
      "name": "alb_https_ingress",
      "provider": "provider[\"registry.terraform.io/hashicorp/aws\"]",
      "instances": [
        {
          "schema_version": 2,
          "attributes": {
            "cidr_blocks": [
              "0.0.0.0/0"
            ],
            "description": "HTTPS from internet for secure web traffic",
            "from_port": 443,
            "id": "sgrule-2971772235",
            "ipv6_cidr_blocks": null,
            "prefix_list_ids": null,
            "protocol": "tcp",
            "security_group_id": "sg-09c7e220e41849235",
            "security_group_rule_id": "sgr-0bd503ca959a6ec56",
            "self": false,
            "source_security_group_id": null,
            "timeouts": null,
            "to_port": 443,
            "type": "ingress"
          },
          "sensitive_attributes": [],
          "identity_schema_version": 0,
          "private": "eyJlMmJmYjczMC1lY2FhLTExZTYtOGY4OC0zNDM2M2JjN2M0YzAiOnsiY3JlYXRlIjozMDAwMDAwMDAwMDB9LCJzY2hlbWFfdmVyc2lvbiI6IjIifQ==",
          "dependencies": [
            "module.security.aws_security_group.alb",
            "module.vpc.aws_vpc.main"
          ],
          "create_before_destroy": true
        }
      ]
    },
    {
      "module": "module.security",
      "mode": "managed",
      "type": "aws_security_group_rule",
      "name": "alb_to_ec2_http",
      "provider": "provider[\"registry.terraform.io/hashicorp/aws\"]",
      "instances": [
        {
          "schema_version": 2,
          "attributes": {
            "cidr_blocks": null,
            "description": "Allow ALB to access EC2 instances on port 80 for HTTP traffic",
            "from_port": 80,
            "id": "sgrule-2619225900",
            "ipv6_cidr_blocks": null,
            "prefix_list_ids": null,
            "protocol": "tcp",
            "security_group_id": "sg-09c7e220e41849235",
            "security_group_rule_id": "sgr-0d5db71717e3ef501",
            "self": false,
            "source_security_group_id": "sg-0908795a661732915",
            "timeouts": null,
            "to_port": 80,
            "type": "egress"
          },
          "sensitive_attributes": [],
          "identity_schema_version": 0,
          "private": "eyJlMmJmYjczMC1lY2FhLTExZTYtOGY4OC0zNDM2M2JjN2M0YzAiOnsiY3JlYXRlIjozMDAwMDAwMDAwMDB9LCJzY2hlbWFfdmVyc2lvbiI6IjIifQ==",
          "dependencies": [
            "module.security.aws_security_group.alb",
            "module.security.aws_security_group.ec2_instances",
            "module.vpc.aws_vpc.main"
          ],
          "create_before_destroy": true
        }
      ]
    },
    {
      "module": "module.security",
      "mode": "managed",
      "type": "aws_security_group_rule",
      "name": "alb_to_ec2_https",
      "provider": "provider[\"registry.terraform.io/hashicorp/aws\"]",
      "instances": [
        {
          "schema_version": 2,
          "attributes": {
            "cidr_blocks": null,
            "description": "Allow ALB to access EC2 instances on port 443 for HTTPS traffic",
            "from_port": 443,
            "id": "sgrule-3023581993",
            "ipv6_cidr_blocks": null,
            "prefix_list_ids": null,
            "protocol": "tcp",
            "security_group_id": "sg-09c7e220e41849235",
            "security_group_rule_id": "sgr-01e446662a26debc7",
            "self": false,
            "source_security_group_id": "sg-0908795a661732915",
            "timeouts": null,
            "to_port": 443,
            "type": "egress"
          },
          "sensitive_attributes": [],
          "identity_schema_version": 0,
          "private": "eyJlMmJmYjczMC1lY2FhLTExZTYtOGY4OC0zNDM2M2JjN2M0YzAiOnsiY3JlYXRlIjozMDAwMDAwMDAwMDB9LCJzY2hlbWFfdmVyc2lvbiI6IjIifQ==",
          "dependencies": [
            "module.security.aws_security_group.alb",
            "module.security.aws_security_group.ec2_instances",
            "module.vpc.aws_vpc.main"
          ],
          "create_before_destroy": true
        }
      ]
    },
    {
      "module": "module.security",
      "mode": "managed",
      "type": "aws_security_group_rule",
      "name": "ec2_http_from_alb",
      "provider": "provider[\"registry.terraform.io/hashicorp/aws\"]",
      "instances": [
        {
          "schema_version": 2,
          "attributes": {
            "cidr_blocks": null,
            "description": "HTTP from ALB security group for web traffic routing",
            "from_port": 80,
            "id": "sgrule-3281024685",
            "ipv6_cidr_blocks": null,
            "prefix_list_ids": null,
            "protocol": "tcp",
            "security_group_id": "sg-0908795a661732915",
            "security_group_rule_id": "sgr-0b8464828c6b5b4ee",
            "self": false,
            "source_security_group_id": "sg-09c7e220e41849235",
            "timeouts": null,
            "to_port": 80,
            "type": "ingress"
          },
          "sensitive_attributes": [],
          "identity_schema_version": 0,
          "private": "eyJlMmJmYjczMC1lY2FhLTExZTYtOGY4OC0zNDM2M2JjN2M0YzAiOnsiY3JlYXRlIjozMDAwMDAwMDAwMDB9LCJzY2hlbWFfdmVyc2lvbiI6IjIifQ==",
          "dependencies": [
            "module.security.aws_security_group.alb",
            "module.security.aws_security_group.ec2_instances",
            "module.vpc.aws_vpc.main"
          ],
          "create_before_destroy": true
        }
      ]
    },
    {
      "module": "module.security",
      "mode": "managed",
      "type": "aws_security_group_rule",
      "name": "ec2_https_egress_vpc_endpoints",
      "provider": "provider[\"registry.terraform.io/hashicorp/aws\"]",
      "instances": [
        {
          "schema_version": 2,
          "attributes": {
            "cidr_blocks": [
              "10.0.101.0/24",
              "10.0.102.0/24"
            ],
            "description": "HTTPS to VPC endpoints for AWS service access",
            "from_port": 443,
            "id": "sgrule-2595080486",
            "ipv6_cidr_blocks": null,
            "prefix_list_ids": null,
            "protocol": "tcp",
            "security_group_id": "sg-0908795a661732915",
            "security_group_rule_id": "",
            "self": false,
            "source_security_group_id": null,
            "timeouts": null,
            "to_port": 443,
            "type": "egress"
          },
          "sensitive_attributes": [],
          "identity_schema_version": 0,
          "private": "eyJlMmJmYjczMC1lY2FhLTExZTYtOGY4OC0zNDM2M2JjN2M0YzAiOnsiY3JlYXRlIjozMDAwMDAwMDAwMDB9LCJzY2hlbWFfdmVyc2lvbiI6IjIifQ==",
          "dependencies": [
            "module.security.aws_security_group.ec2_instances",
            "module.vpc.aws_subnet.private",
            "module.vpc.aws_vpc.main",
            "module.vpc.data.aws_availability_zones.available"
          ],
          "create_before_destroy": true
        }
      ]
    },
    {
      "module": "module.security",
      "mode": "managed",
      "type": "aws_security_group_rule",
      "name": "ec2_https_from_alb",
      "provider": "provider[\"registry.terraform.io/hashicorp/aws\"]",
      "instances": [
        {
          "schema_version": 2,
          "attributes": {
            "cidr_blocks": null,
            "description": "HTTPS from ALB security group for secure web traffic routing",
            "from_port": 443,
            "id": "sgrule-3277326244",
            "ipv6_cidr_blocks": null,
            "prefix_list_ids": null,
            "protocol": "tcp",
            "security_group_id": "sg-0908795a661732915",
            "security_group_rule_id": "sgr-0ee84f352baa0aef0",
            "self": false,
            "source_security_group_id": "sg-09c7e220e41849235",
            "timeouts": null,
            "to_port": 443,
            "type": "ingress"
          },
          "sensitive_attributes": [],
          "identity_schema_version": 0,
          "private": "eyJlMmJmYjczMC1lY2FhLTExZTYtOGY4OC0zNDM2M2JjN2M0YzAiOnsiY3JlYXRlIjozMDAwMDAwMDAwMDB9LCJzY2hlbWFfdmVyc2lvbiI6IjIifQ==",
          "dependencies": [
            "module.security.aws_security_group.alb",
            "module.security.aws_security_group.ec2_instances",
            "module.vpc.aws_vpc.main"
          ],
          "create_before_destroy": true
        }
      ]
    },
    {
      "module": "module.security",
      "mode": "managed",
      "type": "aws_security_group_rule",
      "name": "ec2_mysql_egress",
      "provider": "provider[\"registry.terraform.io/hashicorp/aws\"]",
      "instances": [
        {
          "schema_version": 2,
          "attributes": {
            "cidr_blocks": [
              "10.0.101.0/24",
              "10.0.102.0/24"
            ],
            "description": "MySQL to RDS in private subnets for database connectivity",
            "from_port": 3306,
            "id": "sgrule-1849380882",
            "ipv6_cidr_blocks": null,
            "prefix_list_ids": null,
            "protocol": "tcp",
            "security_group_id": "sg-0908795a661732915",
            "security_group_rule_id": "",
            "self": false,
            "source_security_group_id": null,
            "timeouts": null,
            "to_port": 3306,
            "type": "egress"
          },
          "sensitive_attributes": [],
          "identity_schema_version": 0,
          "private": "eyJlMmJmYjczMC1lY2FhLTExZTYtOGY4OC0zNDM2M2JjN2M0YzAiOnsiY3JlYXRlIjozMDAwMDAwMDAwMDB9LCJzY2hlbWFfdmVyc2lvbiI6IjIifQ==",
          "dependencies": [
            "module.security.aws_security_group.ec2_instances",
            "module.vpc.aws_subnet.private",
            "module.vpc.aws_vpc.main",
            "module.vpc.data.aws_availability_zones.available"
          ],
          "create_before_destroy": true
        }
      ]
    },
    {
      "module": "module.security",
      "mode": "managed",
      "type": "aws_security_group_rule",
      "name": "vpc_endpoints_https_egress",
      "provider": "provider[\"registry.terraform.io/hashicorp/aws\"]",
      "instances": [
        {
          "schema_version": 2,
          "attributes": {
            "cidr_blocks": [
              "0.0.0.0/0"
            ],
            "description": "HTTPS to AWS services through VPC endpoints",
            "from_port": 443,
            "id": "sgrule-127435533",
            "ipv6_cidr_blocks": null,
            "prefix_list_ids": null,
            "protocol": "tcp",
            "security_group_id": "sg-0a66b20db9e07c207",
            "security_group_rule_id": "sgr-0adea36425219429c",
            "self": false,
            "source_security_group_id": null,
            "timeouts": null,
            "to_port": 443,
            "type": "egress"
          },
          "sensitive_attributes": [],
          "identity_schema_version": 0,
          "private": "eyJlMmJmYjczMC1lY2FhLTExZTYtOGY4OC0zNDM2M2JjN2M0YzAiOnsiY3JlYXRlIjozMDAwMDAwMDAwMDB9LCJzY2hlbWFfdmVyc2lvbiI6IjIifQ==",
          "dependencies": [
            "module.security.aws_security_group.vpc_endpoints",
            "module.vpc.aws_vpc.main"
          ],
          "create_before_destroy": true
        }
      ]
    },
    {
      "module": "module.security",
      "mode": "managed",
      "type": "aws_security_group_rule",
      "name": "vpc_endpoints_https_ingress",
      "provider": "provider[\"registry.terraform.io/hashicorp/aws\"]",
      "instances": [
        {
          "schema_version": 2,
          "attributes": {
            "cidr_blocks": [
              "10.0.101.0/24",
              "10.0.102.0/24"
            ],
            "description": "HTTPS from private subnets for VPC endpoint access",
            "from_port": 443,
            "id": "sgrule-1613124684",
            "ipv6_cidr_blocks": null,
            "prefix_list_ids": null,
            "protocol": "tcp",
            "security_group_id": "sg-0a66b20db9e07c207",
            "security_group_rule_id": "",
            "self": false,
            "source_security_group_id": null,
            "timeouts": null,
            "to_port": 443,
            "type": "ingress"
          },
          "sensitive_attributes": [],
          "identity_schema_version": 0,
          "private": "eyJlMmJmYjczMC1lY2FhLTExZTYtOGY4OC0zNDM2M2JjN2M0YzAiOnsiY3JlYXRlIjozMDAwMDAwMDAwMDB9LCJzY2hlbWFfdmVyc2lvbiI6IjIifQ==",
          "dependencies": [
            "module.security.aws_security_group.vpc_endpoints",
            "module.vpc.aws_subnet.private",
            "module.vpc.aws_vpc.main",
            "module.vpc.data.aws_availability_zones.available"
          ],
          "create_before_destroy": true
        }
      ]
    },
    {
      "module": "module.storage",
      "mode": "data",
      "type": "aws_caller_identity",
      "name": "current",
      "provider": "provider[\"registry.terraform.io/hashicorp/aws\"]",
      "instances": [
        {
          "schema_version": 0,
          "attributes": {
            "account_id": "029729714951",
            "arn": "arn:aws:iam::029729714951:user/valentin-user",
            "id": "029729714951",
            "user_id": "AIDAQN3AHOMDVDSWVTIEG"
          },
          "sensitive_attributes": [],
          "identity_schema_version": 0
        }
      ]
    },
    {
      "module": "module.storage",
      "mode": "data",
      "type": "aws_iam_policy_document",
      "name": "bucket_policy",
      "provider": "provider[\"registry.terraform.io/hashicorp/aws\"]",
      "instances": [
        {
          "schema_version": 0,
          "attributes": {
            "id": "3878219300",
            "json": "{\n  \"Version\": \"2012-10-17\",\n  \"Statement\": [\n    {\n      \"Sid\": \"AllowCloudFrontServicePrincipal\",\n      \"Effect\": \"Allow\",\n      \"Action\": \"s3:GetObject\",\n      \"Resource\": \"arn:aws:s3:::villa-alfredo-dev-content-kztdbfxu/*\",\n      \"Principal\": {\n        \"Service\": \"cloudfront.amazonaws.com\"\n      },\n      \"Condition\": {\n        \"StringEquals\": {\n          \"AWS:SourceArn\": \"arn:aws:cloudfront::029729714951:distribution/*\"\n        }\n      }\n    },\n    {\n      \"Sid\": \"DenyInsecureConnections\",\n      \"Effect\": \"Deny\",\n      \"Action\": \"s3:*\",\n      \"Resource\": [\n        \"arn:aws:s3:::villa-alfredo-dev-content-kztdbfxu/*\",\n        \"arn:aws:s3:::villa-alfredo-dev-content-kztdbfxu\"\n      ],\n      \"Principal\": \"*\",\n      \"Condition\": {\n        \"Bool\": {\n          \"aws:SecureTransport\": \"false\"\n        }\n      }\n    },\n    {\n      \"Sid\": \"DenyUnauthorizedAccounts\",\n      \"Effect\": \"Deny\",\n      \"Action\": \"s3:*\",\n      \"Resource\": [\n        \"arn:aws:s3:::villa-alfredo-dev-content-kztdbfxu/*\",\n        \"arn:aws:s3:::villa-alfredo-dev-content-kztdbfxu\"\n      ],\n      \"Principal\": \"*\",\n      \"Condition\": {\n        \"StringNotEquals\": {\n          \"aws:PrincipalAccount\": \"029729714951\"\n        }\n      }\n    }\n  ]\n}",
            "minified_json": "{\"Version\":\"2012-10-17\",\"Statement\":[{\"Sid\":\"AllowCloudFrontServicePrincipal\",\"Effect\":\"Allow\",\"Action\":\"s3:GetObject\",\"Resource\":\"arn:aws:s3:::villa-alfredo-dev-content-kztdbfxu/*\",\"Principal\":{\"Service\":\"cloudfront.amazonaws.com\"},\"Condition\":{\"StringEquals\":{\"AWS:SourceArn\":\"arn:aws:cloudfront::029729714951:distribution/*\"}}},{\"Sid\":\"DenyInsecureConnections\",\"Effect\":\"Deny\",\"Action\":\"s3:*\",\"Resource\":[\"arn:aws:s3:::villa-alfredo-dev-content-kztdbfxu/*\",\"arn:aws:s3:::villa-alfredo-dev-content-kztdbfxu\"],\"Principal\":\"*\",\"Condition\":{\"Bool\":{\"aws:SecureTransport\":\"false\"}}},{\"Sid\":\"DenyUnauthorizedAccounts\",\"Effect\":\"Deny\",\"Action\":\"s3:*\",\"Resource\":[\"arn:aws:s3:::villa-alfredo-dev-content-kztdbfxu/*\",\"arn:aws:s3:::villa-alfredo-dev-content-kztdbfxu\"],\"Principal\":\"*\",\"Condition\":{\"StringNotEquals\":{\"aws:PrincipalAccount\":\"029729714951\"}}}]}",
            "override_json": null,
            "override_policy_documents": null,
            "policy_id": null,
            "source_json": null,
            "source_policy_documents": null,
            "statement": [
              {
                "actions": [
                  "s3:GetObject"
                ],
                "condition": [
                  {
                    "test": "StringEquals",
                    "values": [
                      "arn:aws:cloudfront::029729714951:distribution/*"
                    ],
                    "variable": "AWS:SourceArn"
                  }
                ],
                "effect": "Allow",
                "not_actions": [],
                "not_principals": [],
                "not_resources": [],
                "principals": [
                  {
                    "identifiers": [
                      "cloudfront.amazonaws.com"
                    ],
                    "type": "Service"
                  }
                ],
                "resources": [
                  "arn:aws:s3:::villa-alfredo-dev-content-kztdbfxu/*"
                ],
                "sid": "AllowCloudFrontServicePrincipal"
              },
              {
                "actions": [
                  "s3:*"
                ],
                "condition": [
                  {
                    "test": "Bool",
                    "values": [
                      "false"
                    ],
                    "variable": "aws:SecureTransport"
                  }
                ],
                "effect": "Deny",
                "not_actions": [],
                "not_principals": [],
                "not_resources": [],
                "principals": [
                  {
                    "identifiers": [
                      "*"
                    ],
                    "type": "*"
                  }
                ],
                "resources": [
                  "arn:aws:s3:::villa-alfredo-dev-content-kztdbfxu",
                  "arn:aws:s3:::villa-alfredo-dev-content-kztdbfxu/*"
                ],
                "sid": "DenyInsecureConnections"
              },
              {
                "actions": [
                  "s3:*"
                ],
                "condition": [
                  {
                    "test": "StringNotEquals",
                    "values": [
                      "029729714951"
                    ],
                    "variable": "aws:PrincipalAccount"
                  }
                ],
                "effect": "Deny",
                "not_actions": [],
                "not_principals": [],
                "not_resources": [],
                "principals": [
                  {
                    "identifiers": [
                      "*"
                    ],
                    "type": "*"
                  }
                ],
                "resources": [
                  "arn:aws:s3:::villa-alfredo-dev-content-kztdbfxu",
                  "arn:aws:s3:::villa-alfredo-dev-content-kztdbfxu/*"
                ],
                "sid": "DenyUnauthorizedAccounts"
              }
            ],
            "version": "2012-10-17"
          },
          "sensitive_attributes": [],
          "identity_schema_version": 0
        }
      ]
    },
    {
      "module": "module.storage",
      "mode": "data",
      "type": "aws_region",
      "name": "current",
      "provider": "provider[\"registry.terraform.io/hashicorp/aws\"]",
      "instances": [
        {
          "schema_version": 0,
          "attributes": {
            "description": "US East (N. Virginia)",
            "endpoint": "ec2.us-east-1.amazonaws.com",
            "id": "us-east-1",
            "name": "us-east-1"
          },
          "sensitive_attributes": [],
          "identity_schema_version": 0
        }
      ]
    },
    {
      "module": "module.storage",
      "mode": "managed",
      "type": "aws_cloudfront_origin_access_control",
      "name": "main",
      "provider": "provider[\"registry.terraform.io/hashicorp/aws\"]",
      "instances": [
        {
          "schema_version": 0,
          "attributes": {
            "arn": "arn:aws:cloudfront::029729714951:origin-access-control/E3B9ZP3O2REEPP",
            "description": "OAC for villa-alfredo S3 bucket",
            "etag": "ETVPDKIKX0DER",
            "id": "E3B9ZP3O2REEPP",
            "name": "villa-alfredo-dev-oac-kztdbfxu",
            "origin_access_control_origin_type": "s3",
            "signing_behavior": "always",
            "signing_protocol": "sigv4"
          },
          "sensitive_attributes": [],
          "identity_schema_version": 0,
          "private": "bnVsbA==",
          "dependencies": [
            "module.security.aws_security_group.alb",
            "module.security.aws_security_group.ec2_instances",
            "module.security.aws_security_group.vpc_endpoints",
            "module.security.aws_security_group_rule.alb_http_egress",
            "module.security.aws_security_group_rule.alb_https_egress",
            "module.security.aws_security_group_rule.alb_https_ingress",
            "module.security.aws_security_group_rule.alb_to_ec2_http",
            "module.security.aws_security_group_rule.alb_to_ec2_https",
            "module.security.aws_security_group_rule.ec2_http_from_alb",
            "module.security.aws_security_group_rule.ec2_https_egress_vpc_endpoints",
            "module.security.aws_security_group_rule.ec2_https_from_alb",
            "module.security.aws_security_group_rule.ec2_mysql_egress",
            "module.security.aws_security_group_rule.vpc_endpoints_https_egress",
            "module.security.aws_security_group_rule.vpc_endpoints_https_ingress",
            "module.storage.random_string.bucket_suffix",
            "module.vpc.aws_eip.nat",
            "module.vpc.aws_internet_gateway.main",
            "module.vpc.aws_nat_gateway.main",
            "module.vpc.aws_route_table.private",
            "module.vpc.aws_subnet.private",
            "module.vpc.aws_subnet.public",
            "module.vpc.aws_vpc.main",
            "module.vpc.data.aws_availability_zones.available",
            "module.vpc_endpoints.aws_vpc_endpoint.cloudwatch_logs",
            "module.vpc_endpoints.aws_vpc_endpoint.cloudwatch_monitoring",
            "module.vpc_endpoints.aws_vpc_endpoint.ec2",
            "module.vpc_endpoints.aws_vpc_endpoint.s3",
            "module.vpc_endpoints.data.aws_region.current"
          ]
        }
      ]
    },
    {
      "module": "module.storage",
      "mode": "managed",
      "type": "aws_s3_bucket",
      "name": "main",
      "provider": "provider[\"registry.terraform.io/hashicorp/aws\"]",
      "instances": [
        {
          "schema_version": 0,
          "attributes": {
            "acceleration_status": "",
            "acl": null,
            "arn": "arn:aws:s3:::villa-alfredo-dev-content-kztdbfxu",
            "bucket": "villa-alfredo-dev-content-kztdbfxu",
            "bucket_domain_name": "villa-alfredo-dev-content-kztdbfxu.s3.amazonaws.com",
            "bucket_prefix": "",
            "bucket_regional_domain_name": "villa-alfredo-dev-content-kztdbfxu.s3.us-east-1.amazonaws.com",
            "cors_rule": [
              {
                "allowed_headers": [
                  "*"
                ],
                "allowed_methods": [
                  "POST",
                  "GET",
                  "HEAD",
                  "DELETE",
                  "PUT"
                ],
                "allowed_origins": [
                  "*"
                ],
                "expose_headers": [
                  "ETag"
                ],
                "max_age_seconds": 3000
              }
            ],
            "force_destroy": false,
            "grant": [
              {
                "id": "ae3ec776444e362c9e874e6d046ce46c34c6d9b2032d93931cdbc3d42c895a6a",
                "permissions": [
                  "FULL_CONTROL"
                ],
                "type": "CanonicalUser",
                "uri": ""
              }
            ],
            "hosted_zone_id": "Z3AQBSTGFYJSTF",
            "id": "villa-alfredo-dev-content-kztdbfxu",
            "lifecycle_rule": [
              {
                "abort_incomplete_multipart_upload_days": 1,
                "enabled": true,
                "expiration": [],
                "id": "main_lifecycle_rule",
                "noncurrent_version_expiration": [],
                "noncurrent_version_transition": [],
                "prefix": "",
                "tags": {},
                "transition": []
              }
            ],
            "logging": [],
            "object_lock_configuration": [],
            "object_lock_enabled": false,
            "policy": "{\"Statement\":[{\"Action\":\"s3:GetObject\",\"Condition\":{\"StringEquals\":{\"AWS:SourceArn\":\"arn:aws:cloudfront::029729714951:distribution/*\"}},\"Effect\":\"Allow\",\"Principal\":{\"Service\":\"cloudfront.amazonaws.com\"},\"Resource\":\"arn:aws:s3:::villa-alfredo-dev-content-kztdbfxu/*\",\"Sid\":\"AllowCloudFrontServicePrincipal\"},{\"Action\":\"s3:*\",\"Condition\":{\"Bool\":{\"aws:SecureTransport\":\"false\"}},\"Effect\":\"Deny\",\"Principal\":\"*\",\"Resource\":[\"arn:aws:s3:::villa-alfredo-dev-content-kztdbfxu/*\",\"arn:aws:s3:::villa-alfredo-dev-content-kztdbfxu\"],\"Sid\":\"DenyInsecureConnections\"},{\"Action\":\"s3:*\",\"Condition\":{\"StringNotEquals\":{\"aws:PrincipalAccount\":\"029729714951\"}},\"Effect\":\"Deny\",\"Principal\":\"*\",\"Resource\":[\"arn:aws:s3:::villa-alfredo-dev-content-kztdbfxu/*\",\"arn:aws:s3:::villa-alfredo-dev-content-kztdbfxu\"],\"Sid\":\"DenyUnauthorizedAccounts\"}],\"Version\":\"2012-10-17\"}",
            "region": "us-east-1",
            "replication_configuration": [],
            "request_payer": "BucketOwner",
            "server_side_encryption_configuration": [
              {
                "rule": [
                  {
                    "apply_server_side_encryption_by_default": [
                      {
                        "kms_master_key_id": "",
                        "sse_algorithm": "aws:kms"
                      }
                    ],
                    "bucket_key_enabled": true
                  }
                ]
              }
            ],
            "tags": {
              "AccessType": "Private with CloudFront and VPC endpoint",
              "CostCenter": "IT",
              "CreatedDate": "2025-07-03",
              "Environment": "dev",
              "ManagedBy": "terraform",
              "Module": "storage",
              "Name": "villa-alfredo-dev-main-bucket",
              "Owner": "DevOps Team",
              "Project": "VillaAlfredo",
              "ProjectName": "villa-alfredo",
              "Purpose": "Content storage and CloudFront origin",
              "Region": "us-east-1",
              "Team": "Infrastructure"
            },
            "tags_all": {
              "AccessType": "Private with CloudFront and VPC endpoint",
              "CostCenter": "IT",
              "CreatedDate": "2025-07-03",
              "Environment": "dev",
              "ManagedBy": "terraform",
              "Module": "storage",
              "Name": "villa-alfredo-dev-main-bucket",
              "Owner": "DevOps Team",
              "Project": "VillaAlfredo",
              "ProjectName": "villa-alfredo",
              "Purpose": "Content storage and CloudFront origin",
              "Region": "us-east-1",
              "Team": "Infrastructure"
            },
            "timeouts": null,
            "versioning": [
              {
                "enabled": false,
                "mfa_delete": false
              }
            ],
            "website": [],
            "website_domain": null,
            "website_endpoint": null
          },
          "sensitive_attributes": [],
          "identity_schema_version": 0,
          "private": "eyJlMmJmYjczMC1lY2FhLTExZTYtOGY4OC0zNDM2M2JjN2M0YzAiOnsiY3JlYXRlIjoxMjAwMDAwMDAwMDAwLCJkZWxldGUiOjM2MDAwMDAwMDAwMDAsInJlYWQiOjEyMDAwMDAwMDAwMDAsInVwZGF0ZSI6MTIwMDAwMDAwMDAwMH19",
          "dependencies": [
            "module.security.aws_security_group.alb",
            "module.security.aws_security_group.ec2_instances",
            "module.security.aws_security_group.vpc_endpoints",
            "module.security.aws_security_group_rule.alb_http_egress",
            "module.security.aws_security_group_rule.alb_https_egress",
            "module.security.aws_security_group_rule.alb_https_ingress",
            "module.security.aws_security_group_rule.alb_to_ec2_http",
            "module.security.aws_security_group_rule.alb_to_ec2_https",
            "module.security.aws_security_group_rule.ec2_http_from_alb",
            "module.security.aws_security_group_rule.ec2_https_egress_vpc_endpoints",
            "module.security.aws_security_group_rule.ec2_https_from_alb",
            "module.security.aws_security_group_rule.ec2_mysql_egress",
            "module.security.aws_security_group_rule.vpc_endpoints_https_egress",
            "module.security.aws_security_group_rule.vpc_endpoints_https_ingress",
            "module.storage.random_string.bucket_suffix",
            "module.vpc.aws_eip.nat",
            "module.vpc.aws_internet_gateway.main",
            "module.vpc.aws_nat_gateway.main",
            "module.vpc.aws_route_table.private",
            "module.vpc.aws_subnet.private",
            "module.vpc.aws_subnet.public",
            "module.vpc.aws_vpc.main",
            "module.vpc.data.aws_availability_zones.available",
            "module.vpc_endpoints.aws_vpc_endpoint.cloudwatch_logs",
            "module.vpc_endpoints.aws_vpc_endpoint.cloudwatch_monitoring",
            "module.vpc_endpoints.aws_vpc_endpoint.ec2",
            "module.vpc_endpoints.aws_vpc_endpoint.s3",
            "module.vpc_endpoints.data.aws_region.current"
          ]
        }
      ]
    },
    {
      "module": "module.storage",
      "mode": "managed",
      "type": "aws_s3_bucket_cors_configuration",
      "name": "main",
      "provider": "provider[\"registry.terraform.io/hashicorp/aws\"]",
      "instances": [
        {
          "index_key": 0,
          "schema_version": 0,
          "attributes": {
            "bucket": "villa-alfredo-dev-content-kztdbfxu",
            "cors_rule": [
              {
                "allowed_headers": [
                  "*"
                ],
                "allowed_methods": [
                  "DELETE",
                  "GET",
                  "HEAD",
                  "POST",
                  "PUT"
                ],
                "allowed_origins": [
                  "*"
                ],
                "expose_headers": [
                  "ETag"
                ],
                "id": "",
                "max_age_seconds": 3000
              }
            ],
            "expected_bucket_owner": "",
            "id": "villa-alfredo-dev-content-kztdbfxu"
          },
          "sensitive_attributes": [],
          "identity_schema_version": 0,
          "private": "bnVsbA==",
          "dependencies": [
            "module.security.aws_security_group.alb",
            "module.security.aws_security_group.ec2_instances",
            "module.security.aws_security_group.vpc_endpoints",
            "module.security.aws_security_group_rule.alb_http_egress",
            "module.security.aws_security_group_rule.alb_https_egress",
            "module.security.aws_security_group_rule.alb_https_ingress",
            "module.security.aws_security_group_rule.alb_to_ec2_http",
            "module.security.aws_security_group_rule.alb_to_ec2_https",
            "module.security.aws_security_group_rule.ec2_http_from_alb",
            "module.security.aws_security_group_rule.ec2_https_egress_vpc_endpoints",
            "module.security.aws_security_group_rule.ec2_https_from_alb",
            "module.security.aws_security_group_rule.ec2_mysql_egress",
            "module.security.aws_security_group_rule.vpc_endpoints_https_egress",
            "module.security.aws_security_group_rule.vpc_endpoints_https_ingress",
            "module.storage.aws_s3_bucket.main",
            "module.storage.random_string.bucket_suffix",
            "module.vpc.aws_eip.nat",
            "module.vpc.aws_internet_gateway.main",
            "module.vpc.aws_nat_gateway.main",
            "module.vpc.aws_route_table.private",
            "module.vpc.aws_subnet.private",
            "module.vpc.aws_subnet.public",
            "module.vpc.aws_vpc.main",
            "module.vpc.data.aws_availability_zones.available",
            "module.vpc_endpoints.aws_vpc_endpoint.cloudwatch_logs",
            "module.vpc_endpoints.aws_vpc_endpoint.cloudwatch_monitoring",
            "module.vpc_endpoints.aws_vpc_endpoint.ec2",
            "module.vpc_endpoints.aws_vpc_endpoint.s3",
            "module.vpc_endpoints.data.aws_region.current"
          ]
        }
      ]
    },
    {
      "module": "module.storage",
      "mode": "managed",
      "type": "aws_s3_bucket_lifecycle_configuration",
      "name": "main",
      "provider": "provider[\"registry.terraform.io/hashicorp/aws\"]",
      "instances": [
        {
          "schema_version": 1,
          "attributes": {
            "bucket": "villa-alfredo-dev-content-kztdbfxu",
            "expected_bucket_owner": "",
            "id": "villa-alfredo-dev-content-kztdbfxu",
            "rule": [
              {
                "abort_incomplete_multipart_upload": [
                  {
                    "days_after_initiation": 1
                  }
                ],
                "expiration": [],
                "filter": [
                  {
                    "and": [],
                    "object_size_greater_than": null,
                    "object_size_less_than": null,
                    "prefix": "",
                    "tag": []
                  }
                ],
                "id": "main_lifecycle_rule",
                "noncurrent_version_expiration": [],
                "noncurrent_version_transition": [],
                "prefix": "",
                "status": "Enabled",
                "transition": []
              }
            ],
            "timeouts": null,
            "transition_default_minimum_object_size": "all_storage_classes_128K"
          },
          "sensitive_attributes": [],
          "identity_schema_version": 0,
          "dependencies": [
            "module.security.aws_security_group.alb",
            "module.security.aws_security_group.ec2_instances",
            "module.security.aws_security_group.vpc_endpoints",
            "module.security.aws_security_group_rule.alb_http_egress",
            "module.security.aws_security_group_rule.alb_https_egress",
            "module.security.aws_security_group_rule.alb_https_ingress",
            "module.security.aws_security_group_rule.alb_to_ec2_http",
            "module.security.aws_security_group_rule.alb_to_ec2_https",
            "module.security.aws_security_group_rule.ec2_http_from_alb",
            "module.security.aws_security_group_rule.ec2_https_egress_vpc_endpoints",
            "module.security.aws_security_group_rule.ec2_https_from_alb",
            "module.security.aws_security_group_rule.ec2_mysql_egress",
            "module.security.aws_security_group_rule.vpc_endpoints_https_egress",
            "module.security.aws_security_group_rule.vpc_endpoints_https_ingress",
            "module.storage.aws_s3_bucket.main",
            "module.storage.random_string.bucket_suffix",
            "module.vpc.aws_eip.nat",
            "module.vpc.aws_internet_gateway.main",
            "module.vpc.aws_nat_gateway.main",
            "module.vpc.aws_route_table.private",
            "module.vpc.aws_subnet.private",
            "module.vpc.aws_subnet.public",
            "module.vpc.aws_vpc.main",
            "module.vpc.data.aws_availability_zones.available",
            "module.vpc_endpoints.aws_vpc_endpoint.cloudwatch_logs",
            "module.vpc_endpoints.aws_vpc_endpoint.cloudwatch_monitoring",
            "module.vpc_endpoints.aws_vpc_endpoint.ec2",
            "module.vpc_endpoints.aws_vpc_endpoint.s3",
            "module.vpc_endpoints.data.aws_region.current"
          ]
        }
      ]
    },
    {
      "module": "module.storage",
      "mode": "managed",
      "type": "aws_s3_bucket_policy",
      "name": "main",
      "provider": "provider[\"registry.terraform.io/hashicorp/aws\"]",
      "instances": [
        {
          "schema_version": 0,
          "attributes": {
            "bucket": "villa-alfredo-dev-content-kztdbfxu",
            "id": "villa-alfredo-dev-content-kztdbfxu",
            "policy": "{\"Statement\":[{\"Action\":\"s3:GetObject\",\"Condition\":{\"StringEquals\":{\"AWS:SourceArn\":\"arn:aws:cloudfront::029729714951:distribution/*\"}},\"Effect\":\"Allow\",\"Principal\":{\"Service\":\"cloudfront.amazonaws.com\"},\"Resource\":\"arn:aws:s3:::villa-alfredo-dev-content-kztdbfxu/*\",\"Sid\":\"AllowCloudFrontServicePrincipal\"},{\"Action\":\"s3:*\",\"Condition\":{\"Bool\":{\"aws:SecureTransport\":\"false\"}},\"Effect\":\"Deny\",\"Principal\":\"*\",\"Resource\":[\"arn:aws:s3:::villa-alfredo-dev-content-kztdbfxu/*\",\"arn:aws:s3:::villa-alfredo-dev-content-kztdbfxu\"],\"Sid\":\"DenyInsecureConnections\"},{\"Action\":\"s3:*\",\"Condition\":{\"StringNotEquals\":{\"aws:PrincipalAccount\":\"029729714951\"}},\"Effect\":\"Deny\",\"Principal\":\"*\",\"Resource\":[\"arn:aws:s3:::villa-alfredo-dev-content-kztdbfxu/*\",\"arn:aws:s3:::villa-alfredo-dev-content-kztdbfxu\"],\"Sid\":\"DenyUnauthorizedAccounts\"}],\"Version\":\"2012-10-17\"}"
          },
          "sensitive_attributes": [],
          "identity_schema_version": 0,
          "private": "bnVsbA==",
          "dependencies": [
            "data.aws_caller_identity.current",
            "module.security.aws_security_group.alb",
            "module.security.aws_security_group.ec2_instances",
            "module.security.aws_security_group.vpc_endpoints",
            "module.security.aws_security_group_rule.alb_http_egress",
            "module.security.aws_security_group_rule.alb_https_egress",
            "module.security.aws_security_group_rule.alb_https_ingress",
            "module.security.aws_security_group_rule.alb_to_ec2_http",
            "module.security.aws_security_group_rule.alb_to_ec2_https",
            "module.security.aws_security_group_rule.ec2_http_from_alb",
            "module.security.aws_security_group_rule.ec2_https_egress_vpc_endpoints",
            "module.security.aws_security_group_rule.ec2_https_from_alb",
            "module.security.aws_security_group_rule.ec2_mysql_egress",
            "module.security.aws_security_group_rule.vpc_endpoints_https_egress",
            "module.security.aws_security_group_rule.vpc_endpoints_https_ingress",
            "module.storage.aws_s3_bucket.main",
            "module.storage.aws_s3_bucket_public_access_block.main",
            "module.storage.data.aws_caller_identity.current",
            "module.storage.data.aws_iam_policy_document.bucket_policy",
            "module.storage.random_string.bucket_suffix",
            "module.vpc.aws_eip.nat",
            "module.vpc.aws_internet_gateway.main",
            "module.vpc.aws_nat_gateway.main",
            "module.vpc.aws_route_table.private",
            "module.vpc.aws_subnet.private",
            "module.vpc.aws_subnet.public",
            "module.vpc.aws_vpc.main",
            "module.vpc.data.aws_availability_zones.available",
            "module.vpc_endpoints.aws_vpc_endpoint.cloudwatch_logs",
            "module.vpc_endpoints.aws_vpc_endpoint.cloudwatch_monitoring",
            "module.vpc_endpoints.aws_vpc_endpoint.ec2",
            "module.vpc_endpoints.aws_vpc_endpoint.s3",
            "module.vpc_endpoints.data.aws_region.current"
          ]
        }
      ]
    },
    {
      "module": "module.storage",
      "mode": "managed",
      "type": "aws_s3_bucket_public_access_block",
      "name": "main",
      "provider": "provider[\"registry.terraform.io/hashicorp/aws\"]",
      "instances": [
        {
          "schema_version": 0,
          "attributes": {
            "block_public_acls": true,
            "block_public_policy": true,
            "bucket": "villa-alfredo-dev-content-kztdbfxu",
            "id": "villa-alfredo-dev-content-kztdbfxu",
            "ignore_public_acls": true,
            "restrict_public_buckets": true
          },
          "sensitive_attributes": [],
          "identity_schema_version": 0,
          "private": "bnVsbA==",
          "dependencies": [
            "module.security.aws_security_group.alb",
            "module.security.aws_security_group.ec2_instances",
            "module.security.aws_security_group.vpc_endpoints",
            "module.security.aws_security_group_rule.alb_http_egress",
            "module.security.aws_security_group_rule.alb_https_egress",
            "module.security.aws_security_group_rule.alb_https_ingress",
            "module.security.aws_security_group_rule.alb_to_ec2_http",
            "module.security.aws_security_group_rule.alb_to_ec2_https",
            "module.security.aws_security_group_rule.ec2_http_from_alb",
            "module.security.aws_security_group_rule.ec2_https_egress_vpc_endpoints",
            "module.security.aws_security_group_rule.ec2_https_from_alb",
            "module.security.aws_security_group_rule.ec2_mysql_egress",
            "module.security.aws_security_group_rule.vpc_endpoints_https_egress",
            "module.security.aws_security_group_rule.vpc_endpoints_https_ingress",
            "module.storage.aws_s3_bucket.main",
            "module.storage.random_string.bucket_suffix",
            "module.vpc.aws_eip.nat",
            "module.vpc.aws_internet_gateway.main",
            "module.vpc.aws_nat_gateway.main",
            "module.vpc.aws_route_table.private",
            "module.vpc.aws_subnet.private",
            "module.vpc.aws_subnet.public",
            "module.vpc.aws_vpc.main",
            "module.vpc.data.aws_availability_zones.available",
            "module.vpc_endpoints.aws_vpc_endpoint.cloudwatch_logs",
            "module.vpc_endpoints.aws_vpc_endpoint.cloudwatch_monitoring",
            "module.vpc_endpoints.aws_vpc_endpoint.ec2",
            "module.vpc_endpoints.aws_vpc_endpoint.s3",
            "module.vpc_endpoints.data.aws_region.current"
          ]
        }
      ]
    },
    {
      "module": "module.storage",
      "mode": "managed",
      "type": "aws_s3_bucket_server_side_encryption_configuration",
      "name": "main",
      "provider": "provider[\"registry.terraform.io/hashicorp/aws\"]",
      "instances": [
        {
          "schema_version": 0,
          "attributes": {
            "bucket": "villa-alfredo-dev-content-kztdbfxu",
            "expected_bucket_owner": "",
            "id": "villa-alfredo-dev-content-kztdbfxu",
            "rule": [
              {
                "apply_server_side_encryption_by_default": [
                  {
                    "kms_master_key_id": "",
                    "sse_algorithm": "aws:kms"
                  }
                ],
                "bucket_key_enabled": true
              }
            ]
          },
          "sensitive_attributes": [],
          "identity_schema_version": 0,
          "private": "bnVsbA==",
          "dependencies": [
            "module.security.aws_security_group.alb",
            "module.security.aws_security_group.ec2_instances",
            "module.security.aws_security_group.vpc_endpoints",
            "module.security.aws_security_group_rule.alb_http_egress",
            "module.security.aws_security_group_rule.alb_https_egress",
            "module.security.aws_security_group_rule.alb_https_ingress",
            "module.security.aws_security_group_rule.alb_to_ec2_http",
            "module.security.aws_security_group_rule.alb_to_ec2_https",
            "module.security.aws_security_group_rule.ec2_http_from_alb",
            "module.security.aws_security_group_rule.ec2_https_egress_vpc_endpoints",
            "module.security.aws_security_group_rule.ec2_https_from_alb",
            "module.security.aws_security_group_rule.ec2_mysql_egress",
            "module.security.aws_security_group_rule.vpc_endpoints_https_egress",
            "module.security.aws_security_group_rule.vpc_endpoints_https_ingress",
            "module.storage.aws_s3_bucket.main",
            "module.storage.random_string.bucket_suffix",
            "module.vpc.aws_eip.nat",
            "module.vpc.aws_internet_gateway.main",
            "module.vpc.aws_nat_gateway.main",
            "module.vpc.aws_route_table.private",
            "module.vpc.aws_subnet.private",
            "module.vpc.aws_subnet.public",
            "module.vpc.aws_vpc.main",
            "module.vpc.data.aws_availability_zones.available",
            "module.vpc_endpoints.aws_vpc_endpoint.cloudwatch_logs",
            "module.vpc_endpoints.aws_vpc_endpoint.cloudwatch_monitoring",
            "module.vpc_endpoints.aws_vpc_endpoint.ec2",
            "module.vpc_endpoints.aws_vpc_endpoint.s3",
            "module.vpc_endpoints.data.aws_region.current"
          ]
        }
      ]
    },
    {
      "module": "module.storage",
      "mode": "managed",
      "type": "aws_s3_bucket_versioning",
      "name": "main",
      "provider": "provider[\"registry.terraform.io/hashicorp/aws\"]",
      "instances": [
        {
          "schema_version": 0,
          "attributes": {
            "bucket": "villa-alfredo-dev-content-kztdbfxu",
            "expected_bucket_owner": "",
            "id": "villa-alfredo-dev-content-kztdbfxu",
            "mfa": null,
            "versioning_configuration": [
              {
                "mfa_delete": "",
                "status": "Suspended"
              }
            ]
          },
          "sensitive_attributes": [],
          "identity_schema_version": 0,
          "private": "bnVsbA==",
          "dependencies": [
            "module.security.aws_security_group.alb",
            "module.security.aws_security_group.ec2_instances",
            "module.security.aws_security_group.vpc_endpoints",
            "module.security.aws_security_group_rule.alb_http_egress",
            "module.security.aws_security_group_rule.alb_https_egress",
            "module.security.aws_security_group_rule.alb_https_ingress",
            "module.security.aws_security_group_rule.alb_to_ec2_http",
            "module.security.aws_security_group_rule.alb_to_ec2_https",
            "module.security.aws_security_group_rule.ec2_http_from_alb",
            "module.security.aws_security_group_rule.ec2_https_egress_vpc_endpoints",
            "module.security.aws_security_group_rule.ec2_https_from_alb",
            "module.security.aws_security_group_rule.ec2_mysql_egress",
            "module.security.aws_security_group_rule.vpc_endpoints_https_egress",
            "module.security.aws_security_group_rule.vpc_endpoints_https_ingress",
            "module.storage.aws_s3_bucket.main",
            "module.storage.random_string.bucket_suffix",
            "module.vpc.aws_eip.nat",
            "module.vpc.aws_internet_gateway.main",
            "module.vpc.aws_nat_gateway.main",
            "module.vpc.aws_route_table.private",
            "module.vpc.aws_subnet.private",
            "module.vpc.aws_subnet.public",
            "module.vpc.aws_vpc.main",
            "module.vpc.data.aws_availability_zones.available",
            "module.vpc_endpoints.aws_vpc_endpoint.cloudwatch_logs",
            "module.vpc_endpoints.aws_vpc_endpoint.cloudwatch_monitoring",
            "module.vpc_endpoints.aws_vpc_endpoint.ec2",
            "module.vpc_endpoints.aws_vpc_endpoint.s3",
            "module.vpc_endpoints.data.aws_region.current"
          ]
        }
      ]
    },
    {
      "module": "module.storage",
      "mode": "managed",
      "type": "aws_s3_object",
      "name": "sample_files",
      "provider": "provider[\"registry.terraform.io/hashicorp/aws\"]",
      "instances": [
        {
          "index_key": "favicon.ico",
          "schema_version": 0,
          "attributes": {
            "acl": null,
            "arn": "arn:aws:s3:::villa-alfredo-dev-content-kztdbfxu/favicon.ico",
            "bucket": "villa-alfredo-dev-content-kztdbfxu",
            "bucket_key_enabled": false,
            "cache_control": "",
            "checksum_algorithm": null,
            "checksum_crc32": "",
            "checksum_crc32c": "",
            "checksum_crc64nvme": "",
            "checksum_sha1": "",
            "checksum_sha256": "",
            "content": "/* Sample favicon.ico file */",
            "content_base64": null,
            "content_disposition": "",
            "content_encoding": "",
            "content_language": "",
            "content_type": "image/x-icon",
            "etag": "355a9f0f5aac8b03d455198bccca0df3",
            "force_destroy": false,
            "id": "favicon.ico",
            "key": "favicon.ico",
            "kms_key_id": null,
            "metadata": {},
            "object_lock_legal_hold_status": "",
            "object_lock_mode": "",
            "object_lock_retain_until_date": "",
            "override_provider": [],
            "server_side_encryption": "AES256",
            "source": null,
            "source_hash": null,
            "storage_class": "STANDARD",
            "tags": {
              "Environment": "dev",
              "ManagedBy": "terraform",
              "Module": "storage",
              "Name": "sample-favicon.ico",
              "ProjectName": "villa-alfredo",
              "Type": "Sample file"
            },
            "tags_all": {
              "Environment": "dev",
              "ManagedBy": "terraform",
              "Module": "storage",
              "Name": "sample-favicon.ico",
              "ProjectName": "villa-alfredo",
              "Type": "Sample file"
            },
            "version_id": "null",
            "website_redirect": ""
          },
          "sensitive_attributes": [],
          "identity_schema_version": 0,
          "private": "bnVsbA==",
          "dependencies": [
            "module.security.aws_security_group.alb",
            "module.security.aws_security_group.ec2_instances",
            "module.security.aws_security_group.vpc_endpoints",
            "module.security.aws_security_group_rule.alb_http_egress",
            "module.security.aws_security_group_rule.alb_https_egress",
            "module.security.aws_security_group_rule.alb_https_ingress",
            "module.security.aws_security_group_rule.alb_to_ec2_http",
            "module.security.aws_security_group_rule.alb_to_ec2_https",
            "module.security.aws_security_group_rule.ec2_http_from_alb",
            "module.security.aws_security_group_rule.ec2_https_egress_vpc_endpoints",
            "module.security.aws_security_group_rule.ec2_https_from_alb",
            "module.security.aws_security_group_rule.ec2_mysql_egress",
            "module.security.aws_security_group_rule.vpc_endpoints_https_egress",
            "module.security.aws_security_group_rule.vpc_endpoints_https_ingress",
            "module.storage.aws_s3_bucket.main",
            "module.storage.random_string.bucket_suffix",
            "module.vpc.aws_eip.nat",
            "module.vpc.aws_internet_gateway.main",
            "module.vpc.aws_nat_gateway.main",
            "module.vpc.aws_route_table.private",
            "module.vpc.aws_subnet.private",
            "module.vpc.aws_subnet.public",
            "module.vpc.aws_vpc.main",
            "module.vpc.data.aws_availability_zones.available",
            "module.vpc_endpoints.aws_vpc_endpoint.cloudwatch_logs",
            "module.vpc_endpoints.aws_vpc_endpoint.cloudwatch_monitoring",
            "module.vpc_endpoints.aws_vpc_endpoint.ec2",
            "module.vpc_endpoints.aws_vpc_endpoint.s3",
            "module.vpc_endpoints.data.aws_region.current"
          ]
        },
        {
          "index_key": "index.html",
          "schema_version": 0,
          "attributes": {
            "acl": null,
            "arn": "arn:aws:s3:::villa-alfredo-dev-content-kztdbfxu/index.html",
            "bucket": "villa-alfredo-dev-content-kztdbfxu",
            "bucket_key_enabled": false,
            "cache_control": "",
            "checksum_algorithm": null,
            "checksum_crc32": "",
            "checksum_crc32c": "",
            "checksum_crc64nvme": "",
            "checksum_sha1": "",
            "checksum_sha256": "",
            "content": "\u003c!DOCTYPE html\u003e\r\n\u003chtml lang=\"es\"\u003e\r\n\u003chead\u003e\r\n    \u003cmeta charset=\"UTF-8\"\u003e\r\n    \u003cmeta name=\"viewport\" content=\"width=device-width, initial-scale=1.0\"\u003e\r\n    \u003ctitle\u003eVilla Alfredo - dev\u003c/title\u003e\r\n    \u003clink rel=\"stylesheet\" href=\"style.css\"\u003e\r\n\u003c/head\u003e\r\n\u003cbody\u003e\r\n    \u003cheader\u003e\r\n        \u003ch1\u003eVilla Alfredo\u003c/h1\u003e\r\n        \u003ch2\u003eAmbiente: dev\u003c/h2\u003e\r\n    \u003c/header\u003e\r\n    \u003cmain\u003e\r\n        \u003cp\u003eBienvenido a Villa Alfredo. Este contenido se sirve desde:\u003c/p\u003e\r\n        \u003cul\u003e\r\n            \u003cli\u003eS3 Bucket: villa-alfredo-dev-content-kztdbfxu\u003c/li\u003e\r\n            \u003cli\u003eA través de CloudFront CDN\u003c/li\u003e\r\n            \u003cli\u003eAccesible desde EC2 via VPC Endpoint\u003c/li\u003e\r\n        \u003c/ul\u003e\r\n        \u003cp\u003eFecha de deploy: 2025-07-03T07:11:42Z\u003c/p\u003e\r\n    \u003c/main\u003e\r\n    \u003cscript src=\"script.js\"\u003e\u003c/script\u003e\r\n\u003c/body\u003e\r\n\u003c/html\u003e\r\n",
            "content_base64": null,
            "content_disposition": "",
            "content_encoding": "",
            "content_language": "",
            "content_type": "text/html",
            "etag": "957c80bbc1e3a92acd90f9cd8b8f4ddc",
            "force_destroy": false,
            "id": "index.html",
            "key": "index.html",
            "kms_key_id": null,
            "metadata": {},
            "object_lock_legal_hold_status": "",
            "object_lock_mode": "",
            "object_lock_retain_until_date": "",
            "override_provider": [],
            "server_side_encryption": "AES256",
            "source": null,
            "source_hash": null,
            "storage_class": "STANDARD",
            "tags": {
              "Environment": "dev",
              "ManagedBy": "terraform",
              "Module": "storage",
              "Name": "sample-index.html",
              "ProjectName": "villa-alfredo",
              "Type": "Sample file"
            },
            "tags_all": {
              "Environment": "dev",
              "ManagedBy": "terraform",
              "Module": "storage",
              "Name": "sample-index.html",
              "ProjectName": "villa-alfredo",
              "Type": "Sample file"
            },
            "version_id": "null",
            "website_redirect": ""
          },
          "sensitive_attributes": [],
          "identity_schema_version": 0,
          "private": "bnVsbA==",
          "dependencies": [
            "module.security.aws_security_group.alb",
            "module.security.aws_security_group.ec2_instances",
            "module.security.aws_security_group.vpc_endpoints",
            "module.security.aws_security_group_rule.alb_http_egress",
            "module.security.aws_security_group_rule.alb_https_egress",
            "module.security.aws_security_group_rule.alb_https_ingress",
            "module.security.aws_security_group_rule.alb_to_ec2_http",
            "module.security.aws_security_group_rule.alb_to_ec2_https",
            "module.security.aws_security_group_rule.ec2_http_from_alb",
            "module.security.aws_security_group_rule.ec2_https_egress_vpc_endpoints",
            "module.security.aws_security_group_rule.ec2_https_from_alb",
            "module.security.aws_security_group_rule.ec2_mysql_egress",
            "module.security.aws_security_group_rule.vpc_endpoints_https_egress",
            "module.security.aws_security_group_rule.vpc_endpoints_https_ingress",
            "module.storage.aws_s3_bucket.main",
            "module.storage.random_string.bucket_suffix",
            "module.vpc.aws_eip.nat",
            "module.vpc.aws_internet_gateway.main",
            "module.vpc.aws_nat_gateway.main",
            "module.vpc.aws_route_table.private",
            "module.vpc.aws_subnet.private",
            "module.vpc.aws_subnet.public",
            "module.vpc.aws_vpc.main",
            "module.vpc.data.aws_availability_zones.available",
            "module.vpc_endpoints.aws_vpc_endpoint.cloudwatch_logs",
            "module.vpc_endpoints.aws_vpc_endpoint.cloudwatch_monitoring",
            "module.vpc_endpoints.aws_vpc_endpoint.ec2",
            "module.vpc_endpoints.aws_vpc_endpoint.s3",
            "module.vpc_endpoints.data.aws_region.current"
          ]
        },
        {
          "index_key": "script.js",
          "schema_version": 0,
          "attributes": {
            "acl": null,
            "arn": "arn:aws:s3:::villa-alfredo-dev-content-kztdbfxu/script.js",
            "bucket": "villa-alfredo-dev-content-kztdbfxu",
            "bucket_key_enabled": false,
            "cache_control": "",
            "checksum_algorithm": null,
            "checksum_crc32": "",
            "checksum_crc32c": "",
            "checksum_crc64nvme": "",
            "checksum_sha1": "",
            "checksum_sha256": "",
            "content": "/* Sample script.js file */",
            "content_base64": null,
            "content_disposition": "",
            "content_encoding": "",
            "content_language": "",
            "content_type": "application/javascript",
            "etag": "b1cf64d7604f6b316c638034c9830906",
            "force_destroy": false,
            "id": "script.js",
            "key": "script.js",
            "kms_key_id": null,
            "metadata": {},
            "object_lock_legal_hold_status": "",
            "object_lock_mode": "",
            "object_lock_retain_until_date": "",
            "override_provider": [],
            "server_side_encryption": "AES256",
            "source": null,
            "source_hash": null,
            "storage_class": "STANDARD",
            "tags": {
              "Environment": "dev",
              "ManagedBy": "terraform",
              "Module": "storage",
              "Name": "sample-script.js",
              "ProjectName": "villa-alfredo",
              "Type": "Sample file"
            },
            "tags_all": {
              "Environment": "dev",
              "ManagedBy": "terraform",
              "Module": "storage",
              "Name": "sample-script.js",
              "ProjectName": "villa-alfredo",
              "Type": "Sample file"
            },
            "version_id": "null",
            "website_redirect": ""
          },
          "sensitive_attributes": [],
          "identity_schema_version": 0,
          "private": "bnVsbA==",
          "dependencies": [
            "module.security.aws_security_group.alb",
            "module.security.aws_security_group.ec2_instances",
            "module.security.aws_security_group.vpc_endpoints",
            "module.security.aws_security_group_rule.alb_http_egress",
            "module.security.aws_security_group_rule.alb_https_egress",
            "module.security.aws_security_group_rule.alb_https_ingress",
            "module.security.aws_security_group_rule.alb_to_ec2_http",
            "module.security.aws_security_group_rule.alb_to_ec2_https",
            "module.security.aws_security_group_rule.ec2_http_from_alb",
            "module.security.aws_security_group_rule.ec2_https_egress_vpc_endpoints",
            "module.security.aws_security_group_rule.ec2_https_from_alb",
            "module.security.aws_security_group_rule.ec2_mysql_egress",
            "module.security.aws_security_group_rule.vpc_endpoints_https_egress",
            "module.security.aws_security_group_rule.vpc_endpoints_https_ingress",
            "module.storage.aws_s3_bucket.main",
            "module.storage.random_string.bucket_suffix",
            "module.vpc.aws_eip.nat",
            "module.vpc.aws_internet_gateway.main",
            "module.vpc.aws_nat_gateway.main",
            "module.vpc.aws_route_table.private",
            "module.vpc.aws_subnet.private",
            "module.vpc.aws_subnet.public",
            "module.vpc.aws_vpc.main",
            "module.vpc.data.aws_availability_zones.available",
            "module.vpc_endpoints.aws_vpc_endpoint.cloudwatch_logs",
            "module.vpc_endpoints.aws_vpc_endpoint.cloudwatch_monitoring",
            "module.vpc_endpoints.aws_vpc_endpoint.ec2",
            "module.vpc_endpoints.aws_vpc_endpoint.s3",
            "module.vpc_endpoints.data.aws_region.current"
          ]
        },
        {
          "index_key": "style.css",
          "schema_version": 0,
          "attributes": {
            "acl": null,
            "arn": "arn:aws:s3:::villa-alfredo-dev-content-kztdbfxu/style.css",
            "bucket": "villa-alfredo-dev-content-kztdbfxu",
            "bucket_key_enabled": true,
            "cache_control": "",
            "checksum_algorithm": null,
            "checksum_crc32": "",
            "checksum_crc32c": "",
            "checksum_crc64nvme": "",
            "checksum_sha1": "",
            "checksum_sha256": "",
            "content": "/* Sample style.css file */",
            "content_base64": null,
            "content_disposition": "",
            "content_encoding": "",
            "content_language": "",
            "content_type": "text/css",
            "etag": "dbd384612d99fabcc453eaa768571d77",
            "force_destroy": false,
            "id": "style.css",
            "key": "style.css",
            "kms_key_id": "arn:aws:kms:us-east-1:029729714951:key/8001dc43-7840-430f-a222-ef2d1edf60ec",
            "metadata": {},
            "object_lock_legal_hold_status": "",
            "object_lock_mode": "",
            "object_lock_retain_until_date": "",
            "override_provider": [],
            "server_side_encryption": "aws:kms",
            "source": null,
            "source_hash": null,
            "storage_class": "STANDARD",
            "tags": {
              "Environment": "dev",
              "ManagedBy": "terraform",
              "Module": "storage",
              "Name": "sample-style.css",
              "ProjectName": "villa-alfredo",
              "Type": "Sample file"
            },
            "tags_all": {
              "Environment": "dev",
              "ManagedBy": "terraform",
              "Module": "storage",
              "Name": "sample-style.css",
              "ProjectName": "villa-alfredo",
              "Type": "Sample file"
            },
            "version_id": "null",
            "website_redirect": ""
          },
          "sensitive_attributes": [],
          "identity_schema_version": 0,
          "private": "bnVsbA==",
          "dependencies": [
            "module.security.aws_security_group.alb",
            "module.security.aws_security_group.ec2_instances",
            "module.security.aws_security_group.vpc_endpoints",
            "module.security.aws_security_group_rule.alb_http_egress",
            "module.security.aws_security_group_rule.alb_https_egress",
            "module.security.aws_security_group_rule.alb_https_ingress",
            "module.security.aws_security_group_rule.alb_to_ec2_http",
            "module.security.aws_security_group_rule.alb_to_ec2_https",
            "module.security.aws_security_group_rule.ec2_http_from_alb",
            "module.security.aws_security_group_rule.ec2_https_egress_vpc_endpoints",
            "module.security.aws_security_group_rule.ec2_https_from_alb",
            "module.security.aws_security_group_rule.ec2_mysql_egress",
            "module.security.aws_security_group_rule.vpc_endpoints_https_egress",
            "module.security.aws_security_group_rule.vpc_endpoints_https_ingress",
            "module.storage.aws_s3_bucket.main",
            "module.storage.random_string.bucket_suffix",
            "module.vpc.aws_eip.nat",
            "module.vpc.aws_internet_gateway.main",
            "module.vpc.aws_nat_gateway.main",
            "module.vpc.aws_route_table.private",
            "module.vpc.aws_subnet.private",
            "module.vpc.aws_subnet.public",
            "module.vpc.aws_vpc.main",
            "module.vpc.data.aws_availability_zones.available",
            "module.vpc_endpoints.aws_vpc_endpoint.cloudwatch_logs",
            "module.vpc_endpoints.aws_vpc_endpoint.cloudwatch_monitoring",
            "module.vpc_endpoints.aws_vpc_endpoint.ec2",
            "module.vpc_endpoints.aws_vpc_endpoint.s3",
            "module.vpc_endpoints.data.aws_region.current"
          ]
        }
      ]
    },
    {
      "module": "module.storage",
      "mode": "managed",
      "type": "random_string",
      "name": "bucket_suffix",
      "provider": "provider[\"registry.terraform.io/hashicorp/random\"]",
      "instances": [
        {
          "schema_version": 2,
          "attributes": {
            "id": "kztdbfxu",
            "keepers": null,
            "length": 8,
            "lower": true,
            "min_lower": 0,
            "min_numeric": 0,
            "min_special": 0,
            "min_upper": 0,
            "number": true,
            "numeric": true,
            "override_special": null,
            "result": "kztdbfxu",
            "special": false,
            "upper": false
          },
          "sensitive_attributes": [],
          "identity_schema_version": 0,
          "dependencies": [
            "module.security.aws_security_group.alb",
            "module.security.aws_security_group.ec2_instances",
            "module.security.aws_security_group.vpc_endpoints",
            "module.security.aws_security_group_rule.alb_http_egress",
            "module.security.aws_security_group_rule.alb_https_egress",
            "module.security.aws_security_group_rule.alb_https_ingress",
            "module.security.aws_security_group_rule.alb_to_ec2_http",
            "module.security.aws_security_group_rule.alb_to_ec2_https",
            "module.security.aws_security_group_rule.ec2_http_from_alb",
            "module.security.aws_security_group_rule.ec2_https_egress_vpc_endpoints",
            "module.security.aws_security_group_rule.ec2_https_from_alb",
            "module.security.aws_security_group_rule.ec2_mysql_egress",
            "module.security.aws_security_group_rule.vpc_endpoints_https_egress",
            "module.security.aws_security_group_rule.vpc_endpoints_https_ingress",
            "module.vpc.aws_eip.nat",
            "module.vpc.aws_internet_gateway.main",
            "module.vpc.aws_nat_gateway.main",
            "module.vpc.aws_route_table.private",
            "module.vpc.aws_subnet.private",
            "module.vpc.aws_subnet.public",
            "module.vpc.aws_vpc.main",
            "module.vpc.data.aws_availability_zones.available",
            "module.vpc_endpoints.aws_vpc_endpoint.cloudwatch_logs",
            "module.vpc_endpoints.aws_vpc_endpoint.cloudwatch_monitoring",
            "module.vpc_endpoints.aws_vpc_endpoint.ec2",
            "module.vpc_endpoints.aws_vpc_endpoint.s3",
            "module.vpc_endpoints.data.aws_region.current"
          ]
        }
      ]
    },
    {
      "module": "module.vpc",
      "mode": "data",
      "type": "aws_availability_zones",
      "name": "available",
      "provider": "provider[\"registry.terraform.io/hashicorp/aws\"]",
      "instances": [
        {
          "schema_version": 0,
          "attributes": {
            "all_availability_zones": null,
            "exclude_names": null,
            "exclude_zone_ids": null,
            "filter": null,
            "group_names": [
              "us-east-1-zg-1"
            ],
            "id": "us-east-1",
            "names": [
              "us-east-1a",
              "us-east-1b",
              "us-east-1c",
              "us-east-1d",
              "us-east-1e",
              "us-east-1f"
            ],
            "state": "available",
            "timeouts": null,
            "zone_ids": [
              "use1-az2",
              "use1-az4",
              "use1-az6",
              "use1-az1",
              "use1-az3",
              "use1-az5"
            ]
          },
          "sensitive_attributes": [],
          "identity_schema_version": 0
        }
      ]
    },
    {
      "module": "module.vpc",
      "mode": "managed",
      "type": "aws_eip",
      "name": "nat",
      "provider": "provider[\"registry.terraform.io/hashicorp/aws\"]",
      "instances": [
        {
          "index_key": 0,
          "schema_version": 0,
          "attributes": {
            "address": null,
            "allocation_id": "eipalloc-042d45bb87727adef",
            "arn": "arn:aws:ec2:us-east-1:029729714951:elastic-ip/eipalloc-042d45bb87727adef",
            "associate_with_private_ip": null,
            "association_id": "eipassoc-01343c464ca8ed2f5",
            "carrier_ip": "",
            "customer_owned_ip": "",
            "customer_owned_ipv4_pool": "",
            "domain": "vpc",
            "id": "eipalloc-042d45bb87727adef",
            "instance": "",
            "ipam_pool_id": null,
            "network_border_group": "us-east-1",
            "network_interface": "eni-0df96ef79213ab54c",
            "private_dns": "ip-10-0-1-99.ec2.internal",
            "private_ip": "10.0.1.99",
            "ptr_record": "",
            "public_dns": "ec2-52-21-135-230.compute-1.amazonaws.com",
            "public_ip": "52.21.135.230",
            "public_ipv4_pool": "amazon",
            "tags": {
              "CostCenter": "IT",
              "CreatedDate": "2025-07-03",
              "Environment": "dev",
              "ManagedBy": "terraform",
              "Name": "villa-alfredo-nat-eip-1",
              "Owner": "DevOps Team",
              "Project": "villa-alfredo",
              "ProjectName": "villa-alfredo",
              "Region": "us-east-1",
              "Team": "Infrastructure"
            },
            "tags_all": {
              "CostCenter": "IT",
              "CreatedDate": "2025-07-03",
              "Environment": "dev",
              "ManagedBy": "terraform",
              "Name": "villa-alfredo-nat-eip-1",
              "Owner": "DevOps Team",
              "Project": "villa-alfredo",
              "ProjectName": "villa-alfredo",
              "Region": "us-east-1",
              "Team": "Infrastructure"
            },
            "timeouts": null,
            "vpc": true
          },
          "sensitive_attributes": [],
          "identity_schema_version": 0,
          "private": "eyJlMmJmYjczMC1lY2FhLTExZTYtOGY4OC0zNDM2M2JjN2M0YzAiOnsiZGVsZXRlIjoxODAwMDAwMDAwMDAsInJlYWQiOjkwMDAwMDAwMDAwMCwidXBkYXRlIjozMDAwMDAwMDAwMDB9fQ==",
          "dependencies": [
            "module.vpc.aws_internet_gateway.main",
            "module.vpc.aws_subnet.public",
            "module.vpc.aws_vpc.main",
            "module.vpc.data.aws_availability_zones.available"
          ]
        },
        {
          "index_key": 1,
          "schema_version": 0,
          "attributes": {
            "address": null,
            "allocation_id": "eipalloc-047cf1574b8e6c130",
            "arn": "arn:aws:ec2:us-east-1:029729714951:elastic-ip/eipalloc-047cf1574b8e6c130",
            "associate_with_private_ip": null,
            "association_id": "eipassoc-0b416b28b712b3e9d",
            "carrier_ip": "",
            "customer_owned_ip": "",
            "customer_owned_ipv4_pool": "",
            "domain": "vpc",
            "id": "eipalloc-047cf1574b8e6c130",
            "instance": "",
            "ipam_pool_id": null,
            "network_border_group": "us-east-1",
            "network_interface": "eni-0f79274c934f6e8c6",
            "private_dns": "ip-10-0-2-245.ec2.internal",
            "private_ip": "10.0.2.245",
            "ptr_record": "",
            "public_dns": "ec2-52-203-58-233.compute-1.amazonaws.com",
            "public_ip": "52.203.58.233",
            "public_ipv4_pool": "amazon",
            "tags": {
              "CostCenter": "IT",
              "CreatedDate": "2025-07-03",
              "Environment": "dev",
              "ManagedBy": "terraform",
              "Name": "villa-alfredo-nat-eip-2",
              "Owner": "DevOps Team",
              "Project": "villa-alfredo",
              "ProjectName": "villa-alfredo",
              "Region": "us-east-1",
              "Team": "Infrastructure"
            },
            "tags_all": {
              "CostCenter": "IT",
              "CreatedDate": "2025-07-03",
              "Environment": "dev",
              "ManagedBy": "terraform",
              "Name": "villa-alfredo-nat-eip-2",
              "Owner": "DevOps Team",
              "Project": "villa-alfredo",
              "ProjectName": "villa-alfredo",
              "Region": "us-east-1",
              "Team": "Infrastructure"
            },
            "timeouts": null,
            "vpc": true
          },
          "sensitive_attributes": [],
          "identity_schema_version": 0,
          "private": "eyJlMmJmYjczMC1lY2FhLTExZTYtOGY4OC0zNDM2M2JjN2M0YzAiOnsiZGVsZXRlIjoxODAwMDAwMDAwMDAsInJlYWQiOjkwMDAwMDAwMDAwMCwidXBkYXRlIjozMDAwMDAwMDAwMDB9fQ==",
          "dependencies": [
            "module.vpc.aws_internet_gateway.main",
            "module.vpc.aws_subnet.public",
            "module.vpc.aws_vpc.main",
            "module.vpc.data.aws_availability_zones.available"
          ]
        }
      ]
    },
    {
      "module": "module.vpc",
      "mode": "managed",
      "type": "aws_internet_gateway",
      "name": "main",
      "provider": "provider[\"registry.terraform.io/hashicorp/aws\"]",
      "instances": [
        {
          "schema_version": 0,
          "attributes": {
            "arn": "arn:aws:ec2:us-east-1:029729714951:internet-gateway/igw-0bef2dd4cad577385",
            "id": "igw-0bef2dd4cad577385",
            "owner_id": "029729714951",
            "tags": {
              "CostCenter": "IT",
              "CreatedDate": "2025-07-03",
              "Environment": "dev",
              "ManagedBy": "terraform",
              "Name": "villa-alfredo-igw",
              "Owner": "DevOps Team",
              "Project": "villa-alfredo",
              "ProjectName": "villa-alfredo",
              "Region": "us-east-1",
              "Team": "Infrastructure"
            },
            "tags_all": {
              "CostCenter": "IT",
              "CreatedDate": "2025-07-03",
              "Environment": "dev",
              "ManagedBy": "terraform",
              "Name": "villa-alfredo-igw",
              "Owner": "DevOps Team",
              "Project": "villa-alfredo",
              "ProjectName": "villa-alfredo",
              "Region": "us-east-1",
              "Team": "Infrastructure"
            },
            "timeouts": null,
            "vpc_id": "vpc-0a4992c325f4d664b"
          },
          "sensitive_attributes": [],
          "identity_schema_version": 0,
          "private": "eyJlMmJmYjczMC1lY2FhLTExZTYtOGY4OC0zNDM2M2JjN2M0YzAiOnsiY3JlYXRlIjoxMjAwMDAwMDAwMDAwLCJkZWxldGUiOjEyMDAwMDAwMDAwMDAsInVwZGF0ZSI6MTIwMDAwMDAwMDAwMH19",
          "dependencies": [
            "module.vpc.aws_vpc.main"
          ]
        }
      ]
    },
    {
      "module": "module.vpc",
      "mode": "managed",
      "type": "aws_nat_gateway",
      "name": "main",
      "provider": "provider[\"registry.terraform.io/hashicorp/aws\"]",
      "instances": [
        {
          "index_key": 0,
          "schema_version": 0,
          "attributes": {
            "allocation_id": "eipalloc-042d45bb87727adef",
            "association_id": "eipassoc-01343c464ca8ed2f5",
            "connectivity_type": "public",
            "id": "nat-09b7e20215ad6fa7f",
            "network_interface_id": "eni-0df96ef79213ab54c",
            "private_ip": "10.0.1.99",
            "public_ip": "52.21.135.230",
            "secondary_allocation_ids": [],
            "secondary_private_ip_address_count": 0,
            "secondary_private_ip_addresses": [],
            "subnet_id": "subnet-03082fc0e3694a09f",
            "tags": {
              "CostCenter": "IT",
              "CreatedDate": "2025-07-03",
              "Environment": "dev",
              "ManagedBy": "terraform",
              "Name": "villa-alfredo-nat-gateway-1",
              "Owner": "DevOps Team",
              "Project": "villa-alfredo",
              "ProjectName": "villa-alfredo",
              "Region": "us-east-1",
              "Team": "Infrastructure"
            },
            "tags_all": {
              "CostCenter": "IT",
              "CreatedDate": "2025-07-03",
              "Environment": "dev",
              "ManagedBy": "terraform",
              "Name": "villa-alfredo-nat-gateway-1",
              "Owner": "DevOps Team",
              "Project": "villa-alfredo",
              "ProjectName": "villa-alfredo",
              "Region": "us-east-1",
              "Team": "Infrastructure"
            },
            "timeouts": null
          },
          "sensitive_attributes": [],
          "identity_schema_version": 0,
          "private": "eyJlMmJmYjczMC1lY2FhLTExZTYtOGY4OC0zNDM2M2JjN2M0YzAiOnsiY3JlYXRlIjo2MDAwMDAwMDAwMDAsImRlbGV0ZSI6MTgwMDAwMDAwMDAwMCwidXBkYXRlIjo2MDAwMDAwMDAwMDB9fQ==",
          "dependencies": [
            "module.vpc.aws_eip.nat",
            "module.vpc.aws_internet_gateway.main",
            "module.vpc.aws_subnet.public",
            "module.vpc.aws_vpc.main",
            "module.vpc.data.aws_availability_zones.available"
          ]
        },
        {
          "index_key": 1,
          "schema_version": 0,
          "attributes": {
            "allocation_id": "eipalloc-047cf1574b8e6c130",
            "association_id": "eipassoc-0b416b28b712b3e9d",
            "connectivity_type": "public",
            "id": "nat-0492a50c7a73fc1b1",
            "network_interface_id": "eni-0f79274c934f6e8c6",
            "private_ip": "10.0.2.245",
            "public_ip": "52.203.58.233",
            "secondary_allocation_ids": [],
            "secondary_private_ip_address_count": 0,
            "secondary_private_ip_addresses": [],
            "subnet_id": "subnet-0439a598cba2ebe6e",
            "tags": {
              "CostCenter": "IT",
              "CreatedDate": "2025-07-03",
              "Environment": "dev",
              "ManagedBy": "terraform",
              "Name": "villa-alfredo-nat-gateway-2",
              "Owner": "DevOps Team",
              "Project": "villa-alfredo",
              "ProjectName": "villa-alfredo",
              "Region": "us-east-1",
              "Team": "Infrastructure"
            },
            "tags_all": {
              "CostCenter": "IT",
              "CreatedDate": "2025-07-03",
              "Environment": "dev",
              "ManagedBy": "terraform",
              "Name": "villa-alfredo-nat-gateway-2",
              "Owner": "DevOps Team",
              "Project": "villa-alfredo",
              "ProjectName": "villa-alfredo",
              "Region": "us-east-1",
              "Team": "Infrastructure"
            },
            "timeouts": null
          },
          "sensitive_attributes": [],
          "identity_schema_version": 0,
          "private": "eyJlMmJmYjczMC1lY2FhLTExZTYtOGY4OC0zNDM2M2JjN2M0YzAiOnsiY3JlYXRlIjo2MDAwMDAwMDAwMDAsImRlbGV0ZSI6MTgwMDAwMDAwMDAwMCwidXBkYXRlIjo2MDAwMDAwMDAwMDB9fQ==",
          "dependencies": [
            "module.vpc.aws_eip.nat",
            "module.vpc.aws_internet_gateway.main",
            "module.vpc.aws_subnet.public",
            "module.vpc.aws_vpc.main",
            "module.vpc.data.aws_availability_zones.available"
          ]
        }
      ]
    },
    {
      "module": "module.vpc",
      "mode": "managed",
      "type": "aws_route_table",
      "name": "private",
      "provider": "provider[\"registry.terraform.io/hashicorp/aws\"]",
      "instances": [
        {
          "index_key": 0,
          "schema_version": 0,
          "attributes": {
            "arn": "arn:aws:ec2:us-east-1:029729714951:route-table/rtb-0356aef4072409fa5",
            "id": "rtb-0356aef4072409fa5",
            "owner_id": "029729714951",
            "propagating_vgws": [],
            "route": [
              {
                "carrier_gateway_id": "",
                "cidr_block": "0.0.0.0/0",
                "core_network_arn": "",
                "destination_prefix_list_id": "",
                "egress_only_gateway_id": "",
                "gateway_id": "",
                "ipv6_cidr_block": "",
                "local_gateway_id": "",
                "nat_gateway_id": "nat-09b7e20215ad6fa7f",
                "network_interface_id": "",
                "transit_gateway_id": "",
                "vpc_endpoint_id": "",
                "vpc_peering_connection_id": ""
              }
            ],
            "tags": {
              "CostCenter": "IT",
              "CreatedDate": "2025-07-03",
              "Environment": "dev",
              "ManagedBy": "terraform",
              "Name": "villa-alfredo-private-rt-1",
              "Owner": "DevOps Team",
              "Project": "villa-alfredo",
              "ProjectName": "villa-alfredo",
              "Region": "us-east-1",
              "Team": "Infrastructure",
              "Type": "Private"
            },
            "tags_all": {
              "CostCenter": "IT",
              "CreatedDate": "2025-07-03",
              "Environment": "dev",
              "ManagedBy": "terraform",
              "Name": "villa-alfredo-private-rt-1",
              "Owner": "DevOps Team",
              "Project": "villa-alfredo",
              "ProjectName": "villa-alfredo",
              "Region": "us-east-1",
              "Team": "Infrastructure",
              "Type": "Private"
            },
            "timeouts": null,
            "vpc_id": "vpc-0a4992c325f4d664b"
          },
          "sensitive_attributes": [],
          "identity_schema_version": 0,
          "private": "eyJlMmJmYjczMC1lY2FhLTExZTYtOGY4OC0zNDM2M2JjN2M0YzAiOnsiY3JlYXRlIjozMDAwMDAwMDAwMDAsImRlbGV0ZSI6MzAwMDAwMDAwMDAwLCJ1cGRhdGUiOjEyMDAwMDAwMDAwMH19",
          "dependencies": [
            "module.vpc.aws_eip.nat",
            "module.vpc.aws_internet_gateway.main",
            "module.vpc.aws_nat_gateway.main",
            "module.vpc.aws_subnet.private",
            "module.vpc.aws_subnet.public",
            "module.vpc.aws_vpc.main",
            "module.vpc.data.aws_availability_zones.available"
          ]
        },
        {
          "index_key": 1,
          "schema_version": 0,
          "attributes": {
            "arn": "arn:aws:ec2:us-east-1:029729714951:route-table/rtb-0083331069b544aae",
            "id": "rtb-0083331069b544aae",
            "owner_id": "029729714951",
            "propagating_vgws": [],
            "route": [
              {
                "carrier_gateway_id": "",
                "cidr_block": "0.0.0.0/0",
                "core_network_arn": "",
                "destination_prefix_list_id": "",
                "egress_only_gateway_id": "",
                "gateway_id": "",
                "ipv6_cidr_block": "",
                "local_gateway_id": "",
                "nat_gateway_id": "nat-0492a50c7a73fc1b1",
                "network_interface_id": "",
                "transit_gateway_id": "",
                "vpc_endpoint_id": "",
                "vpc_peering_connection_id": ""
              }
            ],
            "tags": {
              "CostCenter": "IT",
              "CreatedDate": "2025-07-03",
              "Environment": "dev",
              "ManagedBy": "terraform",
              "Name": "villa-alfredo-private-rt-2",
              "Owner": "DevOps Team",
              "Project": "villa-alfredo",
              "ProjectName": "villa-alfredo",
              "Region": "us-east-1",
              "Team": "Infrastructure",
              "Type": "Private"
            },
            "tags_all": {
              "CostCenter": "IT",
              "CreatedDate": "2025-07-03",
              "Environment": "dev",
              "ManagedBy": "terraform",
              "Name": "villa-alfredo-private-rt-2",
              "Owner": "DevOps Team",
              "Project": "villa-alfredo",
              "ProjectName": "villa-alfredo",
              "Region": "us-east-1",
              "Team": "Infrastructure",
              "Type": "Private"
            },
            "timeouts": null,
            "vpc_id": "vpc-0a4992c325f4d664b"
          },
          "sensitive_attributes": [],
          "identity_schema_version": 0,
          "private": "eyJlMmJmYjczMC1lY2FhLTExZTYtOGY4OC0zNDM2M2JjN2M0YzAiOnsiY3JlYXRlIjozMDAwMDAwMDAwMDAsImRlbGV0ZSI6MzAwMDAwMDAwMDAwLCJ1cGRhdGUiOjEyMDAwMDAwMDAwMH19",
          "dependencies": [
            "module.vpc.aws_eip.nat",
            "module.vpc.aws_internet_gateway.main",
            "module.vpc.aws_nat_gateway.main",
            "module.vpc.aws_subnet.private",
            "module.vpc.aws_subnet.public",
            "module.vpc.aws_vpc.main",
            "module.vpc.data.aws_availability_zones.available"
          ]
        }
      ]
    },
    {
      "module": "module.vpc",
      "mode": "managed",
      "type": "aws_route_table",
      "name": "public",
      "provider": "provider[\"registry.terraform.io/hashicorp/aws\"]",
      "instances": [
        {
          "index_key": 0,
          "schema_version": 0,
          "attributes": {
            "arn": "arn:aws:ec2:us-east-1:029729714951:route-table/rtb-04fd6a59da226ed8a",
            "id": "rtb-04fd6a59da226ed8a",
            "owner_id": "029729714951",
            "propagating_vgws": [],
            "route": [
              {
                "carrier_gateway_id": "",
                "cidr_block": "0.0.0.0/0",
                "core_network_arn": "",
                "destination_prefix_list_id": "",
                "egress_only_gateway_id": "",
                "gateway_id": "igw-0bef2dd4cad577385",
                "ipv6_cidr_block": "",
                "local_gateway_id": "",
                "nat_gateway_id": "",
                "network_interface_id": "",
                "transit_gateway_id": "",
                "vpc_endpoint_id": "",
                "vpc_peering_connection_id": ""
              }
            ],
            "tags": {
              "CostCenter": "IT",
              "CreatedDate": "2025-07-03",
              "Environment": "dev",
              "ManagedBy": "terraform",
              "Name": "villa-alfredo-public-rt",
              "Owner": "DevOps Team",
              "Project": "villa-alfredo",
              "ProjectName": "villa-alfredo",
              "Region": "us-east-1",
              "Team": "Infrastructure",
              "Type": "Public"
            },
            "tags_all": {
              "CostCenter": "IT",
              "CreatedDate": "2025-07-03",
              "Environment": "dev",
              "ManagedBy": "terraform",
              "Name": "villa-alfredo-public-rt",
              "Owner": "DevOps Team",
              "Project": "villa-alfredo",
              "ProjectName": "villa-alfredo",
              "Region": "us-east-1",
              "Team": "Infrastructure",
              "Type": "Public"
            },
            "timeouts": null,
            "vpc_id": "vpc-0a4992c325f4d664b"
          },
          "sensitive_attributes": [],
          "identity_schema_version": 0,
          "private": "eyJlMmJmYjczMC1lY2FhLTExZTYtOGY4OC0zNDM2M2JjN2M0YzAiOnsiY3JlYXRlIjozMDAwMDAwMDAwMDAsImRlbGV0ZSI6MzAwMDAwMDAwMDAwLCJ1cGRhdGUiOjEyMDAwMDAwMDAwMH19",
          "dependencies": [
            "module.vpc.aws_internet_gateway.main",
            "module.vpc.aws_vpc.main"
          ]
        }
      ]
    },
    {
      "module": "module.vpc",
      "mode": "managed",
      "type": "aws_route_table_association",
      "name": "private",
      "provider": "provider[\"registry.terraform.io/hashicorp/aws\"]",
      "instances": [
        {
          "index_key": 0,
          "schema_version": 0,
          "attributes": {
            "gateway_id": "",
            "id": "rtbassoc-085f88f852046672b",
            "route_table_id": "rtb-0356aef4072409fa5",
            "subnet_id": "subnet-0b74284f36c31206c",
            "timeouts": null
          },
          "sensitive_attributes": [],
          "identity_schema_version": 0,
          "private": "eyJlMmJmYjczMC1lY2FhLTExZTYtOGY4OC0zNDM2M2JjN2M0YzAiOnsiY3JlYXRlIjozMDAwMDAwMDAwMDAsImRlbGV0ZSI6MzAwMDAwMDAwMDAwLCJ1cGRhdGUiOjEyMDAwMDAwMDAwMH19",
          "dependencies": [
            "module.vpc.aws_eip.nat",
            "module.vpc.aws_internet_gateway.main",
            "module.vpc.aws_nat_gateway.main",
            "module.vpc.aws_route_table.private",
            "module.vpc.aws_subnet.private",
            "module.vpc.aws_subnet.public",
            "module.vpc.aws_vpc.main",
            "module.vpc.data.aws_availability_zones.available"
          ]
        },
        {
          "index_key": 1,
          "schema_version": 0,
          "attributes": {
            "gateway_id": "",
            "id": "rtbassoc-0711c20642756fd1f",
            "route_table_id": "rtb-0083331069b544aae",
            "subnet_id": "subnet-05271d7334a8c5c76",
            "timeouts": null
          },
          "sensitive_attributes": [],
          "identity_schema_version": 0,
          "private": "eyJlMmJmYjczMC1lY2FhLTExZTYtOGY4OC0zNDM2M2JjN2M0YzAiOnsiY3JlYXRlIjozMDAwMDAwMDAwMDAsImRlbGV0ZSI6MzAwMDAwMDAwMDAwLCJ1cGRhdGUiOjEyMDAwMDAwMDAwMH19",
          "dependencies": [
            "module.vpc.aws_eip.nat",
            "module.vpc.aws_internet_gateway.main",
            "module.vpc.aws_nat_gateway.main",
            "module.vpc.aws_route_table.private",
            "module.vpc.aws_subnet.private",
            "module.vpc.aws_subnet.public",
            "module.vpc.aws_vpc.main",
            "module.vpc.data.aws_availability_zones.available"
          ]
        }
      ]
    },
    {
      "module": "module.vpc",
      "mode": "managed",
      "type": "aws_route_table_association",
      "name": "public",
      "provider": "provider[\"registry.terraform.io/hashicorp/aws\"]",
      "instances": [
        {
          "index_key": 0,
          "schema_version": 0,
          "attributes": {
            "gateway_id": "",
            "id": "rtbassoc-0b4fe4d685bd45fc8",
            "route_table_id": "rtb-04fd6a59da226ed8a",
            "subnet_id": "subnet-03082fc0e3694a09f",
            "timeouts": null
          },
          "sensitive_attributes": [],
          "identity_schema_version": 0,
          "private": "eyJlMmJmYjczMC1lY2FhLTExZTYtOGY4OC0zNDM2M2JjN2M0YzAiOnsiY3JlYXRlIjozMDAwMDAwMDAwMDAsImRlbGV0ZSI6MzAwMDAwMDAwMDAwLCJ1cGRhdGUiOjEyMDAwMDAwMDAwMH19",
          "dependencies": [
            "module.vpc.aws_internet_gateway.main",
            "module.vpc.aws_route_table.public",
            "module.vpc.aws_subnet.public",
            "module.vpc.aws_vpc.main",
            "module.vpc.data.aws_availability_zones.available"
          ]
        },
        {
          "index_key": 1,
          "schema_version": 0,
          "attributes": {
            "gateway_id": "",
            "id": "rtbassoc-0d38c3ab1410fff7c",
            "route_table_id": "rtb-04fd6a59da226ed8a",
            "subnet_id": "subnet-0439a598cba2ebe6e",
            "timeouts": null
          },
          "sensitive_attributes": [],
          "identity_schema_version": 0,
          "private": "eyJlMmJmYjczMC1lY2FhLTExZTYtOGY4OC0zNDM2M2JjN2M0YzAiOnsiY3JlYXRlIjozMDAwMDAwMDAwMDAsImRlbGV0ZSI6MzAwMDAwMDAwMDAwLCJ1cGRhdGUiOjEyMDAwMDAwMDAwMH19",
          "dependencies": [
            "module.vpc.aws_internet_gateway.main",
            "module.vpc.aws_route_table.public",
            "module.vpc.aws_subnet.public",
            "module.vpc.aws_vpc.main",
            "module.vpc.data.aws_availability_zones.available"
          ]
        }
      ]
    },
    {
      "module": "module.vpc",
      "mode": "managed",
      "type": "aws_subnet",
      "name": "private",
      "provider": "provider[\"registry.terraform.io/hashicorp/aws\"]",
      "instances": [
        {
          "index_key": 0,
          "schema_version": 1,
          "attributes": {
            "arn": "arn:aws:ec2:us-east-1:029729714951:subnet/subnet-0b74284f36c31206c",
            "assign_ipv6_address_on_creation": false,
            "availability_zone": "us-east-1a",
            "availability_zone_id": "use1-az2",
            "cidr_block": "10.0.101.0/24",
            "customer_owned_ipv4_pool": "",
            "enable_dns64": false,
            "enable_lni_at_device_index": 0,
            "enable_resource_name_dns_a_record_on_launch": false,
            "enable_resource_name_dns_aaaa_record_on_launch": false,
            "id": "subnet-0b74284f36c31206c",
            "ipv6_cidr_block": "",
            "ipv6_cidr_block_association_id": "",
            "ipv6_native": false,
            "map_customer_owned_ip_on_launch": false,
            "map_public_ip_on_launch": false,
            "outpost_arn": "",
            "owner_id": "029729714951",
            "private_dns_hostname_type_on_launch": "ip-name",
            "tags": {
              "CostCenter": "IT",
              "CreatedDate": "2025-07-03",
              "Environment": "dev",
              "ManagedBy": "terraform",
              "Name": "villa-alfredo-private-a",
              "Owner": "DevOps Team",
              "Project": "villa-alfredo",
              "ProjectName": "villa-alfredo",
              "Region": "us-east-1",
              "Team": "Infrastructure",
              "Type": "Private"
            },
            "tags_all": {
              "CostCenter": "IT",
              "CreatedDate": "2025-07-03",
              "Environment": "dev",
              "ManagedBy": "terraform",
              "Name": "villa-alfredo-private-a",
              "Owner": "DevOps Team",
              "Project": "villa-alfredo",
              "ProjectName": "villa-alfredo",
              "Region": "us-east-1",
              "Team": "Infrastructure",
              "Type": "Private"
            },
            "timeouts": null,
            "vpc_id": "vpc-0a4992c325f4d664b"
          },
          "sensitive_attributes": [],
          "identity_schema_version": 0,
          "private": "eyJlMmJmYjczMC1lY2FhLTExZTYtOGY4OC0zNDM2M2JjN2M0YzAiOnsiY3JlYXRlIjo2MDAwMDAwMDAwMDAsImRlbGV0ZSI6MTIwMDAwMDAwMDAwMH0sInNjaGVtYV92ZXJzaW9uIjoiMSJ9",
          "dependencies": [
            "module.vpc.aws_vpc.main",
            "module.vpc.data.aws_availability_zones.available"
          ],
          "create_before_destroy": true
        },
        {
          "index_key": 1,
          "schema_version": 1,
          "attributes": {
            "arn": "arn:aws:ec2:us-east-1:029729714951:subnet/subnet-05271d7334a8c5c76",
            "assign_ipv6_address_on_creation": false,
            "availability_zone": "us-east-1b",
            "availability_zone_id": "use1-az4",
            "cidr_block": "10.0.102.0/24",
            "customer_owned_ipv4_pool": "",
            "enable_dns64": false,
            "enable_lni_at_device_index": 0,
            "enable_resource_name_dns_a_record_on_launch": false,
            "enable_resource_name_dns_aaaa_record_on_launch": false,
            "id": "subnet-05271d7334a8c5c76",
            "ipv6_cidr_block": "",
            "ipv6_cidr_block_association_id": "",
            "ipv6_native": false,
            "map_customer_owned_ip_on_launch": false,
            "map_public_ip_on_launch": false,
            "outpost_arn": "",
            "owner_id": "029729714951",
            "private_dns_hostname_type_on_launch": "ip-name",
            "tags": {
              "CostCenter": "IT",
              "CreatedDate": "2025-07-03",
              "Environment": "dev",
              "ManagedBy": "terraform",
              "Name": "villa-alfredo-private-b",
              "Owner": "DevOps Team",
              "Project": "villa-alfredo",
              "ProjectName": "villa-alfredo",
              "Region": "us-east-1",
              "Team": "Infrastructure",
              "Type": "Private"
            },
            "tags_all": {
              "CostCenter": "IT",
              "CreatedDate": "2025-07-03",
              "Environment": "dev",
              "ManagedBy": "terraform",
              "Name": "villa-alfredo-private-b",
              "Owner": "DevOps Team",
              "Project": "villa-alfredo",
              "ProjectName": "villa-alfredo",
              "Region": "us-east-1",
              "Team": "Infrastructure",
              "Type": "Private"
            },
            "timeouts": null,
            "vpc_id": "vpc-0a4992c325f4d664b"
          },
          "sensitive_attributes": [],
          "identity_schema_version": 0,
          "private": "eyJlMmJmYjczMC1lY2FhLTExZTYtOGY4OC0zNDM2M2JjN2M0YzAiOnsiY3JlYXRlIjo2MDAwMDAwMDAwMDAsImRlbGV0ZSI6MTIwMDAwMDAwMDAwMH0sInNjaGVtYV92ZXJzaW9uIjoiMSJ9",
          "dependencies": [
            "module.vpc.aws_vpc.main",
            "module.vpc.data.aws_availability_zones.available"
          ],
          "create_before_destroy": true
        }
      ]
    },
    {
      "module": "module.vpc",
      "mode": "managed",
      "type": "aws_subnet",
      "name": "public",
      "provider": "provider[\"registry.terraform.io/hashicorp/aws\"]",
      "instances": [
        {
          "index_key": 0,
          "schema_version": 1,
          "attributes": {
            "arn": "arn:aws:ec2:us-east-1:029729714951:subnet/subnet-03082fc0e3694a09f",
            "assign_ipv6_address_on_creation": false,
            "availability_zone": "us-east-1a",
            "availability_zone_id": "use1-az2",
            "cidr_block": "10.0.1.0/24",
            "customer_owned_ipv4_pool": "",
            "enable_dns64": false,
            "enable_lni_at_device_index": 0,
            "enable_resource_name_dns_a_record_on_launch": false,
            "enable_resource_name_dns_aaaa_record_on_launch": false,
            "id": "subnet-03082fc0e3694a09f",
            "ipv6_cidr_block": "",
            "ipv6_cidr_block_association_id": "",
            "ipv6_native": false,
            "map_customer_owned_ip_on_launch": false,
            "map_public_ip_on_launch": false,
            "outpost_arn": "",
            "owner_id": "029729714951",
            "private_dns_hostname_type_on_launch": "ip-name",
            "tags": {
              "CostCenter": "IT",
              "CreatedDate": "2025-07-03",
              "Environment": "dev",
              "ManagedBy": "terraform",
              "Name": "villa-alfredo-public-a",
              "Owner": "DevOps Team",
              "Project": "villa-alfredo",
              "ProjectName": "villa-alfredo",
              "Region": "us-east-1",
              "Team": "Infrastructure",
              "Type": "Public"
            },
            "tags_all": {
              "CostCenter": "IT",
              "CreatedDate": "2025-07-03",
              "Environment": "dev",
              "ManagedBy": "terraform",
              "Name": "villa-alfredo-public-a",
              "Owner": "DevOps Team",
              "Project": "villa-alfredo",
              "ProjectName": "villa-alfredo",
              "Region": "us-east-1",
              "Team": "Infrastructure",
              "Type": "Public"
            },
            "timeouts": null,
            "vpc_id": "vpc-0a4992c325f4d664b"
          },
          "sensitive_attributes": [],
          "identity_schema_version": 0,
          "private": "eyJlMmJmYjczMC1lY2FhLTExZTYtOGY4OC0zNDM2M2JjN2M0YzAiOnsiY3JlYXRlIjo2MDAwMDAwMDAwMDAsImRlbGV0ZSI6MTIwMDAwMDAwMDAwMH0sInNjaGVtYV92ZXJzaW9uIjoiMSJ9",
          "dependencies": [
            "module.vpc.aws_vpc.main",
            "module.vpc.data.aws_availability_zones.available"
          ],
          "create_before_destroy": true
        },
        {
          "index_key": 1,
          "schema_version": 1,
          "attributes": {
            "arn": "arn:aws:ec2:us-east-1:029729714951:subnet/subnet-0439a598cba2ebe6e",
            "assign_ipv6_address_on_creation": false,
            "availability_zone": "us-east-1b",
            "availability_zone_id": "use1-az4",
            "cidr_block": "10.0.2.0/24",
            "customer_owned_ipv4_pool": "",
            "enable_dns64": false,
            "enable_lni_at_device_index": 0,
            "enable_resource_name_dns_a_record_on_launch": false,
            "enable_resource_name_dns_aaaa_record_on_launch": false,
            "id": "subnet-0439a598cba2ebe6e",
            "ipv6_cidr_block": "",
            "ipv6_cidr_block_association_id": "",
            "ipv6_native": false,
            "map_customer_owned_ip_on_launch": false,
            "map_public_ip_on_launch": false,
            "outpost_arn": "",
            "owner_id": "029729714951",
            "private_dns_hostname_type_on_launch": "ip-name",
            "tags": {
              "CostCenter": "IT",
              "CreatedDate": "2025-07-03",
              "Environment": "dev",
              "ManagedBy": "terraform",
              "Name": "villa-alfredo-public-b",
              "Owner": "DevOps Team",
              "Project": "villa-alfredo",
              "ProjectName": "villa-alfredo",
              "Region": "us-east-1",
              "Team": "Infrastructure",
              "Type": "Public"
            },
            "tags_all": {
              "CostCenter": "IT",
              "CreatedDate": "2025-07-03",
              "Environment": "dev",
              "ManagedBy": "terraform",
              "Name": "villa-alfredo-public-b",
              "Owner": "DevOps Team",
              "Project": "villa-alfredo",
              "ProjectName": "villa-alfredo",
              "Region": "us-east-1",
              "Team": "Infrastructure",
              "Type": "Public"
            },
            "timeouts": null,
            "vpc_id": "vpc-0a4992c325f4d664b"
          },
          "sensitive_attributes": [],
          "identity_schema_version": 0,
          "private": "eyJlMmJmYjczMC1lY2FhLTExZTYtOGY4OC0zNDM2M2JjN2M0YzAiOnsiY3JlYXRlIjo2MDAwMDAwMDAwMDAsImRlbGV0ZSI6MTIwMDAwMDAwMDAwMH0sInNjaGVtYV92ZXJzaW9uIjoiMSJ9",
          "dependencies": [
            "module.vpc.aws_vpc.main",
            "module.vpc.data.aws_availability_zones.available"
          ],
          "create_before_destroy": true
        }
      ]
    },
    {
      "module": "module.vpc",
      "mode": "managed",
      "type": "aws_vpc",
      "name": "main",
      "provider": "provider[\"registry.terraform.io/hashicorp/aws\"]",
      "instances": [
        {
          "schema_version": 1,
          "attributes": {
            "arn": "arn:aws:ec2:us-east-1:029729714951:vpc/vpc-0a4992c325f4d664b",
            "assign_generated_ipv6_cidr_block": false,
            "cidr_block": "10.0.0.0/16",
            "default_network_acl_id": "acl-0554856c9c928437a",
            "default_route_table_id": "rtb-02f739f86f792eb2c",
            "default_security_group_id": "sg-0fa36801681adc59e",
            "dhcp_options_id": "dopt-0b95b09955dd04d86",
            "enable_dns_hostnames": true,
            "enable_dns_support": true,
            "enable_network_address_usage_metrics": false,
            "id": "vpc-0a4992c325f4d664b",
            "instance_tenancy": "default",
            "ipv4_ipam_pool_id": null,
            "ipv4_netmask_length": null,
            "ipv6_association_id": "",
            "ipv6_cidr_block": "",
            "ipv6_cidr_block_network_border_group": "",
            "ipv6_ipam_pool_id": "",
            "ipv6_netmask_length": 0,
            "main_route_table_id": "rtb-02f739f86f792eb2c",
            "owner_id": "029729714951",
            "tags": {
              "CostCenter": "IT",
              "CreatedDate": "2025-07-03",
              "Environment": "dev",
              "ManagedBy": "terraform",
              "Name": "villa-alfredo-vpc",
              "Owner": "DevOps Team",
              "Project": "villa-alfredo",
              "ProjectName": "villa-alfredo",
              "Region": "us-east-1",
              "Team": "Infrastructure"
            },
            "tags_all": {
              "CostCenter": "IT",
              "CreatedDate": "2025-07-03",
              "Environment": "dev",
              "ManagedBy": "terraform",
              "Name": "villa-alfredo-vpc",
              "Owner": "DevOps Team",
              "Project": "villa-alfredo",
              "ProjectName": "villa-alfredo",
              "Region": "us-east-1",
              "Team": "Infrastructure"
            }
          },
          "sensitive_attributes": [],
          "identity_schema_version": 0,
          "private": "eyJzY2hlbWFfdmVyc2lvbiI6IjEifQ==",
          "create_before_destroy": true
        }
      ]
    },
    {
      "module": "module.vpc_endpoints",
      "mode": "data",
      "type": "aws_region",
      "name": "current",
      "provider": "provider[\"registry.terraform.io/hashicorp/aws\"]",
      "instances": [
        {
          "schema_version": 0,
          "attributes": {
            "description": "US East (N. Virginia)",
            "endpoint": "ec2.us-east-1.amazonaws.com",
            "id": "us-east-1",
            "name": "us-east-1"
          },
          "sensitive_attributes": [],
          "identity_schema_version": 0
        }
      ]
    },
    {
      "module": "module.vpc_endpoints",
      "mode": "managed",
      "type": "aws_vpc_endpoint",
      "name": "cloudwatch_logs",
      "provider": "provider[\"registry.terraform.io/hashicorp/aws\"]",
      "instances": [
        {
          "schema_version": 0,
          "attributes": {
            "arn": "arn:aws:ec2:us-east-1:029729714951:vpc-endpoint/vpce-00b471f4aec763744",
            "auto_accept": null,
            "cidr_blocks": [],
            "dns_entry": [
              {
                "dns_name": "vpce-00b471f4aec763744-mtpx40lo.logs.us-east-1.vpce.amazonaws.com",
                "hosted_zone_id": "Z7HUB22UULQXV"
              },
              {
                "dns_name": "vpce-00b471f4aec763744-mtpx40lo-us-east-1a.logs.us-east-1.vpce.amazonaws.com",
                "hosted_zone_id": "Z7HUB22UULQXV"
              },
              {
                "dns_name": "vpce-00b471f4aec763744-mtpx40lo-us-east-1b.logs.us-east-1.vpce.amazonaws.com",
                "hosted_zone_id": "Z7HUB22UULQXV"
              }
            ],
            "dns_options": [
              {
                "dns_record_ip_type": "ipv4",
                "private_dns_only_for_inbound_resolver_endpoint": false
              }
            ],
            "id": "vpce-00b471f4aec763744",
            "ip_address_type": "ipv4",
            "network_interface_ids": [
              "eni-01b40dcb7cc76fbdb",
              "eni-05e6afce8d12ccbe0"
            ],
            "owner_id": "029729714951",
            "policy": "{\"Statement\":[{\"Action\":\"*\",\"Effect\":\"Allow\",\"Principal\":\"*\",\"Resource\":\"*\"}]}",
            "prefix_list_id": null,
            "private_dns_enabled": false,
            "requester_managed": false,
            "resource_configuration_arn": "",
            "route_table_ids": [],
            "security_group_ids": [
              "sg-0a66b20db9e07c207"
            ],
            "service_name": "com.amazonaws.us-east-1.logs",
            "service_network_arn": "",
            "service_region": "us-east-1",
            "state": "available",
            "subnet_configuration": [
              {
                "ipv4": "10.0.101.142",
                "ipv6": "",
                "subnet_id": "subnet-0b74284f36c31206c"
              },
              {
                "ipv4": "10.0.102.199",
                "ipv6": "",
                "subnet_id": "subnet-05271d7334a8c5c76"
              }
            ],
            "subnet_ids": [
              "subnet-05271d7334a8c5c76",
              "subnet-0b74284f36c31206c"
            ],
            "tags": {
              "Environment": "dev",
              "ManagedBy": "terraform",
              "Name": "villa-alfredo-cloudwatch-logs-endpoint",
              "Project": "villa-alfredo",
              "Type": "Interface"
            },
            "tags_all": {
              "Environment": "dev",
              "ManagedBy": "terraform",
              "Name": "villa-alfredo-cloudwatch-logs-endpoint",
              "Project": "villa-alfredo",
              "Type": "Interface"
            },
            "timeouts": null,
            "vpc_endpoint_type": "Interface",
            "vpc_id": "vpc-0a4992c325f4d664b"
          },
          "sensitive_attributes": [],
          "identity_schema_version": 0,
          "private": "eyJlMmJmYjczMC1lY2FhLTExZTYtOGY4OC0zNDM2M2JjN2M0YzAiOnsiY3JlYXRlIjo2MDAwMDAwMDAwMDAsImRlbGV0ZSI6NjAwMDAwMDAwMDAwLCJ1cGRhdGUiOjYwMDAwMDAwMDAwMH19",
          "dependencies": [
            "module.security.aws_security_group.alb",
            "module.security.aws_security_group.ec2_instances",
            "module.security.aws_security_group.vpc_endpoints",
            "module.security.aws_security_group_rule.alb_http_egress",
            "module.security.aws_security_group_rule.alb_https_egress",
            "module.security.aws_security_group_rule.alb_https_ingress",
            "module.security.aws_security_group_rule.alb_to_ec2_http",
            "module.security.aws_security_group_rule.alb_to_ec2_https",
            "module.security.aws_security_group_rule.ec2_http_from_alb",
            "module.security.aws_security_group_rule.ec2_https_egress_vpc_endpoints",
            "module.security.aws_security_group_rule.ec2_https_from_alb",
            "module.security.aws_security_group_rule.ec2_mysql_egress",
            "module.security.aws_security_group_rule.vpc_endpoints_https_egress",
            "module.security.aws_security_group_rule.vpc_endpoints_https_ingress",
            "module.vpc.aws_subnet.private",
            "module.vpc.aws_vpc.main",
            "module.vpc.data.aws_availability_zones.available",
            "module.vpc_endpoints.data.aws_region.current"
          ]
        }
      ]
    },
    {
      "module": "module.vpc_endpoints",
      "mode": "managed",
      "type": "aws_vpc_endpoint",
      "name": "cloudwatch_monitoring",
      "provider": "provider[\"registry.terraform.io/hashicorp/aws\"]",
      "instances": [
        {
          "schema_version": 0,
          "attributes": {
            "arn": "arn:aws:ec2:us-east-1:029729714951:vpc-endpoint/vpce-03a33fea2c5a8da00",
            "auto_accept": null,
            "cidr_blocks": [],
            "dns_entry": [
              {
                "dns_name": "vpce-03a33fea2c5a8da00-w45favtg.monitoring.us-east-1.vpce.amazonaws.com",
                "hosted_zone_id": "Z7HUB22UULQXV"
              },
              {
                "dns_name": "vpce-03a33fea2c5a8da00-w45favtg-us-east-1b.monitoring.us-east-1.vpce.amazonaws.com",
                "hosted_zone_id": "Z7HUB22UULQXV"
              },
              {
                "dns_name": "vpce-03a33fea2c5a8da00-w45favtg-us-east-1a.monitoring.us-east-1.vpce.amazonaws.com",
                "hosted_zone_id": "Z7HUB22UULQXV"
              }
            ],
            "dns_options": [
              {
                "dns_record_ip_type": "ipv4",
                "private_dns_only_for_inbound_resolver_endpoint": false
              }
            ],
            "id": "vpce-03a33fea2c5a8da00",
            "ip_address_type": "ipv4",
            "network_interface_ids": [
              "eni-015bb72b1f6c537eb",
              "eni-05d8125920d848560"
            ],
            "owner_id": "029729714951",
            "policy": "{\"Statement\":[{\"Action\":\"*\",\"Effect\":\"Allow\",\"Principal\":\"*\",\"Resource\":\"*\"}]}",
            "prefix_list_id": null,
            "private_dns_enabled": false,
            "requester_managed": false,
            "resource_configuration_arn": "",
            "route_table_ids": [],
            "security_group_ids": [
              "sg-0a66b20db9e07c207"
            ],
            "service_name": "com.amazonaws.us-east-1.monitoring",
            "service_network_arn": "",
            "service_region": "us-east-1",
            "state": "available",
            "subnet_configuration": [
              {
                "ipv4": "10.0.101.103",
                "ipv6": "",
                "subnet_id": "subnet-0b74284f36c31206c"
              },
              {
                "ipv4": "10.0.102.243",
                "ipv6": "",
                "subnet_id": "subnet-05271d7334a8c5c76"
              }
            ],
            "subnet_ids": [
              "subnet-05271d7334a8c5c76",
              "subnet-0b74284f36c31206c"
            ],
            "tags": {
              "Environment": "dev",
              "ManagedBy": "terraform",
              "Name": "villa-alfredo-cloudwatch-monitoring-endpoint",
              "Project": "villa-alfredo",
              "Type": "Interface"
            },
            "tags_all": {
              "Environment": "dev",
              "ManagedBy": "terraform",
              "Name": "villa-alfredo-cloudwatch-monitoring-endpoint",
              "Project": "villa-alfredo",
              "Type": "Interface"
            },
            "timeouts": null,
            "vpc_endpoint_type": "Interface",
            "vpc_id": "vpc-0a4992c325f4d664b"
          },
          "sensitive_attributes": [],
          "identity_schema_version": 0,
          "private": "eyJlMmJmYjczMC1lY2FhLTExZTYtOGY4OC0zNDM2M2JjN2M0YzAiOnsiY3JlYXRlIjo2MDAwMDAwMDAwMDAsImRlbGV0ZSI6NjAwMDAwMDAwMDAwLCJ1cGRhdGUiOjYwMDAwMDAwMDAwMH19",
          "dependencies": [
            "module.security.aws_security_group.alb",
            "module.security.aws_security_group.ec2_instances",
            "module.security.aws_security_group.vpc_endpoints",
            "module.security.aws_security_group_rule.alb_http_egress",
            "module.security.aws_security_group_rule.alb_https_egress",
            "module.security.aws_security_group_rule.alb_https_ingress",
            "module.security.aws_security_group_rule.alb_to_ec2_http",
            "module.security.aws_security_group_rule.alb_to_ec2_https",
            "module.security.aws_security_group_rule.ec2_http_from_alb",
            "module.security.aws_security_group_rule.ec2_https_egress_vpc_endpoints",
            "module.security.aws_security_group_rule.ec2_https_from_alb",
            "module.security.aws_security_group_rule.ec2_mysql_egress",
            "module.security.aws_security_group_rule.vpc_endpoints_https_egress",
            "module.security.aws_security_group_rule.vpc_endpoints_https_ingress",
            "module.vpc.aws_subnet.private",
            "module.vpc.aws_vpc.main",
            "module.vpc.data.aws_availability_zones.available",
            "module.vpc_endpoints.data.aws_region.current"
          ]
        }
      ]
    },
    {
      "module": "module.vpc_endpoints",
      "mode": "managed",
      "type": "aws_vpc_endpoint",
      "name": "ec2",
      "provider": "provider[\"registry.terraform.io/hashicorp/aws\"]",
      "instances": [
        {
          "schema_version": 0,
          "attributes": {
            "arn": "arn:aws:ec2:us-east-1:029729714951:vpc-endpoint/vpce-007b463ff9f5825cf",
            "auto_accept": null,
            "cidr_blocks": [],
            "dns_entry": [
              {
                "dns_name": "vpce-007b463ff9f5825cf-83ngbmkz.ec2.us-east-1.vpce.amazonaws.com",
                "hosted_zone_id": "Z7HUB22UULQXV"
              },
              {
                "dns_name": "vpce-007b463ff9f5825cf-83ngbmkz-us-east-1b.ec2.us-east-1.vpce.amazonaws.com",
                "hosted_zone_id": "Z7HUB22UULQXV"
              },
              {
                "dns_name": "vpce-007b463ff9f5825cf-83ngbmkz-us-east-1a.ec2.us-east-1.vpce.amazonaws.com",
                "hosted_zone_id": "Z7HUB22UULQXV"
              }
            ],
            "dns_options": [
              {
                "dns_record_ip_type": "ipv4",
                "private_dns_only_for_inbound_resolver_endpoint": false
              }
            ],
            "id": "vpce-007b463ff9f5825cf",
            "ip_address_type": "ipv4",
            "network_interface_ids": [
              "eni-09a7bcb2b381610c4",
              "eni-0e27b24878062d408"
            ],
            "owner_id": "029729714951",
            "policy": "{\"Statement\":[{\"Action\":\"*\",\"Effect\":\"Allow\",\"Principal\":\"*\",\"Resource\":\"*\"}]}",
            "prefix_list_id": null,
            "private_dns_enabled": false,
            "requester_managed": false,
            "resource_configuration_arn": "",
            "route_table_ids": [],
            "security_group_ids": [
              "sg-0a66b20db9e07c207"
            ],
            "service_name": "com.amazonaws.us-east-1.ec2",
            "service_network_arn": "",
            "service_region": "us-east-1",
            "state": "available",
            "subnet_configuration": [
              {
                "ipv4": "10.0.101.223",
                "ipv6": "",
                "subnet_id": "subnet-0b74284f36c31206c"
              },
              {
                "ipv4": "10.0.102.21",
                "ipv6": "",
                "subnet_id": "subnet-05271d7334a8c5c76"
              }
            ],
            "subnet_ids": [
              "subnet-05271d7334a8c5c76",
              "subnet-0b74284f36c31206c"
            ],
            "tags": {
              "Environment": "dev",
              "ManagedBy": "terraform",
              "Name": "villa-alfredo-ec2-endpoint",
              "Project": "villa-alfredo",
              "Type": "Interface"
            },
            "tags_all": {
              "Environment": "dev",
              "ManagedBy": "terraform",
              "Name": "villa-alfredo-ec2-endpoint",
              "Project": "villa-alfredo",
              "Type": "Interface"
            },
            "timeouts": null,
            "vpc_endpoint_type": "Interface",
            "vpc_id": "vpc-0a4992c325f4d664b"
          },
          "sensitive_attributes": [],
          "identity_schema_version": 0,
          "private": "eyJlMmJmYjczMC1lY2FhLTExZTYtOGY4OC0zNDM2M2JjN2M0YzAiOnsiY3JlYXRlIjo2MDAwMDAwMDAwMDAsImRlbGV0ZSI6NjAwMDAwMDAwMDAwLCJ1cGRhdGUiOjYwMDAwMDAwMDAwMH19",
          "dependencies": [
            "module.security.aws_security_group.alb",
            "module.security.aws_security_group.ec2_instances",
            "module.security.aws_security_group.vpc_endpoints",
            "module.security.aws_security_group_rule.alb_http_egress",
            "module.security.aws_security_group_rule.alb_https_egress",
            "module.security.aws_security_group_rule.alb_https_ingress",
            "module.security.aws_security_group_rule.alb_to_ec2_http",
            "module.security.aws_security_group_rule.alb_to_ec2_https",
            "module.security.aws_security_group_rule.ec2_http_from_alb",
            "module.security.aws_security_group_rule.ec2_https_egress_vpc_endpoints",
            "module.security.aws_security_group_rule.ec2_https_from_alb",
            "module.security.aws_security_group_rule.ec2_mysql_egress",
            "module.security.aws_security_group_rule.vpc_endpoints_https_egress",
            "module.security.aws_security_group_rule.vpc_endpoints_https_ingress",
            "module.vpc.aws_subnet.private",
            "module.vpc.aws_vpc.main",
            "module.vpc.data.aws_availability_zones.available",
            "module.vpc_endpoints.data.aws_region.current"
          ]
        }
      ]
    },
    {
      "module": "module.vpc_endpoints",
      "mode": "managed",
      "type": "aws_vpc_endpoint",
      "name": "s3",
      "provider": "provider[\"registry.terraform.io/hashicorp/aws\"]",
      "instances": [
        {
          "schema_version": 0,
          "attributes": {
            "arn": "arn:aws:ec2:us-east-1:029729714951:vpc-endpoint/vpce-0df849fb02ad0b52d",
            "auto_accept": null,
            "cidr_blocks": [
              "16.15.176.0/20",
              "16.182.0.0/16",
              "18.34.0.0/19",
              "52.216.0.0/15",
              "54.231.0.0/16",
              "3.5.0.0/19",
              "18.34.232.0/21",
              "16.15.192.0/18"
            ],
            "dns_entry": [],
            "dns_options": [],
            "id": "vpce-0df849fb02ad0b52d",
            "ip_address_type": "",
            "network_interface_ids": [],
            "owner_id": "029729714951",
            "policy": "{\"Statement\":[{\"Action\":\"*\",\"Effect\":\"Allow\",\"Principal\":\"*\",\"Resource\":\"*\"}],\"Version\":\"2008-10-17\"}",
            "prefix_list_id": "pl-63a5400a",
            "private_dns_enabled": false,
            "requester_managed": false,
            "resource_configuration_arn": "",
            "route_table_ids": [
              "rtb-0083331069b544aae",
              "rtb-0356aef4072409fa5"
            ],
            "security_group_ids": [],
            "service_name": "com.amazonaws.us-east-1.s3",
            "service_network_arn": "",
            "service_region": "us-east-1",
            "state": "available",
            "subnet_configuration": [],
            "subnet_ids": [],
            "tags": {
              "Environment": "dev",
              "ManagedBy": "terraform",
              "Name": "villa-alfredo-s3-endpoint",
              "Project": "villa-alfredo",
              "Type": "Gateway"
            },
            "tags_all": {
              "Environment": "dev",
              "ManagedBy": "terraform",
              "Name": "villa-alfredo-s3-endpoint",
              "Project": "villa-alfredo",
              "Type": "Gateway"
            },
            "timeouts": null,
            "vpc_endpoint_type": "Gateway",
            "vpc_id": "vpc-0a4992c325f4d664b"
          },
          "sensitive_attributes": [],
          "identity_schema_version": 0,
          "private": "eyJlMmJmYjczMC1lY2FhLTExZTYtOGY4OC0zNDM2M2JjN2M0YzAiOnsiY3JlYXRlIjo2MDAwMDAwMDAwMDAsImRlbGV0ZSI6NjAwMDAwMDAwMDAwLCJ1cGRhdGUiOjYwMDAwMDAwMDAwMH19",
          "dependencies": [
            "module.security.aws_security_group.alb",
            "module.security.aws_security_group.ec2_instances",
            "module.security.aws_security_group.vpc_endpoints",
            "module.security.aws_security_group_rule.alb_http_egress",
            "module.security.aws_security_group_rule.alb_https_egress",
            "module.security.aws_security_group_rule.alb_https_ingress",
            "module.security.aws_security_group_rule.alb_to_ec2_http",
            "module.security.aws_security_group_rule.alb_to_ec2_https",
            "module.security.aws_security_group_rule.ec2_http_from_alb",
            "module.security.aws_security_group_rule.ec2_https_egress_vpc_endpoints",
            "module.security.aws_security_group_rule.ec2_https_from_alb",
            "module.security.aws_security_group_rule.ec2_mysql_egress",
            "module.security.aws_security_group_rule.vpc_endpoints_https_egress",
            "module.security.aws_security_group_rule.vpc_endpoints_https_ingress",
            "module.vpc.aws_eip.nat",
            "module.vpc.aws_internet_gateway.main",
            "module.vpc.aws_nat_gateway.main",
            "module.vpc.aws_route_table.private",
            "module.vpc.aws_subnet.private",
            "module.vpc.aws_subnet.public",
            "module.vpc.aws_vpc.main",
            "module.vpc.data.aws_availability_zones.available",
            "module.vpc_endpoints.data.aws_region.current"
          ]
        }
      ]
    },
    {
      "module": "module.waf",
      "mode": "managed",
      "type": "aws_cloudwatch_log_group",
      "name": "waf_logs",
      "provider": "provider[\"registry.terraform.io/hashicorp/aws\"].us_east_1",
      "instances": [
        {
          "schema_version": 0,
          "attributes": {
            "arn": "arn:aws:logs:us-east-1:029729714951:log-group:/aws/wafv2/villa-alfredo-dev-cloudfront-waf",
            "id": "/aws/wafv2/villa-alfredo-dev-cloudfront-waf",
            "kms_key_id": "",
            "log_group_class": "STANDARD",
            "name": "/aws/wafv2/villa-alfredo-dev-cloudfront-waf",
            "name_prefix": "",
            "retention_in_days": 365,
            "skip_destroy": false,
            "tags": {
              "CostCenter": "IT",
              "CreatedDate": "2025-07-03",
              "Environment": "dev",
              "ManagedBy": "terraform",
              "Module": "WAF",
              "Name": "villa-alfredo-dev-waf-logs",
              "Owner": "DevOps Team",
              "Project": "villa-alfredo",
              "ProjectName": "villa-alfredo",
              "Purpose": "CloudFront-Protection",
              "Region": "us-east-1",
              "Team": "Infrastructure",
              "Type": "WAF-Logs"
            },
            "tags_all": {
              "CostCenter": "IT",
              "CreatedDate": "2025-07-03",
              "Environment": "dev",
              "ManagedBy": "terraform",
              "Module": "WAF",
              "Name": "villa-alfredo-dev-waf-logs",
              "Owner": "DevOps Team",
              "Project": "villa-alfredo",
              "ProjectName": "villa-alfredo",
              "Purpose": "CloudFront-Protection",
              "Region": "us-east-1",
              "Team": "Infrastructure",
              "Type": "WAF-Logs"
            }
          },
          "sensitive_attributes": [],
          "identity_schema_version": 0,
          "private": "bnVsbA=="
        }
      ]
    },
    {
      "module": "module.waf",
      "mode": "managed",
      "type": "aws_wafv2_web_acl",
      "name": "cloudfront_waf",
      "provider": "provider[\"registry.terraform.io/hashicorp/aws\"].us_east_1",
      "instances": [
        {
          "schema_version": 0,
          "attributes": {
            "application_integration_url": "",
            "arn": "arn:aws:wafv2:us-east-1:029729714951:global/webacl/villa-alfredo-dev-cloudfront-waf-t4xb8h/c1a9961c-dd4d-4d3a-a5b7-bc7665149206",
            "association_config": [],
            "capacity": 1402,
            "captcha_config": [],
            "challenge_config": [],
            "custom_response_body": [],
            "data_protection_config": [],
            "default_action": [
              {
                "allow": [
                  {
                    "custom_request_handling": []
                  }
                ],
                "block": []
              }
            ],
            "description": "WAF para proteger CloudFront Distribution de villa-alfredo",
            "id": "c1a9961c-dd4d-4d3a-a5b7-bc7665149206",
            "lock_token": "b0b0955e-262c-44c1-8d43-a9dbf455516d",
            "name": "villa-alfredo-dev-cloudfront-waf-t4xb8h",
            "name_prefix": "",
            "rule": [
              {
                "action": [
                  {
                    "allow": [],
                    "block": [
                      {
                        "custom_response": []
                      }
                    ],
                    "captcha": [],
                    "challenge": [],
                    "count": []
                  }
                ],
                "captcha_config": [],
                "challenge_config": [],
                "name": "Log4jProtectionRule",
                "override_action": [],
                "priority": 5,
                "rule_label": [],
                "statement": [
                  {
                    "and_statement": [],
                    "asn_match_statement": [],
                    "byte_match_statement": [],
                    "geo_match_statement": [],
                    "ip_set_reference_statement": [],
                    "label_match_statement": [],
                    "managed_rule_group_statement": [],
                    "not_statement": [],
                    "or_statement": [
                      {
                        "statement": [
                          {
                            "and_statement": [],
                            "asn_match_statement": [],
                            "byte_match_statement": [
                              {
                                "field_to_match": [
                                  {
                                    "all_query_arguments": [],
                                    "body": [
                                      {
                                        "oversize_handling": "CONTINUE"
                                      }
                                    ],
                                    "cookies": [],
                                    "header_order": [],
                                    "headers": [],
                                    "ja3_fingerprint": [],
                                    "ja4_fingerprint": [],
                                    "json_body": [],
                                    "method": [],
                                    "query_string": [],
                                    "single_header": [],
                                    "single_query_argument": [],
                                    "uri_fragment": [],
                                    "uri_path": []
                                  }
                                ],
                                "positional_constraint": "CONTAINS",
                                "search_string": "${jndi:",
                                "text_transformation": [
                                  {
                                    "priority": 1,
                                    "type": "URL_DECODE"
                                  },
                                  {
                                    "priority": 2,
                                    "type": "LOWERCASE"
                                  }
                                ]
                              }
                            ],
                            "geo_match_statement": [],
                            "ip_set_reference_statement": [],
                            "label_match_statement": [],
                            "not_statement": [],
                            "or_statement": [],
                            "regex_match_statement": [],
                            "regex_pattern_set_reference_statement": [],
                            "size_constraint_statement": [],
                            "sqli_match_statement": [],
                            "xss_match_statement": []
                          },
                          {
                            "and_statement": [],
                            "asn_match_statement": [],
                            "byte_match_statement": [
                              {
                                "field_to_match": [
                                  {
                                    "all_query_arguments": [
                                      {}
                                    ],
                                    "body": [],
                                    "cookies": [],
                                    "header_order": [],
                                    "headers": [],
                                    "ja3_fingerprint": [],
                                    "ja4_fingerprint": [],
                                    "json_body": [],
                                    "method": [],
                                    "query_string": [],
                                    "single_header": [],
                                    "single_query_argument": [],
                                    "uri_fragment": [],
                                    "uri_path": []
                                  }
                                ],
                                "positional_constraint": "CONTAINS",
                                "search_string": "${jndi:",
                                "text_transformation": [
                                  {
                                    "priority": 1,
                                    "type": "URL_DECODE"
                                  },
                                  {
                                    "priority": 2,
                                    "type": "LOWERCASE"
                                  }
                                ]
                              }
                            ],
                            "geo_match_statement": [],
                            "ip_set_reference_statement": [],
                            "label_match_statement": [],
                            "not_statement": [],
                            "or_statement": [],
                            "regex_match_statement": [],
                            "regex_pattern_set_reference_statement": [],
                            "size_constraint_statement": [],
                            "sqli_match_statement": [],
                            "xss_match_statement": []
                          },
                          {
                            "and_statement": [],
                            "asn_match_statement": [],
                            "byte_match_statement": [
                              {
                                "field_to_match": [
                                  {
                                    "all_query_arguments": [],
                                    "body": [],
                                    "cookies": [],
                                    "header_order": [],
                                    "headers": [],
                                    "ja3_fingerprint": [],
                                    "ja4_fingerprint": [],
                                    "json_body": [],
                                    "method": [],
                                    "query_string": [],
                                    "single_header": [
                                      {
                                        "name": "user-agent"
                                      }
                                    ],
                                    "single_query_argument": [],
                                    "uri_fragment": [],
                                    "uri_path": []
                                  }
                                ],
                                "positional_constraint": "CONTAINS",
                                "search_string": "${jndi:",
                                "text_transformation": [
                                  {
                                    "priority": 1,
                                    "type": "URL_DECODE"
                                  },
                                  {
                                    "priority": 2,
                                    "type": "LOWERCASE"
                                  }
                                ]
                              }
                            ],
                            "geo_match_statement": [],
                            "ip_set_reference_statement": [],
                            "label_match_statement": [],
                            "not_statement": [],
                            "or_statement": [],
                            "regex_match_statement": [],
                            "regex_pattern_set_reference_statement": [],
                            "size_constraint_statement": [],
                            "sqli_match_statement": [],
                            "xss_match_statement": []
                          }
                        ]
                      }
                    ],
                    "rate_based_statement": [],
                    "regex_match_statement": [],
                    "regex_pattern_set_reference_statement": [],
                    "rule_group_reference_statement": [],
                    "size_constraint_statement": [],
                    "sqli_match_statement": [],
                    "xss_match_statement": []
                  }
                ],
                "visibility_config": [
                  {
                    "cloudwatch_metrics_enabled": true,
                    "metric_name": "Log4jProtectionRuleMetric",
                    "sampled_requests_enabled": true
                  }
                ]
              },
              {
                "action": [
                  {
                    "allow": [],
                    "block": [
                      {
                        "custom_response": []
                      }
                    ],
                    "captcha": [],
                    "challenge": [],
                    "count": []
                  }
                ],
                "captcha_config": [],
                "challenge_config": [],
                "name": "RateLimitRule",
                "override_action": [],
                "priority": 6,
                "rule_label": [],
                "statement": [
                  {
                    "and_statement": [],
                    "asn_match_statement": [],
                    "byte_match_statement": [],
                    "geo_match_statement": [],
                    "ip_set_reference_statement": [],
                    "label_match_statement": [],
                    "managed_rule_group_statement": [],
                    "not_statement": [],
                    "or_statement": [],
                    "rate_based_statement": [
                      {
                        "aggregate_key_type": "IP",
                        "custom_key": [],
                        "evaluation_window_sec": 300,
                        "forwarded_ip_config": [],
                        "limit": 2000,
                        "scope_down_statement": []
                      }
                    ],
                    "regex_match_statement": [],
                    "regex_pattern_set_reference_statement": [],
                    "rule_group_reference_statement": [],
                    "size_constraint_statement": [],
                    "sqli_match_statement": [],
                    "xss_match_statement": []
                  }
                ],
                "visibility_config": [
                  {
                    "cloudwatch_metrics_enabled": true,
                    "metric_name": "RateLimitRuleMetric",
                    "sampled_requests_enabled": true
                  }
                ]
              },
              {
                "action": [],
                "captcha_config": [],
                "challenge_config": [],
                "name": "AWSManagedRulesCommonRuleSet",
                "override_action": [
                  {
                    "count": [],
                    "none": [
                      {}
                    ]
                  }
                ],
                "priority": 1,
                "rule_label": [],
                "statement": [
                  {
                    "and_statement": [],
                    "asn_match_statement": [],
                    "byte_match_statement": [],
                    "geo_match_statement": [],
                    "ip_set_reference_statement": [],
                    "label_match_statement": [],
                    "managed_rule_group_statement": [
                      {
                        "managed_rule_group_configs": [],
                        "name": "AWSManagedRulesCommonRuleSet",
                        "rule_action_override": [],
                        "scope_down_statement": [],
                        "vendor_name": "AWS",
                        "version": ""
                      }
                    ],
                    "not_statement": [],
                    "or_statement": [],
                    "rate_based_statement": [],
                    "regex_match_statement": [],
                    "regex_pattern_set_reference_statement": [],
                    "rule_group_reference_statement": [],
                    "size_constraint_statement": [],
                    "sqli_match_statement": [],
                    "xss_match_statement": []
                  }
                ],
                "visibility_config": [
                  {
                    "cloudwatch_metrics_enabled": true,
                    "metric_name": "CommonRuleSetMetric",
                    "sampled_requests_enabled": true
                  }
                ]
              },
              {
                "action": [],
                "captcha_config": [],
                "challenge_config": [],
                "name": "AWSManagedRulesKnownBadInputsRuleSet",
                "override_action": [
                  {
                    "count": [],
                    "none": [
                      {}
                    ]
                  }
                ],
                "priority": 2,
                "rule_label": [],
                "statement": [
                  {
                    "and_statement": [],
                    "asn_match_statement": [],
                    "byte_match_statement": [],
                    "geo_match_statement": [],
                    "ip_set_reference_statement": [],
                    "label_match_statement": [],
                    "managed_rule_group_statement": [
                      {
                        "managed_rule_group_configs": [],
                        "name": "AWSManagedRulesKnownBadInputsRuleSet",
                        "rule_action_override": [],
                        "scope_down_statement": [],
                        "vendor_name": "AWS",
                        "version": ""
                      }
                    ],
                    "not_statement": [],
                    "or_statement": [],
                    "rate_based_statement": [],
                    "regex_match_statement": [],
                    "regex_pattern_set_reference_statement": [],
                    "rule_group_reference_statement": [],
                    "size_constraint_statement": [],
                    "sqli_match_statement": [],
                    "xss_match_statement": []
                  }
                ],
                "visibility_config": [
                  {
                    "cloudwatch_metrics_enabled": true,
                    "metric_name": "KnownBadInputsRuleSetMetric",
                    "sampled_requests_enabled": true
                  }
                ]
              },
              {
                "action": [],
                "captcha_config": [],
                "challenge_config": [],
                "name": "AWSManagedRulesSQLiRuleSet",
                "override_action": [
                  {
                    "count": [],
                    "none": [
                      {}
                    ]
                  }
                ],
                "priority": 3,
                "rule_label": [],
                "statement": [
                  {
                    "and_statement": [],
                    "asn_match_statement": [],
                    "byte_match_statement": [],
                    "geo_match_statement": [],
                    "ip_set_reference_statement": [],
                    "label_match_statement": [],
                    "managed_rule_group_statement": [
                      {
                        "managed_rule_group_configs": [],
                        "name": "AWSManagedRulesSQLiRuleSet",
                        "rule_action_override": [],
                        "scope_down_statement": [],
                        "vendor_name": "AWS",
                        "version": ""
                      }
                    ],
                    "not_statement": [],
                    "or_statement": [],
                    "rate_based_statement": [],
                    "regex_match_statement": [],
                    "regex_pattern_set_reference_statement": [],
                    "rule_group_reference_statement": [],
                    "size_constraint_statement": [],
                    "sqli_match_statement": [],
                    "xss_match_statement": []
                  }
                ],
                "visibility_config": [
                  {
                    "cloudwatch_metrics_enabled": true,
                    "metric_name": "SQLiRuleSetMetric",
                    "sampled_requests_enabled": true
                  }
                ]
              },
              {
                "action": [],
                "captcha_config": [],
                "challenge_config": [],
                "name": "LinuxProtectionRule",
                "override_action": [
                  {
                    "count": [],
                    "none": [
                      {}
                    ]
                  }
                ],
                "priority": 4,
                "rule_label": [],
                "statement": [
                  {
                    "and_statement": [],
                    "asn_match_statement": [],
                    "byte_match_statement": [],
                    "geo_match_statement": [],
                    "ip_set_reference_statement": [],
                    "label_match_statement": [],
                    "managed_rule_group_statement": [
                      {
                        "managed_rule_group_configs": [],
                        "name": "AWSManagedRulesLinuxRuleSet",
                        "rule_action_override": [],
                        "scope_down_statement": [],
                        "vendor_name": "AWS",
                        "version": ""
                      }
                    ],
                    "not_statement": [],
                    "or_statement": [],
                    "rate_based_statement": [],
                    "regex_match_statement": [],
                    "regex_pattern_set_reference_statement": [],
                    "rule_group_reference_statement": [],
                    "size_constraint_statement": [],
                    "sqli_match_statement": [],
                    "xss_match_statement": []
                  }
                ],
                "visibility_config": [
                  {
                    "cloudwatch_metrics_enabled": true,
                    "metric_name": "LinuxProtectionRuleMetric",
                    "sampled_requests_enabled": true
                  }
                ]
              }
            ],
            "rule_json": null,
            "scope": "CLOUDFRONT",
            "tags": {
              "CostCenter": "IT",
              "CreatedDate": "2025-07-03",
              "Environment": "dev",
              "ManagedBy": "terraform",
              "Module": "WAF",
              "Name": "villa-alfredo-dev-cloudfront-waf",
              "Owner": "DevOps Team",
              "Project": "villa-alfredo",
              "ProjectName": "villa-alfredo",
              "Purpose": "CloudFront-Protection",
              "Region": "us-east-1",
              "Team": "Infrastructure",
              "Type": "WAF-CloudFront"
            },
            "tags_all": {
              "CostCenter": "IT",
              "CreatedDate": "2025-07-03",
              "Environment": "dev",
              "ManagedBy": "terraform",
              "Module": "WAF",
              "Name": "villa-alfredo-dev-cloudfront-waf",
              "Owner": "DevOps Team",
              "Project": "villa-alfredo",
              "ProjectName": "villa-alfredo",
              "Purpose": "CloudFront-Protection",
              "Region": "us-east-1",
              "Team": "Infrastructure",
              "Type": "WAF-CloudFront"
            },
            "token_domains": [],
            "visibility_config": [
              {
                "cloudwatch_metrics_enabled": true,
                "metric_name": "villa-alfredodevCloudFrontWAF",
                "sampled_requests_enabled": true
              }
            ]
          },
          "sensitive_attributes": [],
          "identity_schema_version": 0,
          "private": "bnVsbA==",
          "dependencies": [
            "module.waf.random_string.waf_suffix"
          ]
        }
      ]
    },
    {
      "module": "module.waf",
      "mode": "managed",
      "type": "random_string",
      "name": "waf_suffix",
      "provider": "provider[\"registry.terraform.io/hashicorp/random\"]",
      "instances": [
        {
          "schema_version": 2,
          "attributes": {
            "id": "t4xb8h",
            "keepers": null,
            "length": 6,
            "lower": true,
            "min_lower": 0,
            "min_numeric": 0,
            "min_special": 0,
            "min_upper": 0,
            "number": true,
            "numeric": true,
            "override_special": null,
            "result": "t4xb8h",
            "special": false,
            "upper": false
          },
          "sensitive_attributes": [],
          "identity_schema_version": 0
        }
      ]
    }
  ],
  "check_results": [
    {
      "object_kind": "var",
      "config_addr": "module.waf.var.log_retention_days",
      "status": "pass",
      "objects": [
        {
          "object_addr": "module.waf.var.log_retention_days",
          "status": "pass"
        }
      ]
    },
    {
      "object_kind": "var",
      "config_addr": "module.cdn.var.geo_restriction_type",
      "status": "pass",
      "objects": [
        {
          "object_addr": "module.cdn.var.geo_restriction_type",
          "status": "pass"
        }
      ]
    },
    {
      "object_kind": "var",
      "config_addr": "module.database.var.monitoring_interval",
      "status": "pass",
      "objects": [
        {
          "object_addr": "module.database.var.monitoring_interval",
          "status": "pass"
        }
      ]
    },
    {
      "object_kind": "var",
      "config_addr": "module.auth.var.allowed_oauth_flows",
      "status": "pass",
      "objects": [
        {
          "object_addr": "module.auth.var.allowed_oauth_flows",
          "status": "pass"
        }
      ]
    },
    {
      "object_kind": "var",
      "config_addr": "module.compute.var.subnet_ids",
      "status": "pass",
      "objects": [
        {
          "object_addr": "module.compute.var.subnet_ids",
          "status": "pass"
        }
      ]
    },
    {
      "object_kind": "var",
      "config_addr": "module.waf.var.allowed_countries",
      "status": "pass",
      "objects": [
        {
          "object_addr": "module.waf.var.allowed_countries",
          "status": "pass"
        }
      ]
    },
    {
      "object_kind": "var",
      "config_addr": "module.waf.var.blocked_countries",
      "status": "pass",
      "objects": [
        {
          "object_addr": "module.waf.var.blocked_countries",
          "status": "pass"
        }
      ]
    },
    {
      "object_kind": "var",
      "config_addr": "module.cdn.var.price_class",
      "status": "pass",
      "objects": [
        {
          "object_addr": "module.cdn.var.price_class",
          "status": "pass"
        }
      ]
    },
    {
      "object_kind": "var",
      "config_addr": "module.cdn.var.viewer_protocol_policy",
      "status": "pass",
      "objects": [
        {
          "object_addr": "module.cdn.var.viewer_protocol_policy",
          "status": "pass"
        }
      ]
    },
    {
      "object_kind": "var",
      "config_addr": "var.db_password",
      "status": "pass",
      "objects": [
        {
          "object_addr": "var.db_password",
          "status": "pass"
        }
      ]
    },
    {
      "object_kind": "var",
      "config_addr": "module.waf.var.allowed_ip_addresses",
      "status": "pass",
      "objects": [
        {
          "object_addr": "module.waf.var.allowed_ip_addresses",
          "status": "pass"
        }
      ]
    },
    {
      "object_kind": "var",
      "config_addr": "module.cdn.var.api_gateway_domain_name",
      "status": "pass",
      "objects": [
        {
          "object_addr": "module.cdn.var.api_gateway_domain_name",
          "status": "pass"
        }
      ]
    },
    {
      "object_kind": "var",
      "config_addr": "module.cdn.var.forward_cookies",
      "status": "pass",
      "objects": [
        {
          "object_addr": "module.cdn.var.forward_cookies",
          "status": "pass"
        }
      ]
    },
    {
      "object_kind": "var",
      "config_addr": "module.waf.var.blocked_ip_addresses",
      "status": "pass",
      "objects": [
        {
          "object_addr": "module.waf.var.blocked_ip_addresses",
          "status": "pass"
        }
      ]
    },
    {
      "object_kind": "var",
      "config_addr": "module.cdn.var.primary_origin",
      "status": "pass",
      "objects": [
        {
          "object_addr": "module.cdn.var.primary_origin",
          "status": "pass"
        }
      ]
    }
  ]
}
